{
  "version": 4,
  "terraform_version": "0.12.24",
  "serial": 4,
  "lineage": "47ad82bf-b73c-8505-9f76-202173a9e30a",
  "outputs": {},
  "resources": [
    {
      "mode": "managed",
      "type": "google_container_cluster",
      "name": "primary",
      "provider": "provider.google-beta",
      "instances": [
        {
          "schema_version": 1,
          "attributes": {
            "additional_zones": [],
            "addons_config": [
              {
                "cloudrun_config": [],
                "config_connector_config": [],
                "dns_cache_config": [],
                "gce_persistent_disk_csi_driver_config": [],
                "horizontal_pod_autoscaling": [],
                "http_load_balancing": [],
                "istio_config": [],
                "kalm_config": [],
                "kubernetes_dashboard": [],
                "network_policy_config": [
                  {
                    "disabled": true
                  }
                ]
              }
            ],
            "authenticator_groups_config": [],
            "cluster_autoscaling": [
              {
                "auto_provisioning_defaults": [],
                "autoscaling_profile": "BALANCED",
                "enabled": false,
                "resource_limits": []
              }
            ],
            "cluster_ipv4_cidr": "10.8.0.0/14",
            "cluster_telemetry": [
              {
                "type": "ENABLED"
              }
            ],
            "database_encryption": [
              {
                "key_name": "",
                "state": "DECRYPTED"
              }
            ],
            "default_max_pods_per_node": null,
            "default_snat_status": [
              {
                "disabled": false
              }
            ],
            "description": "",
            "enable_binary_authorization": false,
            "enable_intranode_visibility": false,
            "enable_kubernetes_alpha": false,
            "enable_legacy_abac": false,
            "enable_shielded_nodes": false,
            "enable_tpu": false,
            "endpoint": "35.233.24.105",
            "id": "projects/pmuir-dev/locations/europe-west1-b/clusters/demo-cluster",
            "initial_node_count": 1,
            "instance_group_urls": [],
            "ip_allocation_policy": [],
            "label_fingerprint": "a9dc16a7",
            "location": "europe-west1-b",
            "logging_service": "logging.googleapis.com/kubernetes",
            "maintenance_policy": [],
            "master_auth": [
              {
                "client_certificate": "",
                "client_certificate_config": [
                  {
                    "issue_client_certificate": false
                  }
                ],
                "client_key": "",
                "cluster_ca_certificate": "LS0tLS1CRUdJTiBDRVJUSUZJQ0FURS0tLS0tCk1JSURLakNDQWhLZ0F3SUJBZ0lRWXNvODk0ZkMxeERKbHAxOVdrcFpPakFOQmdrcWhraUc5dzBCQVFzRkFEQXYKTVMwd0t3WURWUVFERXlSak5UTTRaR0V4WXkwMk5UVTFMVFJpTTJRdE9UYzBNUzFpTXpFek5HVTFOV1ZrTWpVdwpIaGNOTWpBd09ESTNNVEl4TlRJMVdoY05NalV3T0RJMk1UTXhOVEkxV2pBdk1TMHdLd1lEVlFRREV5UmpOVE00ClpHRXhZeTAyTlRVMUxUUmlNMlF0T1RjME1TMWlNekV6TkdVMU5XVmtNalV3Z2dFaU1BMEdDU3FHU0liM0RRRUIKQVFVQUE0SUJEd0F3Z2dFS0FvSUJBUURqWlROdThxUVdDaEFnd21hbEV4a1JkWjIxZVlNa29LbzdnalNBb3hHLwpPSXRsNkdoSUVBQ2tXK29lSi81bHl3ODR1SGtkcEVtVWswVUpLK1h5WHJ4M09HeTdkcG8yWWQ4K0NlV2JwZm5PCk1WVUQ1THdmWEpmRzhkTEFIczFKZC9hVXJoQ1JPNTdIVWM3TjlacU5TUGVyTk8wQTU4MTdyZzd1N0g0RW9UOUMKTGdYcFBEQ0kvQTBNQi9pd1F2WkpiYkRCczV6ejN3S0FlZWtQak9RYitacmpoUnZCT29KSmFJRm5GcG9hTWlPNgo1U0tpVk1kYlpUelFKYjR1cUVOaWhNT3ozOWVVQk1nZm91dVdaYVZPS2M5SS9IOEpyMDE1eTN2SjM0N1VZK3E5ClkxVTVSakZzN1M2WHhOSTRBd0dFY2JpN2sxMjdqb2pDcWJDYVRlYmc1VTFQQWdNQkFBR2pRakJBTUE0R0ExVWQKRHdFQi93UUVBd0lDQkRBUEJnTlZIUk1CQWY4RUJUQURBUUgvTUIwR0ExVWREZ1FXQkJUY3dXcitUaFoyYzViMgplSFdCRDdKWDdIdlVEekFOQmdrcWhraUc5dzBCQVFzRkFBT0NBUUVBVlBpMjZvYVNSNVBoclVGeWQyWngxWEZ0ClZqNUFxT3VLSDBMY2kyb0tmTDlXSnhsNGwrL3Q1eVNzREhvNTArVTNscGZNMmVVamdTK3hDbDdINmgyaDVDSUMKMTgyL0haTWdDKzV3UnRHa09XY2dJL0E1V0ZtN2VNZjArNVdqaW9BK3RWYXNlR3diZ0pua0V5amdhVHQveWwyMgpFNzBJRXR4VUZ6Z0xxaEt5V2JQMUdkVXkxR0JrUU9zdGdLQVdkU1FFL2sycTVwWHBQOHM2RDJuNDZvb1h6VllSCkdMK204VGdxMStDUWZhK1V6MHZmcnVPbHdJelFCNlJQY04zcWFuUERyejcwOG8vMHBMeXk2VlNwMmRkdDMvOU8KUnZsY3FQL1JZNkp0Vk9xU0t6Rm1jVjJBb29vZE1TNi9ON0RCQmQ5bmcvYnZYaGdQaWo2MTdmYkZLYS85WGc9PQotLS0tLUVORCBDRVJUSUZJQ0FURS0tLS0tCg==",
                "password": "",
                "username": ""
              }
            ],
            "master_authorized_networks_config": [],
            "master_version": "1.15.12-gke.2",
            "min_master_version": null,
            "monitoring_service": "monitoring.googleapis.com/kubernetes",
            "name": "demo-cluster",
            "network": "projects/pmuir-dev/global/networks/default",
            "network_policy": [
              {
                "enabled": false,
                "provider": "PROVIDER_UNSPECIFIED"
              }
            ],
            "networking_mode": "ROUTES",
            "node_config": [],
            "node_locations": [],
            "node_pool": [],
            "node_version": "1.15.12-gke.2",
            "operation": null,
            "pod_security_policy_config": [
              {
                "enabled": false
              }
            ],
            "private_cluster_config": [],
            "project": "pmuir-dev",
            "region": null,
            "release_channel": [
              {
                "channel": "UNSPECIFIED"
              }
            ],
            "remove_default_node_pool": true,
            "resource_labels": null,
            "resource_usage_export_config": [],
            "services_ipv4_cidr": "10.11.240.0/20",
            "subnetwork": "projects/pmuir-dev/regions/europe-west1/subnetworks/default",
            "timeouts": null,
            "tpu_ipv4_cidr_block": "",
            "vertical_pod_autoscaling": [],
            "workload_identity_config": [
              {
                "identity_namespace": "pmuir-dev.svc.id.goog"
              }
            ],
            "zone": null
          },
          "private": "eyJlMmJmYjczMC1lY2FhLTExZTYtOGY4OC0zNDM2M2JjN2M0YzAiOnsiY3JlYXRlIjoyNDAwMDAwMDAwMDAwLCJkZWxldGUiOjI0MDAwMDAwMDAwMDAsInJlYWQiOjI0MDAwMDAwMDAwMDAsInVwZGF0ZSI6MzYwMDAwMDAwMDAwMH0sInNjaGVtYV92ZXJzaW9uIjoiMSJ9"
        }
      ]
    },
    {
      "mode": "managed",
      "type": "google_container_node_pool",
      "name": "primary_preemptible_nodes",
      "provider": "provider.google-beta",
      "instances": [
        {
          "schema_version": 1,
          "attributes": {
            "autoscaling": [],
            "cluster": "demo-cluster",
            "id": "projects/pmuir-dev/locations/europe-west1-b/clusters/demo-cluster/nodePools/demo-cluster-node-pool",
            "initial_node_count": 1,
            "instance_group_urls": [
              "https://www.googleapis.com/compute/v1/projects/pmuir-dev/zones/europe-west1-b/instanceGroupManagers/gke-demo-cluster-demo-cluster-node-po-d37c0775-grp"
            ],
            "location": "europe-west1-b",
            "management": [
              {
                "auto_repair": true,
                "auto_upgrade": true
              }
            ],
            "max_pods_per_node": null,
            "name": "demo-cluster-node-pool",
            "name_prefix": "",
            "node_config": [
              {
                "boot_disk_kms_key": "",
                "disk_size_gb": 100,
                "disk_type": "pd-standard",
                "guest_accelerator": [],
                "image_type": "COS",
                "labels": {},
                "local_ssd_count": 0,
                "machine_type": "n1-standard-4",
                "metadata": {
                  "disable-legacy-endpoints": "true"
                },
                "min_cpu_platform": "",
                "oauth_scopes": [
                  "https://www.googleapis.com/auth/logging.write",
                  "https://www.googleapis.com/auth/monitoring"
                ],
                "preemptible": true,
                "sandbox_config": [],
                "service_account": "default",
                "shielded_instance_config": [
                  {
                    "enable_integrity_monitoring": true,
                    "enable_secure_boot": false
                  }
                ],
                "tags": null,
                "taint": [],
                "workload_metadata_config": [
                  {
                    "node_metadata": "GKE_METADATA_SERVER"
                  }
                ]
              }
            ],
            "node_count": 1,
            "node_locations": [
              "europe-west1-b"
            ],
            "project": "pmuir-dev",
            "region": null,
            "timeouts": null,
            "upgrade_settings": [
              {
                "max_surge": 1,
                "max_unavailable": 0
              }
            ],
            "version": "1.15.12-gke.2",
            "zone": null
          },
          "private": "eyJlMmJmYjczMC1lY2FhLTExZTYtOGY4OC0zNDM2M2JjN2M0YzAiOnsiY3JlYXRlIjoxODAwMDAwMDAwMDAwLCJkZWxldGUiOjE4MDAwMDAwMDAwMDAsInVwZGF0ZSI6MTgwMDAwMDAwMDAwMH0sInNjaGVtYV92ZXJzaW9uIjoiMSJ9",
          "dependencies": [
            "google_container_cluster.primary"
          ]
        }
      ]
    }
  ]
}
