{
  "version": 4,
  "terraform_version": "0.13.3",
  "serial": 71,
  "lineage": "e59414b5-979e-a06a-7bdf-47a36ad7fdfe",
  "outputs": {},
  "resources": [
    {
      "mode": "managed",
      "type": "google_project_service",
      "name": "secretmanager_api",
      "provider": "provider[\"registry.terraform.io/hashicorp/google\"]",
      "instances": [
        {
          "schema_version": 0,
          "attributes": {
            "disable_dependent_services": null,
            "disable_on_destroy": false,
            "id": "pmuir-dev-291208/secretmanager.googleapis.com",
            "project": "pmuir-dev-291208",
            "service": "secretmanager.googleapis.com",
            "timeouts": null
          },
          "private": "eyJlMmJmYjczMC1lY2FhLTExZTYtOGY4OC0zNDM2M2JjN2M0YzAiOnsiY3JlYXRlIjoxMjAwMDAwMDAwMDAwLCJkZWxldGUiOjEyMDAwMDAwMDAwMDAsInJlYWQiOjYwMDAwMDAwMDAwMCwidXBkYXRlIjoxMjAwMDAwMDAwMDAwfX0="
        }
      ]
    },
    {
      "module": "module.cluster",
      "mode": "managed",
      "type": "google_container_cluster",
      "name": "primary",
      "provider": "provider[\"registry.terraform.io/hashicorp/google-beta\"]",
      "instances": [
        {
          "schema_version": 1,
          "attributes": {
            "addons_config": [
              {
                "cloudrun_config": [],
                "config_connector_config": [],
                "dns_cache_config": [],
                "gce_persistent_disk_csi_driver_config": [],
                "horizontal_pod_autoscaling": [],
                "http_load_balancing": [],
                "istio_config": [],
                "kalm_config": [],
                "network_policy_config": [
                  {
                    "disabled": true
                  }
                ]
              }
            ],
            "authenticator_groups_config": [],
            "cluster_autoscaling": [
              {
                "auto_provisioning_defaults": [],
                "autoscaling_profile": "BALANCED",
                "enabled": false,
                "resource_limits": []
              }
            ],
            "cluster_ipv4_cidr": "10.0.0.0/14",
            "cluster_telemetry": [
              {
                "type": "ENABLED"
              }
            ],
            "database_encryption": [
              {
                "key_name": "",
                "state": "DECRYPTED"
              }
            ],
            "datapath_provider": "",
            "default_max_pods_per_node": null,
            "default_snat_status": [
              {
                "disabled": false
              }
            ],
            "description": "",
            "enable_binary_authorization": false,
            "enable_intranode_visibility": false,
            "enable_kubernetes_alpha": false,
            "enable_legacy_abac": false,
            "enable_shielded_nodes": false,
            "enable_tpu": false,
            "endpoint": "35.205.182.38",
            "id": "projects/pmuir-dev-291208/locations/europe-west1-b/clusters/demo-cluster",
            "initial_node_count": 1,
            "instance_group_urls": [],
            "ip_allocation_policy": [],
            "label_fingerprint": "a9dc16a7",
            "location": "europe-west1-b",
            "logging_service": "logging.googleapis.com/kubernetes",
            "maintenance_policy": [],
            "master_auth": [
              {
                "client_certificate": "",
                "client_certificate_config": [
                  {
                    "issue_client_certificate": false
                  }
                ],
                "client_key": "",
                "cluster_ca_certificate": "LS0tLS1CRUdJTiBDRVJUSUZJQ0FURS0tLS0tCk1JSURLekNDQWhPZ0F3SUJBZ0lSQU41YnJmTCtyWGVucDVGOVNjZ0QxVmd3RFFZSktvWklodmNOQVFFTEJRQXcKTHpFdE1Dc0dBMVVFQXhNa01ESmtaREJrWXpFdFlUUTNaQzAwWVRRNExUZzBOalV0WkRZd09XTTJNelk1WVRNMQpNQjRYRFRJd01UQXdNakE0TWpnd05Wb1hEVEkxTVRBd01UQTVNamd3TlZvd0x6RXRNQ3NHQTFVRUF4TWtNREprClpEQmtZekV0WVRRM1pDMDBZVFE0TFRnME5qVXRaRFl3T1dNMk16WTVZVE0xTUlJQklqQU5CZ2txaGtpRzl3MEIKQVFFRkFBT0NBUThBTUlJQkNnS0NBUUVBeW5PcFNhV2VKblRta0R4azlkVE5kRVFrSkVETjRlOGcwWm81eEpDRgpHL2NUQUFpVVBTOHVNNFlUMlNEM2kzRWd1THRkQkVoMFpoOHM2QmJHMmtDaTVtTFd2UU9yU2dmaGM2eElxc1ZrCmh0LzJzYUlDa2FidlZYZ2JkZHBnb0ZSQkIyZkdnRkpSQU1aWndpd0IyUXZ0cXBxQUc5VHFZcDFYcWFCalhKc1UKa3FoVlgvZWE3K3pZNjJZL2s4dHlUdjAxdDF1aS91NWFsY1VpczlsRHRWYkY2cWIwSlByV3pRdVU3Zm95T2JCcgpBaDBuc3AzSjdYaXlFQ0IwSmN3T01ZamlRVXlkdk9Da1dsWmtSZ0JHODZCbVUrdnlJTGhNUjE4MXpEbEpUSHV1CnBEUUhJTG1iWjR2bllpUUZwRDVkd2F5c0k2RVhLWDIveUtITU9vaFpjN1U4S3dJREFRQUJvMEl3UURBT0JnTlYKSFE4QkFmOEVCQU1DQWdRd0R3WURWUjBUQVFIL0JBVXdBd0VCL3pBZEJnTlZIUTRFRmdRVURjZTUrbFliWHBQWgpUaDYvMndDZlN4QnpScGN3RFFZSktvWklodmNOQVFFTEJRQURnZ0VCQUtKZURCRk1NOVdwNStGQlUrWHZtMTBnClp2YUhrV1dyMXVIRTM1VTBZUG02VENsNDRNQVNNWWlJVS9HWjBRd05teWVucGJWYkJxZ05CeW5DNW52d2lzS0QKTWZRclNITTlCOGROR3FZTzU4czh6U3Q4RUxwLy84eTJjb1E4VnZDaUN0TU9NUDdMZkc5eGptYjhYQlY3T3ZDWQpOOVRwU1FCbFdhZk5YeFRJVUN5VkgxMDZ2dzhZOEJ1cWlvVWJBblR3VHNwNlQ4VnpVRmZxWkd0N3RaQ2I2WDdvCjRuemh5WERnQ2MzK0dobXM1and0OVVLczR5N3hqK2RYdEE0NHBsaE5CeWJjMDVGTFYyMEdDbXg3T0VKMmN2aWwKOVpZT2ZIWlJtK0Vrd2xOaWZ3UkVValR2UVZEcmt1OVZOV2tUbkIyZzJGZmFYSzFMRWpDV0ttcXl5bDJDWVlZPQotLS0tLUVORCBDRVJUSUZJQ0FURS0tLS0tCg==",
                "password": "",
                "username": ""
              }
            ],
            "master_authorized_networks_config": [],
            "master_version": "1.16.13-gke.401",
            "min_master_version": null,
            "monitoring_service": "monitoring.googleapis.com/kubernetes",
            "name": "demo-cluster",
            "network": "projects/pmuir-dev-291208/global/networks/default",
            "network_policy": [
              {
                "enabled": false,
                "provider": "PROVIDER_UNSPECIFIED"
              }
            ],
            "networking_mode": "ROUTES",
            "node_config": [],
            "node_locations": [],
            "node_pool": [],
            "node_version": "1.16.13-gke.401",
            "operation": null,
            "pod_security_policy_config": [
              {
                "enabled": false
              }
            ],
            "private_cluster_config": [],
            "project": "pmuir-dev-291208",
            "release_channel": [
              {
                "channel": "REGULAR"
              }
            ],
            "remove_default_node_pool": true,
            "resource_labels": null,
            "resource_usage_export_config": [],
            "self_link": "https://container.googleapis.com/v1beta1/projects/pmuir-dev-291208/zones/europe-west1-b/clusters/demo-cluster",
            "services_ipv4_cidr": "10.3.240.0/20",
            "subnetwork": "projects/pmuir-dev-291208/regions/europe-west1/subnetworks/default",
            "timeouts": null,
            "tpu_ipv4_cidr_block": "",
            "vertical_pod_autoscaling": [],
            "workload_identity_config": [
              {
                "identity_namespace": "pmuir-dev-291208.svc.id.goog"
              }
            ]
          },
          "private": "eyJlMmJmYjczMC1lY2FhLTExZTYtOGY4OC0zNDM2M2JjN2M0YzAiOnsiY3JlYXRlIjoyNDAwMDAwMDAwMDAwLCJkZWxldGUiOjI0MDAwMDAwMDAwMDAsInJlYWQiOjI0MDAwMDAwMDAwMDAsInVwZGF0ZSI6MzYwMDAwMDAwMDAwMH0sInNjaGVtYV92ZXJzaW9uIjoiMSJ9"
        }
      ]
    },
    {
      "module": "module.cluster",
      "mode": "managed",
      "type": "google_container_node_pool",
      "name": "primary_preemptible_nodes",
      "provider": "provider[\"registry.terraform.io/hashicorp/google-beta\"]",
      "instances": [
        {
          "schema_version": 1,
          "attributes": {
            "autoscaling": [
              {
                "max_node_count": 8,
                "min_node_count": 1
              }
            ],
            "cluster": "demo-cluster",
            "id": "projects/pmuir-dev-291208/locations/europe-west1-b/clusters/demo-cluster/nodePools/demo-cluster-node-pool",
            "initial_node_count": 1,
            "instance_group_urls": [
              "https://www.googleapis.com/compute/v1/projects/pmuir-dev-291208/zones/europe-west1-b/instanceGroupManagers/gke-demo-cluster-demo-cluster-node-po-1a8cc896-grp"
            ],
            "location": "europe-west1-b",
            "management": [
              {
                "auto_repair": true,
                "auto_upgrade": true
              }
            ],
            "max_pods_per_node": null,
            "name": "demo-cluster-node-pool",
            "name_prefix": "",
            "node_config": [
              {
                "boot_disk_kms_key": "",
                "disk_size_gb": 100,
                "disk_type": "pd-standard",
                "guest_accelerator": [],
                "image_type": "COS",
                "kubelet_config": [],
                "labels": {},
                "linux_node_config": [],
                "local_ssd_count": 0,
                "machine_type": "n1-standard-4",
                "metadata": {
                  "disable-legacy-endpoints": "true"
                },
                "min_cpu_platform": "",
                "oauth_scopes": [
                  "https://www.googleapis.com/auth/logging.write",
                  "https://www.googleapis.com/auth/monitoring"
                ],
                "preemptible": true,
                "sandbox_config": [],
                "service_account": "default",
                "shielded_instance_config": [
                  {
                    "enable_integrity_monitoring": true,
                    "enable_secure_boot": false
                  }
                ],
                "tags": null,
                "taint": [],
                "workload_metadata_config": [
                  {
                    "node_metadata": "GKE_METADATA_SERVER"
                  }
                ]
              }
            ],
            "node_count": 1,
            "node_locations": [
              "europe-west1-b"
            ],
            "project": "pmuir-dev-291208",
            "timeouts": null,
            "upgrade_settings": [
              {
                "max_surge": 1,
                "max_unavailable": 0
              }
            ],
            "version": "1.16.13-gke.401"
          },
          "private": "eyJlMmJmYjczMC1lY2FhLTExZTYtOGY4OC0zNDM2M2JjN2M0YzAiOnsiY3JlYXRlIjoxODAwMDAwMDAwMDAwLCJkZWxldGUiOjE4MDAwMDAwMDAwMDAsInVwZGF0ZSI6MTgwMDAwMDAwMDAwMH0sInNjaGVtYV92ZXJzaW9uIjoiMSJ9",
          "dependencies": [
            "module.cluster.google_container_cluster.primary"
          ]
        }
      ]
    },
    {
      "module": "module.cluster",
      "mode": "managed",
      "type": "google_project_service",
      "name": "container_api",
      "provider": "provider[\"registry.terraform.io/hashicorp/google\"]",
      "instances": [
        {
          "schema_version": 0,
          "attributes": {
            "disable_dependent_services": null,
            "disable_on_destroy": false,
            "id": "pmuir-dev-291208/container.googleapis.com",
            "project": "pmuir-dev-291208",
            "service": "container.googleapis.com",
            "timeouts": null
          },
          "private": "eyJlMmJmYjczMC1lY2FhLTExZTYtOGY4OC0zNDM2M2JjN2M0YzAiOnsiY3JlYXRlIjoxMjAwMDAwMDAwMDAwLCJkZWxldGUiOjEyMDAwMDAwMDAwMDAsInJlYWQiOjYwMDAwMDAwMDAwMCwidXBkYXRlIjoxMjAwMDAwMDAwMDAwfX0="
        }
      ]
    },
    {
      "module": "module.helmfile",
      "mode": "managed",
      "type": "google_secret_manager_secret",
      "name": "mysql_password",
      "provider": "provider[\"registry.terraform.io/hashicorp/google\"]",
      "instances": [
        {
          "schema_version": 0,
          "attributes": {
            "create_time": "2020-10-01T08:59:29.910073Z",
            "id": "projects/pmuir-dev-291208/secrets/mysql-password",
            "labels": {
              "generated": "true"
            },
            "name": "projects/1066724843554/secrets/mysql-password",
            "project": "pmuir-dev-291208",
            "replication": [
              {
                "automatic": true,
                "user_managed": []
              }
            ],
            "secret_id": "mysql-password",
            "timeouts": null
          },
          "private": "eyJlMmJmYjczMC1lY2FhLTExZTYtOGY4OC0zNDM2M2JjN2M0YzAiOnsiY3JlYXRlIjoyNDAwMDAwMDAwMDAsImRlbGV0ZSI6MjQwMDAwMDAwMDAwLCJ1cGRhdGUiOjI0MDAwMDAwMDAwMH19"
        }
      ]
    },
    {
      "module": "module.helmfile",
      "mode": "managed",
      "type": "google_secret_manager_secret_version",
      "name": "mysql_password_version",
      "provider": "provider[\"registry.terraform.io/hashicorp/google-beta\"]",
      "instances": [
        {
          "schema_version": 0,
          "attributes": {
            "create_time": "2020-10-01T08:59:32.108136Z",
            "destroy_time": "",
            "enabled": true,
            "id": "projects/1066724843554/secrets/mysql-password/versions/1",
            "name": "projects/1066724843554/secrets/mysql-password/versions/1",
            "secret": "projects/pmuir-dev-291208/secrets/mysql-password",
            "secret_data": "8X0kVawP6Y70ZuRS",
            "timeouts": null
          },
          "private": "eyJlMmJmYjczMC1lY2FhLTExZTYtOGY4OC0zNDM2M2JjN2M0YzAiOnsiY3JlYXRlIjoyNDAwMDAwMDAwMDAsImRlbGV0ZSI6MjQwMDAwMDAwMDAwfX0=",
          "dependencies": [
            "module.helmfile.google_secret_manager_secret.mysql_password",
            "module.helmfile.random_password.mysql_password"
          ]
        }
      ]
    },
    {
      "module": "module.helmfile",
      "mode": "managed",
      "type": "local_file",
      "name": "generated_output",
      "provider": "provider[\"registry.terraform.io/hashicorp/local\"]",
      "instances": [
        {
          "schema_version": 0,
          "attributes": {
            "content": "##################################################\n# WARNING: This file is overwritten by terraform #\n# Make any changes in values.yaml             #\n##################################################\n\n\"certManager\":\n  \"googleServiceAccount\": \"certmanager@pmuir-dev-291208.iam.gserviceaccount.com\"\n  \"kubernetesServiceAccount\": \"cert-manager\"\n  \"namespace\": \"cert-manager\"\n\"externalDns\":\n  \"googleServiceAccount\": \"externaldns@pmuir-dev-291208.iam.gserviceaccount.com\"\n  \"kubernetesServiceAccount\": \"external-dns\"\n  \"namespace\": \"external-dns\"\n\"externalSecrets\":\n  \"googleServiceAccount\": \"externalsecrets@pmuir-dev-291208.iam.gserviceaccount.com\"\n  \"kubernetesServiceAccount\": \"external-secrets\"\n  \"namespace\": \"external-secrets\"\n\"gcp\":\n  \"project\": \"pmuir-dev-291208\"\n\"loadBalancer\":\n  \"ip\": \"130.211.59.37\"\n  \"suffix\": \"r.bleepbleep.org.uk\"\n\"mysql\":\n  \"instanceName\": \"mysql-database\"\n  \"mysqlPropertiesSecretName\": \"mysql-database-mysql-proerties\"\n  \"name\": \"database\"\n  \"passwordSecretName\": \"mysql-database-database-password\"\n  \"port\": 5432\n  \"project\": \"pmuir-dev-291208\"\n  \"region\": \"europe-west1\"\n  \"serviceAccountSecretName\": \"mysql-database-service-account-key\"\n  \"username\": \"mysql\"\n\"postgres\":\n  \"instanceName\": \"postgres-database\"\n  \"name\": \"database\"\n  \"passwordSecretName\": \"postgres-database-database-password\"\n  \"port\": 5432\n  \"project\": \"pmuir-dev-291208\"\n  \"region\": \"europe-west1\"\n  \"serviceAccountSecretName\": \"postgres-database-service-account-key\"\n  \"username\": \"postgres\"\n",
            "content_base64": null,
            "directory_permission": "0777",
            "file_permission": "0777",
            "filename": "../helmfile/generated.yaml",
            "id": "ef64af69059c38602b671bc1ddb1bef2977a3f26",
            "sensitive_content": null
          },
          "private": "bnVsbA==",
          "dependencies": [
            "module.cluster.google_container_cluster.primary",
            "module.cluster.google_container_node_pool.primary_preemptible_nodes",
            "module.cluster.google_project_service.container_api",
            "module.mysql.google_secret_manager_secret.database_password",
            "module.mysql.google_secret_manager_secret.database_service_account_key",
            "module.mysql.google_secret_manager_secret.mysql_properties",
            "module.mysql.google_sql_database.database",
            "module.mysql.google_sql_database_instance.database",
            "module.networking.google_compute_address.ip_address",
            "module.networking.google_service_account.cert_manager",
            "module.networking.google_service_account.external_dns",
            "module.postgres.google_secret_manager_secret.database_password",
            "module.postgres.google_secret_manager_secret.database_service_account_key",
            "module.postgres.google_sql_database.database",
            "module.postgres.google_sql_database_instance.database",
            "module.secrets.google_service_account.external_secrets",
            "module.secrets.google_service_account_iam_member.external_secrets"
          ]
        }
      ]
    },
    {
      "module": "module.helmfile",
      "mode": "managed",
      "type": "random_password",
      "name": "mysql_password",
      "provider": "module.helmfile.provider[\"registry.terraform.io/hashicorp/random\"]",
      "instances": [
        {
          "schema_version": 0,
          "attributes": {
            "id": "none",
            "keepers": null,
            "length": 16,
            "lower": true,
            "min_lower": 0,
            "min_numeric": 0,
            "min_special": 0,
            "min_upper": 0,
            "number": true,
            "override_special": "_%@",
            "result": "8X0kVawP6Y70ZuRS",
            "special": true,
            "upper": true
          },
          "private": "bnVsbA=="
        }
      ]
    },
    {
      "module": "module.mysql",
      "mode": "managed",
      "type": "google_project_iam_member",
      "name": "iam_binding_member",
      "provider": "provider[\"registry.terraform.io/hashicorp/google\"]",
      "instances": [
        {
          "schema_version": 0,
          "attributes": {
            "condition": [],
            "etag": "BwWwmGeZUEc=",
            "id": "pmuir-dev-291208/roles/cloudsql.client/serviceaccount:mysql-database-cloudsql@pmuir-dev-291208.iam.gserviceaccount.com",
            "member": "serviceAccount:mysql-database-cloudsql@pmuir-dev-291208.iam.gserviceaccount.com",
            "project": "pmuir-dev-291208",
            "role": "roles/cloudsql.client"
          },
          "private": "bnVsbA==",
          "dependencies": [
            "module.cluster.google_container_cluster.primary",
            "module.cluster.google_container_node_pool.primary_preemptible_nodes",
            "module.cluster.google_project_service.container_api",
            "module.mysql.google_service_account.service_account",
            "module.secrets.google_service_account.external_secrets",
            "module.secrets.google_service_account_iam_member.external_secrets"
          ]
        }
      ]
    },
    {
      "module": "module.mysql",
      "mode": "managed",
      "type": "google_project_service",
      "name": "sql_admin",
      "provider": "provider[\"registry.terraform.io/hashicorp/google\"]",
      "instances": [
        {
          "schema_version": 0,
          "attributes": {
            "disable_dependent_services": null,
            "disable_on_destroy": false,
            "id": "pmuir-dev-291208/sqladmin.googleapis.com",
            "project": "pmuir-dev-291208",
            "service": "sqladmin.googleapis.com",
            "timeouts": null
          },
          "private": "eyJlMmJmYjczMC1lY2FhLTExZTYtOGY4OC0zNDM2M2JjN2M0YzAiOnsiY3JlYXRlIjoxMjAwMDAwMDAwMDAwLCJkZWxldGUiOjEyMDAwMDAwMDAwMDAsInJlYWQiOjYwMDAwMDAwMDAwMCwidXBkYXRlIjoxMjAwMDAwMDAwMDAwfX0=",
          "dependencies": [
            "module.cluster.google_container_cluster.primary",
            "module.cluster.google_container_node_pool.primary_preemptible_nodes",
            "module.cluster.google_project_service.container_api",
            "module.secrets.google_service_account.external_secrets",
            "module.secrets.google_service_account_iam_member.external_secrets"
          ]
        }
      ]
    },
    {
      "module": "module.mysql",
      "mode": "managed",
      "type": "google_project_service",
      "name": "sql_component_api",
      "provider": "provider[\"registry.terraform.io/hashicorp/google\"]",
      "instances": [
        {
          "schema_version": 0,
          "attributes": {
            "disable_dependent_services": null,
            "disable_on_destroy": false,
            "id": "pmuir-dev-291208/sql-component.googleapis.com",
            "project": "pmuir-dev-291208",
            "service": "sql-component.googleapis.com",
            "timeouts": null
          },
          "private": "eyJlMmJmYjczMC1lY2FhLTExZTYtOGY4OC0zNDM2M2JjN2M0YzAiOnsiY3JlYXRlIjoxMjAwMDAwMDAwMDAwLCJkZWxldGUiOjEyMDAwMDAwMDAwMDAsInJlYWQiOjYwMDAwMDAwMDAwMCwidXBkYXRlIjoxMjAwMDAwMDAwMDAwfX0=",
          "dependencies": [
            "module.cluster.google_container_cluster.primary",
            "module.cluster.google_container_node_pool.primary_preemptible_nodes",
            "module.cluster.google_project_service.container_api",
            "module.secrets.google_service_account.external_secrets",
            "module.secrets.google_service_account_iam_member.external_secrets"
          ]
        }
      ]
    },
    {
      "module": "module.mysql",
      "mode": "managed",
      "type": "google_secret_manager_secret",
      "name": "database_password",
      "provider": "provider[\"registry.terraform.io/hashicorp/google\"]",
      "instances": [
        {
          "schema_version": 0,
          "attributes": {
            "create_time": "2020-10-01T09:11:26.319021Z",
            "id": "projects/pmuir-dev-291208/secrets/mysql-database-database-password",
            "labels": {
              "generated": "true"
            },
            "name": "projects/1066724843554/secrets/mysql-database-database-password",
            "project": "pmuir-dev-291208",
            "replication": [
              {
                "automatic": true,
                "user_managed": []
              }
            ],
            "secret_id": "mysql-database-database-password",
            "timeouts": null
          },
          "private": "eyJlMmJmYjczMC1lY2FhLTExZTYtOGY4OC0zNDM2M2JjN2M0YzAiOnsiY3JlYXRlIjoyNDAwMDAwMDAwMDAsImRlbGV0ZSI6MjQwMDAwMDAwMDAwLCJ1cGRhdGUiOjI0MDAwMDAwMDAwMH19",
          "dependencies": [
            "module.cluster.google_container_cluster.primary",
            "module.cluster.google_container_node_pool.primary_preemptible_nodes",
            "module.cluster.google_project_service.container_api",
            "module.secrets.google_service_account.external_secrets",
            "module.secrets.google_service_account_iam_member.external_secrets"
          ]
        }
      ]
    },
    {
      "module": "module.mysql",
      "mode": "managed",
      "type": "google_secret_manager_secret",
      "name": "database_service_account_key",
      "provider": "provider[\"registry.terraform.io/hashicorp/google\"]",
      "instances": [
        {
          "schema_version": 0,
          "attributes": {
            "create_time": "2020-10-01T09:11:27.050638Z",
            "id": "projects/pmuir-dev-291208/secrets/mysql-database-service-account-key",
            "labels": {
              "generated": "true"
            },
            "name": "projects/1066724843554/secrets/mysql-database-service-account-key",
            "project": "pmuir-dev-291208",
            "replication": [
              {
                "automatic": true,
                "user_managed": []
              }
            ],
            "secret_id": "mysql-database-service-account-key",
            "timeouts": null
          },
          "private": "eyJlMmJmYjczMC1lY2FhLTExZTYtOGY4OC0zNDM2M2JjN2M0YzAiOnsiY3JlYXRlIjoyNDAwMDAwMDAwMDAsImRlbGV0ZSI6MjQwMDAwMDAwMDAwLCJ1cGRhdGUiOjI0MDAwMDAwMDAwMH19",
          "dependencies": [
            "module.cluster.google_container_cluster.primary",
            "module.cluster.google_container_node_pool.primary_preemptible_nodes",
            "module.cluster.google_project_service.container_api",
            "module.secrets.google_service_account.external_secrets",
            "module.secrets.google_service_account_iam_member.external_secrets"
          ]
        }
      ]
    },
    {
      "module": "module.mysql",
      "mode": "managed",
      "type": "google_secret_manager_secret",
      "name": "mysql_properties",
      "provider": "provider[\"registry.terraform.io/hashicorp/google\"]",
      "instances": [
        {
          "schema_version": 0,
          "attributes": {
            "create_time": "2020-10-01T09:11:28.371652Z",
            "id": "projects/pmuir-dev-291208/secrets/mysql-database-mysql-proerties",
            "labels": {
              "generated": "true"
            },
            "name": "projects/1066724843554/secrets/mysql-database-mysql-proerties",
            "project": "pmuir-dev-291208",
            "replication": [
              {
                "automatic": true,
                "user_managed": []
              }
            ],
            "secret_id": "mysql-database-mysql-proerties",
            "timeouts": null
          },
          "private": "eyJlMmJmYjczMC1lY2FhLTExZTYtOGY4OC0zNDM2M2JjN2M0YzAiOnsiY3JlYXRlIjoyNDAwMDAwMDAwMDAsImRlbGV0ZSI6MjQwMDAwMDAwMDAwLCJ1cGRhdGUiOjI0MDAwMDAwMDAwMH19",
          "dependencies": [
            "module.cluster.google_container_cluster.primary",
            "module.cluster.google_container_node_pool.primary_preemptible_nodes",
            "module.cluster.google_project_service.container_api",
            "module.secrets.google_service_account.external_secrets",
            "module.secrets.google_service_account_iam_member.external_secrets"
          ]
        }
      ]
    },
    {
      "module": "module.mysql",
      "mode": "managed",
      "type": "google_secret_manager_secret_iam_member",
      "name": "database_password",
      "provider": "provider[\"registry.terraform.io/hashicorp/google-beta\"]",
      "instances": [
        {
          "schema_version": 0,
          "attributes": {
            "condition": [],
            "etag": "BwWwmGhWXy0=",
            "id": "projects/pmuir-dev-291208/secrets/mysql-database-database-password/roles/secretmanager.secretAccessor/serviceaccount:externalsecrets@pmuir-dev-291208.iam.gserviceaccount.com",
            "member": "serviceAccount:externalsecrets@pmuir-dev-291208.iam.gserviceaccount.com",
            "project": "pmuir-dev-291208",
            "role": "roles/secretmanager.secretAccessor",
            "secret_id": "projects/pmuir-dev-291208/secrets/mysql-database-database-password"
          },
          "private": "bnVsbA==",
          "dependencies": [
            "module.cluster.google_container_cluster.primary",
            "module.cluster.google_container_node_pool.primary_preemptible_nodes",
            "module.cluster.google_project_service.container_api",
            "module.mysql.google_secret_manager_secret.database_password",
            "module.secrets.google_service_account.external_secrets",
            "module.secrets.google_service_account_iam_member.external_secrets"
          ]
        }
      ]
    },
    {
      "module": "module.mysql",
      "mode": "managed",
      "type": "google_secret_manager_secret_iam_member",
      "name": "database_service_account_key",
      "provider": "provider[\"registry.terraform.io/hashicorp/google-beta\"]",
      "instances": [
        {
          "schema_version": 0,
          "attributes": {
            "condition": [],
            "etag": "BwWwmGdE9r4=",
            "id": "projects/pmuir-dev-291208/secrets/mysql-database-service-account-key/roles/secretmanager.secretAccessor/serviceaccount:externalsecrets@pmuir-dev-291208.iam.gserviceaccount.com",
            "member": "serviceAccount:externalsecrets@pmuir-dev-291208.iam.gserviceaccount.com",
            "project": "pmuir-dev-291208",
            "role": "roles/secretmanager.secretAccessor",
            "secret_id": "projects/pmuir-dev-291208/secrets/mysql-database-service-account-key"
          },
          "private": "bnVsbA==",
          "dependencies": [
            "module.cluster.google_container_cluster.primary",
            "module.cluster.google_container_node_pool.primary_preemptible_nodes",
            "module.cluster.google_project_service.container_api",
            "module.mysql.google_secret_manager_secret.database_service_account_key",
            "module.secrets.google_service_account.external_secrets",
            "module.secrets.google_service_account_iam_member.external_secrets"
          ]
        }
      ]
    },
    {
      "module": "module.mysql",
      "mode": "managed",
      "type": "google_secret_manager_secret_iam_member",
      "name": "mysql_properties",
      "provider": "provider[\"registry.terraform.io/hashicorp/google\"]",
      "instances": [
        {
          "schema_version": 0,
          "attributes": {
            "condition": [],
            "etag": "BwWwmGfKRWE=",
            "id": "projects/pmuir-dev-291208/secrets/mysql-database-mysql-proerties/roles/secretmanager.secretAccessor/serviceaccount:externalsecrets@pmuir-dev-291208.iam.gserviceaccount.com",
            "member": "serviceAccount:externalsecrets@pmuir-dev-291208.iam.gserviceaccount.com",
            "project": "pmuir-dev-291208",
            "role": "roles/secretmanager.secretAccessor",
            "secret_id": "projects/pmuir-dev-291208/secrets/mysql-database-mysql-proerties"
          },
          "private": "bnVsbA==",
          "dependencies": [
            "module.cluster.google_container_cluster.primary",
            "module.cluster.google_container_node_pool.primary_preemptible_nodes",
            "module.cluster.google_project_service.container_api",
            "module.mysql.google_secret_manager_secret.mysql_properties",
            "module.secrets.google_service_account.external_secrets",
            "module.secrets.google_service_account_iam_member.external_secrets"
          ]
        }
      ]
    },
    {
      "module": "module.mysql",
      "mode": "managed",
      "type": "google_secret_manager_secret_version",
      "name": "database_password_version",
      "provider": "provider[\"registry.terraform.io/hashicorp/google-beta\"]",
      "instances": [
        {
          "schema_version": 0,
          "attributes": {
            "create_time": "2020-10-01T09:18:03.540309Z",
            "destroy_time": "",
            "enabled": true,
            "id": "projects/1066724843554/secrets/mysql-database-database-password/versions/1",
            "name": "projects/1066724843554/secrets/mysql-database-database-password/versions/1",
            "secret": "projects/pmuir-dev-291208/secrets/mysql-database-database-password",
            "secret_data": "kQwu0lcUIa4qUSj8",
            "timeouts": null
          },
          "private": "eyJlMmJmYjczMC1lY2FhLTExZTYtOGY4OC0zNDM2M2JjN2M0YzAiOnsiY3JlYXRlIjoyNDAwMDAwMDAwMDAsImRlbGV0ZSI6MjQwMDAwMDAwMDAwfX0=",
          "dependencies": [
            "module.cluster.google_container_cluster.primary",
            "module.cluster.google_container_node_pool.primary_preemptible_nodes",
            "module.cluster.google_project_service.container_api",
            "module.mysql.google_secret_manager_secret.database_password",
            "module.mysql.google_sql_database_instance.database",
            "module.mysql.google_sql_user.user",
            "module.mysql.random_password.password",
            "module.secrets.google_service_account.external_secrets",
            "module.secrets.google_service_account_iam_member.external_secrets"
          ]
        }
      ]
    },
    {
      "module": "module.mysql",
      "mode": "managed",
      "type": "google_secret_manager_secret_version",
      "name": "database_service_account_key_version",
      "provider": "provider[\"registry.terraform.io/hashicorp/google-beta\"]",
      "instances": [
        {
          "schema_version": 0,
          "attributes": {
            "create_time": "2020-10-01T09:11:56.272828Z",
            "destroy_time": "",
            "enabled": true,
            "id": "projects/1066724843554/secrets/mysql-database-service-account-key/versions/1",
            "name": "projects/1066724843554/secrets/mysql-database-service-account-key/versions/1",
            "secret": "projects/pmuir-dev-291208/secrets/mysql-database-service-account-key",
            "secret_data": "ewogICJ0eXBlIjogInNlcnZpY2VfYWNjb3VudCIsCiAgInByb2plY3RfaWQiOiAicG11aXItZGV2LTI5MTIwOCIsCiAgInByaXZhdGVfa2V5X2lkIjogImZhNTcxZDZkMzlmZTMwNjFiZDg0YzVhZDY0N2VjNjA2OTZhZjdhMGQiLAogICJwcml2YXRlX2tleSI6ICItLS0tLUJFR0lOIFBSSVZBVEUgS0VZLS0tLS1cbk1JSUV2Z0lCQURBTkJna3Foa2lHOXcwQkFRRUZBQVNDQktnd2dnU2tBZ0VBQW9JQkFRQ1BORkw2T0ZFWUxOdUFcbk53MmdETEl0Q29EV0pTaEw5L2J6a29YQnI3Y0hEczRzZEsxMFZZdlN1ejI0U29DQzUzbWJqbWVUeEV1cEVEV2hcblcxMU52TjhvSnozUTlqVEUrWHN4QmRhblJweFZ3ZHBEcTBhYkhUaHQySEpEbnI3YjRUanZOZCtOb3Z3RHlsOFhcbm4vcDAxM1BKTE80akpPWHNKWXBGUmhSMkRMc01CZ2RPdlRxZlVxemhXUWNDZ055cGYxNExoeXhXenA4RkptbGFcbmZoWUhsNmZJSlV6ZkJ0em9MNE9ySyt4SW45L2xTYzlPd0VWMXdMVUt3bjNwc2xPYlJmNktGNFJQM3pWd2ZseG5cbmROTWIvejBEeUtBWXNIMCtyY0xldFhoMHpoQTI5aU1EYXhxSFExK0x1VERzSHlibityMDJrbzFqek9ablV2YzJcblNXb0JxQWpyQWdNQkFBRUNnZ0VBQXIwdjl4dzdwTmc2ekkyQkE3WXFkRVVXcU1IbUx1bkx2ZVhvREFmVjJ0czBcbkkxS0ovTWNrR1FBKzBuY09WVEtqTjAvMmVET1JkT2JiOTcyZEg3OEVqNnFNZXFJeTZTK1NaU0lrOUdjYjEySVJcblVDa0cvVEdHWWtkNURBVU54bnZjMEdwNTM2WWw1dGFva2ZXYjN6ODl0alBYVERISStnYlB5YnBvNnNjY2pzTEpcbmJzYVdRalhQTTVrWjdDUUMyeVpBQld6Vm5jaWc1cDFZdElsSEFyY3haVksyUzl6UTljWUxyQ3dqMFlCSWswM29cbnVnQVNHdmhNRXBFWGUxMlNmS1pWa1EzOWpydU1kMVpXZGJPeEp4bWx5MGdXMWM1OS9MNjV6RjM2M08ySnFBSExcbnkxWXJWZzA5YVJoaWpvd2tSbUxXWmN2SGd3aVloLzlpT3NPRm9jYnYvUUtCZ1FEQ0VScWRDcWZVU3R6RnZnS2RcbklZUmVQMVBaVnVUYlcveExQTjJIdEZ5d1FSVDFwSlVLSWM4NlBBR2w0OEtiUjkxTFplZ1h2V3NVem5kRzVLN2pcbmh0QTF1dkVPWmIwcEluWFZ6K3pPUmxOZmpsZ2JsNWswM2R2SGJxSUJHUGJWL1RaSjg1NmdMZGxpL1h6TloydUxcbjM1dkswM1VMeWIvQ21rZFFYVnhUYVM1V2ZRS0JnUUM4NTlyNXVxUFJkWERRWWRBL0Z3VkhJNzNpY2lENFozUmtcbk1KKzZ2d1Z2dG13NEVYbFFXMXdDVVh6OVFHT0lUSE5ad1VQOVQwZHNZNjBoNUFULzZkQWNkcHNOVGVCelFsU0tcblFvcVo5ckhwVVlUcW83NHQ0ZGxUVnN3S29FY0djZEhjVFdHSGVoTXlnV2xKc29LZ2lvc2FzZWxEV2JLTktlSjBcbkVRbVpjZHl4aHdLQmdCUVAzcGR6Zll3VnZTTDRGSjhYMHU1SFQ2eTlMZVY3YWVhQlFVbUJITC9meW9IbVpMM3Fcblp0alhVVGhNQmxjMUk2eGl1WTZTdDFvc1NlcGJRN1VqdjZ4K1NlTTZJMGI0V0FRbGZZNkplSjc5UVNDQkdJWjlcbmxQWFYrd3R3QUR4NDg3N0xYNCtoamNLTS8vVGdCeDhybTVocEtjVnhNdEMwVUVEL2xjYk5yY3VsQW9HQkFLZ2xcbmZQMnpDeVJqYy9LWVRrUUtHckdTOSs4N2hXdDJzdHlIaDNZem1BUXpEYXJ1cXR4REplZ09Yc0lSOFVhZVBrTFRcblM5Q0xJOWt2OUNqcGpTVzZHbnRyZTJKaFFudDF2RWlCS0Z3WmdZMWIrWUxlRTJkRjFDdGhaQ2ZGT05OY3R0OXdcbnBYSnd6K3V4MDJVOUZ4Y05tdm85Q0pQaG9KUVVoelNuQWJOcTdYVzdBb0dCQUpnS0dRbGQyT3lIc3pPZ0hCeStcblo4cXhkeTBuV0hTOS8yTTVLMHk0N3F2NjBWY3hYalk4V3hVd1FlTkdKdlBNdTRGVmpEUUNiWDI2NFV6anRQNDBcbnh6T2dXSVpXUWpEbDdienlOK3Y3c1UzVU1Xb3BNVjJPOWFYMkMzTDNyNkZDQ21XK3pHeEJWUzJPRzNIbUl4cHBcbitXcnNqcjZNKzRrdXNmbE1PQU5xMG90YlxuLS0tLS1FTkQgUFJJVkFURSBLRVktLS0tLVxuIiwKICAiY2xpZW50X2VtYWlsIjogIm15c3FsLWRhdGFiYXNlLWNsb3Vkc3FsQHBtdWlyLWRldi0yOTEyMDguaWFtLmdzZXJ2aWNlYWNjb3VudC5jb20iLAogICJjbGllbnRfaWQiOiAiMTAwNjI1OTM0MjY0OTY5NzA4MTAxIiwKICAiYXV0aF91cmkiOiAiaHR0cHM6Ly9hY2NvdW50cy5nb29nbGUuY29tL28vb2F1dGgyL2F1dGgiLAogICJ0b2tlbl91cmkiOiAiaHR0cHM6Ly9vYXV0aDIuZ29vZ2xlYXBpcy5jb20vdG9rZW4iLAogICJhdXRoX3Byb3ZpZGVyX3g1MDlfY2VydF91cmwiOiAiaHR0cHM6Ly93d3cuZ29vZ2xlYXBpcy5jb20vb2F1dGgyL3YxL2NlcnRzIiwKICAiY2xpZW50X3g1MDlfY2VydF91cmwiOiAiaHR0cHM6Ly93d3cuZ29vZ2xlYXBpcy5jb20vcm9ib3QvdjEvbWV0YWRhdGEveDUwOS9teXNxbC1kYXRhYmFzZS1jbG91ZHNxbCU0MHBtdWlyLWRldi0yOTEyMDguaWFtLmdzZXJ2aWNlYWNjb3VudC5jb20iCn0K",
            "timeouts": null
          },
          "private": "eyJlMmJmYjczMC1lY2FhLTExZTYtOGY4OC0zNDM2M2JjN2M0YzAiOnsiY3JlYXRlIjoyNDAwMDAwMDAwMDAsImRlbGV0ZSI6MjQwMDAwMDAwMDAwfX0=",
          "dependencies": [
            "module.cluster.google_container_cluster.primary",
            "module.cluster.google_container_node_pool.primary_preemptible_nodes",
            "module.cluster.google_project_service.container_api",
            "module.mysql.google_secret_manager_secret.database_service_account_key",
            "module.mysql.google_service_account.service_account",
            "module.mysql.google_service_account_key.service_account_key",
            "module.secrets.google_service_account.external_secrets",
            "module.secrets.google_service_account_iam_member.external_secrets"
          ]
        }
      ]
    },
    {
      "module": "module.mysql",
      "mode": "managed",
      "type": "google_secret_manager_secret_version",
      "name": "mysql_properties_version",
      "provider": "provider[\"registry.terraform.io/hashicorp/google\"]",
      "instances": [
        {
          "schema_version": 0,
          "attributes": {
            "create_time": "2020-10-01T09:18:03.961264Z",
            "destroy_time": "",
            "enabled": true,
            "id": "projects/1066724843554/secrets/mysql-database-mysql-proerties/versions/1",
            "name": "projects/1066724843554/secrets/mysql-database-mysql-proerties/versions/1",
            "secret": "projects/pmuir-dev-291208/secrets/mysql-database-mysql-proerties",
            "secret_data": "mysql_username: mysql\nmysql_password: kQwu0lcUIa4qUSj8\n",
            "timeouts": null
          },
          "private": "eyJlMmJmYjczMC1lY2FhLTExZTYtOGY4OC0zNDM2M2JjN2M0YzAiOnsiY3JlYXRlIjoyNDAwMDAwMDAwMDAsImRlbGV0ZSI6MjQwMDAwMDAwMDAwfX0=",
          "dependencies": [
            "module.cluster.google_container_cluster.primary",
            "module.cluster.google_container_node_pool.primary_preemptible_nodes",
            "module.cluster.google_project_service.container_api",
            "module.mysql.google_secret_manager_secret.mysql_properties",
            "module.mysql.google_sql_database_instance.database",
            "module.mysql.google_sql_user.user",
            "module.mysql.random_password.password",
            "module.secrets.google_service_account.external_secrets",
            "module.secrets.google_service_account_iam_member.external_secrets"
          ]
        }
      ]
    },
    {
      "module": "module.mysql",
      "mode": "managed",
      "type": "google_service_account",
      "name": "service_account",
      "provider": "provider[\"registry.terraform.io/hashicorp/google\"]",
      "instances": [
        {
          "schema_version": 0,
          "attributes": {
            "account_id": "mysql-database-cloudsql",
            "description": "",
            "display_name": "mysql-database CloudSQL Service Account",
            "email": "mysql-database-cloudsql@pmuir-dev-291208.iam.gserviceaccount.com",
            "id": "projects/pmuir-dev-291208/serviceAccounts/mysql-database-cloudsql@pmuir-dev-291208.iam.gserviceaccount.com",
            "name": "projects/pmuir-dev-291208/serviceAccounts/mysql-database-cloudsql@pmuir-dev-291208.iam.gserviceaccount.com",
            "project": "pmuir-dev-291208",
            "timeouts": null,
            "unique_id": "100625934264969708101"
          },
          "private": "eyJlMmJmYjczMC1lY2FhLTExZTYtOGY4OC0zNDM2M2JjN2M0YzAiOnsiY3JlYXRlIjozMDAwMDAwMDAwMDB9fQ==",
          "dependencies": [
            "module.cluster.google_container_cluster.primary",
            "module.cluster.google_container_node_pool.primary_preemptible_nodes",
            "module.cluster.google_project_service.container_api",
            "module.secrets.google_service_account.external_secrets",
            "module.secrets.google_service_account_iam_member.external_secrets"
          ]
        }
      ]
    },
    {
      "module": "module.mysql",
      "mode": "managed",
      "type": "google_service_account_key",
      "name": "service_account_key",
      "provider": "provider[\"registry.terraform.io/hashicorp/google\"]",
      "instances": [
        {
          "schema_version": 0,
          "attributes": {
            "id": "projects/pmuir-dev-291208/serviceAccounts/mysql-database-cloudsql@pmuir-dev-291208.iam.gserviceaccount.com/keys/fa571d6d39fe3061bd84c5ad647ec60696af7a0d",
            "key_algorithm": "KEY_ALG_RSA_2048",
            "name": "projects/pmuir-dev-291208/serviceAccounts/mysql-database-cloudsql@pmuir-dev-291208.iam.gserviceaccount.com/keys/fa571d6d39fe3061bd84c5ad647ec60696af7a0d",
            "private_key": "ewogICJ0eXBlIjogInNlcnZpY2VfYWNjb3VudCIsCiAgInByb2plY3RfaWQiOiAicG11aXItZGV2LTI5MTIwOCIsCiAgInByaXZhdGVfa2V5X2lkIjogImZhNTcxZDZkMzlmZTMwNjFiZDg0YzVhZDY0N2VjNjA2OTZhZjdhMGQiLAogICJwcml2YXRlX2tleSI6ICItLS0tLUJFR0lOIFBSSVZBVEUgS0VZLS0tLS1cbk1JSUV2Z0lCQURBTkJna3Foa2lHOXcwQkFRRUZBQVNDQktnd2dnU2tBZ0VBQW9JQkFRQ1BORkw2T0ZFWUxOdUFcbk53MmdETEl0Q29EV0pTaEw5L2J6a29YQnI3Y0hEczRzZEsxMFZZdlN1ejI0U29DQzUzbWJqbWVUeEV1cEVEV2hcblcxMU52TjhvSnozUTlqVEUrWHN4QmRhblJweFZ3ZHBEcTBhYkhUaHQySEpEbnI3YjRUanZOZCtOb3Z3RHlsOFhcbm4vcDAxM1BKTE80akpPWHNKWXBGUmhSMkRMc01CZ2RPdlRxZlVxemhXUWNDZ055cGYxNExoeXhXenA4RkptbGFcbmZoWUhsNmZJSlV6ZkJ0em9MNE9ySyt4SW45L2xTYzlPd0VWMXdMVUt3bjNwc2xPYlJmNktGNFJQM3pWd2ZseG5cbmROTWIvejBEeUtBWXNIMCtyY0xldFhoMHpoQTI5aU1EYXhxSFExK0x1VERzSHlibityMDJrbzFqek9ablV2YzJcblNXb0JxQWpyQWdNQkFBRUNnZ0VBQXIwdjl4dzdwTmc2ekkyQkE3WXFkRVVXcU1IbUx1bkx2ZVhvREFmVjJ0czBcbkkxS0ovTWNrR1FBKzBuY09WVEtqTjAvMmVET1JkT2JiOTcyZEg3OEVqNnFNZXFJeTZTK1NaU0lrOUdjYjEySVJcblVDa0cvVEdHWWtkNURBVU54bnZjMEdwNTM2WWw1dGFva2ZXYjN6ODl0alBYVERISStnYlB5YnBvNnNjY2pzTEpcbmJzYVdRalhQTTVrWjdDUUMyeVpBQld6Vm5jaWc1cDFZdElsSEFyY3haVksyUzl6UTljWUxyQ3dqMFlCSWswM29cbnVnQVNHdmhNRXBFWGUxMlNmS1pWa1EzOWpydU1kMVpXZGJPeEp4bWx5MGdXMWM1OS9MNjV6RjM2M08ySnFBSExcbnkxWXJWZzA5YVJoaWpvd2tSbUxXWmN2SGd3aVloLzlpT3NPRm9jYnYvUUtCZ1FEQ0VScWRDcWZVU3R6RnZnS2RcbklZUmVQMVBaVnVUYlcveExQTjJIdEZ5d1FSVDFwSlVLSWM4NlBBR2w0OEtiUjkxTFplZ1h2V3NVem5kRzVLN2pcbmh0QTF1dkVPWmIwcEluWFZ6K3pPUmxOZmpsZ2JsNWswM2R2SGJxSUJHUGJWL1RaSjg1NmdMZGxpL1h6TloydUxcbjM1dkswM1VMeWIvQ21rZFFYVnhUYVM1V2ZRS0JnUUM4NTlyNXVxUFJkWERRWWRBL0Z3VkhJNzNpY2lENFozUmtcbk1KKzZ2d1Z2dG13NEVYbFFXMXdDVVh6OVFHT0lUSE5ad1VQOVQwZHNZNjBoNUFULzZkQWNkcHNOVGVCelFsU0tcblFvcVo5ckhwVVlUcW83NHQ0ZGxUVnN3S29FY0djZEhjVFdHSGVoTXlnV2xKc29LZ2lvc2FzZWxEV2JLTktlSjBcbkVRbVpjZHl4aHdLQmdCUVAzcGR6Zll3VnZTTDRGSjhYMHU1SFQ2eTlMZVY3YWVhQlFVbUJITC9meW9IbVpMM3Fcblp0alhVVGhNQmxjMUk2eGl1WTZTdDFvc1NlcGJRN1VqdjZ4K1NlTTZJMGI0V0FRbGZZNkplSjc5UVNDQkdJWjlcbmxQWFYrd3R3QUR4NDg3N0xYNCtoamNLTS8vVGdCeDhybTVocEtjVnhNdEMwVUVEL2xjYk5yY3VsQW9HQkFLZ2xcbmZQMnpDeVJqYy9LWVRrUUtHckdTOSs4N2hXdDJzdHlIaDNZem1BUXpEYXJ1cXR4REplZ09Yc0lSOFVhZVBrTFRcblM5Q0xJOWt2OUNqcGpTVzZHbnRyZTJKaFFudDF2RWlCS0Z3WmdZMWIrWUxlRTJkRjFDdGhaQ2ZGT05OY3R0OXdcbnBYSnd6K3V4MDJVOUZ4Y05tdm85Q0pQaG9KUVVoelNuQWJOcTdYVzdBb0dCQUpnS0dRbGQyT3lIc3pPZ0hCeStcblo4cXhkeTBuV0hTOS8yTTVLMHk0N3F2NjBWY3hYalk4V3hVd1FlTkdKdlBNdTRGVmpEUUNiWDI2NFV6anRQNDBcbnh6T2dXSVpXUWpEbDdienlOK3Y3c1UzVU1Xb3BNVjJPOWFYMkMzTDNyNkZDQ21XK3pHeEJWUzJPRzNIbUl4cHBcbitXcnNqcjZNKzRrdXNmbE1PQU5xMG90YlxuLS0tLS1FTkQgUFJJVkFURSBLRVktLS0tLVxuIiwKICAiY2xpZW50X2VtYWlsIjogIm15c3FsLWRhdGFiYXNlLWNsb3Vkc3FsQHBtdWlyLWRldi0yOTEyMDguaWFtLmdzZXJ2aWNlYWNjb3VudC5jb20iLAogICJjbGllbnRfaWQiOiAiMTAwNjI1OTM0MjY0OTY5NzA4MTAxIiwKICAiYXV0aF91cmkiOiAiaHR0cHM6Ly9hY2NvdW50cy5nb29nbGUuY29tL28vb2F1dGgyL2F1dGgiLAogICJ0b2tlbl91cmkiOiAiaHR0cHM6Ly9vYXV0aDIuZ29vZ2xlYXBpcy5jb20vdG9rZW4iLAogICJhdXRoX3Byb3ZpZGVyX3g1MDlfY2VydF91cmwiOiAiaHR0cHM6Ly93d3cuZ29vZ2xlYXBpcy5jb20vb2F1dGgyL3YxL2NlcnRzIiwKICAiY2xpZW50X3g1MDlfY2VydF91cmwiOiAiaHR0cHM6Ly93d3cuZ29vZ2xlYXBpcy5jb20vcm9ib3QvdjEvbWV0YWRhdGEveDUwOS9teXNxbC1kYXRhYmFzZS1jbG91ZHNxbCU0MHBtdWlyLWRldi0yOTEyMDguaWFtLmdzZXJ2aWNlYWNjb3VudC5jb20iCn0K",
            "private_key_type": "TYPE_GOOGLE_CREDENTIALS_FILE",
            "public_key": "LS0tLS1CRUdJTiBDRVJUSUZJQ0FURS0tLS0tCk1JSUMvRENDQWVTZ0F3SUJBZ0lJVDQwSWF2OVUxcll3RFFZSktvWklodmNOQVFFRkJRQXdJREVlTUJ3R0ExVUUKQXhNVk1UQXdOakkxT1RNME1qWTBPVFk1TnpBNE1UQXhNQ0FYRFRJd01UQXdNVEE1TVRFek5sb1lEems1T1RreApNak14TWpNMU9UVTVXakFnTVI0d0hBWURWUVFERXhVeE1EQTJNalU1TXpReU5qUTVOamszTURneE1ERXdnZ0VpCk1BMEdDU3FHU0liM0RRRUJBUVVBQTRJQkR3QXdnZ0VLQW9JQkFRQ1BORkw2T0ZFWUxOdUFOdzJnRExJdENvRFcKSlNoTDkvYnprb1hCcjdjSERzNHNkSzEwVll2U3V6MjRTb0NDNTNtYmptZVR4RXVwRURXaFcxMU52TjhvSnozUQo5alRFK1hzeEJkYW5ScHhWd2RwRHEwYWJIVGh0MkhKRG5yN2I0VGp2TmQrTm92d0R5bDhYbi9wMDEzUEpMTzRqCkpPWHNKWXBGUmhSMkRMc01CZ2RPdlRxZlVxemhXUWNDZ055cGYxNExoeXhXenA4RkptbGFmaFlIbDZmSUpVemYKQnR6b0w0T3JLK3hJbjkvbFNjOU93RVYxd0xVS3duM3BzbE9iUmY2S0Y0UlAzelZ3Zmx4bmROTWIvejBEeUtBWQpzSDArcmNMZXRYaDB6aEEyOWlNRGF4cUhRMStMdVREc0h5Ym4rcjAya28xanpPWm5VdmMyU1dvQnFBanJBZ01CCkFBR2pPREEyTUF3R0ExVWRFd0VCL3dRQ01BQXdEZ1lEVlIwUEFRSC9CQVFEQWdlQU1CWUdBMVVkSlFFQi93UU0KTUFvR0NDc0dBUVVGQndNQ01BMEdDU3FHU0liM0RRRUJCUVVBQTRJQkFRQWcyQnB6TTBPOGhvRUx0bVpKdHcwegpTb01vNkQ3NHFJd2REbFJPTFBybnFMTzYxRHRBN3E2Y2F3eC94NnNZQldYVGNLZER5Q1VZWEQ4b3ZWcUo0NmhwClJSanlhdWUvejNWeUZwQU5nZkV6cDdrMGR0MlB2c1U0ODVGdTBKaVpTcXY1NGhtM1RtV3NielM4RU1RcXhOM0cKdVR2NnU1Zm5VdWk4M1J3bHlzVytybE9Kc01VWXM2WVcybGJDMlVxcWFYWFE4SnNSNUJla0s3aWVXNk9SRFFZQwpLZG9kZVVJUGFSalc2MCtKT0JZTDMyVFlVaUxmeWx3TGpsU1RBb1JFanV2S1J0bzFUdVllb21YaUJqSGVydEE0Ck5EaVJZaU01am1uVUJEOHVYSytXMFJxZmF2eXhha1ZrdmxTaFFDMVltdEpka0NXRFBoRnJqaGc3TlArckN6dGcKLS0tLS1FTkQgQ0VSVElGSUNBVEUtLS0tLQo=",
            "public_key_data": null,
            "public_key_type": "TYPE_X509_PEM_FILE",
            "service_account_id": "projects/pmuir-dev-291208/serviceAccounts/mysql-database-cloudsql@pmuir-dev-291208.iam.gserviceaccount.com",
            "valid_after": "2020-10-01T09:11:36Z",
            "valid_before": "9999-12-31T23:59:59Z"
          },
          "private": "bnVsbA==",
          "dependencies": [
            "module.cluster.google_container_cluster.primary",
            "module.cluster.google_container_node_pool.primary_preemptible_nodes",
            "module.cluster.google_project_service.container_api",
            "module.mysql.google_service_account.service_account",
            "module.secrets.google_service_account.external_secrets",
            "module.secrets.google_service_account_iam_member.external_secrets"
          ]
        }
      ]
    },
    {
      "module": "module.mysql",
      "mode": "managed",
      "type": "google_sql_database",
      "name": "database",
      "provider": "provider[\"registry.terraform.io/hashicorp/google\"]",
      "instances": [
        {
          "schema_version": 0,
          "attributes": {
            "charset": "utf8",
            "collation": "utf8_general_ci",
            "id": "projects/pmuir-dev-291208/instances/mysql-database/databases/database",
            "instance": "mysql-database",
            "name": "database",
            "project": "pmuir-dev-291208",
            "self_link": "https://sqladmin.googleapis.com/sql/v1beta4/projects/pmuir-dev-291208/instances/mysql-database/databases/database",
            "timeouts": null
          },
          "private": "eyJlMmJmYjczMC1lY2FhLTExZTYtOGY4OC0zNDM2M2JjN2M0YzAiOnsiY3JlYXRlIjo5MDAwMDAwMDAwMDAsImRlbGV0ZSI6NjAwMDAwMDAwMDAwLCJ1cGRhdGUiOjYwMDAwMDAwMDAwMH19",
          "dependencies": [
            "module.cluster.google_container_cluster.primary",
            "module.cluster.google_container_node_pool.primary_preemptible_nodes",
            "module.cluster.google_project_service.container_api",
            "module.mysql.google_sql_database_instance.database",
            "module.secrets.google_service_account.external_secrets",
            "module.secrets.google_service_account_iam_member.external_secrets"
          ]
        }
      ]
    },
    {
      "module": "module.mysql",
      "mode": "managed",
      "type": "google_sql_database_instance",
      "name": "database",
      "provider": "provider[\"registry.terraform.io/hashicorp/google\"]",
      "instances": [
        {
          "schema_version": 0,
          "attributes": {
            "connection_name": "pmuir-dev-291208:europe-west1:mysql-database",
            "database_version": "MYSQL_5_6",
            "first_ip_address": "104.155.22.102",
            "id": "mysql-database",
            "ip_address": [
              {
                "ip_address": "104.155.22.102",
                "time_to_retire": "",
                "type": "PRIMARY"
              }
            ],
            "master_instance_name": "",
            "name": "mysql-database",
            "private_ip_address": "",
            "project": "pmuir-dev-291208",
            "public_ip_address": "104.155.22.102",
            "region": "europe-west1",
            "replica_configuration": [],
            "root_password": null,
            "self_link": "https://sqladmin.googleapis.com/sql/v1beta4/projects/pmuir-dev-291208/instances/mysql-database",
            "server_ca_cert": [
              {
                "cert": "-----BEGIN CERTIFICATE-----\nMIIDfzCCAmegAwIBAgIBADANBgkqhkiG9w0BAQsFADB3MS0wKwYDVQQuEyQ2ZTZk\nMmRjNC0xZGFiLTQ4NDQtOGMyMi1lMzg1OGUzYTNlMWUxIzAhBgNVBAMTGkdvb2ds\nZSBDbG91ZCBTUUwgU2VydmVyIENBMRQwEgYDVQQKEwtHb29nbGUsIEluYzELMAkG\nA1UEBhMCVVMwHhcNMjAxMDAxMDkxMTQyWhcNMzAwOTI5MDkxMjQyWjB3MS0wKwYD\nVQQuEyQ2ZTZkMmRjNC0xZGFiLTQ4NDQtOGMyMi1lMzg1OGUzYTNlMWUxIzAhBgNV\nBAMTGkdvb2dsZSBDbG91ZCBTUUwgU2VydmVyIENBMRQwEgYDVQQKEwtHb29nbGUs\nIEluYzELMAkGA1UEBhMCVVMwggEiMA0GCSqGSIb3DQEBAQUAA4IBDwAwggEKAoIB\nAQCPVrq4RduoAVPBSG8/pegT4JaOXpYNYcSTrbnHneUX91NVt1GK4A69k0f3dwaN\n7Ab281jome5BDvxLoHQHkU//Aqd8iSnLCHKW//d2+hi8nVQs2y489tbsLGgjHwgV\nhfY2FoVUkaU3Qhoh4QKDHyQOj6ktJU2MnMkpReqVi4XLMlZJgS5klyq3r5ElWyNn\nlDwZylUReiE7X0kRKwomSnuVNqV9wybg1KlY7FXjNKCeTJ2A0w/4mfmttMh71rsm\nlH2RJGusblTESnOXVZXscXeXqMZCa1U6RCpwdHFeQgAsPHEzdUU6DqJbnAjIcfjF\noJuPnL1IfkPXOlrPhuqLcnaPAgMBAAGjFjAUMBIGA1UdEwEB/wQIMAYBAf8CAQAw\nDQYJKoZIhvcNAQELBQADggEBAGJ+Uv+ajgZPegwMyQud0vgTJzrUvRq7iUHDIL7y\nTcovTl5fULIZyveyCrzK+AqPngMBLq5CDEEXNrcdYJ9xlHOxNOfwPbDssPpFP5BD\n1jhPWQPuM1bqyCcr61JIHnx8eFn0zJIGdFZy59UX1xDUTw68yp8GtdPEniutAFq3\nuBmOhebqmkVOK3qSJq/2gb4XIwamxX+XzuRgfPH5hBMKUHA3IgoEDui27dXbR9j7\nv7QltzJCIPFcx0Did+JaQVz0Hkl9eKyrtvonZ9jqolay+VmmLKLWniP/cZ1jrSNm\nETFkn8MVzVWIT0cPBtuho6V16phQw7jfj+in/p+/X3RBGDM=\n-----END CERTIFICATE-----",
                "common_name": "C=US,O=Google\\, Inc,CN=Google Cloud SQL Server CA,dnQualifier=6e6d2dc4-1dab-4844-8c22-e3858e3a3e1e",
                "create_time": "2020-10-01T09:11:42.505Z",
                "expiration_time": "2030-09-29T09:12:42.505Z",
                "sha1_fingerprint": "86e8c5a76d3db9667da6e1c8b006d9565dedb01e"
              }
            ],
            "service_account_email_address": "p1066724843554-71r923@gcp-sa-cloud-sql.iam.gserviceaccount.com",
            "settings": [
              {
                "activation_policy": "ALWAYS",
                "authorized_gae_applications": [],
                "availability_type": "",
                "backup_configuration": [
                  {
                    "binary_log_enabled": true,
                    "enabled": true,
                    "location": "",
                    "point_in_time_recovery_enabled": false,
                    "start_time": "18:00"
                  }
                ],
                "crash_safe_replication": false,
                "database_flags": [],
                "disk_autoresize": true,
                "disk_size": 10,
                "disk_type": "PD_SSD",
                "ip_configuration": [
                  {
                    "authorized_networks": [],
                    "ipv4_enabled": true,
                    "private_network": "",
                    "require_ssl": false
                  }
                ],
                "location_preference": [
                  {
                    "follow_gae_application": "",
                    "zone": "europe-west1-b"
                  }
                ],
                "maintenance_window": [],
                "pricing_plan": "PER_USE",
                "replication_type": "SYNCHRONOUS",
                "tier": "db-f1-micro",
                "user_labels": {},
                "version": 2
              }
            ],
            "timeouts": null
          },
          "private": "eyJlMmJmYjczMC1lY2FhLTExZTYtOGY4OC0zNDM2M2JjN2M0YzAiOnsiY3JlYXRlIjoxMjAwMDAwMDAwMDAwLCJkZWxldGUiOjEyMDAwMDAwMDAwMDAsInVwZGF0ZSI6MTIwMDAwMDAwMDAwMH19",
          "dependencies": [
            "module.cluster.google_container_cluster.primary",
            "module.cluster.google_container_node_pool.primary_preemptible_nodes",
            "module.cluster.google_project_service.container_api",
            "module.secrets.google_service_account.external_secrets",
            "module.secrets.google_service_account_iam_member.external_secrets"
          ]
        }
      ]
    },
    {
      "module": "module.mysql",
      "mode": "managed",
      "type": "google_sql_user",
      "name": "user",
      "provider": "provider[\"registry.terraform.io/hashicorp/google\"]",
      "instances": [
        {
          "schema_version": 1,
          "attributes": {
            "host": "",
            "id": "mysql//mysql-database",
            "instance": "mysql-database",
            "name": "mysql",
            "password": "kQwu0lcUIa4qUSj8",
            "project": "pmuir-dev-291208",
            "timeouts": null
          },
          "private": "eyJlMmJmYjczMC1lY2FhLTExZTYtOGY4OC0zNDM2M2JjN2M0YzAiOnsiY3JlYXRlIjo2MDAwMDAwMDAwMDAsImRlbGV0ZSI6NjAwMDAwMDAwMDAwLCJ1cGRhdGUiOjYwMDAwMDAwMDAwMH0sInNjaGVtYV92ZXJzaW9uIjoiMSJ9",
          "dependencies": [
            "module.cluster.google_container_cluster.primary",
            "module.cluster.google_container_node_pool.primary_preemptible_nodes",
            "module.cluster.google_project_service.container_api",
            "module.mysql.google_sql_database_instance.database",
            "module.mysql.random_password.password",
            "module.secrets.google_service_account.external_secrets",
            "module.secrets.google_service_account_iam_member.external_secrets"
          ]
        }
      ]
    },
    {
      "module": "module.mysql",
      "mode": "managed",
      "type": "random_password",
      "name": "password",
      "provider": "provider[\"registry.terraform.io/hashicorp/random\"]",
      "instances": [
        {
          "schema_version": 0,
          "attributes": {
            "id": "none",
            "keepers": null,
            "length": 16,
            "lower": true,
            "min_lower": 0,
            "min_numeric": 0,
            "min_special": 0,
            "min_upper": 0,
            "number": true,
            "override_special": null,
            "result": "kQwu0lcUIa4qUSj8",
            "special": false,
            "upper": true
          },
          "private": "bnVsbA==",
          "dependencies": [
            "module.cluster.google_container_cluster.primary",
            "module.cluster.google_container_node_pool.primary_preemptible_nodes",
            "module.cluster.google_project_service.container_api",
            "module.secrets.google_service_account.external_secrets",
            "module.secrets.google_service_account_iam_member.external_secrets"
          ]
        }
      ]
    },
    {
      "module": "module.networking",
      "mode": "managed",
      "type": "google_compute_address",
      "name": "ip_address",
      "provider": "provider[\"registry.terraform.io/hashicorp/google\"]",
      "instances": [
        {
          "schema_version": 0,
          "attributes": {
            "address": "130.211.59.37",
            "address_type": "EXTERNAL",
            "creation_timestamp": "2020-10-01T01:59:40.007-07:00",
            "description": "",
            "id": "projects/pmuir-dev-291208/regions/europe-west1/addresses/demo-cluster-ip-address",
            "name": "demo-cluster-ip-address",
            "network_tier": "PREMIUM",
            "project": "pmuir-dev-291208",
            "purpose": "",
            "region": "europe-west1",
            "self_link": "https://www.googleapis.com/compute/v1/projects/pmuir-dev-291208/regions/europe-west1/addresses/demo-cluster-ip-address",
            "subnetwork": "",
            "timeouts": null,
            "users": []
          },
          "private": "eyJlMmJmYjczMC1lY2FhLTExZTYtOGY4OC0zNDM2M2JjN2M0YzAiOnsiY3JlYXRlIjoyNDAwMDAwMDAwMDAsImRlbGV0ZSI6MjQwMDAwMDAwMDAwfX0="
        }
      ]
    },
    {
      "module": "module.networking",
      "mode": "managed",
      "type": "google_dns_managed_zone",
      "name": "managed_zone",
      "provider": "provider[\"registry.terraform.io/hashicorp/google\"]",
      "instances": [
        {
          "schema_version": 0,
          "attributes": {
            "description": "CBP Managed DNS Zone",
            "dns_name": "r.bleepbleep.org.uk.",
            "dnssec_config": [],
            "force_destroy": false,
            "forwarding_config": [],
            "id": "projects/pmuir-dev-291208/managedZones/demo-cluster-managed-zone",
            "labels": {},
            "name": "demo-cluster-managed-zone",
            "name_servers": [
              "ns-cloud-d1.googledomains.com.",
              "ns-cloud-d2.googledomains.com.",
              "ns-cloud-d3.googledomains.com.",
              "ns-cloud-d4.googledomains.com."
            ],
            "peering_config": [],
            "private_visibility_config": [],
            "project": "pmuir-dev-291208",
            "timeouts": null,
            "visibility": "public"
          },
          "private": "eyJlMmJmYjczMC1lY2FhLTExZTYtOGY4OC0zNDM2M2JjN2M0YzAiOnsiY3JlYXRlIjoyNDAwMDAwMDAwMDAsImRlbGV0ZSI6MjQwMDAwMDAwMDAwLCJ1cGRhdGUiOjI0MDAwMDAwMDAwMH19"
        }
      ]
    },
    {
      "module": "module.networking",
      "mode": "managed",
      "type": "google_dns_record_set",
      "name": "caa",
      "provider": "provider[\"registry.terraform.io/hashicorp/google\"]",
      "instances": [
        {
          "schema_version": 0,
          "attributes": {
            "id": "demo-cluster-managed-zone/r.bleepbleep.org.uk./CAA",
            "managed_zone": "demo-cluster-managed-zone",
            "name": "r.bleepbleep.org.uk.",
            "project": "pmuir-dev-291208",
            "rrdatas": [
              "0 issue \"letsencrypt.org\"",
              "0 issue \"pki.goog\""
            ],
            "ttl": 300,
            "type": "CAA"
          },
          "private": "bnVsbA==",
          "dependencies": [
            "module.networking.google_dns_managed_zone.managed_zone"
          ]
        }
      ]
    },
    {
      "module": "module.networking",
      "mode": "managed",
      "type": "google_project_iam_member",
      "name": "cert_manager",
      "provider": "provider[\"registry.terraform.io/hashicorp/google\"]",
      "instances": [
        {
          "schema_version": 0,
          "attributes": {
            "condition": [],
            "etag": "BwWwmGeZUEc=",
            "id": "pmuir-dev-291208/roles/dns.admin/serviceaccount:certmanager@pmuir-dev-291208.iam.gserviceaccount.com",
            "member": "serviceAccount:certmanager@pmuir-dev-291208.iam.gserviceaccount.com",
            "project": "pmuir-dev-291208",
            "role": "roles/dns.admin"
          },
          "private": "bnVsbA==",
          "dependencies": [
            "module.networking.google_service_account.cert_manager"
          ]
        }
      ]
    },
    {
      "module": "module.networking",
      "mode": "managed",
      "type": "google_project_iam_member",
      "name": "external_dns",
      "provider": "provider[\"registry.terraform.io/hashicorp/google\"]",
      "instances": [
        {
          "schema_version": 0,
          "attributes": {
            "condition": [],
            "etag": "BwWwmGeZUEc=",
            "id": "pmuir-dev-291208/roles/dns.admin/serviceaccount:externaldns@pmuir-dev-291208.iam.gserviceaccount.com",
            "member": "serviceAccount:externaldns@pmuir-dev-291208.iam.gserviceaccount.com",
            "project": "pmuir-dev-291208",
            "role": "roles/dns.admin"
          },
          "private": "bnVsbA==",
          "dependencies": [
            "module.networking.google_service_account.external_dns"
          ]
        }
      ]
    },
    {
      "module": "module.networking",
      "mode": "managed",
      "type": "google_project_service",
      "name": "dns",
      "provider": "provider[\"registry.terraform.io/hashicorp/google\"]",
      "instances": [
        {
          "schema_version": 0,
          "attributes": {
            "disable_dependent_services": null,
            "disable_on_destroy": false,
            "id": "pmuir-dev-291208/dns.googleapis.com",
            "project": "pmuir-dev-291208",
            "service": "dns.googleapis.com",
            "timeouts": null
          },
          "private": "eyJlMmJmYjczMC1lY2FhLTExZTYtOGY4OC0zNDM2M2JjN2M0YzAiOnsiY3JlYXRlIjoxMjAwMDAwMDAwMDAwLCJkZWxldGUiOjEyMDAwMDAwMDAwMDAsInJlYWQiOjYwMDAwMDAwMDAwMCwidXBkYXRlIjoxMjAwMDAwMDAwMDAwfX0="
        }
      ]
    },
    {
      "module": "module.networking",
      "mode": "managed",
      "type": "google_project_service",
      "name": "dns_api",
      "provider": "provider[\"registry.terraform.io/hashicorp/google\"]",
      "instances": [
        {
          "schema_version": 0,
          "attributes": {
            "disable_dependent_services": null,
            "disable_on_destroy": false,
            "id": "pmuir-dev-291208/dns.googleapis.com",
            "project": "pmuir-dev-291208",
            "service": "dns.googleapis.com",
            "timeouts": null
          },
          "private": "eyJlMmJmYjczMC1lY2FhLTExZTYtOGY4OC0zNDM2M2JjN2M0YzAiOnsiY3JlYXRlIjoxMjAwMDAwMDAwMDAwLCJkZWxldGUiOjEyMDAwMDAwMDAwMDAsInJlYWQiOjYwMDAwMDAwMDAwMCwidXBkYXRlIjoxMjAwMDAwMDAwMDAwfX0="
        }
      ]
    },
    {
      "module": "module.networking",
      "mode": "managed",
      "type": "google_service_account",
      "name": "cert_manager",
      "provider": "provider[\"registry.terraform.io/hashicorp/google\"]",
      "instances": [
        {
          "schema_version": 0,
          "attributes": {
            "account_id": "certmanager",
            "description": "",
            "display_name": "Cert Manager",
            "email": "certmanager@pmuir-dev-291208.iam.gserviceaccount.com",
            "id": "projects/pmuir-dev-291208/serviceAccounts/certmanager@pmuir-dev-291208.iam.gserviceaccount.com",
            "name": "projects/pmuir-dev-291208/serviceAccounts/certmanager@pmuir-dev-291208.iam.gserviceaccount.com",
            "project": "pmuir-dev-291208",
            "timeouts": null,
            "unique_id": "117204505910591980579"
          },
          "private": "eyJlMmJmYjczMC1lY2FhLTExZTYtOGY4OC0zNDM2M2JjN2M0YzAiOnsiY3JlYXRlIjozMDAwMDAwMDAwMDB9fQ=="
        }
      ]
    },
    {
      "module": "module.networking",
      "mode": "managed",
      "type": "google_service_account",
      "name": "external_dns",
      "provider": "provider[\"registry.terraform.io/hashicorp/google\"]",
      "instances": [
        {
          "schema_version": 0,
          "attributes": {
            "account_id": "externaldns",
            "description": "",
            "display_name": "External DNS",
            "email": "externaldns@pmuir-dev-291208.iam.gserviceaccount.com",
            "id": "projects/pmuir-dev-291208/serviceAccounts/externaldns@pmuir-dev-291208.iam.gserviceaccount.com",
            "name": "projects/pmuir-dev-291208/serviceAccounts/externaldns@pmuir-dev-291208.iam.gserviceaccount.com",
            "project": "pmuir-dev-291208",
            "timeouts": null,
            "unique_id": "105212553010705931533"
          },
          "private": "eyJlMmJmYjczMC1lY2FhLTExZTYtOGY4OC0zNDM2M2JjN2M0YzAiOnsiY3JlYXRlIjozMDAwMDAwMDAwMDB9fQ=="
        }
      ]
    },
    {
      "module": "module.networking",
      "mode": "managed",
      "type": "google_service_account_iam_member",
      "name": "cert_manager",
      "provider": "provider[\"registry.terraform.io/hashicorp/google-beta\"]",
      "instances": [
        {
          "schema_version": 0,
          "attributes": {
            "condition": [],
            "etag": "BwWwmIqkkdU=",
            "id": "projects/pmuir-dev-291208/serviceAccounts/certmanager@pmuir-dev-291208.iam.gserviceaccount.com/roles/iam.workloadIdentityUser/serviceaccount:pmuir-dev-291208.svc.id.goog[cert-manager/cert-manager]",
            "member": "serviceAccount:pmuir-dev-291208.svc.id.goog[cert-manager/cert-manager]",
            "role": "roles/iam.workloadIdentityUser",
            "service_account_id": "projects/pmuir-dev-291208/serviceAccounts/certmanager@pmuir-dev-291208.iam.gserviceaccount.com"
          },
          "private": "bnVsbA==",
          "dependencies": [
            "module.networking.google_service_account.cert_manager"
          ]
        }
      ]
    },
    {
      "module": "module.networking",
      "mode": "managed",
      "type": "google_service_account_iam_member",
      "name": "external_dns",
      "provider": "provider[\"registry.terraform.io/hashicorp/google-beta\"]",
      "instances": [
        {
          "schema_version": 0,
          "attributes": {
            "condition": [],
            "etag": "BwWwmIqgpcs=",
            "id": "projects/pmuir-dev-291208/serviceAccounts/externaldns@pmuir-dev-291208.iam.gserviceaccount.com/roles/iam.workloadIdentityUser/serviceaccount:pmuir-dev-291208.svc.id.goog[external-dns/external-dns]",
            "member": "serviceAccount:pmuir-dev-291208.svc.id.goog[external-dns/external-dns]",
            "role": "roles/iam.workloadIdentityUser",
            "service_account_id": "projects/pmuir-dev-291208/serviceAccounts/externaldns@pmuir-dev-291208.iam.gserviceaccount.com"
          },
          "private": "bnVsbA==",
          "dependencies": [
            "module.networking.google_service_account.external_dns"
          ]
        }
      ]
    },
    {
      "module": "module.postgres",
      "mode": "managed",
      "type": "google_project_iam_member",
      "name": "iam_binding_member",
      "provider": "provider[\"registry.terraform.io/hashicorp/google\"]",
      "instances": [
        {
          "schema_version": 0,
          "attributes": {
            "condition": [],
            "etag": "BwWwmGeZUEc=",
            "id": "pmuir-dev-291208/roles/cloudsql.client/serviceaccount:postgres-database-cloudsql@pmuir-dev-291208.iam.gserviceaccount.com",
            "member": "serviceAccount:postgres-database-cloudsql@pmuir-dev-291208.iam.gserviceaccount.com",
            "project": "pmuir-dev-291208",
            "role": "roles/cloudsql.client"
          },
          "private": "bnVsbA==",
          "dependencies": [
            "module.cluster.google_container_cluster.primary",
            "module.cluster.google_container_node_pool.primary_preemptible_nodes",
            "module.cluster.google_project_service.container_api",
            "module.postgres.google_service_account.service_account",
            "module.secrets.google_service_account.external_secrets",
            "module.secrets.google_service_account_iam_member.external_secrets"
          ]
        }
      ]
    },
    {
      "module": "module.postgres",
      "mode": "managed",
      "type": "google_project_service",
      "name": "sql_admin",
      "provider": "provider[\"registry.terraform.io/hashicorp/google\"]",
      "instances": [
        {
          "schema_version": 0,
          "attributes": {
            "disable_dependent_services": null,
            "disable_on_destroy": false,
            "id": "pmuir-dev-291208/sqladmin.googleapis.com",
            "project": "pmuir-dev-291208",
            "service": "sqladmin.googleapis.com",
            "timeouts": null
          },
          "private": "eyJlMmJmYjczMC1lY2FhLTExZTYtOGY4OC0zNDM2M2JjN2M0YzAiOnsiY3JlYXRlIjoxMjAwMDAwMDAwMDAwLCJkZWxldGUiOjEyMDAwMDAwMDAwMDAsInJlYWQiOjYwMDAwMDAwMDAwMCwidXBkYXRlIjoxMjAwMDAwMDAwMDAwfX0=",
          "dependencies": [
            "module.cluster.google_container_cluster.primary",
            "module.cluster.google_container_node_pool.primary_preemptible_nodes",
            "module.cluster.google_project_service.container_api",
            "module.secrets.google_service_account.external_secrets",
            "module.secrets.google_service_account_iam_member.external_secrets"
          ]
        }
      ]
    },
    {
      "module": "module.postgres",
      "mode": "managed",
      "type": "google_project_service",
      "name": "sql_component_api",
      "provider": "provider[\"registry.terraform.io/hashicorp/google\"]",
      "instances": [
        {
          "schema_version": 0,
          "attributes": {
            "disable_dependent_services": null,
            "disable_on_destroy": false,
            "id": "pmuir-dev-291208/sql-component.googleapis.com",
            "project": "pmuir-dev-291208",
            "service": "sql-component.googleapis.com",
            "timeouts": null
          },
          "private": "eyJlMmJmYjczMC1lY2FhLTExZTYtOGY4OC0zNDM2M2JjN2M0YzAiOnsiY3JlYXRlIjoxMjAwMDAwMDAwMDAwLCJkZWxldGUiOjEyMDAwMDAwMDAwMDAsInJlYWQiOjYwMDAwMDAwMDAwMCwidXBkYXRlIjoxMjAwMDAwMDAwMDAwfX0=",
          "dependencies": [
            "module.cluster.google_container_cluster.primary",
            "module.cluster.google_container_node_pool.primary_preemptible_nodes",
            "module.cluster.google_project_service.container_api",
            "module.secrets.google_service_account.external_secrets",
            "module.secrets.google_service_account_iam_member.external_secrets"
          ]
        }
      ]
    },
    {
      "module": "module.postgres",
      "mode": "managed",
      "type": "google_secret_manager_secret",
      "name": "database_password",
      "provider": "provider[\"registry.terraform.io/hashicorp/google\"]",
      "instances": [
        {
          "schema_version": 0,
          "attributes": {
            "create_time": "2020-10-01T09:11:25.971868Z",
            "id": "projects/pmuir-dev-291208/secrets/postgres-database-database-password",
            "labels": {
              "generated": "true"
            },
            "name": "projects/1066724843554/secrets/postgres-database-database-password",
            "project": "pmuir-dev-291208",
            "replication": [
              {
                "automatic": true,
                "user_managed": []
              }
            ],
            "secret_id": "postgres-database-database-password",
            "timeouts": null
          },
          "private": "eyJlMmJmYjczMC1lY2FhLTExZTYtOGY4OC0zNDM2M2JjN2M0YzAiOnsiY3JlYXRlIjoyNDAwMDAwMDAwMDAsImRlbGV0ZSI6MjQwMDAwMDAwMDAwLCJ1cGRhdGUiOjI0MDAwMDAwMDAwMH19",
          "dependencies": [
            "module.cluster.google_container_cluster.primary",
            "module.cluster.google_container_node_pool.primary_preemptible_nodes",
            "module.cluster.google_project_service.container_api",
            "module.secrets.google_service_account.external_secrets",
            "module.secrets.google_service_account_iam_member.external_secrets"
          ]
        }
      ]
    },
    {
      "module": "module.postgres",
      "mode": "managed",
      "type": "google_secret_manager_secret",
      "name": "database_service_account_key",
      "provider": "provider[\"registry.terraform.io/hashicorp/google\"]",
      "instances": [
        {
          "schema_version": 0,
          "attributes": {
            "create_time": "2020-10-01T09:11:27.061893Z",
            "id": "projects/pmuir-dev-291208/secrets/postgres-database-service-account-key",
            "labels": {
              "generated": "true"
            },
            "name": "projects/1066724843554/secrets/postgres-database-service-account-key",
            "project": "pmuir-dev-291208",
            "replication": [
              {
                "automatic": true,
                "user_managed": []
              }
            ],
            "secret_id": "postgres-database-service-account-key",
            "timeouts": null
          },
          "private": "eyJlMmJmYjczMC1lY2FhLTExZTYtOGY4OC0zNDM2M2JjN2M0YzAiOnsiY3JlYXRlIjoyNDAwMDAwMDAwMDAsImRlbGV0ZSI6MjQwMDAwMDAwMDAwLCJ1cGRhdGUiOjI0MDAwMDAwMDAwMH19",
          "dependencies": [
            "module.cluster.google_container_cluster.primary",
            "module.cluster.google_container_node_pool.primary_preemptible_nodes",
            "module.cluster.google_project_service.container_api",
            "module.secrets.google_service_account.external_secrets",
            "module.secrets.google_service_account_iam_member.external_secrets"
          ]
        }
      ]
    },
    {
      "module": "module.postgres",
      "mode": "managed",
      "type": "google_secret_manager_secret",
      "name": "mysql_properties",
      "provider": "provider[\"registry.terraform.io/hashicorp/google\"]",
      "instances": [
        {
          "schema_version": 0,
          "attributes": {
            "create_time": "2020-10-01T09:11:26.390733Z",
            "id": "projects/pmuir-dev-291208/secrets/postgres-database-mysql-proerties",
            "labels": {
              "generated": "true"
            },
            "name": "projects/1066724843554/secrets/postgres-database-mysql-proerties",
            "project": "pmuir-dev-291208",
            "replication": [
              {
                "automatic": true,
                "user_managed": []
              }
            ],
            "secret_id": "postgres-database-mysql-proerties",
            "timeouts": null
          },
          "private": "eyJlMmJmYjczMC1lY2FhLTExZTYtOGY4OC0zNDM2M2JjN2M0YzAiOnsiY3JlYXRlIjoyNDAwMDAwMDAwMDAsImRlbGV0ZSI6MjQwMDAwMDAwMDAwLCJ1cGRhdGUiOjI0MDAwMDAwMDAwMH19",
          "dependencies": [
            "module.cluster.google_container_cluster.primary",
            "module.cluster.google_container_node_pool.primary_preemptible_nodes",
            "module.cluster.google_project_service.container_api",
            "module.secrets.google_service_account.external_secrets",
            "module.secrets.google_service_account_iam_member.external_secrets"
          ]
        }
      ]
    },
    {
      "module": "module.postgres",
      "mode": "managed",
      "type": "google_secret_manager_secret_iam_member",
      "name": "database_password",
      "provider": "provider[\"registry.terraform.io/hashicorp/google-beta\"]",
      "instances": [
        {
          "schema_version": 0,
          "attributes": {
            "condition": [],
            "etag": "BwWwmGdA9ks=",
            "id": "projects/pmuir-dev-291208/secrets/postgres-database-database-password/roles/secretmanager.secretAccessor/serviceaccount:externalsecrets@pmuir-dev-291208.iam.gserviceaccount.com",
            "member": "serviceAccount:externalsecrets@pmuir-dev-291208.iam.gserviceaccount.com",
            "project": "pmuir-dev-291208",
            "role": "roles/secretmanager.secretAccessor",
            "secret_id": "projects/pmuir-dev-291208/secrets/postgres-database-database-password"
          },
          "private": "bnVsbA==",
          "dependencies": [
            "module.cluster.google_container_cluster.primary",
            "module.cluster.google_container_node_pool.primary_preemptible_nodes",
            "module.cluster.google_project_service.container_api",
            "module.postgres.google_secret_manager_secret.database_password",
            "module.secrets.google_service_account.external_secrets",
            "module.secrets.google_service_account_iam_member.external_secrets"
          ]
        }
      ]
    },
    {
      "module": "module.postgres",
      "mode": "managed",
      "type": "google_secret_manager_secret_iam_member",
      "name": "database_service_account_key",
      "provider": "provider[\"registry.terraform.io/hashicorp/google-beta\"]",
      "instances": [
        {
          "schema_version": 0,
          "attributes": {
            "condition": [],
            "etag": "BwWwmGeimd4=",
            "id": "projects/pmuir-dev-291208/secrets/postgres-database-service-account-key/roles/secretmanager.secretAccessor/serviceaccount:externalsecrets@pmuir-dev-291208.iam.gserviceaccount.com",
            "member": "serviceAccount:externalsecrets@pmuir-dev-291208.iam.gserviceaccount.com",
            "project": "pmuir-dev-291208",
            "role": "roles/secretmanager.secretAccessor",
            "secret_id": "projects/pmuir-dev-291208/secrets/postgres-database-service-account-key"
          },
          "private": "bnVsbA==",
          "dependencies": [
            "module.cluster.google_container_cluster.primary",
            "module.cluster.google_container_node_pool.primary_preemptible_nodes",
            "module.cluster.google_project_service.container_api",
            "module.postgres.google_secret_manager_secret.database_service_account_key",
            "module.secrets.google_service_account.external_secrets",
            "module.secrets.google_service_account_iam_member.external_secrets"
          ]
        }
      ]
    },
    {
      "module": "module.postgres",
      "mode": "managed",
      "type": "google_secret_manager_secret_iam_member",
      "name": "mysql_properties",
      "provider": "provider[\"registry.terraform.io/hashicorp/google\"]",
      "instances": [
        {
          "schema_version": 0,
          "attributes": {
            "condition": [],
            "etag": "BwWwmGbUD7k=",
            "id": "projects/pmuir-dev-291208/secrets/postgres-database-mysql-proerties/roles/secretmanager.secretAccessor/serviceaccount:externalsecrets@pmuir-dev-291208.iam.gserviceaccount.com",
            "member": "serviceAccount:externalsecrets@pmuir-dev-291208.iam.gserviceaccount.com",
            "project": "pmuir-dev-291208",
            "role": "roles/secretmanager.secretAccessor",
            "secret_id": "projects/pmuir-dev-291208/secrets/postgres-database-mysql-proerties"
          },
          "private": "bnVsbA==",
          "dependencies": [
            "module.cluster.google_container_cluster.primary",
            "module.cluster.google_container_node_pool.primary_preemptible_nodes",
            "module.cluster.google_project_service.container_api",
            "module.postgres.google_secret_manager_secret.mysql_properties",
            "module.secrets.google_service_account.external_secrets",
            "module.secrets.google_service_account_iam_member.external_secrets"
          ]
        }
      ]
    },
    {
      "module": "module.postgres",
      "mode": "managed",
      "type": "google_secret_manager_secret_version",
      "name": "database_password_version",
      "provider": "provider[\"registry.terraform.io/hashicorp/google-beta\"]",
      "instances": [
        {
          "schema_version": 0,
          "attributes": {
            "create_time": "2020-10-01T09:18:52.904765Z",
            "destroy_time": "",
            "enabled": true,
            "id": "projects/1066724843554/secrets/postgres-database-database-password/versions/1",
            "name": "projects/1066724843554/secrets/postgres-database-database-password/versions/1",
            "secret": "projects/pmuir-dev-291208/secrets/postgres-database-database-password",
            "secret_data": "LbzE4yi8G8pJrgzU",
            "timeouts": null
          },
          "private": "eyJlMmJmYjczMC1lY2FhLTExZTYtOGY4OC0zNDM2M2JjN2M0YzAiOnsiY3JlYXRlIjoyNDAwMDAwMDAwMDAsImRlbGV0ZSI6MjQwMDAwMDAwMDAwfX0=",
          "dependencies": [
            "module.cluster.google_container_cluster.primary",
            "module.cluster.google_container_node_pool.primary_preemptible_nodes",
            "module.cluster.google_project_service.container_api",
            "module.postgres.google_secret_manager_secret.database_password",
            "module.postgres.google_sql_database_instance.database",
            "module.postgres.google_sql_user.user",
            "module.postgres.random_password.password",
            "module.secrets.google_service_account.external_secrets",
            "module.secrets.google_service_account_iam_member.external_secrets"
          ]
        }
      ]
    },
    {
      "module": "module.postgres",
      "mode": "managed",
      "type": "google_secret_manager_secret_version",
      "name": "database_service_account_key_version",
      "provider": "provider[\"registry.terraform.io/hashicorp/google-beta\"]",
      "instances": [
        {
          "schema_version": 0,
          "attributes": {
            "create_time": "2020-10-01T09:11:43.820741Z",
            "destroy_time": "",
            "enabled": true,
            "id": "projects/1066724843554/secrets/postgres-database-service-account-key/versions/1",
            "name": "projects/1066724843554/secrets/postgres-database-service-account-key/versions/1",
            "secret": "projects/pmuir-dev-291208/secrets/postgres-database-service-account-key",
            "secret_data": "ewogICJ0eXBlIjogInNlcnZpY2VfYWNjb3VudCIsCiAgInByb2plY3RfaWQiOiAicG11aXItZGV2LTI5MTIwOCIsCiAgInByaXZhdGVfa2V5X2lkIjogIjQ3OTc4NjIxNDg1ZmM3Y2U3N2M1ZjViYzdiMDMxYTM2NjhmNzBlZTYiLAogICJwcml2YXRlX2tleSI6ICItLS0tLUJFR0lOIFBSSVZBVEUgS0VZLS0tLS1cbk1JSUV2Z0lCQURBTkJna3Foa2lHOXcwQkFRRUZBQVNDQktnd2dnU2tBZ0VBQW9JQkFRQzlBT3czeXJ4VWJKNndcbmVVaFpOMStEWElxSDV5dDE1cHZldUVuV3BrMzNoQTREVnB0RWxDbGZFa1VrWEJoOWFKTkNMc3Q2d3RobDBMMnpcbko2c3JXSEhFYURDcnpGR3pBVUJBQkZzOVlIQXZvVHRmbzZ1eURpSk9KUVJxVzBwQWl0RUxWemgwVE5KaHJKckRcbm8wZVY3VVJjRmc2eEpNam1wS2s4V0JiSHNTOFdmMmtkNkZoamtMeTh2NDRLbVpSRHpVd2FVYnBqU0FzMzhVaHhcblRyOFg5TmZyZDU5bGEyVkpCYTVUQUkzYitBejk0WnJidVBId05NelVjbEJjdnBncTFVam5IeWY5SXROeDJqZnBcbm5pdzZsV29sM1A3dHhGUzVsV09ubjRhMUpGZ05HWHFaUjhhQjVvTy9rbVl1TWdOcDZxamFXNCtsa1J2WFBYMzVcblM3ZFhUd1FEQWdNQkFBRUNnZ0VBSFZpSVZOS29wOThab0poTzVjaXE1REE1TTRnWmY3dm5xdzdTMVg0MWtEU0pcbkljdzZYWGZpYmVnelRocnlrOU9Va2NFY1I1cFFrK0VlVGQ2SjZEZ0UvMm1YVjdBVFpnZDZzZ3M3SGhqY01tT3hcblhxbldDSUVZb3lqWGo2cWtVOGg1L3NNZHpvajRYV3dQRFBOTU04NHhsVmxqWjBQVDRiazRBYTVDYUkwWDhrRUtcbmZZOGkxYlZSdzU2R1dBajZNUTR1M2xOb0lQQ1ozU3ZXMXpJVWtJOTNMNlh3eDB5TjNSZUIvSWRWZWxmbDZuelVcbjh4ejhEZmNkK2Q1eVV2UU5LaC9Td2R2eHgrZkVmUTRqYW1SdkdwenkyOHZES3Zvd1VzK01rNm9POVg2aEVKWCtcbkE3dEM3eXQrQVMrWFI3UlJaaVhKLzZvZGwrYVk2c0VPRlk0UHMxdDR5UUtCZ1FEaGNTSHJ0ZFJqSlVkbG1BcFpcbm1VcldtSk1xWUJhZXR2NXdtemVTOVRmSUFZSll3TzlDcFNKQ3pndHF0d01Hd3F4RCt4b0FlcTZSMDBaMkxndHVcblBrRlJqNERsT3BaOWlvMGgvc09tVSs5U29DRmUxK3crc1J2RjRjeklOUUQ5OHVrUnhBNzU5VnR1VUpCWlZJTkxcbjFGMlNzdFR1NDBrRlFSQzZxZmh1bW1VQ0RRS0JnUURXbjJBUU1YTjQwcUFlU1V6eTRZTXd4VVVqYWNjVHlRejVcblFQSjVDMlpEemNDem53YVBLZ2U0bWt6aFNlZWtZY1BtS1k1RWY2ckhPa0N2eWhkN2xUQUdTMHhhN3FjNlhraHZcbnNYSmJNSlpGdWphNWdHTkxlQVZOQkxYMHZvSERzN2dKeXU4RTB6b0pidFZzd3g0UVo5Tm9jNmE3Um14MmhiQkxcbkZ0M3k2L0pxVHdLQmdRQ0JhNGdVb0Fyd2EvdEQySGZBbmg3M2VSbXJEd1NOVXZKWXhOS3ZtL1RNN2dqZFdNMUNcbkRqalA3eWRndVBXVTBQZENBNG9XMGxjYlFoWEdUSUtsWkRudFQ1dW9mT3pkMzBkTVI4d2IxVDJqeW1lOTRla3VcbnlFL3dWc05RQUJXMHM5bVhLRjJNbzQwOGxDVjZFdWxaQSs1QUJFZjNhQ1dJVGFVRDlBVzV3UXJSbFFLQmdCQi9cbm8vVGF1Rk83YlUrbXR1R2M4R2JaWTEwN2puQTQ3bVJpMThEeVhXUXM5dmxYNmpzck1makE4OVFGeUdiY2xTQ21cblpTZGk0US83ckdsWEVjTVFUdWJNOXd1dWVQQ0Z1dS9MSmsxWVNOVUhZWm1WQXcwVUp1UXF6b29IOHhYR1JRbUxcbnJpQWkxTDFRNWRzOGpKMGFQaWd6YThmTnZCeklYaXNIa1B4Um93c0ZBb0dCQUp3SHZUZGh2UmxDMzBqNXBwZDRcbjAxYVlDOVdORkdZTEFNdXFuMHJTWHh5Z3FzaVI1MVhTeUhYenJ4TWRvcFhZcUhYY1RscU1TNjhsOHNGbkFlUm9cblgwL3VtekJidVZOUEhPL0YxTFRoTlJqK1p2YTdxR201N0tGVDRCMU94TXZmbmFET1VxZmxLRU4zK3R3dTRkUGpcbm1PNkFlSkQ5cnZNTDJ2SWw3S2FRUTVuTlxuLS0tLS1FTkQgUFJJVkFURSBLRVktLS0tLVxuIiwKICAiY2xpZW50X2VtYWlsIjogInBvc3RncmVzLWRhdGFiYXNlLWNsb3Vkc3FsQHBtdWlyLWRldi0yOTEyMDguaWFtLmdzZXJ2aWNlYWNjb3VudC5jb20iLAogICJjbGllbnRfaWQiOiAiMTAyMzgwNDQxMjc1Nzc2NTkxODM0IiwKICAiYXV0aF91cmkiOiAiaHR0cHM6Ly9hY2NvdW50cy5nb29nbGUuY29tL28vb2F1dGgyL2F1dGgiLAogICJ0b2tlbl91cmkiOiAiaHR0cHM6Ly9vYXV0aDIuZ29vZ2xlYXBpcy5jb20vdG9rZW4iLAogICJhdXRoX3Byb3ZpZGVyX3g1MDlfY2VydF91cmwiOiAiaHR0cHM6Ly93d3cuZ29vZ2xlYXBpcy5jb20vb2F1dGgyL3YxL2NlcnRzIiwKICAiY2xpZW50X3g1MDlfY2VydF91cmwiOiAiaHR0cHM6Ly93d3cuZ29vZ2xlYXBpcy5jb20vcm9ib3QvdjEvbWV0YWRhdGEveDUwOS9wb3N0Z3Jlcy1kYXRhYmFzZS1jbG91ZHNxbCU0MHBtdWlyLWRldi0yOTEyMDguaWFtLmdzZXJ2aWNlYWNjb3VudC5jb20iCn0K",
            "timeouts": null
          },
          "private": "eyJlMmJmYjczMC1lY2FhLTExZTYtOGY4OC0zNDM2M2JjN2M0YzAiOnsiY3JlYXRlIjoyNDAwMDAwMDAwMDAsImRlbGV0ZSI6MjQwMDAwMDAwMDAwfX0=",
          "dependencies": [
            "module.cluster.google_container_cluster.primary",
            "module.cluster.google_container_node_pool.primary_preemptible_nodes",
            "module.cluster.google_project_service.container_api",
            "module.postgres.google_secret_manager_secret.database_service_account_key",
            "module.postgres.google_service_account.service_account",
            "module.postgres.google_service_account_key.service_account_key",
            "module.secrets.google_service_account.external_secrets",
            "module.secrets.google_service_account_iam_member.external_secrets"
          ]
        }
      ]
    },
    {
      "module": "module.postgres",
      "mode": "managed",
      "type": "google_secret_manager_secret_version",
      "name": "mysql_properties_version",
      "provider": "provider[\"registry.terraform.io/hashicorp/google\"]",
      "instances": [
        {
          "schema_version": 0,
          "attributes": {
            "create_time": "2020-10-01T09:18:53.033700Z",
            "destroy_time": "",
            "enabled": true,
            "id": "projects/1066724843554/secrets/postgres-database-mysql-proerties/versions/1",
            "name": "projects/1066724843554/secrets/postgres-database-mysql-proerties/versions/1",
            "secret": "projects/pmuir-dev-291208/secrets/postgres-database-mysql-proerties",
            "secret_data": "mysql_username: postgres\nmysql_password: LbzE4yi8G8pJrgzU\n",
            "timeouts": null
          },
          "private": "eyJlMmJmYjczMC1lY2FhLTExZTYtOGY4OC0zNDM2M2JjN2M0YzAiOnsiY3JlYXRlIjoyNDAwMDAwMDAwMDAsImRlbGV0ZSI6MjQwMDAwMDAwMDAwfX0=",
          "dependencies": [
            "module.cluster.google_container_cluster.primary",
            "module.cluster.google_container_node_pool.primary_preemptible_nodes",
            "module.cluster.google_project_service.container_api",
            "module.postgres.google_secret_manager_secret.mysql_properties",
            "module.postgres.google_sql_database_instance.database",
            "module.postgres.google_sql_user.user",
            "module.postgres.random_password.password",
            "module.secrets.google_service_account.external_secrets",
            "module.secrets.google_service_account_iam_member.external_secrets"
          ]
        }
      ]
    },
    {
      "module": "module.postgres",
      "mode": "managed",
      "type": "google_service_account",
      "name": "service_account",
      "provider": "provider[\"registry.terraform.io/hashicorp/google\"]",
      "instances": [
        {
          "schema_version": 0,
          "attributes": {
            "account_id": "postgres-database-cloudsql",
            "description": "",
            "display_name": "postgres-database CloudSQL Service Account",
            "email": "postgres-database-cloudsql@pmuir-dev-291208.iam.gserviceaccount.com",
            "id": "projects/pmuir-dev-291208/serviceAccounts/postgres-database-cloudsql@pmuir-dev-291208.iam.gserviceaccount.com",
            "name": "projects/pmuir-dev-291208/serviceAccounts/postgres-database-cloudsql@pmuir-dev-291208.iam.gserviceaccount.com",
            "project": "pmuir-dev-291208",
            "timeouts": null,
            "unique_id": "102380441275776591834"
          },
          "private": "eyJlMmJmYjczMC1lY2FhLTExZTYtOGY4OC0zNDM2M2JjN2M0YzAiOnsiY3JlYXRlIjozMDAwMDAwMDAwMDB9fQ==",
          "dependencies": [
            "module.cluster.google_container_cluster.primary",
            "module.cluster.google_container_node_pool.primary_preemptible_nodes",
            "module.cluster.google_project_service.container_api",
            "module.secrets.google_service_account.external_secrets",
            "module.secrets.google_service_account_iam_member.external_secrets"
          ]
        }
      ]
    },
    {
      "module": "module.postgres",
      "mode": "managed",
      "type": "google_service_account_key",
      "name": "service_account_key",
      "provider": "provider[\"registry.terraform.io/hashicorp/google\"]",
      "instances": [
        {
          "schema_version": 0,
          "attributes": {
            "id": "projects/pmuir-dev-291208/serviceAccounts/postgres-database-cloudsql@pmuir-dev-291208.iam.gserviceaccount.com/keys/47978621485fc7ce77c5f5bc7b031a3668f70ee6",
            "key_algorithm": "KEY_ALG_RSA_2048",
            "name": "projects/pmuir-dev-291208/serviceAccounts/postgres-database-cloudsql@pmuir-dev-291208.iam.gserviceaccount.com/keys/47978621485fc7ce77c5f5bc7b031a3668f70ee6",
            "private_key": "ewogICJ0eXBlIjogInNlcnZpY2VfYWNjb3VudCIsCiAgInByb2plY3RfaWQiOiAicG11aXItZGV2LTI5MTIwOCIsCiAgInByaXZhdGVfa2V5X2lkIjogIjQ3OTc4NjIxNDg1ZmM3Y2U3N2M1ZjViYzdiMDMxYTM2NjhmNzBlZTYiLAogICJwcml2YXRlX2tleSI6ICItLS0tLUJFR0lOIFBSSVZBVEUgS0VZLS0tLS1cbk1JSUV2Z0lCQURBTkJna3Foa2lHOXcwQkFRRUZBQVNDQktnd2dnU2tBZ0VBQW9JQkFRQzlBT3czeXJ4VWJKNndcbmVVaFpOMStEWElxSDV5dDE1cHZldUVuV3BrMzNoQTREVnB0RWxDbGZFa1VrWEJoOWFKTkNMc3Q2d3RobDBMMnpcbko2c3JXSEhFYURDcnpGR3pBVUJBQkZzOVlIQXZvVHRmbzZ1eURpSk9KUVJxVzBwQWl0RUxWemgwVE5KaHJKckRcbm8wZVY3VVJjRmc2eEpNam1wS2s4V0JiSHNTOFdmMmtkNkZoamtMeTh2NDRLbVpSRHpVd2FVYnBqU0FzMzhVaHhcblRyOFg5TmZyZDU5bGEyVkpCYTVUQUkzYitBejk0WnJidVBId05NelVjbEJjdnBncTFVam5IeWY5SXROeDJqZnBcbm5pdzZsV29sM1A3dHhGUzVsV09ubjRhMUpGZ05HWHFaUjhhQjVvTy9rbVl1TWdOcDZxamFXNCtsa1J2WFBYMzVcblM3ZFhUd1FEQWdNQkFBRUNnZ0VBSFZpSVZOS29wOThab0poTzVjaXE1REE1TTRnWmY3dm5xdzdTMVg0MWtEU0pcbkljdzZYWGZpYmVnelRocnlrOU9Va2NFY1I1cFFrK0VlVGQ2SjZEZ0UvMm1YVjdBVFpnZDZzZ3M3SGhqY01tT3hcblhxbldDSUVZb3lqWGo2cWtVOGg1L3NNZHpvajRYV3dQRFBOTU04NHhsVmxqWjBQVDRiazRBYTVDYUkwWDhrRUtcbmZZOGkxYlZSdzU2R1dBajZNUTR1M2xOb0lQQ1ozU3ZXMXpJVWtJOTNMNlh3eDB5TjNSZUIvSWRWZWxmbDZuelVcbjh4ejhEZmNkK2Q1eVV2UU5LaC9Td2R2eHgrZkVmUTRqYW1SdkdwenkyOHZES3Zvd1VzK01rNm9POVg2aEVKWCtcbkE3dEM3eXQrQVMrWFI3UlJaaVhKLzZvZGwrYVk2c0VPRlk0UHMxdDR5UUtCZ1FEaGNTSHJ0ZFJqSlVkbG1BcFpcbm1VcldtSk1xWUJhZXR2NXdtemVTOVRmSUFZSll3TzlDcFNKQ3pndHF0d01Hd3F4RCt4b0FlcTZSMDBaMkxndHVcblBrRlJqNERsT3BaOWlvMGgvc09tVSs5U29DRmUxK3crc1J2RjRjeklOUUQ5OHVrUnhBNzU5VnR1VUpCWlZJTkxcbjFGMlNzdFR1NDBrRlFSQzZxZmh1bW1VQ0RRS0JnUURXbjJBUU1YTjQwcUFlU1V6eTRZTXd4VVVqYWNjVHlRejVcblFQSjVDMlpEemNDem53YVBLZ2U0bWt6aFNlZWtZY1BtS1k1RWY2ckhPa0N2eWhkN2xUQUdTMHhhN3FjNlhraHZcbnNYSmJNSlpGdWphNWdHTkxlQVZOQkxYMHZvSERzN2dKeXU4RTB6b0pidFZzd3g0UVo5Tm9jNmE3Um14MmhiQkxcbkZ0M3k2L0pxVHdLQmdRQ0JhNGdVb0Fyd2EvdEQySGZBbmg3M2VSbXJEd1NOVXZKWXhOS3ZtL1RNN2dqZFdNMUNcbkRqalA3eWRndVBXVTBQZENBNG9XMGxjYlFoWEdUSUtsWkRudFQ1dW9mT3pkMzBkTVI4d2IxVDJqeW1lOTRla3VcbnlFL3dWc05RQUJXMHM5bVhLRjJNbzQwOGxDVjZFdWxaQSs1QUJFZjNhQ1dJVGFVRDlBVzV3UXJSbFFLQmdCQi9cbm8vVGF1Rk83YlUrbXR1R2M4R2JaWTEwN2puQTQ3bVJpMThEeVhXUXM5dmxYNmpzck1makE4OVFGeUdiY2xTQ21cblpTZGk0US83ckdsWEVjTVFUdWJNOXd1dWVQQ0Z1dS9MSmsxWVNOVUhZWm1WQXcwVUp1UXF6b29IOHhYR1JRbUxcbnJpQWkxTDFRNWRzOGpKMGFQaWd6YThmTnZCeklYaXNIa1B4Um93c0ZBb0dCQUp3SHZUZGh2UmxDMzBqNXBwZDRcbjAxYVlDOVdORkdZTEFNdXFuMHJTWHh5Z3FzaVI1MVhTeUhYenJ4TWRvcFhZcUhYY1RscU1TNjhsOHNGbkFlUm9cblgwL3VtekJidVZOUEhPL0YxTFRoTlJqK1p2YTdxR201N0tGVDRCMU94TXZmbmFET1VxZmxLRU4zK3R3dTRkUGpcbm1PNkFlSkQ5cnZNTDJ2SWw3S2FRUTVuTlxuLS0tLS1FTkQgUFJJVkFURSBLRVktLS0tLVxuIiwKICAiY2xpZW50X2VtYWlsIjogInBvc3RncmVzLWRhdGFiYXNlLWNsb3Vkc3FsQHBtdWlyLWRldi0yOTEyMDguaWFtLmdzZXJ2aWNlYWNjb3VudC5jb20iLAogICJjbGllbnRfaWQiOiAiMTAyMzgwNDQxMjc1Nzc2NTkxODM0IiwKICAiYXV0aF91cmkiOiAiaHR0cHM6Ly9hY2NvdW50cy5nb29nbGUuY29tL28vb2F1dGgyL2F1dGgiLAogICJ0b2tlbl91cmkiOiAiaHR0cHM6Ly9vYXV0aDIuZ29vZ2xlYXBpcy5jb20vdG9rZW4iLAogICJhdXRoX3Byb3ZpZGVyX3g1MDlfY2VydF91cmwiOiAiaHR0cHM6Ly93d3cuZ29vZ2xlYXBpcy5jb20vb2F1dGgyL3YxL2NlcnRzIiwKICAiY2xpZW50X3g1MDlfY2VydF91cmwiOiAiaHR0cHM6Ly93d3cuZ29vZ2xlYXBpcy5jb20vcm9ib3QvdjEvbWV0YWRhdGEveDUwOS9wb3N0Z3Jlcy1kYXRhYmFzZS1jbG91ZHNxbCU0MHBtdWlyLWRldi0yOTEyMDguaWFtLmdzZXJ2aWNlYWNjb3VudC5jb20iCn0K",
            "private_key_type": "TYPE_GOOGLE_CREDENTIALS_FILE",
            "public_key": "LS0tLS1CRUdJTiBDRVJUSUZJQ0FURS0tLS0tCk1JSUMvRENDQWVTZ0F3SUJBZ0lJQmt6Z2Z2UWx2MDR3RFFZSktvWklodmNOQVFFRkJRQXdJREVlTUJ3R0ExVUUKQXhNVk1UQXlNemd3TkRReE1qYzFOemMyTlRreE9ETTBNQ0FYRFRJd01UQXdNVEE1TVRFeU9Wb1lEems1T1RreApNak14TWpNMU9UVTVXakFnTVI0d0hBWURWUVFERXhVeE1ESXpPREEwTkRFeU56VTNOelkxT1RFNE16UXdnZ0VpCk1BMEdDU3FHU0liM0RRRUJBUVVBQTRJQkR3QXdnZ0VLQW9JQkFRQzlBT3czeXJ4VWJKNndlVWhaTjErRFhJcUgKNXl0MTVwdmV1RW5XcGszM2hBNERWcHRFbENsZkVrVWtYQmg5YUpOQ0xzdDZ3dGhsMEwyeko2c3JXSEhFYURDcgp6Rkd6QVVCQUJGczlZSEF2b1R0Zm82dXlEaUpPSlFScVcwcEFpdEVMVnpoMFROSmhySnJEbzBlVjdVUmNGZzZ4CkpNam1wS2s4V0JiSHNTOFdmMmtkNkZoamtMeTh2NDRLbVpSRHpVd2FVYnBqU0FzMzhVaHhUcjhYOU5mcmQ1OWwKYTJWSkJhNVRBSTNiK0F6OTRacmJ1UEh3Tk16VWNsQmN2cGdxMVVqbkh5ZjlJdE54MmpmcG5pdzZsV29sM1A3dAp4RlM1bFdPbm40YTFKRmdOR1hxWlI4YUI1b08va21ZdU1nTnA2cWphVzQrbGtSdlhQWDM1UzdkWFR3UURBZ01CCkFBR2pPREEyTUF3R0ExVWRFd0VCL3dRQ01BQXdEZ1lEVlIwUEFRSC9CQVFEQWdlQU1CWUdBMVVkSlFFQi93UU0KTUFvR0NDc0dBUVVGQndNQ01BMEdDU3FHU0liM0RRRUJCUVVBQTRJQkFRQUh1SWpkOGxmanExVlI3MXhrbUFLNQpVbUk2dE5oVEsrcXplY1lwK1dsQ3ZPY0ZLR0xWNlhSWkxsakFha2Z5eDZYZmdwR0lDTWxra2hYY05sTTRuR3Y2CkpCVXNvZ3NPMUozanRneFhObXRncmJJNmRNYmJPUE9OR05ORThXaDdKNng2T3M0QlVsaElydEFXWk5HcjFvM0YKY05sL21kQTczUW8wMThzRUlOUlFNNzJEanc4Tysvby9aZDFGa2xxeVpIZXNLdVNJMHJaaHAyQzdUb3YrZUNCSAowclN4MDZGY2pTNDNING9MdGZ5M0xSangybkM2eWJtRjh5Y1AxVmRlb3NFVjBiODd1MmZYVE0ybGZzVFZIVUNaCjFpZ2tvNVo4L3Fzc00rbmJzQ3NQYlNkaDZlbWF2bmFYVUhRRFNDUDBISjVmNUxjcE1pRDFiWHk0M0c0NVNqdWYKLS0tLS1FTkQgQ0VSVElGSUNBVEUtLS0tLQo=",
            "public_key_data": null,
            "public_key_type": "TYPE_X509_PEM_FILE",
            "service_account_id": "projects/pmuir-dev-291208/serviceAccounts/postgres-database-cloudsql@pmuir-dev-291208.iam.gserviceaccount.com",
            "valid_after": "2020-10-01T09:11:29Z",
            "valid_before": "9999-12-31T23:59:59Z"
          },
          "private": "bnVsbA==",
          "dependencies": [
            "module.cluster.google_container_cluster.primary",
            "module.cluster.google_container_node_pool.primary_preemptible_nodes",
            "module.cluster.google_project_service.container_api",
            "module.postgres.google_service_account.service_account",
            "module.secrets.google_service_account.external_secrets",
            "module.secrets.google_service_account_iam_member.external_secrets"
          ]
        }
      ]
    },
    {
      "module": "module.postgres",
      "mode": "managed",
      "type": "google_sql_database",
      "name": "database",
      "provider": "provider[\"registry.terraform.io/hashicorp/google\"]",
      "instances": [
        {
          "schema_version": 0,
          "attributes": {
            "charset": "UTF8",
            "collation": "en_US.UTF8",
            "id": "projects/pmuir-dev-291208/instances/postgres-database/databases/database",
            "instance": "postgres-database",
            "name": "database",
            "project": "pmuir-dev-291208",
            "self_link": "https://sqladmin.googleapis.com/sql/v1beta4/projects/pmuir-dev-291208/instances/postgres-database/databases/database",
            "timeouts": null
          },
          "private": "eyJlMmJmYjczMC1lY2FhLTExZTYtOGY4OC0zNDM2M2JjN2M0YzAiOnsiY3JlYXRlIjo5MDAwMDAwMDAwMDAsImRlbGV0ZSI6NjAwMDAwMDAwMDAwLCJ1cGRhdGUiOjYwMDAwMDAwMDAwMH19",
          "dependencies": [
            "module.cluster.google_container_cluster.primary",
            "module.cluster.google_container_node_pool.primary_preemptible_nodes",
            "module.cluster.google_project_service.container_api",
            "module.postgres.google_sql_database_instance.database",
            "module.secrets.google_service_account.external_secrets",
            "module.secrets.google_service_account_iam_member.external_secrets"
          ]
        }
      ]
    },
    {
      "module": "module.postgres",
      "mode": "managed",
      "type": "google_sql_database_instance",
      "name": "database",
      "provider": "provider[\"registry.terraform.io/hashicorp/google\"]",
      "instances": [
        {
          "schema_version": 0,
          "attributes": {
            "connection_name": "pmuir-dev-291208:europe-west1:postgres-database",
            "database_version": "POSTGRES_10",
            "first_ip_address": "34.78.12.234",
            "id": "postgres-database",
            "ip_address": [
              {
                "ip_address": "34.78.12.234",
                "time_to_retire": "",
                "type": "PRIMARY"
              }
            ],
            "master_instance_name": "",
            "name": "postgres-database",
            "private_ip_address": "",
            "project": "pmuir-dev-291208",
            "public_ip_address": "34.78.12.234",
            "region": "europe-west1",
            "replica_configuration": [],
            "root_password": null,
            "self_link": "https://sqladmin.googleapis.com/sql/v1beta4/projects/pmuir-dev-291208/instances/postgres-database",
            "server_ca_cert": [
              {
                "cert": "-----BEGIN CERTIFICATE-----\nMIIDfzCCAmegAwIBAgIBADANBgkqhkiG9w0BAQsFADB3MS0wKwYDVQQuEyRhOWE4\nYWIxOS1lMDZiLTQzZDYtODUwNS03NTExYzlhNTExM2ExIzAhBgNVBAMTGkdvb2ds\nZSBDbG91ZCBTUUwgU2VydmVyIENBMRQwEgYDVQQKEwtHb29nbGUsIEluYzELMAkG\nA1UEBhMCVVMwHhcNMjAxMDAxMDkxMTM5WhcNMzAwOTI5MDkxMjM5WjB3MS0wKwYD\nVQQuEyRhOWE4YWIxOS1lMDZiLTQzZDYtODUwNS03NTExYzlhNTExM2ExIzAhBgNV\nBAMTGkdvb2dsZSBDbG91ZCBTUUwgU2VydmVyIENBMRQwEgYDVQQKEwtHb29nbGUs\nIEluYzELMAkGA1UEBhMCVVMwggEiMA0GCSqGSIb3DQEBAQUAA4IBDwAwggEKAoIB\nAQCks4zKSGv9PnYV0435EfRTsNkrO2MR8/HYaHfiblI0QhfYcc/yV7JX04p/SQL/\nP0jQE9bcJEyIINAa726S9B8pot0jGnO1jrx2jpoSMeFyk1Dvswnz0+KizWgBoS4F\nMe+2M9COhv1pJhScfDe/1v51XIpOaDSaaw6UCJ2Vi5PYvcqrd2RxztaBn7B4iUqK\niqLMRbQv+WynVhG9gVb4Q+HVyQIcFsQlswoLOpjZyiY9tnpuhXhC+EXJH00hEwHr\ngdfU8gLUhHZcR0xmWmwMjNEYdMxorQrlkcGwU0SLSW6HkrciljWqzhIKEFfc78LZ\nIXQ/palgFHgIF4Fo9opDRretAgMBAAGjFjAUMBIGA1UdEwEB/wQIMAYBAf8CAQAw\nDQYJKoZIhvcNAQELBQADggEBAGp+973EIuCSZO/tkqLjbYfAo4l7t1+K73EEgRx2\n/ck+nQlQ6dbvNXc9qqRr7vXJ6T9Zz1ecv7qe4ScYV7WOa48ydjgdg0Yi2PvhN8re\nMdyuOMTYR+cCnp4uFq1gg3Eq7Y2NBHQn86meceHwCypSCTll2Kfo+HngFDVlL08s\nIWlXcAkSIvT7UOymSVDLv6+D8/7demq65z4eEsBumgHQB3UchHnuBG2FaPSj+sDG\n0ylzSPZVzGvUCUM0EhUks9WR7OhDqsyeyy583nOvzuaTZDyoukSD7UYDSkmv8S/w\nhKv6sfLcvCmVz5UAOuayU7f3Cj36OgJ4lslPR5vR4Ib926c=\n-----END CERTIFICATE-----",
                "common_name": "C=US,O=Google\\, Inc,CN=Google Cloud SQL Server CA,dnQualifier=a9a8ab19-e06b-43d6-8505-7511c9a5113a",
                "create_time": "2020-10-01T09:11:39.750Z",
                "expiration_time": "2030-09-29T09:12:39.750Z",
                "sha1_fingerprint": "287366486ee68bd3354e78b7a8a34fdff6bb3e8d"
              }
            ],
            "service_account_email_address": "p1066724843554-ah53ky@gcp-sa-cloud-sql.iam.gserviceaccount.com",
            "settings": [
              {
                "activation_policy": "ALWAYS",
                "authorized_gae_applications": [],
                "availability_type": "",
                "backup_configuration": [
                  {
                    "binary_log_enabled": false,
                    "enabled": true,
                    "location": "",
                    "point_in_time_recovery_enabled": false,
                    "start_time": "18:00"
                  }
                ],
                "crash_safe_replication": false,
                "database_flags": [],
                "disk_autoresize": true,
                "disk_size": 10,
                "disk_type": "PD_SSD",
                "ip_configuration": [
                  {
                    "authorized_networks": [],
                    "ipv4_enabled": true,
                    "private_network": "",
                    "require_ssl": false
                  }
                ],
                "location_preference": [
                  {
                    "follow_gae_application": "",
                    "zone": "europe-west1-b"
                  }
                ],
                "maintenance_window": [],
                "pricing_plan": "PER_USE",
                "replication_type": "SYNCHRONOUS",
                "tier": "db-f1-micro",
                "user_labels": {},
                "version": 1
              }
            ],
            "timeouts": null
          },
          "private": "eyJlMmJmYjczMC1lY2FhLTExZTYtOGY4OC0zNDM2M2JjN2M0YzAiOnsiY3JlYXRlIjoxMjAwMDAwMDAwMDAwLCJkZWxldGUiOjEyMDAwMDAwMDAwMDAsInVwZGF0ZSI6MTIwMDAwMDAwMDAwMH19",
          "dependencies": [
            "module.cluster.google_container_cluster.primary",
            "module.cluster.google_container_node_pool.primary_preemptible_nodes",
            "module.cluster.google_project_service.container_api",
            "module.secrets.google_service_account.external_secrets",
            "module.secrets.google_service_account_iam_member.external_secrets"
          ]
        }
      ]
    },
    {
      "module": "module.postgres",
      "mode": "managed",
      "type": "google_sql_user",
      "name": "user",
      "provider": "provider[\"registry.terraform.io/hashicorp/google\"]",
      "instances": [
        {
          "schema_version": 1,
          "attributes": {
            "host": "",
            "id": "postgres//postgres-database",
            "instance": "postgres-database",
            "name": "postgres",
            "password": "LbzE4yi8G8pJrgzU",
            "project": "pmuir-dev-291208",
            "timeouts": null
          },
          "private": "eyJlMmJmYjczMC1lY2FhLTExZTYtOGY4OC0zNDM2M2JjN2M0YzAiOnsiY3JlYXRlIjo2MDAwMDAwMDAwMDAsImRlbGV0ZSI6NjAwMDAwMDAwMDAwLCJ1cGRhdGUiOjYwMDAwMDAwMDAwMH0sInNjaGVtYV92ZXJzaW9uIjoiMSJ9",
          "dependencies": [
            "module.cluster.google_container_cluster.primary",
            "module.cluster.google_container_node_pool.primary_preemptible_nodes",
            "module.cluster.google_project_service.container_api",
            "module.postgres.google_sql_database_instance.database",
            "module.postgres.random_password.password",
            "module.secrets.google_service_account.external_secrets",
            "module.secrets.google_service_account_iam_member.external_secrets"
          ]
        }
      ]
    },
    {
      "module": "module.postgres",
      "mode": "managed",
      "type": "random_password",
      "name": "password",
      "provider": "provider[\"registry.terraform.io/hashicorp/random\"]",
      "instances": [
        {
          "schema_version": 0,
          "attributes": {
            "id": "none",
            "keepers": null,
            "length": 16,
            "lower": true,
            "min_lower": 0,
            "min_numeric": 0,
            "min_special": 0,
            "min_upper": 0,
            "number": true,
            "override_special": null,
            "result": "LbzE4yi8G8pJrgzU",
            "special": false,
            "upper": true
          },
          "private": "bnVsbA==",
          "dependencies": [
            "module.cluster.google_container_cluster.primary",
            "module.cluster.google_container_node_pool.primary_preemptible_nodes",
            "module.cluster.google_project_service.container_api",
            "module.secrets.google_service_account.external_secrets",
            "module.secrets.google_service_account_iam_member.external_secrets"
          ]
        }
      ]
    },
    {
      "module": "module.secrets",
      "mode": "managed",
      "type": "google_service_account",
      "name": "external_secrets",
      "provider": "provider[\"registry.terraform.io/hashicorp/google\"]",
      "instances": [
        {
          "schema_version": 0,
          "attributes": {
            "account_id": "externalsecrets",
            "description": "",
            "display_name": "External Secrets",
            "email": "externalsecrets@pmuir-dev-291208.iam.gserviceaccount.com",
            "id": "projects/pmuir-dev-291208/serviceAccounts/externalsecrets@pmuir-dev-291208.iam.gserviceaccount.com",
            "name": "projects/pmuir-dev-291208/serviceAccounts/externalsecrets@pmuir-dev-291208.iam.gserviceaccount.com",
            "project": "pmuir-dev-291208",
            "timeouts": null,
            "unique_id": "105757813597884704269"
          },
          "private": "eyJlMmJmYjczMC1lY2FhLTExZTYtOGY4OC0zNDM2M2JjN2M0YzAiOnsiY3JlYXRlIjozMDAwMDAwMDAwMDB9fQ==",
          "dependencies": [
            "module.cluster.google_container_cluster.primary",
            "module.cluster.google_container_node_pool.primary_preemptible_nodes",
            "module.cluster.google_project_service.container_api"
          ]
        }
      ]
    },
    {
      "module": "module.secrets",
      "mode": "managed",
      "type": "google_service_account_iam_member",
      "name": "external_secrets",
      "provider": "provider[\"registry.terraform.io/hashicorp/google-beta\"]",
      "instances": [
        {
          "schema_version": 0,
          "attributes": {
            "condition": [],
            "etag": "BwWwmGWYBUI=",
            "id": "projects/pmuir-dev-291208/serviceAccounts/externalsecrets@pmuir-dev-291208.iam.gserviceaccount.com/roles/iam.workloadIdentityUser/serviceaccount:pmuir-dev-291208.svc.id.goog[external-secrets/external-secrets]",
            "member": "serviceAccount:pmuir-dev-291208.svc.id.goog[external-secrets/external-secrets]",
            "role": "roles/iam.workloadIdentityUser",
            "service_account_id": "projects/pmuir-dev-291208/serviceAccounts/externalsecrets@pmuir-dev-291208.iam.gserviceaccount.com"
          },
          "private": "bnVsbA==",
          "dependencies": [
            "module.cluster.google_container_cluster.primary",
            "module.cluster.google_container_node_pool.primary_preemptible_nodes",
            "module.cluster.google_project_service.container_api",
            "module.secrets.google_service_account.external_secrets"
          ]
        }
      ]
    },
    {
      "module": "module.shell",
      "mode": "managed",
      "type": "local_file",
      "name": "example_output",
      "provider": "provider[\"registry.terraform.io/hashicorp/local\"]",
      "instances": [
        {
          "schema_version": 0,
          "attributes": {
            "content": "#!/bin/sh\n\ngcloud container clusters get-credentials demo-cluster --zone europe-west1-b --project pmuir-dev-291208",
            "content_base64": null,
            "directory_permission": "0777",
            "file_permission": "755",
            "filename": "../bin/cluster-connect.sh",
            "id": "07d4dd6ebf2906f7cab744ff7c87709fabca3d69",
            "sensitive_content": null
          },
          "private": "bnVsbA=="
        }
      ]
    }
  ]
}
