{
  "version": 4,
  "terraform_version": "0.13.1",
  "serial": 30,
  "lineage": "47ad82bf-b73c-8505-9f76-202173a9e30a",
  "outputs": {},
  "resources": [
    {
      "mode": "managed",
      "type": "google_project_service",
      "name": "secretmanager_api",
      "provider": "provider[\"registry.terraform.io/-/google\"]",
      "instances": [
        {
          "schema_version": 0,
          "attributes": {
            "disable_dependent_services": null,
            "disable_on_destroy": false,
            "id": "pmuir-dev/secretmanager.googleapis.com",
            "project": "pmuir-dev",
            "service": "secretmanager.googleapis.com",
            "timeouts": null
          },
          "private": "eyJlMmJmYjczMC1lY2FhLTExZTYtOGY4OC0zNDM2M2JjN2M0YzAiOnsiY3JlYXRlIjoxMjAwMDAwMDAwMDAwLCJkZWxldGUiOjEyMDAwMDAwMDAwMDAsInJlYWQiOjYwMDAwMDAwMDAwMCwidXBkYXRlIjoxMjAwMDAwMDAwMDAwfX0="
        }
      ]
    },
    {
      "module": "module.cluster",
      "mode": "managed",
      "type": "google_container_cluster",
      "name": "primary",
      "provider": "provider[\"registry.terraform.io/-/google-beta\"]",
      "instances": [
        {
          "schema_version": 1,
          "attributes": {
            "additional_zones": [],
            "addons_config": [
              {
                "cloudrun_config": [],
                "config_connector_config": [],
                "dns_cache_config": [],
                "gce_persistent_disk_csi_driver_config": [],
                "horizontal_pod_autoscaling": [],
                "http_load_balancing": [],
                "istio_config": [],
                "kalm_config": [],
                "kubernetes_dashboard": [],
                "network_policy_config": [
                  {
                    "disabled": true
                  }
                ]
              }
            ],
            "authenticator_groups_config": [],
            "cluster_autoscaling": [
              {
                "auto_provisioning_defaults": [],
                "autoscaling_profile": "BALANCED",
                "enabled": false,
                "resource_limits": []
              }
            ],
            "cluster_ipv4_cidr": "10.0.0.0/14",
            "cluster_telemetry": [
              {
                "type": "ENABLED"
              }
            ],
            "database_encryption": [
              {
                "key_name": "",
                "state": "DECRYPTED"
              }
            ],
            "default_max_pods_per_node": null,
            "default_snat_status": [
              {
                "disabled": false
              }
            ],
            "description": "",
            "enable_binary_authorization": false,
            "enable_intranode_visibility": false,
            "enable_kubernetes_alpha": false,
            "enable_legacy_abac": false,
            "enable_shielded_nodes": false,
            "enable_tpu": false,
            "endpoint": "23.251.131.132",
            "id": "projects/pmuir-dev/locations/europe-west1-b/clusters/demo-cluster",
            "initial_node_count": 1,
            "instance_group_urls": [
              "https://www.googleapis.com/compute/beta/projects/pmuir-dev/zones/europe-west1-b/instanceGroups/gke-demo-cluster-demo-cluster-node-po-08ce2838-grp"
            ],
            "ip_allocation_policy": [],
            "label_fingerprint": "a9dc16a7",
            "location": "europe-west1-b",
            "logging_service": "logging.googleapis.com/kubernetes",
            "maintenance_policy": [],
            "master_auth": [
              {
                "client_certificate": "",
                "client_certificate_config": [
                  {
                    "issue_client_certificate": false
                  }
                ],
                "client_key": "",
                "cluster_ca_certificate": "LS0tLS1CRUdJTiBDRVJUSUZJQ0FURS0tLS0tCk1JSURLekNDQWhPZ0F3SUJBZ0lSQU9BL2lGZnE5d3czYWNWeW1WWU5ZWWN3RFFZSktvWklodmNOQVFFTEJRQXcKTHpFdE1Dc0dBMVVFQXhNa1pUWTVZekEzWmpNdE5XWTRNaTAwTlRReUxXRmxObUl0TjJNek9UWXpZVEl5TjJFeQpNQjRYRFRJd01EZ3lPVEUxTVRjMU9Gb1hEVEkxTURneU9ERTJNVGMxT0Zvd0x6RXRNQ3NHQTFVRUF4TWtaVFk1Cll6QTNaak10TldZNE1pMDBOVFF5TFdGbE5tSXROMk16T1RZellUSXlOMkV5TUlJQklqQU5CZ2txaGtpRzl3MEIKQVFFRkFBT0NBUThBTUlJQkNnS0NBUUVBc3cxeXRsK0pRK0F5NTkzem5NaTF2MFREdXphK0hFS0I4eVUwSGJOTwpDZ21zcWhTOGo3N1VOSjlJUU5IUjhJM2J0TWhYejZ4bjBUWjFlUHlHZkU5UUNkWDlkMVZ6RUdhMEdIZFRDdUlNClR5aCtRZ3dJZWhjeWcyajNQMGtqM1RuVWh3by9iVHh6YnRkMXBUM3Fyc2Y0eFpaeVYxbDZRalZwUTBjSnhoVWgKZFU1VW15aXBJZ2hNMVlOQ2EzTXlUTVBHeGV0NE1lWnhjTGdMKzlrUkl2SC95cTdXdmFkanVZQ1ZXRTFCbEtqKwpIUWttRW9PV21MRlFUbUltVzFlMlM4ZGlxRlo1NUF0UVlhck00UEdsZklRN3B2ckFVN3VyMTl1SnlVdzdxUllsCnhXdVlrVXZVT3Vsdnc1eTByTTZ4di9xMUwxa1h6aCt5WStVVjdReGU4UUZlRlFJREFRQUJvMEl3UURBT0JnTlYKSFE4QkFmOEVCQU1DQWdRd0R3WURWUjBUQVFIL0JBVXdBd0VCL3pBZEJnTlZIUTRFRmdRVUVzSkhsVWlZQnFQZApEbjJWSldkTHgzS2NoZEF3RFFZSktvWklodmNOQVFFTEJRQURnZ0VCQUNPMUdOdFFqd1JrMHA0bUpXdHlzdTY0CmlPVDV5emNjQjZjaFcwNGdoQjlPM0E3cy82RkpSZDJ5cjM5S1djMk9WaDV6dTRCWng4YVBCR3VEc1hiNk54RGQKcDZNWnZwa0U5K2RXR3F1L2FPVENvMDNUNzhlUmxtUGIzTS93RDM5V05YUXRtbHJpWGZneHFobWg4Mk5GR05WRwpUODhSUzVxQlBDajV4Yy85aVJuczlBcnZSNUw2anFtL285UFdOY0swNVdvSk5Sd1dtRm9vT0FXaldZNTBHLy9JCnlKSTluZytVYllVNUx6dmx6Rnl6OWU4dFY3KzFYcHBycnpKZXBONFAreHUrcFRsQkJSWGxUaE9xWEtUR3VTRngKdWFvSVZDUGU4VWIrSXprK1RsVi9FUTIwSHoyc0tzcDlSM1BZQ0U0bE1LZW9hTHhpR3ROVzBBWjFNaFVxQmZZPQotLS0tLUVORCBDRVJUSUZJQ0FURS0tLS0tCg==",
                "password": "",
                "username": ""
              }
            ],
            "master_authorized_networks_config": [],
            "master_version": "1.15.12-gke.2",
            "min_master_version": null,
            "monitoring_service": "monitoring.googleapis.com/kubernetes",
            "name": "demo-cluster",
            "network": "projects/pmuir-dev/global/networks/default",
            "network_policy": [
              {
                "enabled": false,
                "provider": "PROVIDER_UNSPECIFIED"
              }
            ],
            "networking_mode": "ROUTES",
            "node_config": [
              {
                "boot_disk_kms_key": "",
                "disk_size_gb": 100,
                "disk_type": "pd-standard",
                "guest_accelerator": [],
                "image_type": "COS",
                "labels": {},
                "local_ssd_count": 0,
                "machine_type": "n1-standard-4",
                "metadata": {
                  "disable-legacy-endpoints": "true"
                },
                "min_cpu_platform": "",
                "oauth_scopes": [
                  "https://www.googleapis.com/auth/logging.write",
                  "https://www.googleapis.com/auth/monitoring"
                ],
                "preemptible": true,
                "sandbox_config": [],
                "service_account": "default",
                "shielded_instance_config": [
                  {
                    "enable_integrity_monitoring": true,
                    "enable_secure_boot": false
                  }
                ],
                "tags": [],
                "taint": [],
                "workload_metadata_config": [
                  {
                    "node_metadata": "GKE_METADATA_SERVER"
                  }
                ]
              }
            ],
            "node_locations": [],
            "node_pool": [
              {
                "autoscaling": [],
                "initial_node_count": 1,
                "instance_group_urls": [
                  "https://www.googleapis.com/compute/v1/projects/pmuir-dev/zones/europe-west1-b/instanceGroupManagers/gke-demo-cluster-demo-cluster-node-po-08ce2838-grp"
                ],
                "management": [
                  {
                    "auto_repair": true,
                    "auto_upgrade": true
                  }
                ],
                "max_pods_per_node": 0,
                "name": "demo-cluster-node-pool",
                "name_prefix": "",
                "node_config": [
                  {
                    "boot_disk_kms_key": "",
                    "disk_size_gb": 100,
                    "disk_type": "pd-standard",
                    "guest_accelerator": [],
                    "image_type": "COS",
                    "labels": {},
                    "local_ssd_count": 0,
                    "machine_type": "n1-standard-4",
                    "metadata": {
                      "disable-legacy-endpoints": "true"
                    },
                    "min_cpu_platform": "",
                    "oauth_scopes": [
                      "https://www.googleapis.com/auth/logging.write",
                      "https://www.googleapis.com/auth/monitoring"
                    ],
                    "preemptible": true,
                    "sandbox_config": [],
                    "service_account": "default",
                    "shielded_instance_config": [
                      {
                        "enable_integrity_monitoring": true,
                        "enable_secure_boot": false
                      }
                    ],
                    "tags": [],
                    "taint": [],
                    "workload_metadata_config": [
                      {
                        "node_metadata": "GKE_METADATA_SERVER"
                      }
                    ]
                  }
                ],
                "node_count": 1,
                "node_locations": [
                  "europe-west1-b"
                ],
                "upgrade_settings": [
                  {
                    "max_surge": 1,
                    "max_unavailable": 0
                  }
                ],
                "version": "1.15.12-gke.2"
              }
            ],
            "node_version": "1.15.12-gke.2",
            "operation": null,
            "pod_security_policy_config": [
              {
                "enabled": false
              }
            ],
            "private_cluster_config": [],
            "project": "pmuir-dev",
            "region": null,
            "release_channel": [
              {
                "channel": "UNSPECIFIED"
              }
            ],
            "remove_default_node_pool": true,
            "resource_labels": {},
            "resource_usage_export_config": [],
            "services_ipv4_cidr": "10.3.240.0/20",
            "subnetwork": "projects/pmuir-dev/regions/europe-west1/subnetworks/default",
            "timeouts": null,
            "tpu_ipv4_cidr_block": "",
            "vertical_pod_autoscaling": [],
            "workload_identity_config": [
              {
                "identity_namespace": "pmuir-dev.svc.id.goog"
              }
            ],
            "zone": null
          },
          "private": "eyJlMmJmYjczMC1lY2FhLTExZTYtOGY4OC0zNDM2M2JjN2M0YzAiOnsiY3JlYXRlIjoyNDAwMDAwMDAwMDAwLCJkZWxldGUiOjI0MDAwMDAwMDAwMDAsInJlYWQiOjI0MDAwMDAwMDAwMDAsInVwZGF0ZSI6MzYwMDAwMDAwMDAwMH0sInNjaGVtYV92ZXJzaW9uIjoiMSJ9"
        }
      ]
    },
    {
      "module": "module.cluster",
      "mode": "managed",
      "type": "google_container_node_pool",
      "name": "primary_preemptible_nodes",
      "provider": "provider[\"registry.terraform.io/-/google-beta\"]",
      "instances": [
        {
          "schema_version": 1,
          "attributes": {
            "autoscaling": [],
            "cluster": "demo-cluster",
            "id": "projects/pmuir-dev/locations/europe-west1-b/clusters/demo-cluster/nodePools/demo-cluster-node-pool",
            "initial_node_count": 1,
            "instance_group_urls": [
              "https://www.googleapis.com/compute/v1/projects/pmuir-dev/zones/europe-west1-b/instanceGroupManagers/gke-demo-cluster-demo-cluster-node-po-08ce2838-grp"
            ],
            "location": "europe-west1-b",
            "management": [
              {
                "auto_repair": true,
                "auto_upgrade": true
              }
            ],
            "max_pods_per_node": null,
            "name": "demo-cluster-node-pool",
            "name_prefix": "",
            "node_config": [
              {
                "boot_disk_kms_key": "",
                "disk_size_gb": 100,
                "disk_type": "pd-standard",
                "guest_accelerator": [],
                "image_type": "COS",
                "labels": {},
                "local_ssd_count": 0,
                "machine_type": "n1-standard-4",
                "metadata": {
                  "disable-legacy-endpoints": "true"
                },
                "min_cpu_platform": "",
                "oauth_scopes": [
                  "https://www.googleapis.com/auth/logging.write",
                  "https://www.googleapis.com/auth/monitoring"
                ],
                "preemptible": true,
                "sandbox_config": [],
                "service_account": "default",
                "shielded_instance_config": [
                  {
                    "enable_integrity_monitoring": true,
                    "enable_secure_boot": false
                  }
                ],
                "tags": [],
                "taint": [],
                "workload_metadata_config": [
                  {
                    "node_metadata": "GKE_METADATA_SERVER"
                  }
                ]
              }
            ],
            "node_count": 1,
            "node_locations": [
              "europe-west1-b"
            ],
            "project": "pmuir-dev",
            "region": null,
            "timeouts": null,
            "upgrade_settings": [
              {
                "max_surge": 1,
                "max_unavailable": 0
              }
            ],
            "version": "1.15.12-gke.2",
            "zone": null
          },
          "private": "eyJlMmJmYjczMC1lY2FhLTExZTYtOGY4OC0zNDM2M2JjN2M0YzAiOnsiY3JlYXRlIjoxODAwMDAwMDAwMDAwLCJkZWxldGUiOjE4MDAwMDAwMDAwMDAsInVwZGF0ZSI6MTgwMDAwMDAwMDAwMH0sInNjaGVtYV92ZXJzaW9uIjoiMSJ9",
          "dependencies": [
            "module.cluster.google_container_cluster.primary"
          ]
        }
      ]
    },
    {
      "module": "module.cluster",
      "mode": "managed",
      "type": "google_project_service",
      "name": "container_api",
      "provider": "provider[\"registry.terraform.io/-/google\"]",
      "instances": [
        {
          "schema_version": 0,
          "attributes": {
            "disable_dependent_services": null,
            "disable_on_destroy": false,
            "id": "pmuir-dev/container.googleapis.com",
            "project": "pmuir-dev",
            "service": "container.googleapis.com",
            "timeouts": null
          },
          "private": "eyJlMmJmYjczMC1lY2FhLTExZTYtOGY4OC0zNDM2M2JjN2M0YzAiOnsiY3JlYXRlIjoxMjAwMDAwMDAwMDAwLCJkZWxldGUiOjEyMDAwMDAwMDAwMDAsInJlYWQiOjYwMDAwMDAwMDAwMCwidXBkYXRlIjoxMjAwMDAwMDAwMDAwfX0="
        }
      ]
    },
    {
      "module": "module.database",
      "mode": "managed",
      "type": "google_project_service",
      "name": "sql_admin",
      "provider": "provider[\"registry.terraform.io/-/google\"]",
      "instances": [
        {
          "schema_version": 0,
          "attributes": {
            "disable_dependent_services": null,
            "disable_on_destroy": false,
            "id": "pmuir-dev/sqladmin.googleapis.com",
            "project": "pmuir-dev",
            "service": "sqladmin.googleapis.com",
            "timeouts": null
          },
          "private": "eyJlMmJmYjczMC1lY2FhLTExZTYtOGY4OC0zNDM2M2JjN2M0YzAiOnsiY3JlYXRlIjoxMjAwMDAwMDAwMDAwLCJkZWxldGUiOjEyMDAwMDAwMDAwMDAsInJlYWQiOjYwMDAwMDAwMDAwMCwidXBkYXRlIjoxMjAwMDAwMDAwMDAwfX0="
        }
      ]
    },
    {
      "module": "module.database",
      "mode": "managed",
      "type": "google_project_service",
      "name": "sql_component_api",
      "provider": "provider[\"registry.terraform.io/-/google\"]",
      "instances": [
        {
          "schema_version": 0,
          "attributes": {
            "disable_dependent_services": null,
            "disable_on_destroy": false,
            "id": "pmuir-dev/sql-component.googleapis.com",
            "project": "pmuir-dev",
            "service": "sql-component.googleapis.com",
            "timeouts": null
          },
          "private": "eyJlMmJmYjczMC1lY2FhLTExZTYtOGY4OC0zNDM2M2JjN2M0YzAiOnsiY3JlYXRlIjoxMjAwMDAwMDAwMDAwLCJkZWxldGUiOjEyMDAwMDAwMDAwMDAsInJlYWQiOjYwMDAwMDAwMDAwMCwidXBkYXRlIjoxMjAwMDAwMDAwMDAwfX0="
        }
      ]
    },
    {
      "module": "module.database",
      "mode": "managed",
      "type": "google_sql_database_instance",
      "name": "database",
      "provider": "provider[\"registry.terraform.io/-/google\"]",
      "instances": [
        {
          "schema_version": 0,
          "attributes": {
            "connection_name": "pmuir-dev:europe-west1:database",
            "database_version": "MYSQL_5_6",
            "first_ip_address": "34.78.246.5",
            "id": "database",
            "ip_address": [
              {
                "ip_address": "34.78.246.5",
                "time_to_retire": "",
                "type": "PRIMARY"
              }
            ],
            "master_instance_name": "",
            "name": "database",
            "private_ip_address": "",
            "project": "pmuir-dev",
            "public_ip_address": "34.78.246.5",
            "region": "europe-west1",
            "replica_configuration": [],
            "root_password": null,
            "self_link": "https://sqladmin.googleapis.com/sql/v1beta4/projects/pmuir-dev/instances/database",
            "server_ca_cert": [
              {
                "cert": "-----BEGIN CERTIFICATE-----\nMIIDfzCCAmegAwIBAgIBADANBgkqhkiG9w0BAQsFADB3MS0wKwYDVQQuEyQ1ZGY5\nZTczMy0zNGZhLTQ1MWYtODQyMy00ZTI1YTgxNDdjMzcxIzAhBgNVBAMTGkdvb2ds\nZSBDbG91ZCBTUUwgU2VydmVyIENBMRQwEgYDVQQKEwtHb29nbGUsIEluYzELMAkG\nA1UEBhMCVVMwHhcNMjAwODI5MTgwNzEzWhcNMzAwODI3MTgwODEzWjB3MS0wKwYD\nVQQuEyQ1ZGY5ZTczMy0zNGZhLTQ1MWYtODQyMy00ZTI1YTgxNDdjMzcxIzAhBgNV\nBAMTGkdvb2dsZSBDbG91ZCBTUUwgU2VydmVyIENBMRQwEgYDVQQKEwtHb29nbGUs\nIEluYzELMAkGA1UEBhMCVVMwggEiMA0GCSqGSIb3DQEBAQUAA4IBDwAwggEKAoIB\nAQCRNK80mySKFKdHQjUmY9PYfxpCSgBCetrNAZmZ+7ySBgxP/aYoKlS+KwzzwrB5\nmV7fqBGNsUyCg7JBCt+gTl0OPO09OfaiukdRvfayHBFafPh6Y9zSTUUDzP7xEa5l\nOA5CCDMleGvCQ7O9Ek+JwtZtKsencWKvFMVj+OJ7YY4V7GABZm6zjoYSKaJUhOP3\nX0O7H+M8/aqLtm0rr9mxx8P6DaWjODeXTKolbfvzEvsbWxP6MKfym9lgUMryJyyt\nfIuxlsQue34/kUpz+hIq4wCEaSN5FcERq02wzrPqJlhSBddra8m4Pw+FR43SjmfP\ny2O4ijIMaG8bIHzFDdBW/0SfAgMBAAGjFjAUMBIGA1UdEwEB/wQIMAYBAf8CAQAw\nDQYJKoZIhvcNAQELBQADggEBABhgPR7tuj+qwp717MokSW/8UjwL2B/KL/w44aA4\nRzVa+jqH/ABC+KbuF9Od6F2pI4NBig4NBe2aEbpu1Zwz5YInr/fo6O5R59dkNccv\nlwOAyNuq18DQZtycnENMgZzAkF7lmmPnQPhH5mz4Igh3Hx5yQhmoaMQE1M1AozjI\nEH98ibuyMuM2u7JwJMQadg5UtqPda7/shNifWGORK8H26m+z29+6g2amb9R6CNac\n5Qhmw/YPOUuvVxCkCkBa9q+puxKRiFTowxU3j3vFwaWWyOpTS3e5RERicmZtfS8m\nEzCW/ZAmA+1+ccje238QEN+66e/NaWao2fQS0EypK26BdDU=\n-----END CERTIFICATE-----",
                "common_name": "C=US,O=Google\\, Inc,CN=Google Cloud SQL Server CA,dnQualifier=5df9e733-34fa-451f-8423-4e25a8147c37",
                "create_time": "2020-08-29T18:07:13.353Z",
                "expiration_time": "2030-08-27T18:08:13.353Z",
                "sha1_fingerprint": "e420dba0db01b109505af980eb250e33965f7700"
              }
            ],
            "service_account_email_address": "p1063004576079-s18blx@gcp-sa-cloud-sql.iam.gserviceaccount.com",
            "settings": [
              {
                "activation_policy": "ALWAYS",
                "authorized_gae_applications": null,
                "availability_type": "",
                "backup_configuration": [
                  {
                    "binary_log_enabled": false,
                    "enabled": false,
                    "location": "",
                    "point_in_time_recovery_enabled": false,
                    "start_time": "02:00"
                  }
                ],
                "crash_safe_replication": false,
                "database_flags": [],
                "disk_autoresize": true,
                "disk_size": 10,
                "disk_type": "PD_SSD",
                "ip_configuration": [
                  {
                    "authorized_networks": [],
                    "ipv4_enabled": true,
                    "private_network": "",
                    "require_ssl": false
                  }
                ],
                "location_preference": [
                  {
                    "follow_gae_application": "",
                    "zone": "europe-west1-d"
                  }
                ],
                "maintenance_window": [],
                "pricing_plan": "PER_USE",
                "replication_type": "SYNCHRONOUS",
                "tier": "db-f1-micro",
                "user_labels": null,
                "version": 1
              }
            ],
            "timeouts": null
          },
          "private": "eyJlMmJmYjczMC1lY2FhLTExZTYtOGY4OC0zNDM2M2JjN2M0YzAiOnsiY3JlYXRlIjoxMjAwMDAwMDAwMDAwLCJkZWxldGUiOjEyMDAwMDAwMDAwMDAsInVwZGF0ZSI6MTIwMDAwMDAwMDAwMH19"
        }
      ]
    },
    {
      "module": "module.database",
      "mode": "managed",
      "type": "google_sql_user",
      "name": "users",
      "provider": "provider[\"registry.terraform.io/-/google\"]",
      "instances": [
        {
          "schema_version": 1,
          "attributes": {
            "host": "",
            "id": "mysql//database",
            "instance": "database",
            "name": "mysql",
            "password": "qPPJKn3ccfnQI@Hm",
            "project": "pmuir-dev",
            "timeouts": null
          },
          "private": "eyJlMmJmYjczMC1lY2FhLTExZTYtOGY4OC0zNDM2M2JjN2M0YzAiOnsiY3JlYXRlIjo2MDAwMDAwMDAwMDAsImRlbGV0ZSI6NjAwMDAwMDAwMDAwLCJ1cGRhdGUiOjYwMDAwMDAwMDAwMH0sInNjaGVtYV92ZXJzaW9uIjoiMSJ9",
          "dependencies": [
            "module.database.google_sql_database_instance.database",
            "module.database.random_password.password"
          ]
        }
      ]
    },
    {
      "module": "module.database",
      "mode": "managed",
      "type": "random_password",
      "name": "password",
      "provider": "provider[\"registry.terraform.io/-/random\"]",
      "instances": [
        {
          "schema_version": 0,
          "attributes": {
            "id": "none",
            "keepers": null,
            "length": 16,
            "lower": true,
            "min_lower": 0,
            "min_numeric": 0,
            "min_special": 0,
            "min_upper": 0,
            "number": true,
            "override_special": "_%@",
            "result": "qPPJKn3ccfnQI@Hm",
            "special": true,
            "upper": true
          },
          "private": "bnVsbA=="
        }
      ]
    },
    {
      "module": "module.helmfile",
      "mode": "managed",
      "type": "google_secret_manager_secret",
      "name": "mysql_password",
      "provider": "provider[\"registry.terraform.io/-/google-beta\"]",
      "instances": [
        {
          "schema_version": 0,
          "attributes": {
            "create_time": "2020-08-29T16:35:56.232373Z",
            "id": "projects/pmuir-dev/secrets/mysql-password",
            "labels": {},
            "name": "projects/1063004576079/secrets/mysql-password",
            "project": "pmuir-dev",
            "replication": [
              {
                "automatic": true,
                "user_managed": []
              }
            ],
            "secret_id": "mysql-password",
            "timeouts": null
          },
          "private": "eyJlMmJmYjczMC1lY2FhLTExZTYtOGY4OC0zNDM2M2JjN2M0YzAiOnsiY3JlYXRlIjoyNDAwMDAwMDAwMDAsImRlbGV0ZSI6MjQwMDAwMDAwMDAwLCJ1cGRhdGUiOjI0MDAwMDAwMDAwMH19"
        }
      ]
    },
    {
      "module": "module.helmfile",
      "mode": "managed",
      "type": "google_secret_manager_secret_version",
      "name": "mysql_password_version",
      "provider": "provider[\"registry.terraform.io/-/google-beta\"]",
      "instances": [
        {
          "schema_version": 0,
          "attributes": {
            "create_time": "2020-08-29T16:35:59.201398Z",
            "destroy_time": "",
            "enabled": true,
            "id": "projects/1063004576079/secrets/mysql-password/versions/1",
            "name": "projects/1063004576079/secrets/mysql-password/versions/1",
            "secret": "projects/pmuir-dev/secrets/mysql-password",
            "secret_data": "RjVYPHyM69Mib0Nr",
            "timeouts": null
          },
          "private": "eyJlMmJmYjczMC1lY2FhLTExZTYtOGY4OC0zNDM2M2JjN2M0YzAiOnsiY3JlYXRlIjoyNDAwMDAwMDAwMDAsImRlbGV0ZSI6MjQwMDAwMDAwMDAwfX0=",
          "dependencies": [
            "module.helmfile.google_secret_manager_secret.mysql_password",
            "module.helmfile.random_password.mysql_password"
          ]
        }
      ]
    },
    {
      "module": "module.helmfile",
      "mode": "managed",
      "type": "local_file",
      "name": "generated_output",
      "provider": "provider[\"registry.terraform.io/-/local\"]",
      "instances": [
        {
          "schema_version": 0,
          "attributes": {
            "content": "##################################################\n# WARNING: This file is overwritten by terraform #\n# Make any changes in values.yaml             #\n##################################################\n\n\"gcp\":\n  \"project\": \"pmuir-dev\"\n",
            "content_base64": null,
            "directory_permission": "0777",
            "file_permission": "0777",
            "filename": "../helmfile/generated.yaml",
            "id": "f699474aa82d2f4c31c0d182ba572a5b9c3d9f5b",
            "sensitive_content": null
          },
          "private": "bnVsbA=="
        }
      ]
    },
    {
      "module": "module.helmfile",
      "mode": "managed",
      "type": "random_password",
      "name": "mysql_password",
      "provider": "module.helmfile.provider[\"registry.terraform.io/-/random\"]",
      "instances": [
        {
          "schema_version": 0,
          "attributes": {
            "id": "none",
            "keepers": null,
            "length": 16,
            "lower": true,
            "min_lower": 0,
            "min_numeric": 0,
            "min_special": 0,
            "min_upper": 0,
            "number": true,
            "override_special": "_%@",
            "result": "RjVYPHyM69Mib0Nr",
            "special": true,
            "upper": true
          },
          "private": "bnVsbA=="
        }
      ]
    },
    {
      "module": "module.shell",
      "mode": "managed",
      "type": "local_file",
      "name": "example_output",
      "provider": "provider[\"registry.terraform.io/-/local\"]",
      "instances": [
        {
          "schema_version": 0,
          "attributes": {
            "content": "#!/bin/sh\n\ngcloud container clusters get-credentials demo-cluster --zone europe-west1-b --project pmuir-dev",
            "content_base64": null,
            "directory_permission": "0777",
            "file_permission": "755",
            "filename": "../bin/cluster-connect.sh",
            "id": "cfca4e4e4c65f32dc25849a579f1d574e2031d97",
            "sensitive_content": null
          },
          "private": "bnVsbA=="
        }
      ]
    }
  ]
}
