{
  "version": 4,
  "terraform_version": "0.13.1",
  "serial": 341,
  "lineage": "47ad82bf-b73c-8505-9f76-202173a9e30a",
  "outputs": {},
  "resources": [
    {
      "mode": "managed",
      "type": "google_project_service",
      "name": "secretmanager_api",
      "provider": "provider[\"registry.terraform.io/hashicorp/google\"]",
      "instances": [
        {
          "schema_version": 0,
          "attributes": {
            "disable_dependent_services": null,
            "disable_on_destroy": false,
            "id": "pmuir-dev/secretmanager.googleapis.com",
            "project": "pmuir-dev",
            "service": "secretmanager.googleapis.com",
            "timeouts": null
          },
          "private": "eyJlMmJmYjczMC1lY2FhLTExZTYtOGY4OC0zNDM2M2JjN2M0YzAiOnsiY3JlYXRlIjoxMjAwMDAwMDAwMDAwLCJkZWxldGUiOjEyMDAwMDAwMDAwMDAsInJlYWQiOjYwMDAwMDAwMDAwMCwidXBkYXRlIjoxMjAwMDAwMDAwMDAwfX0="
        }
      ]
    },
    {
      "module": "module.cluster",
      "mode": "managed",
      "type": "google_container_cluster",
      "name": "primary",
      "provider": "provider[\"registry.terraform.io/hashicorp/google-beta\"]",
      "instances": [
        {
          "schema_version": 1,
          "attributes": {
            "additional_zones": [],
            "addons_config": [
              {
                "cloudrun_config": [],
                "config_connector_config": [],
                "dns_cache_config": [],
                "gce_persistent_disk_csi_driver_config": [],
                "horizontal_pod_autoscaling": [],
                "http_load_balancing": [],
                "istio_config": [],
                "kalm_config": [],
                "kubernetes_dashboard": [],
                "network_policy_config": [
                  {
                    "disabled": true
                  }
                ]
              }
            ],
            "authenticator_groups_config": [],
            "cluster_autoscaling": [
              {
                "auto_provisioning_defaults": [],
                "autoscaling_profile": "BALANCED",
                "enabled": false,
                "resource_limits": []
              }
            ],
            "cluster_ipv4_cidr": "10.0.0.0/14",
            "cluster_telemetry": [
              {
                "type": "ENABLED"
              }
            ],
            "database_encryption": [
              {
                "key_name": "",
                "state": "DECRYPTED"
              }
            ],
            "default_max_pods_per_node": null,
            "default_snat_status": [
              {
                "disabled": false
              }
            ],
            "description": "",
            "enable_binary_authorization": false,
            "enable_intranode_visibility": false,
            "enable_kubernetes_alpha": false,
            "enable_legacy_abac": false,
            "enable_shielded_nodes": false,
            "enable_tpu": false,
            "endpoint": "23.251.131.132",
            "id": "projects/pmuir-dev/locations/europe-west1-b/clusters/demo-cluster",
            "initial_node_count": 1,
            "instance_group_urls": [
              "https://www.googleapis.com/compute/beta/projects/pmuir-dev/zones/europe-west1-b/instanceGroups/gke-demo-cluster-demo-cluster-node-po-08ce2838-grp"
            ],
            "ip_allocation_policy": [],
            "label_fingerprint": "a9dc16a7",
            "location": "europe-west1-b",
            "logging_service": "logging.googleapis.com/kubernetes",
            "maintenance_policy": [],
            "master_auth": [
              {
                "client_certificate": "",
                "client_certificate_config": [
                  {
                    "issue_client_certificate": false
                  }
                ],
                "client_key": "",
                "cluster_ca_certificate": "LS0tLS1CRUdJTiBDRVJUSUZJQ0FURS0tLS0tCk1JSURLekNDQWhPZ0F3SUJBZ0lSQU9BL2lGZnE5d3czYWNWeW1WWU5ZWWN3RFFZSktvWklodmNOQVFFTEJRQXcKTHpFdE1Dc0dBMVVFQXhNa1pUWTVZekEzWmpNdE5XWTRNaTAwTlRReUxXRmxObUl0TjJNek9UWXpZVEl5TjJFeQpNQjRYRFRJd01EZ3lPVEUxTVRjMU9Gb1hEVEkxTURneU9ERTJNVGMxT0Zvd0x6RXRNQ3NHQTFVRUF4TWtaVFk1Cll6QTNaak10TldZNE1pMDBOVFF5TFdGbE5tSXROMk16T1RZellUSXlOMkV5TUlJQklqQU5CZ2txaGtpRzl3MEIKQVFFRkFBT0NBUThBTUlJQkNnS0NBUUVBc3cxeXRsK0pRK0F5NTkzem5NaTF2MFREdXphK0hFS0I4eVUwSGJOTwpDZ21zcWhTOGo3N1VOSjlJUU5IUjhJM2J0TWhYejZ4bjBUWjFlUHlHZkU5UUNkWDlkMVZ6RUdhMEdIZFRDdUlNClR5aCtRZ3dJZWhjeWcyajNQMGtqM1RuVWh3by9iVHh6YnRkMXBUM3Fyc2Y0eFpaeVYxbDZRalZwUTBjSnhoVWgKZFU1VW15aXBJZ2hNMVlOQ2EzTXlUTVBHeGV0NE1lWnhjTGdMKzlrUkl2SC95cTdXdmFkanVZQ1ZXRTFCbEtqKwpIUWttRW9PV21MRlFUbUltVzFlMlM4ZGlxRlo1NUF0UVlhck00UEdsZklRN3B2ckFVN3VyMTl1SnlVdzdxUllsCnhXdVlrVXZVT3Vsdnc1eTByTTZ4di9xMUwxa1h6aCt5WStVVjdReGU4UUZlRlFJREFRQUJvMEl3UURBT0JnTlYKSFE4QkFmOEVCQU1DQWdRd0R3WURWUjBUQVFIL0JBVXdBd0VCL3pBZEJnTlZIUTRFRmdRVUVzSkhsVWlZQnFQZApEbjJWSldkTHgzS2NoZEF3RFFZSktvWklodmNOQVFFTEJRQURnZ0VCQUNPMUdOdFFqd1JrMHA0bUpXdHlzdTY0CmlPVDV5emNjQjZjaFcwNGdoQjlPM0E3cy82RkpSZDJ5cjM5S1djMk9WaDV6dTRCWng4YVBCR3VEc1hiNk54RGQKcDZNWnZwa0U5K2RXR3F1L2FPVENvMDNUNzhlUmxtUGIzTS93RDM5V05YUXRtbHJpWGZneHFobWg4Mk5GR05WRwpUODhSUzVxQlBDajV4Yy85aVJuczlBcnZSNUw2anFtL285UFdOY0swNVdvSk5Sd1dtRm9vT0FXaldZNTBHLy9JCnlKSTluZytVYllVNUx6dmx6Rnl6OWU4dFY3KzFYcHBycnpKZXBONFAreHUrcFRsQkJSWGxUaE9xWEtUR3VTRngKdWFvSVZDUGU4VWIrSXprK1RsVi9FUTIwSHoyc0tzcDlSM1BZQ0U0bE1LZW9hTHhpR3ROVzBBWjFNaFVxQmZZPQotLS0tLUVORCBDRVJUSUZJQ0FURS0tLS0tCg==",
                "password": "",
                "username": ""
              }
            ],
            "master_authorized_networks_config": [],
            "master_version": "1.16.13-gke.1",
            "min_master_version": null,
            "monitoring_service": "monitoring.googleapis.com/kubernetes",
            "name": "demo-cluster",
            "network": "projects/pmuir-dev/global/networks/default",
            "network_policy": [
              {
                "enabled": false,
                "provider": "PROVIDER_UNSPECIFIED"
              }
            ],
            "networking_mode": "ROUTES",
            "node_config": [
              {
                "boot_disk_kms_key": "",
                "disk_size_gb": 100,
                "disk_type": "pd-standard",
                "guest_accelerator": [],
                "image_type": "COS",
                "labels": {},
                "local_ssd_count": 0,
                "machine_type": "n1-standard-4",
                "metadata": {
                  "disable-legacy-endpoints": "true"
                },
                "min_cpu_platform": "",
                "oauth_scopes": [
                  "https://www.googleapis.com/auth/logging.write",
                  "https://www.googleapis.com/auth/monitoring"
                ],
                "preemptible": true,
                "sandbox_config": [],
                "service_account": "default",
                "shielded_instance_config": [
                  {
                    "enable_integrity_monitoring": true,
                    "enable_secure_boot": false
                  }
                ],
                "tags": [],
                "taint": [],
                "workload_metadata_config": [
                  {
                    "node_metadata": "GKE_METADATA_SERVER"
                  }
                ]
              }
            ],
            "node_locations": [],
            "node_pool": [
              {
                "autoscaling": [],
                "initial_node_count": 1,
                "instance_group_urls": [
                  "https://www.googleapis.com/compute/v1/projects/pmuir-dev/zones/europe-west1-b/instanceGroupManagers/gke-demo-cluster-demo-cluster-node-po-08ce2838-grp"
                ],
                "management": [
                  {
                    "auto_repair": true,
                    "auto_upgrade": true
                  }
                ],
                "max_pods_per_node": 0,
                "name": "demo-cluster-node-pool",
                "name_prefix": "",
                "node_config": [
                  {
                    "boot_disk_kms_key": "",
                    "disk_size_gb": 100,
                    "disk_type": "pd-standard",
                    "guest_accelerator": [],
                    "image_type": "COS",
                    "labels": {},
                    "local_ssd_count": 0,
                    "machine_type": "n1-standard-4",
                    "metadata": {
                      "disable-legacy-endpoints": "true"
                    },
                    "min_cpu_platform": "",
                    "oauth_scopes": [
                      "https://www.googleapis.com/auth/logging.write",
                      "https://www.googleapis.com/auth/monitoring"
                    ],
                    "preemptible": true,
                    "sandbox_config": [],
                    "service_account": "default",
                    "shielded_instance_config": [
                      {
                        "enable_integrity_monitoring": true,
                        "enable_secure_boot": false
                      }
                    ],
                    "tags": [],
                    "taint": [],
                    "workload_metadata_config": [
                      {
                        "node_metadata": "GKE_METADATA_SERVER"
                      }
                    ]
                  }
                ],
                "node_count": 1,
                "node_locations": [
                  "europe-west1-b"
                ],
                "upgrade_settings": [
                  {
                    "max_surge": 1,
                    "max_unavailable": 0
                  }
                ],
                "version": "1.16.13-gke.1"
              }
            ],
            "node_version": "1.16.13-gke.1",
            "operation": null,
            "pod_security_policy_config": [
              {
                "enabled": false
              }
            ],
            "private_cluster_config": [],
            "project": "pmuir-dev",
            "region": null,
            "release_channel": [
              {
                "channel": "REGULAR"
              }
            ],
            "remove_default_node_pool": true,
            "resource_labels": {},
            "resource_usage_export_config": [],
            "services_ipv4_cidr": "10.3.240.0/20",
            "subnetwork": "projects/pmuir-dev/regions/europe-west1/subnetworks/default",
            "timeouts": null,
            "tpu_ipv4_cidr_block": "",
            "vertical_pod_autoscaling": [],
            "workload_identity_config": [
              {
                "identity_namespace": "pmuir-dev.svc.id.goog"
              }
            ],
            "zone": null
          },
          "private": "eyJlMmJmYjczMC1lY2FhLTExZTYtOGY4OC0zNDM2M2JjN2M0YzAiOnsiY3JlYXRlIjoyNDAwMDAwMDAwMDAwLCJkZWxldGUiOjI0MDAwMDAwMDAwMDAsInJlYWQiOjI0MDAwMDAwMDAwMDAsInVwZGF0ZSI6MzYwMDAwMDAwMDAwMH0sInNjaGVtYV92ZXJzaW9uIjoiMSJ9"
        }
      ]
    },
    {
      "module": "module.cluster",
      "mode": "managed",
      "type": "google_container_node_pool",
      "name": "primary_preemptible_nodes",
      "provider": "provider[\"registry.terraform.io/hashicorp/google-beta\"]",
      "instances": [
        {
          "schema_version": 1,
          "attributes": {
            "autoscaling": [],
            "cluster": "demo-cluster",
            "id": "projects/pmuir-dev/locations/europe-west1-b/clusters/demo-cluster/nodePools/demo-cluster-node-pool",
            "initial_node_count": 1,
            "instance_group_urls": [
              "https://www.googleapis.com/compute/v1/projects/pmuir-dev/zones/europe-west1-b/instanceGroupManagers/gke-demo-cluster-demo-cluster-node-po-08ce2838-grp"
            ],
            "location": "europe-west1-b",
            "management": [
              {
                "auto_repair": true,
                "auto_upgrade": true
              }
            ],
            "max_pods_per_node": null,
            "name": "demo-cluster-node-pool",
            "name_prefix": "",
            "node_config": [
              {
                "boot_disk_kms_key": "",
                "disk_size_gb": 100,
                "disk_type": "pd-standard",
                "guest_accelerator": [],
                "image_type": "COS",
                "labels": {},
                "local_ssd_count": 0,
                "machine_type": "n1-standard-4",
                "metadata": {
                  "disable-legacy-endpoints": "true"
                },
                "min_cpu_platform": "",
                "oauth_scopes": [
                  "https://www.googleapis.com/auth/logging.write",
                  "https://www.googleapis.com/auth/monitoring"
                ],
                "preemptible": true,
                "sandbox_config": [],
                "service_account": "default",
                "shielded_instance_config": [
                  {
                    "enable_integrity_monitoring": true,
                    "enable_secure_boot": false
                  }
                ],
                "tags": [],
                "taint": [],
                "workload_metadata_config": [
                  {
                    "node_metadata": "GKE_METADATA_SERVER"
                  }
                ]
              }
            ],
            "node_count": 1,
            "node_locations": [
              "europe-west1-b"
            ],
            "project": "pmuir-dev",
            "region": null,
            "timeouts": null,
            "upgrade_settings": [
              {
                "max_surge": 1,
                "max_unavailable": 0
              }
            ],
            "version": "1.16.13-gke.1",
            "zone": null
          },
          "private": "eyJlMmJmYjczMC1lY2FhLTExZTYtOGY4OC0zNDM2M2JjN2M0YzAiOnsiY3JlYXRlIjoxODAwMDAwMDAwMDAwLCJkZWxldGUiOjE4MDAwMDAwMDAwMDAsInVwZGF0ZSI6MTgwMDAwMDAwMDAwMH0sInNjaGVtYV92ZXJzaW9uIjoiMSJ9",
          "dependencies": [
            "module.cluster.google_container_cluster.primary"
          ]
        }
      ]
    },
    {
      "module": "module.cluster",
      "mode": "managed",
      "type": "google_project_service",
      "name": "container_api",
      "provider": "provider[\"registry.terraform.io/hashicorp/google\"]",
      "instances": [
        {
          "schema_version": 0,
          "attributes": {
            "disable_dependent_services": null,
            "disable_on_destroy": false,
            "id": "pmuir-dev/container.googleapis.com",
            "project": "pmuir-dev",
            "service": "container.googleapis.com",
            "timeouts": null
          },
          "private": "eyJlMmJmYjczMC1lY2FhLTExZTYtOGY4OC0zNDM2M2JjN2M0YzAiOnsiY3JlYXRlIjoxMjAwMDAwMDAwMDAwLCJkZWxldGUiOjEyMDAwMDAwMDAwMDAsInJlYWQiOjYwMDAwMDAwMDAwMCwidXBkYXRlIjoxMjAwMDAwMDAwMDAwfX0="
        }
      ]
    },
    {
      "module": "module.helmfile",
      "mode": "managed",
      "type": "google_secret_manager_secret",
      "name": "mysql_password",
      "provider": "provider[\"registry.terraform.io/hashicorp/google-beta\"]",
      "instances": [
        {
          "schema_version": 0,
          "attributes": {
            "create_time": "2020-08-29T16:35:56.232373Z",
            "id": "projects/pmuir-dev/secrets/mysql-password",
            "labels": {},
            "name": "projects/1063004576079/secrets/mysql-password",
            "project": "pmuir-dev",
            "replication": [
              {
                "automatic": true,
                "user_managed": []
              }
            ],
            "secret_id": "mysql-password",
            "timeouts": null
          },
          "private": "eyJlMmJmYjczMC1lY2FhLTExZTYtOGY4OC0zNDM2M2JjN2M0YzAiOnsiY3JlYXRlIjoyNDAwMDAwMDAwMDAsImRlbGV0ZSI6MjQwMDAwMDAwMDAwLCJ1cGRhdGUiOjI0MDAwMDAwMDAwMH19"
        }
      ]
    },
    {
      "module": "module.helmfile",
      "mode": "managed",
      "type": "google_secret_manager_secret_version",
      "name": "mysql_password_version",
      "provider": "provider[\"registry.terraform.io/hashicorp/google-beta\"]",
      "instances": [
        {
          "schema_version": 0,
          "attributes": {
            "create_time": "2020-08-29T16:35:59.201398Z",
            "destroy_time": "",
            "enabled": true,
            "id": "projects/1063004576079/secrets/mysql-password/versions/1",
            "name": "projects/1063004576079/secrets/mysql-password/versions/1",
            "secret": "projects/pmuir-dev/secrets/mysql-password",
            "secret_data": "RjVYPHyM69Mib0Nr",
            "timeouts": null
          },
          "private": "eyJlMmJmYjczMC1lY2FhLTExZTYtOGY4OC0zNDM2M2JjN2M0YzAiOnsiY3JlYXRlIjoyNDAwMDAwMDAwMDAsImRlbGV0ZSI6MjQwMDAwMDAwMDAwfX0=",
          "dependencies": [
            "module.helmfile.google_secret_manager_secret.mysql_password",
            "module.helmfile.random_password.mysql_password"
          ]
        }
      ]
    },
    {
      "module": "module.helmfile",
      "mode": "managed",
      "type": "local_file",
      "name": "generated_output",
      "provider": "provider[\"registry.terraform.io/hashicorp/local\"]",
      "instances": [
        {
          "schema_version": 0,
          "attributes": {
            "content": "##################################################\n# WARNING: This file is overwritten by terraform #\n# Make any changes in values.yaml             #\n##################################################\n\n\"certManager\":\n  \"googleServiceAccount\": \"certmanager@pmuir-dev.iam.gserviceaccount.com\"\n  \"kubernetesServiceAccount\": \"cert-manager\"\n  \"namespace\": \"cert-manager\"\n\"externalDns\":\n  \"googleServiceAccount\": \"externaldns@pmuir-dev.iam.gserviceaccount.com\"\n  \"kubernetesServiceAccount\": \"external-dns\"\n  \"namespace\": \"external-dns\"\n\"externalSecrets\":\n  \"googleServiceAccount\": \"externalsecrets@pmuir-dev.iam.gserviceaccount.com\"\n  \"kubernetesServiceAccount\": \"external-secrets\"\n  \"namespace\": \"external-secrets\"\n\"gcp\":\n  \"project\": \"pmuir-dev\"\n\"loadBalancer\":\n  \"ip\": \"35.233.17.204\"\n  \"suffix\": \"g.bleepbleep.org.uk\"\n\"mysql\":\n  \"instanceName\": \"mysql-database\"\n  \"mysqlPropertiesSecretName\": \"mysql-database-mysql-proerties\"\n  \"name\": \"database\"\n  \"port\": 5432\n  \"project\": \"pmuir-dev\"\n  \"region\": \"europe-west1\"\n  \"serviceAccountSecretName\": \"mysql-database-service-account-key\"\n\"postgres\":\n  \"instanceName\": \"postgres-database\"\n  \"name\": \"database\"\n  \"passwordSecretName\": \"postgres-database-database-password\"\n  \"port\": 5432\n  \"project\": \"pmuir-dev\"\n  \"region\": \"europe-west1\"\n  \"serviceAccountSecretName\": \"postgres-database-service-account-key\"\n  \"username\": \"postgres\"\n",
            "content_base64": null,
            "directory_permission": "0777",
            "file_permission": "0777",
            "filename": "../helmfile/generated.yaml",
            "id": "329a3bae4007b0f3be2073e0dac58855556ed5d7",
            "sensitive_content": null
          },
          "private": "bnVsbA==",
          "dependencies": [
            "module.cluster.google_container_cluster.primary",
            "module.cluster.google_container_node_pool.primary_preemptible_nodes",
            "module.cluster.google_project_service.container_api",
            "module.mysql.google_secret_manager_secret.database_service_account_key",
            "module.mysql.google_secret_manager_secret.mysql_properties",
            "module.mysql.google_sql_database.database",
            "module.mysql.google_sql_database_instance.database",
            "module.networking.google_compute_address.ip_address",
            "module.networking.google_service_account.cert_manager",
            "module.networking.google_service_account.external_dns",
            "module.postgres.google_secret_manager_secret.database_password",
            "module.postgres.google_secret_manager_secret.database_service_account_key",
            "module.postgres.google_sql_database.database",
            "module.postgres.google_sql_database_instance.database",
            "module.secrets.google_service_account.external_secrets",
            "module.secrets.google_service_account_iam_member.external_secrets"
          ]
        }
      ]
    },
    {
      "module": "module.helmfile",
      "mode": "managed",
      "type": "random_password",
      "name": "mysql_password",
      "provider": "module.helmfile.provider[\"registry.terraform.io/hashicorp/random\"]",
      "instances": [
        {
          "schema_version": 0,
          "attributes": {
            "id": "none",
            "keepers": null,
            "length": 16,
            "lower": true,
            "min_lower": 0,
            "min_numeric": 0,
            "min_special": 0,
            "min_upper": 0,
            "number": true,
            "override_special": "_%@",
            "result": "RjVYPHyM69Mib0Nr",
            "special": true,
            "upper": true
          },
          "private": "bnVsbA=="
        }
      ]
    },
    {
      "module": "module.keycloak_database_new",
      "mode": "managed",
      "type": "google_sql_user",
      "name": "user",
      "provider": "provider[\"registry.terraform.io/hashicorp/google\"]",
      "instances": [
        {
          "schema_version": 1,
          "attributes": {
            "host": "",
            "id": "postgres//keycloak-database-new",
            "instance": "keycloak-database-new",
            "name": "postgres",
            "password": "ZCGrQsdoFrHACjzb",
            "project": "pmuir-dev",
            "timeouts": null
          }
        }
      ]
    },
    {
      "module": "module.mysql",
      "mode": "managed",
      "type": "google_project_iam_member",
      "name": "iam_binding_member",
      "provider": "provider[\"registry.terraform.io/hashicorp/google\"]",
      "instances": [
        {
          "schema_version": 0,
          "attributes": {
            "condition": [],
            "etag": "BwWvgkM8WZk=",
            "id": "pmuir-dev/roles/cloudsql.client/serviceaccount:mysql-database-cloudsql@pmuir-dev.iam.gserviceaccount.com",
            "member": "serviceAccount:mysql-database-cloudsql@pmuir-dev.iam.gserviceaccount.com",
            "project": "pmuir-dev",
            "role": "roles/cloudsql.client"
          },
          "private": "bnVsbA==",
          "dependencies": [
            "module.cluster.google_container_cluster.primary",
            "module.cluster.google_container_node_pool.primary_preemptible_nodes",
            "module.cluster.google_project_service.container_api",
            "module.mysql.google_service_account.service_account",
            "module.secrets.google_service_account.external_secrets",
            "module.secrets.google_service_account_iam_member.external_secrets"
          ]
        }
      ]
    },
    {
      "module": "module.mysql",
      "mode": "managed",
      "type": "google_project_service",
      "name": "sql_admin",
      "provider": "provider[\"registry.terraform.io/hashicorp/google\"]",
      "instances": [
        {
          "schema_version": 0,
          "attributes": {
            "disable_dependent_services": null,
            "disable_on_destroy": false,
            "id": "pmuir-dev/sqladmin.googleapis.com",
            "project": "pmuir-dev",
            "service": "sqladmin.googleapis.com",
            "timeouts": null
          },
          "private": "eyJlMmJmYjczMC1lY2FhLTExZTYtOGY4OC0zNDM2M2JjN2M0YzAiOnsiY3JlYXRlIjoxMjAwMDAwMDAwMDAwLCJkZWxldGUiOjEyMDAwMDAwMDAwMDAsInJlYWQiOjYwMDAwMDAwMDAwMCwidXBkYXRlIjoxMjAwMDAwMDAwMDAwfX0=",
          "dependencies": [
            "module.cluster.google_container_cluster.primary",
            "module.cluster.google_container_node_pool.primary_preemptible_nodes",
            "module.cluster.google_project_service.container_api",
            "module.secrets.google_service_account.external_secrets",
            "module.secrets.google_service_account_iam_member.external_secrets"
          ]
        }
      ]
    },
    {
      "module": "module.mysql",
      "mode": "managed",
      "type": "google_project_service",
      "name": "sql_component_api",
      "provider": "provider[\"registry.terraform.io/hashicorp/google\"]",
      "instances": [
        {
          "schema_version": 0,
          "attributes": {
            "disable_dependent_services": null,
            "disable_on_destroy": false,
            "id": "pmuir-dev/sql-component.googleapis.com",
            "project": "pmuir-dev",
            "service": "sql-component.googleapis.com",
            "timeouts": null
          },
          "private": "eyJlMmJmYjczMC1lY2FhLTExZTYtOGY4OC0zNDM2M2JjN2M0YzAiOnsiY3JlYXRlIjoxMjAwMDAwMDAwMDAwLCJkZWxldGUiOjEyMDAwMDAwMDAwMDAsInJlYWQiOjYwMDAwMDAwMDAwMCwidXBkYXRlIjoxMjAwMDAwMDAwMDAwfX0=",
          "dependencies": [
            "module.cluster.google_container_cluster.primary",
            "module.cluster.google_container_node_pool.primary_preemptible_nodes",
            "module.cluster.google_project_service.container_api",
            "module.secrets.google_service_account.external_secrets",
            "module.secrets.google_service_account_iam_member.external_secrets"
          ]
        }
      ]
    },
    {
      "module": "module.mysql",
      "mode": "managed",
      "type": "google_secret_manager_secret",
      "name": "database_password",
      "provider": "provider[\"registry.terraform.io/hashicorp/google-beta\"]",
      "instances": [
        {
          "schema_version": 0,
          "attributes": {
            "create_time": "2020-09-17T13:21:34.347521Z",
            "id": "projects/pmuir-dev/secrets/mysql-database-database-password",
            "labels": null,
            "name": "projects/1063004576079/secrets/mysql-database-database-password",
            "project": "pmuir-dev",
            "replication": [
              {
                "automatic": true,
                "user_managed": []
              }
            ],
            "secret_id": "mysql-database-database-password",
            "timeouts": null
          },
          "private": "eyJlMmJmYjczMC1lY2FhLTExZTYtOGY4OC0zNDM2M2JjN2M0YzAiOnsiY3JlYXRlIjoyNDAwMDAwMDAwMDAsImRlbGV0ZSI6MjQwMDAwMDAwMDAwLCJ1cGRhdGUiOjI0MDAwMDAwMDAwMH19",
          "dependencies": [
            "module.cluster.google_container_cluster.primary",
            "module.cluster.google_container_node_pool.primary_preemptible_nodes",
            "module.cluster.google_project_service.container_api",
            "module.secrets.google_service_account.external_secrets",
            "module.secrets.google_service_account_iam_member.external_secrets"
          ]
        }
      ]
    },
    {
      "module": "module.mysql",
      "mode": "managed",
      "type": "google_secret_manager_secret",
      "name": "database_service_account_key",
      "provider": "provider[\"registry.terraform.io/hashicorp/google-beta\"]",
      "instances": [
        {
          "schema_version": 0,
          "attributes": {
            "create_time": "2020-09-17T13:21:33.439591Z",
            "id": "projects/pmuir-dev/secrets/mysql-database-service-account-key",
            "labels": null,
            "name": "projects/1063004576079/secrets/mysql-database-service-account-key",
            "project": "pmuir-dev",
            "replication": [
              {
                "automatic": true,
                "user_managed": []
              }
            ],
            "secret_id": "mysql-database-service-account-key",
            "timeouts": null
          },
          "private": "eyJlMmJmYjczMC1lY2FhLTExZTYtOGY4OC0zNDM2M2JjN2M0YzAiOnsiY3JlYXRlIjoyNDAwMDAwMDAwMDAsImRlbGV0ZSI6MjQwMDAwMDAwMDAwLCJ1cGRhdGUiOjI0MDAwMDAwMDAwMH19",
          "dependencies": [
            "module.cluster.google_container_cluster.primary",
            "module.cluster.google_container_node_pool.primary_preemptible_nodes",
            "module.cluster.google_project_service.container_api",
            "module.secrets.google_service_account.external_secrets",
            "module.secrets.google_service_account_iam_member.external_secrets"
          ]
        }
      ]
    },
    {
      "module": "module.mysql",
      "mode": "managed",
      "type": "google_secret_manager_secret",
      "name": "mysql_properties",
      "provider": "provider[\"registry.terraform.io/hashicorp/google\"]",
      "instances": [
        {
          "schema_version": 0,
          "attributes": {
            "create_time": "2020-09-17T13:21:35.258409Z",
            "id": "projects/pmuir-dev/secrets/mysql-database-mysql-proerties",
            "labels": null,
            "name": "projects/1063004576079/secrets/mysql-database-mysql-proerties",
            "project": "pmuir-dev",
            "replication": [
              {
                "automatic": true,
                "user_managed": []
              }
            ],
            "secret_id": "mysql-database-mysql-proerties",
            "timeouts": null
          },
          "private": "eyJlMmJmYjczMC1lY2FhLTExZTYtOGY4OC0zNDM2M2JjN2M0YzAiOnsiY3JlYXRlIjoyNDAwMDAwMDAwMDAsImRlbGV0ZSI6MjQwMDAwMDAwMDAwLCJ1cGRhdGUiOjI0MDAwMDAwMDAwMH19",
          "dependencies": [
            "module.cluster.google_container_cluster.primary",
            "module.cluster.google_container_node_pool.primary_preemptible_nodes",
            "module.cluster.google_project_service.container_api",
            "module.secrets.google_service_account.external_secrets",
            "module.secrets.google_service_account_iam_member.external_secrets"
          ]
        }
      ]
    },
    {
      "module": "module.mysql",
      "mode": "managed",
      "type": "google_secret_manager_secret_iam_member",
      "name": "database_password",
      "provider": "provider[\"registry.terraform.io/hashicorp/google-beta\"]",
      "instances": [
        {
          "schema_version": 0,
          "attributes": {
            "condition": [],
            "etag": "BwWvgkNtuc4=",
            "id": "projects/pmuir-dev/secrets/mysql-database-database-password/roles/secretmanager.secretAccessor/serviceaccount:externalsecrets@pmuir-dev.iam.gserviceaccount.com",
            "member": "serviceAccount:externalsecrets@pmuir-dev.iam.gserviceaccount.com",
            "project": "pmuir-dev",
            "role": "roles/secretmanager.secretAccessor",
            "secret_id": "projects/pmuir-dev/secrets/mysql-database-database-password"
          },
          "private": "bnVsbA==",
          "dependencies": [
            "module.cluster.google_container_cluster.primary",
            "module.cluster.google_container_node_pool.primary_preemptible_nodes",
            "module.cluster.google_project_service.container_api",
            "module.mysql.google_secret_manager_secret.database_password",
            "module.secrets.google_service_account.external_secrets",
            "module.secrets.google_service_account_iam_member.external_secrets"
          ]
        }
      ]
    },
    {
      "module": "module.mysql",
      "mode": "managed",
      "type": "google_secret_manager_secret_iam_member",
      "name": "database_service_account_key",
      "provider": "provider[\"registry.terraform.io/hashicorp/google-beta\"]",
      "instances": [
        {
          "schema_version": 0,
          "attributes": {
            "condition": [],
            "etag": "BwWvgkNg1vc=",
            "id": "projects/pmuir-dev/secrets/mysql-database-service-account-key/roles/secretmanager.secretAccessor/serviceaccount:externalsecrets@pmuir-dev.iam.gserviceaccount.com",
            "member": "serviceAccount:externalsecrets@pmuir-dev.iam.gserviceaccount.com",
            "project": "pmuir-dev",
            "role": "roles/secretmanager.secretAccessor",
            "secret_id": "projects/pmuir-dev/secrets/mysql-database-service-account-key"
          },
          "private": "bnVsbA==",
          "dependencies": [
            "module.cluster.google_container_cluster.primary",
            "module.cluster.google_container_node_pool.primary_preemptible_nodes",
            "module.cluster.google_project_service.container_api",
            "module.mysql.google_secret_manager_secret.database_service_account_key",
            "module.secrets.google_service_account.external_secrets",
            "module.secrets.google_service_account_iam_member.external_secrets"
          ]
        }
      ]
    },
    {
      "module": "module.mysql",
      "mode": "managed",
      "type": "google_secret_manager_secret_iam_member",
      "name": "mysql_properties",
      "provider": "provider[\"registry.terraform.io/hashicorp/google\"]",
      "instances": [
        {
          "schema_version": 0,
          "attributes": {
            "condition": [],
            "etag": "BwWvgkN70hM=",
            "id": "projects/pmuir-dev/secrets/mysql-database-mysql-proerties/roles/secretmanager.secretAccessor/serviceaccount:externalsecrets@pmuir-dev.iam.gserviceaccount.com",
            "member": "serviceAccount:externalsecrets@pmuir-dev.iam.gserviceaccount.com",
            "project": "pmuir-dev",
            "role": "roles/secretmanager.secretAccessor",
            "secret_id": "projects/pmuir-dev/secrets/mysql-database-mysql-proerties"
          },
          "private": "bnVsbA==",
          "dependencies": [
            "module.cluster.google_container_cluster.primary",
            "module.cluster.google_container_node_pool.primary_preemptible_nodes",
            "module.cluster.google_project_service.container_api",
            "module.mysql.google_secret_manager_secret.mysql_properties",
            "module.secrets.google_service_account.external_secrets",
            "module.secrets.google_service_account_iam_member.external_secrets"
          ]
        }
      ]
    },
    {
      "module": "module.mysql",
      "mode": "managed",
      "type": "google_secret_manager_secret_version",
      "name": "database_password_version",
      "provider": "provider[\"registry.terraform.io/hashicorp/google-beta\"]",
      "instances": [
        {
          "schema_version": 0,
          "attributes": {
            "create_time": "2020-09-17T13:25:47.317101Z",
            "destroy_time": "",
            "enabled": true,
            "id": "projects/1063004576079/secrets/mysql-database-database-password/versions/1",
            "name": "projects/1063004576079/secrets/mysql-database-database-password/versions/1",
            "secret": "projects/pmuir-dev/secrets/mysql-database-database-password",
            "secret_data": "qegygYKCGBb6fcCT",
            "timeouts": null
          },
          "private": "eyJlMmJmYjczMC1lY2FhLTExZTYtOGY4OC0zNDM2M2JjN2M0YzAiOnsiY3JlYXRlIjoyNDAwMDAwMDAwMDAsImRlbGV0ZSI6MjQwMDAwMDAwMDAwfX0=",
          "dependencies": [
            "module.cluster.google_container_cluster.primary",
            "module.cluster.google_container_node_pool.primary_preemptible_nodes",
            "module.cluster.google_project_service.container_api",
            "module.mysql.google_secret_manager_secret.database_password",
            "module.mysql.google_sql_database_instance.database",
            "module.mysql.google_sql_user.user",
            "module.mysql.random_password.password",
            "module.secrets.google_service_account.external_secrets",
            "module.secrets.google_service_account_iam_member.external_secrets"
          ]
        }
      ]
    },
    {
      "module": "module.mysql",
      "mode": "managed",
      "type": "google_secret_manager_secret_version",
      "name": "database_service_account_key_version",
      "provider": "provider[\"registry.terraform.io/hashicorp/google-beta\"]",
      "instances": [
        {
          "schema_version": 0,
          "attributes": {
            "create_time": "2020-09-17T13:21:35.352840Z",
            "destroy_time": "",
            "enabled": true,
            "id": "projects/1063004576079/secrets/mysql-database-service-account-key/versions/1",
            "name": "projects/1063004576079/secrets/mysql-database-service-account-key/versions/1",
            "secret": "projects/pmuir-dev/secrets/mysql-database-service-account-key",
            "secret_data": "ewogICJ0eXBlIjogInNlcnZpY2VfYWNjb3VudCIsCiAgInByb2plY3RfaWQiOiAicG11aXItZGV2IiwKICAicHJpdmF0ZV9rZXlfaWQiOiAiYmE3NjVmMTI2Zjc1YTBiMWIzOGE0NTYyYzcyMTNiNDk3YWYyZDkyOSIsCiAgInByaXZhdGVfa2V5IjogIi0tLS0tQkVHSU4gUFJJVkFURSBLRVktLS0tLVxuTUlJRXZBSUJBREFOQmdrcWhraUc5dzBCQVFFRkFBU0NCS1l3Z2dTaUFnRUFBb0lCQVFESE1mTlYvYkVnVXFRMVxuUjEwekNKQ2JpcVlIVlVtdWM2YUZRZXM5aUNKaHYzRVJEVzd2SVZjYnU1VnN2NXZFdG1kZTNhQnE1TldDazdLdVxuZFNyREZwU3QvcEZiM1psTWlvWnhDWEVuQm5ubElTbVRMb3lqUVpWaWxXeUtWWDBEQ2NNYlNEd2xKQ0cyMmEvelxuUmlVSGw4M1ZBOURKSkZ2emVpZXFhMFBxOXMrNmMyakJ5eHJ3TkVxd0I5RXZKbzc1YlQ4VlhiZjN1bW9zK2ptQlxuNWxSNGphZFNVczMwdDJKTFZ4MXY5c1NvN3JNeEY3c2pZYWpMR1pWM2ZCK0R6VERmanh5TjVZWU04M21CLzhEL1xuMWtHQ0lGU0Rjd1k4NSs2YnFobzFjTlN6bFhkM0k0V1JKdVMwNHBDMzVaYjVXQ2dYTit4SmJJNFR6bjRKa3REZFxuWGtFejRGU3ZBZ01CQUFFQ2dnRUFKNjJoQVpPSHVWOE0yNW9NREJMY0wwZUdlL1oydDF2TkkwVTJ0U3FOWXJndVxuTHcza2Q1akdENzJsYmFTYlJDdHJXdCs5eVIwdEZKWVVKU0Vzcy9DbkRDT2wwODFIOEpHMVp3WFE5c3VZODFYUVxuUU1Pb2V3cWcxYUxiSEpFYjFrT1hERE91MjEwZnBCc25xOGRncitzQ3NyaFFXZ2kya2tEV2J1RndCWGxGZHFlVlxuUDZWNmlTTmJWTGtJZTJldjBPcXkzdDRhTXp1cDVUdEpFNGpGMFlnellCb2N6VDR0TkYweUo5SWZCdXA5K0pKbFxuMEFPUzRYeXpUajdTaWpCaTBmWkEydStBL2twek1QT3J0cFFScXlWYWNVdWh5U2tBVXlMMlZhczkvYVNyWlhvUlxuQ2pGN2ZrSncyMTlDQmVtUnE0SkNSRzhSMkJrM3kzYTF4U3R2VVlhOG1RS0JnUUQxNEI2OXRpRjhDeFhIZEZoVVxuK09sUVRySWVGQm9vdW42MXdsN3BqeWVteGlsdE1GNWlqKzF4RDlmMWtxVlIyeElKamw0WXQwb0xMVWlsZU1CUlxuU1Vhczh2MnJiSVJ3M0hEamVGdEw0M3lZT1h5c0ZSczJBU2xBb2Y1VTVDTVVVSU1NVTdwNDZqY1dMMnRCRmVkK1xua09BN3hRclNud05ZeFE5TjhzMzlBUHAvYVFLQmdRRFBaY0N0T1ZTVWY3TGhNbVQ1ajZzMHcyQllsenpQY2lwSVxubVF3UUxmd0FaNEEwSGgwQXZiK1RNaDZUbStGS3czZ0EwWU5uTUd1VThHN3dVanlFRkZyVmRNdlZJOUFMbHhRbVxuNVVBUXhBR1djc1Q3YnRkb3JneUlmdFhtVXdtSUJsbHZpYU5CelQxME0rV3o3T0ZyTEVaV3h3eXJBb1kzMnJ5Y1xuaFFTNG4rM0lWd0tCZ0RzckN0ckdhSHBzUkhweUFndTR0cFN2eTJjM21TL3g2U29lTXk3clZ6Um4vWEljTUtweFxuVGtkbDg2ZFIrZHlmNWxCTVpWSjNVU2N0WjQwQ2FPMW12ODVBejFDZ1ZhSy9PWjlUeUV5VDJ0amJCS2g0ajhySVxuTHNBeCszMDhSVURQT3lvTlFCTjI4WGl5UXBJd0RqeEQ2dUlYUWNwN241ZU9IR2U2cFYxY0RldjVBb0dBYkFrcVxuUEZJZ0FCY2hQSFArNjQxdWR0YkxxbnBsMy80dGpwSERHZTZLVmorVUpoSUZzNndrVG00T1JZQXU5TDRzRmVrTlxuMVVRQTFwNEVmRVdxWm5jZjlnK1lXcGdFT1BWak52dTJ5c1QvdXJwZ2FFV09DbWFYK3NadmNFS1ROWHR4UFV2cVxuY2syU2xLU3dKSERoMyswNVd0em5lWEdnTHhwUHBBMGFyMzRINUpNQ2dZQkxUeExHOTNSWE94ZnE4czBKaDFNN1xubWltTlFNcjBMaVZLbHVtQ0pwWUcybnphdVQrNytmaEdmejJMbXhXR0xQZ1FLRFpDU1pmVkdBRjE4K0RvdlpiU1xuNVpuc0VPL1JBYlFRRE1GNGg3cGdLb0pFV2svYWhIdjBqV1JRZzdJSVpSSW1HajZxVk9yeTVFQ1BjTjFFUFptQVxuN1ZsZC9wS2RjbmRCUWl6NjRnM25nZz09XG4tLS0tLUVORCBQUklWQVRFIEtFWS0tLS0tXG4iLAogICJjbGllbnRfZW1haWwiOiAibXlzcWwtZGF0YWJhc2UtY2xvdWRzcWxAcG11aXItZGV2LmlhbS5nc2VydmljZWFjY291bnQuY29tIiwKICAiY2xpZW50X2lkIjogIjExODQ0NDU4MzczMzU2NTM5Njk2NCIsCiAgImF1dGhfdXJpIjogImh0dHBzOi8vYWNjb3VudHMuZ29vZ2xlLmNvbS9vL29hdXRoMi9hdXRoIiwKICAidG9rZW5fdXJpIjogImh0dHBzOi8vb2F1dGgyLmdvb2dsZWFwaXMuY29tL3Rva2VuIiwKICAiYXV0aF9wcm92aWRlcl94NTA5X2NlcnRfdXJsIjogImh0dHBzOi8vd3d3Lmdvb2dsZWFwaXMuY29tL29hdXRoMi92MS9jZXJ0cyIsCiAgImNsaWVudF94NTA5X2NlcnRfdXJsIjogImh0dHBzOi8vd3d3Lmdvb2dsZWFwaXMuY29tL3JvYm90L3YxL21ldGFkYXRhL3g1MDkvbXlzcWwtZGF0YWJhc2UtY2xvdWRzcWwlNDBwbXVpci1kZXYuaWFtLmdzZXJ2aWNlYWNjb3VudC5jb20iCn0K",
            "timeouts": null
          },
          "private": "eyJlMmJmYjczMC1lY2FhLTExZTYtOGY4OC0zNDM2M2JjN2M0YzAiOnsiY3JlYXRlIjoyNDAwMDAwMDAwMDAsImRlbGV0ZSI6MjQwMDAwMDAwMDAwfX0=",
          "dependencies": [
            "module.cluster.google_container_cluster.primary",
            "module.cluster.google_container_node_pool.primary_preemptible_nodes",
            "module.cluster.google_project_service.container_api",
            "module.mysql.google_secret_manager_secret.database_service_account_key",
            "module.mysql.google_service_account.service_account",
            "module.mysql.google_service_account_key.service_account_key",
            "module.secrets.google_service_account.external_secrets",
            "module.secrets.google_service_account_iam_member.external_secrets"
          ]
        }
      ]
    },
    {
      "module": "module.mysql",
      "mode": "managed",
      "type": "google_secret_manager_secret_version",
      "name": "mysql_properties_version",
      "provider": "provider[\"registry.terraform.io/hashicorp/google\"]",
      "instances": [
        {
          "schema_version": 0,
          "attributes": {
            "create_time": "2020-09-17T13:25:46.767355Z",
            "destroy_time": "",
            "enabled": true,
            "id": "projects/1063004576079/secrets/mysql-database-mysql-proerties/versions/1",
            "name": "projects/1063004576079/secrets/mysql-database-mysql-proerties/versions/1",
            "secret": "projects/pmuir-dev/secrets/mysql-database-mysql-proerties",
            "secret_data": "mysql_username: mysql\nmysql_password: qegygYKCGBb6fcCT\n",
            "timeouts": null
          },
          "private": "eyJlMmJmYjczMC1lY2FhLTExZTYtOGY4OC0zNDM2M2JjN2M0YzAiOnsiY3JlYXRlIjoyNDAwMDAwMDAwMDAsImRlbGV0ZSI6MjQwMDAwMDAwMDAwfX0=",
          "dependencies": [
            "module.cluster.google_container_cluster.primary",
            "module.cluster.google_container_node_pool.primary_preemptible_nodes",
            "module.cluster.google_project_service.container_api",
            "module.mysql.google_secret_manager_secret.mysql_properties",
            "module.mysql.google_sql_database_instance.database",
            "module.mysql.google_sql_user.user",
            "module.mysql.random_password.password",
            "module.secrets.google_service_account.external_secrets",
            "module.secrets.google_service_account_iam_member.external_secrets"
          ]
        }
      ]
    },
    {
      "module": "module.mysql",
      "mode": "managed",
      "type": "google_service_account",
      "name": "service_account",
      "provider": "provider[\"registry.terraform.io/hashicorp/google\"]",
      "instances": [
        {
          "schema_version": 0,
          "attributes": {
            "account_id": "mysql-database-cloudsql",
            "description": "",
            "display_name": "mysql-database CloudSQL Service Account",
            "email": "mysql-database-cloudsql@pmuir-dev.iam.gserviceaccount.com",
            "id": "projects/pmuir-dev/serviceAccounts/mysql-database-cloudsql@pmuir-dev.iam.gserviceaccount.com",
            "name": "projects/pmuir-dev/serviceAccounts/mysql-database-cloudsql@pmuir-dev.iam.gserviceaccount.com",
            "project": "pmuir-dev",
            "timeouts": null,
            "unique_id": "118444583733565396964"
          },
          "private": "eyJlMmJmYjczMC1lY2FhLTExZTYtOGY4OC0zNDM2M2JjN2M0YzAiOnsiY3JlYXRlIjozMDAwMDAwMDAwMDB9fQ==",
          "dependencies": [
            "module.cluster.google_container_cluster.primary",
            "module.cluster.google_container_node_pool.primary_preemptible_nodes",
            "module.cluster.google_project_service.container_api",
            "module.secrets.google_service_account.external_secrets",
            "module.secrets.google_service_account_iam_member.external_secrets"
          ]
        }
      ]
    },
    {
      "module": "module.mysql",
      "mode": "managed",
      "type": "google_service_account_key",
      "name": "service_account_key",
      "provider": "provider[\"registry.terraform.io/hashicorp/google\"]",
      "instances": [
        {
          "schema_version": 0,
          "attributes": {
            "id": "projects/pmuir-dev/serviceAccounts/mysql-database-cloudsql@pmuir-dev.iam.gserviceaccount.com/keys/ba765f126f75a0b1b38a4562c7213b497af2d929",
            "key_algorithm": "KEY_ALG_RSA_2048",
            "name": "projects/pmuir-dev/serviceAccounts/mysql-database-cloudsql@pmuir-dev.iam.gserviceaccount.com/keys/ba765f126f75a0b1b38a4562c7213b497af2d929",
            "pgp_key": null,
            "private_key": "ewogICJ0eXBlIjogInNlcnZpY2VfYWNjb3VudCIsCiAgInByb2plY3RfaWQiOiAicG11aXItZGV2IiwKICAicHJpdmF0ZV9rZXlfaWQiOiAiYmE3NjVmMTI2Zjc1YTBiMWIzOGE0NTYyYzcyMTNiNDk3YWYyZDkyOSIsCiAgInByaXZhdGVfa2V5IjogIi0tLS0tQkVHSU4gUFJJVkFURSBLRVktLS0tLVxuTUlJRXZBSUJBREFOQmdrcWhraUc5dzBCQVFFRkFBU0NCS1l3Z2dTaUFnRUFBb0lCQVFESE1mTlYvYkVnVXFRMVxuUjEwekNKQ2JpcVlIVlVtdWM2YUZRZXM5aUNKaHYzRVJEVzd2SVZjYnU1VnN2NXZFdG1kZTNhQnE1TldDazdLdVxuZFNyREZwU3QvcEZiM1psTWlvWnhDWEVuQm5ubElTbVRMb3lqUVpWaWxXeUtWWDBEQ2NNYlNEd2xKQ0cyMmEvelxuUmlVSGw4M1ZBOURKSkZ2emVpZXFhMFBxOXMrNmMyakJ5eHJ3TkVxd0I5RXZKbzc1YlQ4VlhiZjN1bW9zK2ptQlxuNWxSNGphZFNVczMwdDJKTFZ4MXY5c1NvN3JNeEY3c2pZYWpMR1pWM2ZCK0R6VERmanh5TjVZWU04M21CLzhEL1xuMWtHQ0lGU0Rjd1k4NSs2YnFobzFjTlN6bFhkM0k0V1JKdVMwNHBDMzVaYjVXQ2dYTit4SmJJNFR6bjRKa3REZFxuWGtFejRGU3ZBZ01CQUFFQ2dnRUFKNjJoQVpPSHVWOE0yNW9NREJMY0wwZUdlL1oydDF2TkkwVTJ0U3FOWXJndVxuTHcza2Q1akdENzJsYmFTYlJDdHJXdCs5eVIwdEZKWVVKU0Vzcy9DbkRDT2wwODFIOEpHMVp3WFE5c3VZODFYUVxuUU1Pb2V3cWcxYUxiSEpFYjFrT1hERE91MjEwZnBCc25xOGRncitzQ3NyaFFXZ2kya2tEV2J1RndCWGxGZHFlVlxuUDZWNmlTTmJWTGtJZTJldjBPcXkzdDRhTXp1cDVUdEpFNGpGMFlnellCb2N6VDR0TkYweUo5SWZCdXA5K0pKbFxuMEFPUzRYeXpUajdTaWpCaTBmWkEydStBL2twek1QT3J0cFFScXlWYWNVdWh5U2tBVXlMMlZhczkvYVNyWlhvUlxuQ2pGN2ZrSncyMTlDQmVtUnE0SkNSRzhSMkJrM3kzYTF4U3R2VVlhOG1RS0JnUUQxNEI2OXRpRjhDeFhIZEZoVVxuK09sUVRySWVGQm9vdW42MXdsN3BqeWVteGlsdE1GNWlqKzF4RDlmMWtxVlIyeElKamw0WXQwb0xMVWlsZU1CUlxuU1Vhczh2MnJiSVJ3M0hEamVGdEw0M3lZT1h5c0ZSczJBU2xBb2Y1VTVDTVVVSU1NVTdwNDZqY1dMMnRCRmVkK1xua09BN3hRclNud05ZeFE5TjhzMzlBUHAvYVFLQmdRRFBaY0N0T1ZTVWY3TGhNbVQ1ajZzMHcyQllsenpQY2lwSVxubVF3UUxmd0FaNEEwSGgwQXZiK1RNaDZUbStGS3czZ0EwWU5uTUd1VThHN3dVanlFRkZyVmRNdlZJOUFMbHhRbVxuNVVBUXhBR1djc1Q3YnRkb3JneUlmdFhtVXdtSUJsbHZpYU5CelQxME0rV3o3T0ZyTEVaV3h3eXJBb1kzMnJ5Y1xuaFFTNG4rM0lWd0tCZ0RzckN0ckdhSHBzUkhweUFndTR0cFN2eTJjM21TL3g2U29lTXk3clZ6Um4vWEljTUtweFxuVGtkbDg2ZFIrZHlmNWxCTVpWSjNVU2N0WjQwQ2FPMW12ODVBejFDZ1ZhSy9PWjlUeUV5VDJ0amJCS2g0ajhySVxuTHNBeCszMDhSVURQT3lvTlFCTjI4WGl5UXBJd0RqeEQ2dUlYUWNwN241ZU9IR2U2cFYxY0RldjVBb0dBYkFrcVxuUEZJZ0FCY2hQSFArNjQxdWR0YkxxbnBsMy80dGpwSERHZTZLVmorVUpoSUZzNndrVG00T1JZQXU5TDRzRmVrTlxuMVVRQTFwNEVmRVdxWm5jZjlnK1lXcGdFT1BWak52dTJ5c1QvdXJwZ2FFV09DbWFYK3NadmNFS1ROWHR4UFV2cVxuY2syU2xLU3dKSERoMyswNVd0em5lWEdnTHhwUHBBMGFyMzRINUpNQ2dZQkxUeExHOTNSWE94ZnE4czBKaDFNN1xubWltTlFNcjBMaVZLbHVtQ0pwWUcybnphdVQrNytmaEdmejJMbXhXR0xQZ1FLRFpDU1pmVkdBRjE4K0RvdlpiU1xuNVpuc0VPL1JBYlFRRE1GNGg3cGdLb0pFV2svYWhIdjBqV1JRZzdJSVpSSW1HajZxVk9yeTVFQ1BjTjFFUFptQVxuN1ZsZC9wS2RjbmRCUWl6NjRnM25nZz09XG4tLS0tLUVORCBQUklWQVRFIEtFWS0tLS0tXG4iLAogICJjbGllbnRfZW1haWwiOiAibXlzcWwtZGF0YWJhc2UtY2xvdWRzcWxAcG11aXItZGV2LmlhbS5nc2VydmljZWFjY291bnQuY29tIiwKICAiY2xpZW50X2lkIjogIjExODQ0NDU4MzczMzU2NTM5Njk2NCIsCiAgImF1dGhfdXJpIjogImh0dHBzOi8vYWNjb3VudHMuZ29vZ2xlLmNvbS9vL29hdXRoMi9hdXRoIiwKICAidG9rZW5fdXJpIjogImh0dHBzOi8vb2F1dGgyLmdvb2dsZWFwaXMuY29tL3Rva2VuIiwKICAiYXV0aF9wcm92aWRlcl94NTA5X2NlcnRfdXJsIjogImh0dHBzOi8vd3d3Lmdvb2dsZWFwaXMuY29tL29hdXRoMi92MS9jZXJ0cyIsCiAgImNsaWVudF94NTA5X2NlcnRfdXJsIjogImh0dHBzOi8vd3d3Lmdvb2dsZWFwaXMuY29tL3JvYm90L3YxL21ldGFkYXRhL3g1MDkvbXlzcWwtZGF0YWJhc2UtY2xvdWRzcWwlNDBwbXVpci1kZXYuaWFtLmdzZXJ2aWNlYWNjb3VudC5jb20iCn0K",
            "private_key_encrypted": null,
            "private_key_fingerprint": null,
            "private_key_type": "TYPE_GOOGLE_CREDENTIALS_FILE",
            "public_key": "LS0tLS1CRUdJTiBDRVJUSUZJQ0FURS0tLS0tCk1JSUMvRENDQWVTZ0F3SUJBZ0lJVGJYbUx0M3l6dkV3RFFZSktvWklodmNOQVFFRkJRQXdJREVlTUJ3R0ExVUUKQXhNVk1URTRORFEwTlRnek56TXpOVFkxTXprMk9UWTBNQ0FYRFRJd01Ea3hOekV6TWpFeU9Gb1lEems1T1RreApNak14TWpNMU9UVTVXakFnTVI0d0hBWURWUVFERXhVeE1UZzBORFExT0RNM016TTFOalV6T1RZNU5qUXdnZ0VpCk1BMEdDU3FHU0liM0RRRUJBUVVBQTRJQkR3QXdnZ0VLQW9JQkFRREhNZk5WL2JFZ1VxUTFSMTB6Q0pDYmlxWUgKVlVtdWM2YUZRZXM5aUNKaHYzRVJEVzd2SVZjYnU1VnN2NXZFdG1kZTNhQnE1TldDazdLdWRTckRGcFN0L3BGYgozWmxNaW9aeENYRW5Cbm5sSVNtVExveWpRWlZpbFd5S1ZYMERDY01iU0R3bEpDRzIyYS96UmlVSGw4M1ZBOURKCkpGdnplaWVxYTBQcTlzKzZjMmpCeXhyd05FcXdCOUV2Sm83NWJUOFZYYmYzdW1vcytqbUI1bFI0amFkU1VzMzAKdDJKTFZ4MXY5c1NvN3JNeEY3c2pZYWpMR1pWM2ZCK0R6VERmanh5TjVZWU04M21CLzhELzFrR0NJRlNEY3dZOAo1KzZicWhvMWNOU3psWGQzSTRXUkp1UzA0cEMzNVpiNVdDZ1hOK3hKYkk0VHpuNEprdERkWGtFejRGU3ZBZ01CCkFBR2pPREEyTUF3R0ExVWRFd0VCL3dRQ01BQXdEZ1lEVlIwUEFRSC9CQVFEQWdlQU1CWUdBMVVkSlFFQi93UU0KTUFvR0NDc0dBUVVGQndNQ01BMEdDU3FHU0liM0RRRUJCUVVBQTRJQkFRQ1ZDTzNDU2hTamJWM0hrckIrN3hkagpWSWt2SFdaQ2pQaFdQMG1IRUZwZ2JpYTVzSFZxdjJVY0VkWjA2WWNWLzRTbkFTaU9OUHVGNWVKbGplWlNWMVVkClZFdm96aW11bk80NWt5cXNkVjNEQXhjM0tlYWY4T1RyNVRabzZrOW1NdUVsd1RrMzlkeHBhUlAyODZHbWJBOGcKMWUyVlpCbHR1U2JaU3JhRWh3dkRweWdBMVljREEzWkRtd3I0L3pobmpqR1dDREd3aEc4RXB5L2xCVTI1UHlzSgpGTjFhY2lFVFllZkpjYTJQOUxUYTRnK1ZTYXdzd1RuYW1NYmZ3V2pSNm5TR0t6OE9vMEE3L1gzcmZiT0djeVJECmRYVGxKbFUrUEsvZktTV3BoTmIxREZPV1pqS09UQWk5MkVsUzk4YWxlNzlwKzZ6UTViR3ROOEY4blpQNmkzdXoKLS0tLS1FTkQgQ0VSVElGSUNBVEUtLS0tLQo=",
            "public_key_data": null,
            "public_key_type": "TYPE_X509_PEM_FILE",
            "service_account_id": "projects/pmuir-dev/serviceAccounts/mysql-database-cloudsql@pmuir-dev.iam.gserviceaccount.com",
            "valid_after": "2020-09-17T13:21:28Z",
            "valid_before": "9999-12-31T23:59:59Z"
          },
          "private": "bnVsbA==",
          "dependencies": [
            "module.cluster.google_container_cluster.primary",
            "module.cluster.google_container_node_pool.primary_preemptible_nodes",
            "module.cluster.google_project_service.container_api",
            "module.mysql.google_service_account.service_account",
            "module.secrets.google_service_account.external_secrets",
            "module.secrets.google_service_account_iam_member.external_secrets"
          ]
        }
      ]
    },
    {
      "module": "module.mysql",
      "mode": "managed",
      "type": "google_sql_database",
      "name": "database",
      "provider": "provider[\"registry.terraform.io/hashicorp/google\"]",
      "instances": [
        {
          "schema_version": 0,
          "attributes": {
            "charset": "utf8",
            "collation": "utf8_general_ci",
            "id": "projects/pmuir-dev/instances/mysql-database/databases/database",
            "instance": "mysql-database",
            "name": "database",
            "project": "pmuir-dev",
            "self_link": "https://sqladmin.googleapis.com/sql/v1beta4/projects/pmuir-dev/instances/mysql-database/databases/database",
            "timeouts": null
          },
          "private": "eyJlMmJmYjczMC1lY2FhLTExZTYtOGY4OC0zNDM2M2JjN2M0YzAiOnsiY3JlYXRlIjo5MDAwMDAwMDAwMDAsImRlbGV0ZSI6NjAwMDAwMDAwMDAwLCJ1cGRhdGUiOjYwMDAwMDAwMDAwMH19",
          "dependencies": [
            "module.cluster.google_container_cluster.primary",
            "module.cluster.google_container_node_pool.primary_preemptible_nodes",
            "module.cluster.google_project_service.container_api",
            "module.mysql.google_sql_database_instance.database",
            "module.secrets.google_service_account.external_secrets",
            "module.secrets.google_service_account_iam_member.external_secrets"
          ]
        }
      ]
    },
    {
      "module": "module.mysql",
      "mode": "managed",
      "type": "google_sql_database_instance",
      "name": "database",
      "provider": "provider[\"registry.terraform.io/hashicorp/google\"]",
      "instances": [
        {
          "schema_version": 0,
          "attributes": {
            "connection_name": "pmuir-dev:europe-west1:mysql-database",
            "database_version": "MYSQL_5_6",
            "first_ip_address": "104.199.104.102",
            "id": "mysql-database",
            "ip_address": [
              {
                "ip_address": "104.199.104.102",
                "time_to_retire": "",
                "type": "PRIMARY"
              }
            ],
            "master_instance_name": "",
            "name": "mysql-database",
            "private_ip_address": "",
            "project": "pmuir-dev",
            "public_ip_address": "104.199.104.102",
            "region": "europe-west1",
            "replica_configuration": [],
            "root_password": null,
            "self_link": "https://sqladmin.googleapis.com/sql/v1beta4/projects/pmuir-dev/instances/mysql-database",
            "server_ca_cert": [
              {
                "cert": "-----BEGIN CERTIFICATE-----\nMIIDfzCCAmegAwIBAgIBADANBgkqhkiG9w0BAQsFADB3MS0wKwYDVQQuEyQ3ZjFj\nOGMzNy00OGM2LTRjYmUtYjJmYy1iNzI3YzhiZWJmYTgxIzAhBgNVBAMTGkdvb2ds\nZSBDbG91ZCBTUUwgU2VydmVyIENBMRQwEgYDVQQKEwtHb29nbGUsIEluYzELMAkG\nA1UEBhMCVVMwHhcNMjAwOTE3MTMyMTMzWhcNMzAwOTE1MTMyMjMzWjB3MS0wKwYD\nVQQuEyQ3ZjFjOGMzNy00OGM2LTRjYmUtYjJmYy1iNzI3YzhiZWJmYTgxIzAhBgNV\nBAMTGkdvb2dsZSBDbG91ZCBTUUwgU2VydmVyIENBMRQwEgYDVQQKEwtHb29nbGUs\nIEluYzELMAkGA1UEBhMCVVMwggEiMA0GCSqGSIb3DQEBAQUAA4IBDwAwggEKAoIB\nAQCcjctBGzTqRj4MPPiqQxL6bHIvHdIPyvlP3zK0DUeNh1f5LG++6PTq76gJ2Mri\nGUSe4sP/F6yd5LF2h8lFlKYtSCp6iPvMVwDubxI+ovtFLTHRhyIcZQblDUFACucQ\nPJ2EBFG/IQD+gU2cFqz+KQUXKYgiPmxsjkwAckPHHK1ivjuLXxJvviJofMoEFQFH\n9fMLZzogUuyKKvEvKbvwzp/wEC4Fc363hkufy4QBmXyjSWU2pyTBLZ2AFy+h692J\nXHEyerlBDhUHMBajtgtUmS1i7MduAKYKR4tHeRhzR3gmAnnmK5PFdQWHJwQXxo2w\nj7B1rzG2Ke2Ydrd+R5FOCv1ZAgMBAAGjFjAUMBIGA1UdEwEB/wQIMAYBAf8CAQAw\nDQYJKoZIhvcNAQELBQADggEBAAXF92AkhYAIweSoBGIoSfJ/jGsPmRSsHWsRGFwI\nr50pyS7zBPu8Fnd8nh7rHayNLB/tgFgXbKi67VAkyGK3TxRH89RHZtAL0Uc9ijRZ\nURxXCiIxuyRRRMjC95hViVxDXKE00p2iGDSje49S/JmH8gAtTnMEaJeckWY7PW46\n8JqGXzMcE4HUG89zX1UcWyV8q9Jhyt8o8K0H6pSO9vXDVUIWOtnsPzboHnIaXTW4\n2PCyqQWaMzKvEXzujqfPJqeauNqtJteOBcoPsskgtwkKSxEX2z2nAZ1LdScNXDj0\nRVF3KhNcR0JYlhQT6qGSvB44IrhvlYX4qOCGV/s5fuTWN2A=\n-----END CERTIFICATE-----",
                "common_name": "C=US,O=Google\\, Inc,CN=Google Cloud SQL Server CA,dnQualifier=7f1c8c37-48c6-4cbe-b2fc-b727c8bebfa8",
                "create_time": "2020-09-17T13:21:33.911Z",
                "expiration_time": "2030-09-15T13:22:33.911Z",
                "sha1_fingerprint": "f64ba06fd0f6f2b79060ef2596f8a1e1bfd0ff99"
              }
            ],
            "service_account_email_address": "p1063004576079-pye7vg@gcp-sa-cloud-sql.iam.gserviceaccount.com",
            "settings": [
              {
                "activation_policy": "ALWAYS",
                "authorized_gae_applications": null,
                "availability_type": "",
                "backup_configuration": [
                  {
                    "binary_log_enabled": true,
                    "enabled": true,
                    "location": "",
                    "point_in_time_recovery_enabled": false,
                    "start_time": "18:00"
                  }
                ],
                "crash_safe_replication": false,
                "database_flags": [],
                "disk_autoresize": true,
                "disk_size": 10,
                "disk_type": "PD_SSD",
                "ip_configuration": [
                  {
                    "authorized_networks": [],
                    "ipv4_enabled": true,
                    "private_network": "",
                    "require_ssl": false
                  }
                ],
                "location_preference": [
                  {
                    "follow_gae_application": "",
                    "zone": "europe-west1-d"
                  }
                ],
                "maintenance_window": [],
                "pricing_plan": "PER_USE",
                "replication_type": "SYNCHRONOUS",
                "tier": "db-f1-micro",
                "user_labels": null,
                "version": 1
              }
            ],
            "timeouts": null
          },
          "private": "eyJlMmJmYjczMC1lY2FhLTExZTYtOGY4OC0zNDM2M2JjN2M0YzAiOnsiY3JlYXRlIjoxMjAwMDAwMDAwMDAwLCJkZWxldGUiOjEyMDAwMDAwMDAwMDAsInVwZGF0ZSI6MTIwMDAwMDAwMDAwMH19",
          "dependencies": [
            "module.cluster.google_container_cluster.primary",
            "module.cluster.google_container_node_pool.primary_preemptible_nodes",
            "module.cluster.google_project_service.container_api",
            "module.secrets.google_service_account.external_secrets",
            "module.secrets.google_service_account_iam_member.external_secrets"
          ]
        }
      ]
    },
    {
      "module": "module.mysql",
      "mode": "managed",
      "type": "google_sql_user",
      "name": "user",
      "provider": "provider[\"registry.terraform.io/hashicorp/google\"]",
      "instances": [
        {
          "schema_version": 1,
          "attributes": {
            "host": "",
            "id": "mysql//mysql-database",
            "instance": "mysql-database",
            "name": "mysql",
            "password": "qegygYKCGBb6fcCT",
            "project": "pmuir-dev",
            "timeouts": null
          },
          "private": "eyJlMmJmYjczMC1lY2FhLTExZTYtOGY4OC0zNDM2M2JjN2M0YzAiOnsiY3JlYXRlIjo2MDAwMDAwMDAwMDAsImRlbGV0ZSI6NjAwMDAwMDAwMDAwLCJ1cGRhdGUiOjYwMDAwMDAwMDAwMH0sInNjaGVtYV92ZXJzaW9uIjoiMSJ9",
          "dependencies": [
            "module.cluster.google_container_cluster.primary",
            "module.cluster.google_container_node_pool.primary_preemptible_nodes",
            "module.cluster.google_project_service.container_api",
            "module.mysql.google_sql_database_instance.database",
            "module.mysql.random_password.password",
            "module.secrets.google_service_account.external_secrets",
            "module.secrets.google_service_account_iam_member.external_secrets"
          ]
        }
      ]
    },
    {
      "module": "module.mysql",
      "mode": "managed",
      "type": "random_password",
      "name": "password",
      "provider": "provider[\"registry.terraform.io/hashicorp/random\"]",
      "instances": [
        {
          "schema_version": 0,
          "attributes": {
            "id": "none",
            "keepers": null,
            "length": 16,
            "lower": true,
            "min_lower": 0,
            "min_numeric": 0,
            "min_special": 0,
            "min_upper": 0,
            "number": true,
            "override_special": null,
            "result": "qegygYKCGBb6fcCT",
            "special": false,
            "upper": true
          },
          "private": "bnVsbA==",
          "dependencies": [
            "module.cluster.google_container_cluster.primary",
            "module.cluster.google_container_node_pool.primary_preemptible_nodes",
            "module.cluster.google_project_service.container_api",
            "module.secrets.google_service_account.external_secrets",
            "module.secrets.google_service_account_iam_member.external_secrets"
          ]
        }
      ]
    },
    {
      "module": "module.networking",
      "mode": "managed",
      "type": "google_compute_address",
      "name": "ip_address",
      "provider": "provider[\"registry.terraform.io/hashicorp/google\"]",
      "instances": [
        {
          "schema_version": 0,
          "attributes": {
            "address": "35.233.17.204",
            "address_type": "EXTERNAL",
            "creation_timestamp": "2020-09-17T01:56:27.640-07:00",
            "description": "",
            "id": "projects/pmuir-dev/regions/europe-west1/addresses/demo-cluster-ip-address",
            "name": "demo-cluster-ip-address",
            "network_tier": "PREMIUM",
            "project": "pmuir-dev",
            "purpose": "",
            "region": "europe-west1",
            "self_link": "https://www.googleapis.com/compute/v1/projects/pmuir-dev/regions/europe-west1/addresses/demo-cluster-ip-address",
            "subnetwork": "",
            "timeouts": null,
            "users": [
              "https://www.googleapis.com/compute/v1/projects/pmuir-dev/regions/europe-west1/forwardingRules/a4c15494d93e24ea29365f38ea97640a"
            ]
          },
          "private": "eyJlMmJmYjczMC1lY2FhLTExZTYtOGY4OC0zNDM2M2JjN2M0YzAiOnsiY3JlYXRlIjoyNDAwMDAwMDAwMDAsImRlbGV0ZSI6MjQwMDAwMDAwMDAwfX0="
        }
      ]
    },
    {
      "module": "module.networking",
      "mode": "managed",
      "type": "google_dns_managed_zone",
      "name": "managed_zone",
      "provider": "provider[\"registry.terraform.io/hashicorp/google\"]",
      "instances": [
        {
          "schema_version": 0,
          "attributes": {
            "description": "CBP Managed DNS Zone",
            "dns_name": "g.bleepbleep.org.uk.",
            "dnssec_config": [],
            "forwarding_config": [],
            "id": "projects/pmuir-dev/managedZones/demo-cluster-managed-zone",
            "labels": {},
            "name": "demo-cluster-managed-zone",
            "name_servers": [
              "ns-cloud-e1.googledomains.com.",
              "ns-cloud-e2.googledomains.com.",
              "ns-cloud-e3.googledomains.com.",
              "ns-cloud-e4.googledomains.com."
            ],
            "peering_config": [],
            "private_visibility_config": [],
            "project": "pmuir-dev",
            "timeouts": null,
            "visibility": "public"
          },
          "private": "eyJlMmJmYjczMC1lY2FhLTExZTYtOGY4OC0zNDM2M2JjN2M0YzAiOnsiY3JlYXRlIjoyNDAwMDAwMDAwMDAsImRlbGV0ZSI6MjQwMDAwMDAwMDAwLCJ1cGRhdGUiOjI0MDAwMDAwMDAwMH19"
        }
      ]
    },
    {
      "module": "module.networking",
      "mode": "managed",
      "type": "google_dns_record_set",
      "name": "caa",
      "provider": "provider[\"registry.terraform.io/hashicorp/google\"]",
      "instances": [
        {
          "schema_version": 0,
          "attributes": {
            "id": "demo-cluster-managed-zone/g.bleepbleep.org.uk./CAA",
            "managed_zone": "demo-cluster-managed-zone",
            "name": "g.bleepbleep.org.uk.",
            "project": "pmuir-dev",
            "rrdatas": [
              "0 issue \"letsencrypt.org\"",
              "0 issue \"pki.goog\""
            ],
            "ttl": 300,
            "type": "CAA"
          },
          "private": "bnVsbA==",
          "dependencies": [
            "module.networking.google_dns_managed_zone.managed_zone"
          ]
        }
      ]
    },
    {
      "module": "module.networking",
      "mode": "managed",
      "type": "google_project_iam_member",
      "name": "cert_manager",
      "provider": "provider[\"registry.terraform.io/hashicorp/google\"]",
      "instances": [
        {
          "schema_version": 0,
          "attributes": {
            "condition": [],
            "etag": "BwWvgijYS2w=",
            "id": "pmuir-dev/roles/dns.admin/serviceaccount:certmanager@pmuir-dev.iam.gserviceaccount.com",
            "member": "serviceAccount:certmanager@pmuir-dev.iam.gserviceaccount.com",
            "project": "pmuir-dev",
            "role": "roles/dns.admin"
          },
          "private": "bnVsbA==",
          "dependencies": [
            "module.networking.google_service_account.cert_manager"
          ]
        }
      ]
    },
    {
      "module": "module.networking",
      "mode": "managed",
      "type": "google_project_iam_member",
      "name": "external_dns",
      "provider": "provider[\"registry.terraform.io/hashicorp/google\"]",
      "instances": [
        {
          "schema_version": 0,
          "attributes": {
            "condition": [],
            "etag": "BwWvgijYS2w=",
            "id": "pmuir-dev/roles/dns.admin/serviceaccount:externaldns@pmuir-dev.iam.gserviceaccount.com",
            "member": "serviceAccount:externaldns@pmuir-dev.iam.gserviceaccount.com",
            "project": "pmuir-dev",
            "role": "roles/dns.admin"
          },
          "private": "bnVsbA==",
          "dependencies": [
            "module.networking.google_service_account.external_dns"
          ]
        }
      ]
    },
    {
      "module": "module.networking",
      "mode": "managed",
      "type": "google_project_service",
      "name": "dns",
      "provider": "provider[\"registry.terraform.io/hashicorp/google\"]",
      "instances": [
        {
          "schema_version": 0,
          "attributes": {
            "disable_dependent_services": null,
            "disable_on_destroy": false,
            "id": "pmuir-dev/dns.googleapis.com",
            "project": "pmuir-dev",
            "service": "dns.googleapis.com",
            "timeouts": null
          },
          "private": "eyJlMmJmYjczMC1lY2FhLTExZTYtOGY4OC0zNDM2M2JjN2M0YzAiOnsiY3JlYXRlIjoxMjAwMDAwMDAwMDAwLCJkZWxldGUiOjEyMDAwMDAwMDAwMDAsInJlYWQiOjYwMDAwMDAwMDAwMCwidXBkYXRlIjoxMjAwMDAwMDAwMDAwfX0="
        }
      ]
    },
    {
      "module": "module.networking",
      "mode": "managed",
      "type": "google_project_service",
      "name": "dns_api",
      "provider": "provider[\"registry.terraform.io/hashicorp/google\"]",
      "instances": [
        {
          "schema_version": 0,
          "attributes": {
            "disable_dependent_services": null,
            "disable_on_destroy": false,
            "id": "pmuir-dev/dns.googleapis.com",
            "project": "pmuir-dev",
            "service": "dns.googleapis.com",
            "timeouts": null
          },
          "private": "eyJlMmJmYjczMC1lY2FhLTExZTYtOGY4OC0zNDM2M2JjN2M0YzAiOnsiY3JlYXRlIjoxMjAwMDAwMDAwMDAwLCJkZWxldGUiOjEyMDAwMDAwMDAwMDAsInJlYWQiOjYwMDAwMDAwMDAwMCwidXBkYXRlIjoxMjAwMDAwMDAwMDAwfX0="
        }
      ]
    },
    {
      "module": "module.networking",
      "mode": "managed",
      "type": "google_service_account",
      "name": "cert_manager",
      "provider": "provider[\"registry.terraform.io/hashicorp/google\"]",
      "instances": [
        {
          "schema_version": 0,
          "attributes": {
            "account_id": "certmanager",
            "description": "",
            "display_name": "Cert Manager",
            "email": "certmanager@pmuir-dev.iam.gserviceaccount.com",
            "id": "projects/pmuir-dev/serviceAccounts/certmanager@pmuir-dev.iam.gserviceaccount.com",
            "name": "projects/pmuir-dev/serviceAccounts/certmanager@pmuir-dev.iam.gserviceaccount.com",
            "project": "pmuir-dev",
            "timeouts": null,
            "unique_id": "105760740771144513212"
          },
          "private": "eyJlMmJmYjczMC1lY2FhLTExZTYtOGY4OC0zNDM2M2JjN2M0YzAiOnsiY3JlYXRlIjozMDAwMDAwMDAwMDB9fQ=="
        }
      ]
    },
    {
      "module": "module.networking",
      "mode": "managed",
      "type": "google_service_account",
      "name": "external_dns",
      "provider": "provider[\"registry.terraform.io/hashicorp/google\"]",
      "instances": [
        {
          "schema_version": 0,
          "attributes": {
            "account_id": "externaldns",
            "description": "",
            "display_name": "External DNS",
            "email": "externaldns@pmuir-dev.iam.gserviceaccount.com",
            "id": "projects/pmuir-dev/serviceAccounts/externaldns@pmuir-dev.iam.gserviceaccount.com",
            "name": "projects/pmuir-dev/serviceAccounts/externaldns@pmuir-dev.iam.gserviceaccount.com",
            "project": "pmuir-dev",
            "timeouts": null,
            "unique_id": "105646995409260633046"
          },
          "private": "eyJlMmJmYjczMC1lY2FhLTExZTYtOGY4OC0zNDM2M2JjN2M0YzAiOnsiY3JlYXRlIjozMDAwMDAwMDAwMDB9fQ=="
        }
      ]
    },
    {
      "module": "module.networking",
      "mode": "managed",
      "type": "google_service_account_iam_member",
      "name": "cert_manager",
      "provider": "provider[\"registry.terraform.io/hashicorp/google-beta\"]",
      "instances": [
        {
          "schema_version": 0,
          "attributes": {
            "condition": [],
            "etag": "BwWuZNJOP7k=",
            "id": "projects/pmuir-dev/serviceAccounts/certmanager@pmuir-dev.iam.gserviceaccount.com/roles/iam.workloadIdentityUser/serviceaccount:pmuir-dev.svc.id.goog[cert-manager/cert-manager]",
            "member": "serviceAccount:pmuir-dev.svc.id.goog[cert-manager/cert-manager]",
            "role": "roles/iam.workloadIdentityUser",
            "service_account_id": "projects/pmuir-dev/serviceAccounts/certmanager@pmuir-dev.iam.gserviceaccount.com"
          },
          "private": "bnVsbA==",
          "dependencies": [
            "module.networking.google_service_account.cert_manager"
          ]
        }
      ]
    },
    {
      "module": "module.networking",
      "mode": "managed",
      "type": "google_service_account_iam_member",
      "name": "external_dns",
      "provider": "provider[\"registry.terraform.io/hashicorp/google-beta\"]",
      "instances": [
        {
          "schema_version": 0,
          "attributes": {
            "condition": [],
            "etag": "BwWvfo9LVxw=",
            "id": "projects/pmuir-dev/serviceAccounts/externaldns@pmuir-dev.iam.gserviceaccount.com/roles/iam.workloadIdentityUser/serviceaccount:pmuir-dev.svc.id.goog[external-dns/external-dns]",
            "member": "serviceAccount:pmuir-dev.svc.id.goog[external-dns/external-dns]",
            "role": "roles/iam.workloadIdentityUser",
            "service_account_id": "projects/pmuir-dev/serviceAccounts/externaldns@pmuir-dev.iam.gserviceaccount.com"
          },
          "private": "bnVsbA==",
          "dependencies": [
            "module.networking.google_service_account.external_dns"
          ]
        }
      ]
    },
    {
      "module": "module.postgres",
      "mode": "managed",
      "type": "google_project_iam_member",
      "name": "iam_binding_member",
      "provider": "provider[\"registry.terraform.io/hashicorp/google\"]",
      "instances": [
        {
          "schema_version": 0,
          "attributes": {
            "condition": [],
            "etag": "BwWvgijYS2w=",
            "id": "pmuir-dev/roles/cloudsql.client/serviceaccount:postgres-database-cloudsql@pmuir-dev.iam.gserviceaccount.com",
            "member": "serviceAccount:postgres-database-cloudsql@pmuir-dev.iam.gserviceaccount.com",
            "project": "pmuir-dev",
            "role": "roles/cloudsql.client"
          },
          "private": "bnVsbA==",
          "dependencies": [
            "module.cluster.google_container_cluster.primary",
            "module.cluster.google_container_node_pool.primary_preemptible_nodes",
            "module.cluster.google_project_service.container_api",
            "module.postgres.google_service_account.service_account",
            "module.secrets.google_service_account.external_secrets",
            "module.secrets.google_service_account_iam_member.external_secrets"
          ]
        }
      ]
    },
    {
      "module": "module.postgres",
      "mode": "managed",
      "type": "google_project_service",
      "name": "sql_admin",
      "provider": "provider[\"registry.terraform.io/hashicorp/google\"]",
      "instances": [
        {
          "schema_version": 0,
          "attributes": {
            "disable_dependent_services": null,
            "disable_on_destroy": false,
            "id": "pmuir-dev/sqladmin.googleapis.com",
            "project": "pmuir-dev",
            "service": "sqladmin.googleapis.com",
            "timeouts": null
          },
          "private": "eyJlMmJmYjczMC1lY2FhLTExZTYtOGY4OC0zNDM2M2JjN2M0YzAiOnsiY3JlYXRlIjoxMjAwMDAwMDAwMDAwLCJkZWxldGUiOjEyMDAwMDAwMDAwMDAsInJlYWQiOjYwMDAwMDAwMDAwMCwidXBkYXRlIjoxMjAwMDAwMDAwMDAwfX0=",
          "dependencies": [
            "module.cluster.google_container_cluster.primary",
            "module.cluster.google_container_node_pool.primary_preemptible_nodes",
            "module.cluster.google_project_service.container_api",
            "module.secrets.google_service_account.external_secrets",
            "module.secrets.google_service_account_iam_member.external_secrets"
          ]
        }
      ]
    },
    {
      "module": "module.postgres",
      "mode": "managed",
      "type": "google_project_service",
      "name": "sql_component_api",
      "provider": "provider[\"registry.terraform.io/hashicorp/google\"]",
      "instances": [
        {
          "schema_version": 0,
          "attributes": {
            "disable_dependent_services": null,
            "disable_on_destroy": false,
            "id": "pmuir-dev/sql-component.googleapis.com",
            "project": "pmuir-dev",
            "service": "sql-component.googleapis.com",
            "timeouts": null
          },
          "private": "eyJlMmJmYjczMC1lY2FhLTExZTYtOGY4OC0zNDM2M2JjN2M0YzAiOnsiY3JlYXRlIjoxMjAwMDAwMDAwMDAwLCJkZWxldGUiOjEyMDAwMDAwMDAwMDAsInJlYWQiOjYwMDAwMDAwMDAwMCwidXBkYXRlIjoxMjAwMDAwMDAwMDAwfX0=",
          "dependencies": [
            "module.cluster.google_container_cluster.primary",
            "module.cluster.google_container_node_pool.primary_preemptible_nodes",
            "module.cluster.google_project_service.container_api",
            "module.secrets.google_service_account.external_secrets",
            "module.secrets.google_service_account_iam_member.external_secrets"
          ]
        }
      ]
    },
    {
      "module": "module.postgres",
      "mode": "managed",
      "type": "google_secret_manager_secret",
      "name": "database_password",
      "provider": "provider[\"registry.terraform.io/hashicorp/google-beta\"]",
      "instances": [
        {
          "schema_version": 0,
          "attributes": {
            "create_time": "2020-09-17T13:14:01.945629Z",
            "id": "projects/pmuir-dev/secrets/postgres-database-database-password",
            "labels": {},
            "name": "projects/1063004576079/secrets/postgres-database-database-password",
            "project": "pmuir-dev",
            "replication": [
              {
                "automatic": true,
                "user_managed": []
              }
            ],
            "secret_id": "postgres-database-database-password",
            "timeouts": null
          },
          "private": "eyJlMmJmYjczMC1lY2FhLTExZTYtOGY4OC0zNDM2M2JjN2M0YzAiOnsiY3JlYXRlIjoyNDAwMDAwMDAwMDAsImRlbGV0ZSI6MjQwMDAwMDAwMDAwLCJ1cGRhdGUiOjI0MDAwMDAwMDAwMH19",
          "dependencies": [
            "module.cluster.google_container_cluster.primary",
            "module.cluster.google_container_node_pool.primary_preemptible_nodes",
            "module.cluster.google_project_service.container_api",
            "module.secrets.google_service_account.external_secrets",
            "module.secrets.google_service_account_iam_member.external_secrets"
          ]
        }
      ]
    },
    {
      "module": "module.postgres",
      "mode": "managed",
      "type": "google_secret_manager_secret",
      "name": "database_service_account_key",
      "provider": "provider[\"registry.terraform.io/hashicorp/google-beta\"]",
      "instances": [
        {
          "schema_version": 0,
          "attributes": {
            "create_time": "2020-09-17T13:14:00.742179Z",
            "id": "projects/pmuir-dev/secrets/postgres-database-service-account-key",
            "labels": {},
            "name": "projects/1063004576079/secrets/postgres-database-service-account-key",
            "project": "pmuir-dev",
            "replication": [
              {
                "automatic": true,
                "user_managed": []
              }
            ],
            "secret_id": "postgres-database-service-account-key",
            "timeouts": null
          },
          "private": "eyJlMmJmYjczMC1lY2FhLTExZTYtOGY4OC0zNDM2M2JjN2M0YzAiOnsiY3JlYXRlIjoyNDAwMDAwMDAwMDAsImRlbGV0ZSI6MjQwMDAwMDAwMDAwLCJ1cGRhdGUiOjI0MDAwMDAwMDAwMH19",
          "dependencies": [
            "module.cluster.google_container_cluster.primary",
            "module.cluster.google_container_node_pool.primary_preemptible_nodes",
            "module.cluster.google_project_service.container_api",
            "module.secrets.google_service_account.external_secrets",
            "module.secrets.google_service_account_iam_member.external_secrets"
          ]
        }
      ]
    },
    {
      "module": "module.postgres",
      "mode": "managed",
      "type": "google_secret_manager_secret",
      "name": "mysql_properties",
      "provider": "provider[\"registry.terraform.io/hashicorp/google\"]",
      "instances": [
        {
          "schema_version": 0,
          "attributes": {
            "create_time": "2020-09-17T13:14:03.385194Z",
            "id": "projects/pmuir-dev/secrets/postgres-database-mysql-proerties",
            "labels": {},
            "name": "projects/1063004576079/secrets/postgres-database-mysql-proerties",
            "project": "pmuir-dev",
            "replication": [
              {
                "automatic": true,
                "user_managed": []
              }
            ],
            "secret_id": "postgres-database-mysql-proerties",
            "timeouts": null
          },
          "private": "eyJlMmJmYjczMC1lY2FhLTExZTYtOGY4OC0zNDM2M2JjN2M0YzAiOnsiY3JlYXRlIjoyNDAwMDAwMDAwMDAsImRlbGV0ZSI6MjQwMDAwMDAwMDAwLCJ1cGRhdGUiOjI0MDAwMDAwMDAwMH19",
          "dependencies": [
            "module.cluster.google_container_cluster.primary",
            "module.cluster.google_container_node_pool.primary_preemptible_nodes",
            "module.cluster.google_project_service.container_api",
            "module.secrets.google_service_account.external_secrets",
            "module.secrets.google_service_account_iam_member.external_secrets"
          ]
        }
      ]
    },
    {
      "module": "module.postgres",
      "mode": "managed",
      "type": "google_secret_manager_secret_iam_member",
      "name": "database_password",
      "provider": "provider[\"registry.terraform.io/hashicorp/google-beta\"]",
      "instances": [
        {
          "schema_version": 0,
          "attributes": {
            "condition": [],
            "etag": "BwWvgiiKr30=",
            "id": "projects/pmuir-dev/secrets/postgres-database-database-password/roles/secretmanager.secretAccessor/serviceaccount:externalsecrets@pmuir-dev.iam.gserviceaccount.com",
            "member": "serviceAccount:externalsecrets@pmuir-dev.iam.gserviceaccount.com",
            "project": "pmuir-dev",
            "role": "roles/secretmanager.secretAccessor",
            "secret_id": "projects/pmuir-dev/secrets/postgres-database-database-password"
          },
          "private": "bnVsbA==",
          "dependencies": [
            "module.cluster.google_container_cluster.primary",
            "module.cluster.google_container_node_pool.primary_preemptible_nodes",
            "module.cluster.google_project_service.container_api",
            "module.postgres.google_secret_manager_secret.database_password",
            "module.secrets.google_service_account.external_secrets",
            "module.secrets.google_service_account_iam_member.external_secrets"
          ]
        }
      ]
    },
    {
      "module": "module.postgres",
      "mode": "managed",
      "type": "google_secret_manager_secret_iam_member",
      "name": "database_service_account_key",
      "provider": "provider[\"registry.terraform.io/hashicorp/google-beta\"]",
      "instances": [
        {
          "schema_version": 0,
          "attributes": {
            "condition": [],
            "etag": "BwWvgiiCYGY=",
            "id": "projects/pmuir-dev/secrets/postgres-database-service-account-key/roles/secretmanager.secretAccessor/serviceaccount:externalsecrets@pmuir-dev.iam.gserviceaccount.com",
            "member": "serviceAccount:externalsecrets@pmuir-dev.iam.gserviceaccount.com",
            "project": "pmuir-dev",
            "role": "roles/secretmanager.secretAccessor",
            "secret_id": "projects/pmuir-dev/secrets/postgres-database-service-account-key"
          },
          "private": "bnVsbA==",
          "dependencies": [
            "module.cluster.google_container_cluster.primary",
            "module.cluster.google_container_node_pool.primary_preemptible_nodes",
            "module.cluster.google_project_service.container_api",
            "module.postgres.google_secret_manager_secret.database_service_account_key",
            "module.secrets.google_service_account.external_secrets",
            "module.secrets.google_service_account_iam_member.external_secrets"
          ]
        }
      ]
    },
    {
      "module": "module.postgres",
      "mode": "managed",
      "type": "google_secret_manager_secret_iam_member",
      "name": "mysql_properties",
      "provider": "provider[\"registry.terraform.io/hashicorp/google\"]",
      "instances": [
        {
          "schema_version": 0,
          "attributes": {
            "condition": [],
            "etag": "BwWvgiiVY+M=",
            "id": "projects/pmuir-dev/secrets/postgres-database-mysql-proerties/roles/secretmanager.secretAccessor/serviceaccount:externalsecrets@pmuir-dev.iam.gserviceaccount.com",
            "member": "serviceAccount:externalsecrets@pmuir-dev.iam.gserviceaccount.com",
            "project": "pmuir-dev",
            "role": "roles/secretmanager.secretAccessor",
            "secret_id": "projects/pmuir-dev/secrets/postgres-database-mysql-proerties"
          },
          "private": "bnVsbA==",
          "dependencies": [
            "module.cluster.google_container_cluster.primary",
            "module.cluster.google_container_node_pool.primary_preemptible_nodes",
            "module.cluster.google_project_service.container_api",
            "module.postgres.google_secret_manager_secret.mysql_properties",
            "module.secrets.google_service_account.external_secrets",
            "module.secrets.google_service_account_iam_member.external_secrets"
          ]
        }
      ]
    },
    {
      "module": "module.postgres",
      "mode": "managed",
      "type": "google_secret_manager_secret_version",
      "name": "database_password_version",
      "provider": "provider[\"registry.terraform.io/hashicorp/google-beta\"]",
      "instances": [
        {
          "schema_version": 0,
          "attributes": {
            "create_time": "2020-09-17T13:20:53.644253Z",
            "destroy_time": "",
            "enabled": true,
            "id": "projects/1063004576079/secrets/postgres-database-database-password/versions/1",
            "name": "projects/1063004576079/secrets/postgres-database-database-password/versions/1",
            "secret": "projects/pmuir-dev/secrets/postgres-database-database-password",
            "secret_data": "1dUv68cWndlxjfFv",
            "timeouts": null
          },
          "private": "eyJlMmJmYjczMC1lY2FhLTExZTYtOGY4OC0zNDM2M2JjN2M0YzAiOnsiY3JlYXRlIjoyNDAwMDAwMDAwMDAsImRlbGV0ZSI6MjQwMDAwMDAwMDAwfX0=",
          "dependencies": [
            "module.cluster.google_container_cluster.primary",
            "module.cluster.google_container_node_pool.primary_preemptible_nodes",
            "module.cluster.google_project_service.container_api",
            "module.postgres.google_secret_manager_secret.database_password",
            "module.postgres.google_sql_database_instance.database",
            "module.postgres.google_sql_user.user",
            "module.postgres.random_password.password",
            "module.secrets.google_service_account.external_secrets",
            "module.secrets.google_service_account_iam_member.external_secrets"
          ]
        }
      ]
    },
    {
      "module": "module.postgres",
      "mode": "managed",
      "type": "google_secret_manager_secret_version",
      "name": "database_service_account_key_version",
      "provider": "provider[\"registry.terraform.io/hashicorp/google-beta\"]",
      "instances": [
        {
          "schema_version": 0,
          "attributes": {
            "create_time": "2020-09-17T13:14:08.727012Z",
            "destroy_time": "",
            "enabled": true,
            "id": "projects/1063004576079/secrets/postgres-database-service-account-key/versions/1",
            "name": "projects/1063004576079/secrets/postgres-database-service-account-key/versions/1",
            "secret": "projects/pmuir-dev/secrets/postgres-database-service-account-key",
            "secret_data": "ewogICJ0eXBlIjogInNlcnZpY2VfYWNjb3VudCIsCiAgInByb2plY3RfaWQiOiAicG11aXItZGV2IiwKICAicHJpdmF0ZV9rZXlfaWQiOiAiNTBkOTc3ODgyNGVjZjI5MTk5OTViYjBjZDFkNTEwZWRkODcyOTQ1MyIsCiAgInByaXZhdGVfa2V5IjogIi0tLS0tQkVHSU4gUFJJVkFURSBLRVktLS0tLVxuTUlJRXZ3SUJBREFOQmdrcWhraUc5dzBCQVFFRkFBU0NCS2t3Z2dTbEFnRUFBb0lCQVFDeXlQSTVxRVFIYmQ0K1xuYW02OGVsaGV1UENrVWxvcVNnK29KOFBCSE8vUlFzOXBHMUkzTllHRUp4ZHFiN3BqSjhyMjQxL0REaEt4NFV3N1xuZXErMUNwb0JOS3FCUkVUTElUWm04MFpHVGZGL0NkaUh2SWYwM1FjMkVqK1FOTWlsMjc1bW9tOWc3eDhLcHYyU1xuK0pwWHY2QUp0NXNYV2NhU2xmMXFwUnk0UHRrT0VDNHFWUTZuZEdNbHRKU2F5UlZIZHVjQlFVL3NaRjZNWUF5SlxuTU8zZUUzSU9OUzVHQktSWjRWT0t5UjkwRFpmYTlBSWxtR21vd3ovcW5TZjJUR2ZkTGorQlc5cnJmQklaUEZsSVxuNTl6WjNqbUtVcUczVWZnLzBBTkdkNWNUdFI1OVRBSmtyZE1nVGdXTkJweEJUM3dIcGVrNjdGM3VJWEF1cExablxuUXF5TCt1a3JBZ01CQUFFQ2dnRUFBcVdvb3o2Wmc1RDBFbWVDZXhLZStWYUdXb2ZnMlZqQXJ2cFpTUHpQQ29HbFxuRS8wZ3IyTnRFem1SdDV2OWdIVGdmWHNXY0NpMWMrdnd0RWY2UUVHZjkyeXVQWE15SDk0aEQxakhuRkl1SGRnNFxuTkxaS29UR2VtRGJIOUdHSC84YlRwSzNzSzdYVGxOOWZQcUFIYzhOaHhKTVFlNjRrRzFiU2ZoUHRzRnF0anI0UlxucU1xS3VvTzdIenZBNlRCMEJhbGZOVHROUTBqWW1jZjIzazFFUkVOMDNEdkZXY0N0eVc1T0tZL3o2U1RFaHBrVVxuallUSGVOSkU4UGlnSVNDT0NUL1R2dTZsSDRSUlVHNkIyN24zOUZWZEdVVk5HeVI4WnIwOVlBR2JIMG5nN09sUlxuUTFKd0NyZXNuRmFhZ2xMYUU0Mk92Q3d5OHNzczFXeXJIbXVWbTRWcWhRS0JnUUR6OUQxQUNMazV3a3Q0dnlIeVxuc0lDVGlFdjV3R0tlUnkvL0xCRHpnZFJOSU9rWVo1ODZwOWZSWEV5UXVzaWFKako0MWNYaExrQmFsTERSUEFPV1xuRzZUVys2Rzk0ZThqUEQ0c1h0QUQySUdlQzFObk92YUhOWUFxZ0xydEtUT3ZEWGc0czRIL2EyR0Z0N2pHNjNUeVxuME8vVkVJWDF4UUQvdGxnRFR3OUhJZHNJRFFLQmdRQzduT3UrVHhqNXlhb3h6UWEzSDFZTUZMa2l0clZuaXBPT1xuSzloNzY0dWNOMkJ0cWp1R2k0WnFHTktaKzFjemJmajlwdkJHejQwT0JkTTFXNzhaM3o0b3RjMVdiK09YeHI4MVxuSDJQNzZhVTFDVW1CeUo1VVd5V04zT010c1hWcVc1bmM4ZUJ6TXFFZkkzM082OTBoSzYvSVcyMTg3d0NURGlQOVxuQTBFZUo0WHdGd0tCZ1FEa2lpYm5Xa1RNQzIxUXpSNHNrWldpb01rc1RFTVhMSEdXaDkzSmdoTTF2bU1nYmRNSlxuekR1dTh0ejNxVVJNeFFQN2w2a3RiM3J5WU9IVTRuZ3BvL1FsUXM4ZmFBM3o0SGdPY1RSR3BnbW4yY3hrcFNSWFxuUHBPM1BhbmdpL3pUUGJjbXgyUTl1SWRBRWdHVXVQaHlrYkpjMUlIcTRJZ3pCc3dsTFdlT3AvVGQ4UUtCZ1FDUFxuTng2T1Mvc1kwdVRrMTBuRkNGcTdKaWFkWlRQZE1sK3BLN2M2QVhpMWEyQmsxb3BTRHJnd3pYb1dxVkxMbzZ0cVxubGNEZGpScDBGZVpBMlNSc0w0cFhzVkJxSjBkcFdRSWxIeTFINC9lRklPM0g4TWxNUTdmTEwwOE1WbWIzSmEyeVxuaDhGNnJxOW9BY1BMN1NrRVpVRHVoVHh6SGs4bDhxbHVQc202cHhrTFNRS0JnUUNLazFnSXJGOVJmVmtwenhpY1xuOS95SmlWUEZxQyt6RlUyUktoTjFydGNzMVBIRmZhelRLL0M5YVhMYXZWTUY3eEhnRTkvMjQ5OHNTM2I1aFhublxuTUVxRVJac25pSFFjeEM2VSttMWpQamdqM0lCRzdGRUxmcU1Ic3pzQk9kMDRaSTRqRjFycnRpaHdGN1pvdEpZSVxuNVpYSGpudEhlMGhEQUFJNzkvWEVwU2o1MHc9PVxuLS0tLS1FTkQgUFJJVkFURSBLRVktLS0tLVxuIiwKICAiY2xpZW50X2VtYWlsIjogInBvc3RncmVzLWRhdGFiYXNlLWNsb3Vkc3FsQHBtdWlyLWRldi5pYW0uZ3NlcnZpY2VhY2NvdW50LmNvbSIsCiAgImNsaWVudF9pZCI6ICIxMTMzNTg4MTAzNDkxMzEwNjk3MjYiLAogICJhdXRoX3VyaSI6ICJodHRwczovL2FjY291bnRzLmdvb2dsZS5jb20vby9vYXV0aDIvYXV0aCIsCiAgInRva2VuX3VyaSI6ICJodHRwczovL29hdXRoMi5nb29nbGVhcGlzLmNvbS90b2tlbiIsCiAgImF1dGhfcHJvdmlkZXJfeDUwOV9jZXJ0X3VybCI6ICJodHRwczovL3d3dy5nb29nbGVhcGlzLmNvbS9vYXV0aDIvdjEvY2VydHMiLAogICJjbGllbnRfeDUwOV9jZXJ0X3VybCI6ICJodHRwczovL3d3dy5nb29nbGVhcGlzLmNvbS9yb2JvdC92MS9tZXRhZGF0YS94NTA5L3Bvc3RncmVzLWRhdGFiYXNlLWNsb3Vkc3FsJTQwcG11aXItZGV2LmlhbS5nc2VydmljZWFjY291bnQuY29tIgp9Cg==",
            "timeouts": null
          },
          "private": "eyJlMmJmYjczMC1lY2FhLTExZTYtOGY4OC0zNDM2M2JjN2M0YzAiOnsiY3JlYXRlIjoyNDAwMDAwMDAwMDAsImRlbGV0ZSI6MjQwMDAwMDAwMDAwfX0=",
          "dependencies": [
            "module.cluster.google_container_cluster.primary",
            "module.cluster.google_container_node_pool.primary_preemptible_nodes",
            "module.cluster.google_project_service.container_api",
            "module.postgres.google_secret_manager_secret.database_service_account_key",
            "module.postgres.google_service_account.service_account",
            "module.postgres.google_service_account_key.service_account_key",
            "module.secrets.google_service_account.external_secrets",
            "module.secrets.google_service_account_iam_member.external_secrets"
          ]
        }
      ]
    },
    {
      "module": "module.postgres",
      "mode": "managed",
      "type": "google_secret_manager_secret_version",
      "name": "mysql_properties_version",
      "provider": "provider[\"registry.terraform.io/hashicorp/google\"]",
      "instances": [
        {
          "schema_version": 0,
          "attributes": {
            "create_time": "2020-09-17T13:20:54.177769Z",
            "destroy_time": "",
            "enabled": true,
            "id": "projects/1063004576079/secrets/postgres-database-mysql-proerties/versions/1",
            "name": "projects/1063004576079/secrets/postgres-database-mysql-proerties/versions/1",
            "secret": "projects/pmuir-dev/secrets/postgres-database-mysql-proerties",
            "secret_data": "mysql_username: postgres\nmysql_password: 1dUv68cWndlxjfFv\n",
            "timeouts": null
          },
          "private": "eyJlMmJmYjczMC1lY2FhLTExZTYtOGY4OC0zNDM2M2JjN2M0YzAiOnsiY3JlYXRlIjoyNDAwMDAwMDAwMDAsImRlbGV0ZSI6MjQwMDAwMDAwMDAwfX0=",
          "dependencies": [
            "module.cluster.google_container_cluster.primary",
            "module.cluster.google_container_node_pool.primary_preemptible_nodes",
            "module.cluster.google_project_service.container_api",
            "module.postgres.google_secret_manager_secret.mysql_properties",
            "module.postgres.google_sql_database_instance.database",
            "module.postgres.google_sql_user.user",
            "module.postgres.random_password.password",
            "module.secrets.google_service_account.external_secrets",
            "module.secrets.google_service_account_iam_member.external_secrets"
          ]
        }
      ]
    },
    {
      "module": "module.postgres",
      "mode": "managed",
      "type": "google_service_account",
      "name": "service_account",
      "provider": "provider[\"registry.terraform.io/hashicorp/google\"]",
      "instances": [
        {
          "schema_version": 0,
          "attributes": {
            "account_id": "postgres-database-cloudsql",
            "description": "",
            "display_name": "postgres-database CloudSQL Service Account",
            "email": "postgres-database-cloudsql@pmuir-dev.iam.gserviceaccount.com",
            "id": "projects/pmuir-dev/serviceAccounts/postgres-database-cloudsql@pmuir-dev.iam.gserviceaccount.com",
            "name": "projects/pmuir-dev/serviceAccounts/postgres-database-cloudsql@pmuir-dev.iam.gserviceaccount.com",
            "project": "pmuir-dev",
            "timeouts": null,
            "unique_id": "113358810349131069726"
          },
          "private": "eyJlMmJmYjczMC1lY2FhLTExZTYtOGY4OC0zNDM2M2JjN2M0YzAiOnsiY3JlYXRlIjozMDAwMDAwMDAwMDB9fQ==",
          "dependencies": [
            "module.cluster.google_container_cluster.primary",
            "module.cluster.google_container_node_pool.primary_preemptible_nodes",
            "module.cluster.google_project_service.container_api",
            "module.secrets.google_service_account.external_secrets",
            "module.secrets.google_service_account_iam_member.external_secrets"
          ]
        }
      ]
    },
    {
      "module": "module.postgres",
      "mode": "managed",
      "type": "google_service_account_key",
      "name": "service_account_key",
      "provider": "provider[\"registry.terraform.io/hashicorp/google\"]",
      "instances": [
        {
          "schema_version": 0,
          "attributes": {
            "id": "projects/pmuir-dev/serviceAccounts/postgres-database-cloudsql@pmuir-dev.iam.gserviceaccount.com/keys/50d9778824ecf2919995bb0cd1d510edd8729453",
            "key_algorithm": "KEY_ALG_RSA_2048",
            "name": "projects/pmuir-dev/serviceAccounts/postgres-database-cloudsql@pmuir-dev.iam.gserviceaccount.com/keys/50d9778824ecf2919995bb0cd1d510edd8729453",
            "pgp_key": null,
            "private_key": "ewogICJ0eXBlIjogInNlcnZpY2VfYWNjb3VudCIsCiAgInByb2plY3RfaWQiOiAicG11aXItZGV2IiwKICAicHJpdmF0ZV9rZXlfaWQiOiAiNTBkOTc3ODgyNGVjZjI5MTk5OTViYjBjZDFkNTEwZWRkODcyOTQ1MyIsCiAgInByaXZhdGVfa2V5IjogIi0tLS0tQkVHSU4gUFJJVkFURSBLRVktLS0tLVxuTUlJRXZ3SUJBREFOQmdrcWhraUc5dzBCQVFFRkFBU0NCS2t3Z2dTbEFnRUFBb0lCQVFDeXlQSTVxRVFIYmQ0K1xuYW02OGVsaGV1UENrVWxvcVNnK29KOFBCSE8vUlFzOXBHMUkzTllHRUp4ZHFiN3BqSjhyMjQxL0REaEt4NFV3N1xuZXErMUNwb0JOS3FCUkVUTElUWm04MFpHVGZGL0NkaUh2SWYwM1FjMkVqK1FOTWlsMjc1bW9tOWc3eDhLcHYyU1xuK0pwWHY2QUp0NXNYV2NhU2xmMXFwUnk0UHRrT0VDNHFWUTZuZEdNbHRKU2F5UlZIZHVjQlFVL3NaRjZNWUF5SlxuTU8zZUUzSU9OUzVHQktSWjRWT0t5UjkwRFpmYTlBSWxtR21vd3ovcW5TZjJUR2ZkTGorQlc5cnJmQklaUEZsSVxuNTl6WjNqbUtVcUczVWZnLzBBTkdkNWNUdFI1OVRBSmtyZE1nVGdXTkJweEJUM3dIcGVrNjdGM3VJWEF1cExablxuUXF5TCt1a3JBZ01CQUFFQ2dnRUFBcVdvb3o2Wmc1RDBFbWVDZXhLZStWYUdXb2ZnMlZqQXJ2cFpTUHpQQ29HbFxuRS8wZ3IyTnRFem1SdDV2OWdIVGdmWHNXY0NpMWMrdnd0RWY2UUVHZjkyeXVQWE15SDk0aEQxakhuRkl1SGRnNFxuTkxaS29UR2VtRGJIOUdHSC84YlRwSzNzSzdYVGxOOWZQcUFIYzhOaHhKTVFlNjRrRzFiU2ZoUHRzRnF0anI0UlxucU1xS3VvTzdIenZBNlRCMEJhbGZOVHROUTBqWW1jZjIzazFFUkVOMDNEdkZXY0N0eVc1T0tZL3o2U1RFaHBrVVxuallUSGVOSkU4UGlnSVNDT0NUL1R2dTZsSDRSUlVHNkIyN24zOUZWZEdVVk5HeVI4WnIwOVlBR2JIMG5nN09sUlxuUTFKd0NyZXNuRmFhZ2xMYUU0Mk92Q3d5OHNzczFXeXJIbXVWbTRWcWhRS0JnUUR6OUQxQUNMazV3a3Q0dnlIeVxuc0lDVGlFdjV3R0tlUnkvL0xCRHpnZFJOSU9rWVo1ODZwOWZSWEV5UXVzaWFKako0MWNYaExrQmFsTERSUEFPV1xuRzZUVys2Rzk0ZThqUEQ0c1h0QUQySUdlQzFObk92YUhOWUFxZ0xydEtUT3ZEWGc0czRIL2EyR0Z0N2pHNjNUeVxuME8vVkVJWDF4UUQvdGxnRFR3OUhJZHNJRFFLQmdRQzduT3UrVHhqNXlhb3h6UWEzSDFZTUZMa2l0clZuaXBPT1xuSzloNzY0dWNOMkJ0cWp1R2k0WnFHTktaKzFjemJmajlwdkJHejQwT0JkTTFXNzhaM3o0b3RjMVdiK09YeHI4MVxuSDJQNzZhVTFDVW1CeUo1VVd5V04zT010c1hWcVc1bmM4ZUJ6TXFFZkkzM082OTBoSzYvSVcyMTg3d0NURGlQOVxuQTBFZUo0WHdGd0tCZ1FEa2lpYm5Xa1RNQzIxUXpSNHNrWldpb01rc1RFTVhMSEdXaDkzSmdoTTF2bU1nYmRNSlxuekR1dTh0ejNxVVJNeFFQN2w2a3RiM3J5WU9IVTRuZ3BvL1FsUXM4ZmFBM3o0SGdPY1RSR3BnbW4yY3hrcFNSWFxuUHBPM1BhbmdpL3pUUGJjbXgyUTl1SWRBRWdHVXVQaHlrYkpjMUlIcTRJZ3pCc3dsTFdlT3AvVGQ4UUtCZ1FDUFxuTng2T1Mvc1kwdVRrMTBuRkNGcTdKaWFkWlRQZE1sK3BLN2M2QVhpMWEyQmsxb3BTRHJnd3pYb1dxVkxMbzZ0cVxubGNEZGpScDBGZVpBMlNSc0w0cFhzVkJxSjBkcFdRSWxIeTFINC9lRklPM0g4TWxNUTdmTEwwOE1WbWIzSmEyeVxuaDhGNnJxOW9BY1BMN1NrRVpVRHVoVHh6SGs4bDhxbHVQc202cHhrTFNRS0JnUUNLazFnSXJGOVJmVmtwenhpY1xuOS95SmlWUEZxQyt6RlUyUktoTjFydGNzMVBIRmZhelRLL0M5YVhMYXZWTUY3eEhnRTkvMjQ5OHNTM2I1aFhublxuTUVxRVJac25pSFFjeEM2VSttMWpQamdqM0lCRzdGRUxmcU1Ic3pzQk9kMDRaSTRqRjFycnRpaHdGN1pvdEpZSVxuNVpYSGpudEhlMGhEQUFJNzkvWEVwU2o1MHc9PVxuLS0tLS1FTkQgUFJJVkFURSBLRVktLS0tLVxuIiwKICAiY2xpZW50X2VtYWlsIjogInBvc3RncmVzLWRhdGFiYXNlLWNsb3Vkc3FsQHBtdWlyLWRldi5pYW0uZ3NlcnZpY2VhY2NvdW50LmNvbSIsCiAgImNsaWVudF9pZCI6ICIxMTMzNTg4MTAzNDkxMzEwNjk3MjYiLAogICJhdXRoX3VyaSI6ICJodHRwczovL2FjY291bnRzLmdvb2dsZS5jb20vby9vYXV0aDIvYXV0aCIsCiAgInRva2VuX3VyaSI6ICJodHRwczovL29hdXRoMi5nb29nbGVhcGlzLmNvbS90b2tlbiIsCiAgImF1dGhfcHJvdmlkZXJfeDUwOV9jZXJ0X3VybCI6ICJodHRwczovL3d3dy5nb29nbGVhcGlzLmNvbS9vYXV0aDIvdjEvY2VydHMiLAogICJjbGllbnRfeDUwOV9jZXJ0X3VybCI6ICJodHRwczovL3d3dy5nb29nbGVhcGlzLmNvbS9yb2JvdC92MS9tZXRhZGF0YS94NTA5L3Bvc3RncmVzLWRhdGFiYXNlLWNsb3Vkc3FsJTQwcG11aXItZGV2LmlhbS5nc2VydmljZWFjY291bnQuY29tIgp9Cg==",
            "private_key_encrypted": null,
            "private_key_fingerprint": null,
            "private_key_type": "TYPE_GOOGLE_CREDENTIALS_FILE",
            "public_key": "LS0tLS1CRUdJTiBDRVJUSUZJQ0FURS0tLS0tCk1JSUMvRENDQWVTZ0F3SUJBZ0lJUm9ETGpEdHdvUHd3RFFZSktvWklodmNOQVFFRkJRQXdJREVlTUJ3R0ExVUUKQXhNVk1URXpNelU0T0RFd016UTVNVE14TURZNU56STJNQ0FYRFRJd01Ea3hOekV6TVRRd05Wb1lEems1T1RreApNak14TWpNMU9UVTVXakFnTVI0d0hBWURWUVFERXhVeE1UTXpOVGc0TVRBek5Ea3hNekV3TmprM01qWXdnZ0VpCk1BMEdDU3FHU0liM0RRRUJBUVVBQTRJQkR3QXdnZ0VLQW9JQkFRQ3l5UEk1cUVRSGJkNCthbTY4ZWxoZXVQQ2sKVWxvcVNnK29KOFBCSE8vUlFzOXBHMUkzTllHRUp4ZHFiN3BqSjhyMjQxL0REaEt4NFV3N2VxKzFDcG9CTktxQgpSRVRMSVRabTgwWkdUZkYvQ2RpSHZJZjAzUWMyRWorUU5NaWwyNzVtb205Zzd4OEtwdjJTK0pwWHY2QUp0NXNYCldjYVNsZjFxcFJ5NFB0a09FQzRxVlE2bmRHTWx0SlNheVJWSGR1Y0JRVS9zWkY2TVlBeUpNTzNlRTNJT05TNUcKQktSWjRWT0t5UjkwRFpmYTlBSWxtR21vd3ovcW5TZjJUR2ZkTGorQlc5cnJmQklaUEZsSTU5elozam1LVXFHMwpVZmcvMEFOR2Q1Y1R0UjU5VEFKa3JkTWdUZ1dOQnB4QlQzd0hwZWs2N0YzdUlYQXVwTFpuUXF5TCt1a3JBZ01CCkFBR2pPREEyTUF3R0ExVWRFd0VCL3dRQ01BQXdEZ1lEVlIwUEFRSC9CQVFEQWdlQU1CWUdBMVVkSlFFQi93UU0KTUFvR0NDc0dBUVVGQndNQ01BMEdDU3FHU0liM0RRRUJCUVVBQTRJQkFRQ3hhZXR5akFmWndXVTY4cnpPaVpGQgpSem83NlFKNmlOTUpRSlJidzBzaVYvK0xmai9jZGc0M3hFcGZwR2hVSzhIYTRGcjA2eUtJaEt1bzh6bDVQQ004CmovWkZlbHlLSS9qeEdzVEkxdEgxNFVZNXFkeEdxblNLTU9CV29zajVVSGlXWlQxM0pxbHVsdkFQRnZ6YlF6Um0KQTZtejdVQ2JQczhKbEY1WVNnUkJLbHBJSG11YW92Nkg0MGFQek1RckFaTmp6T3NZbi9NemZqY1B4emliMlFTUgowQjlKQ1h1S3diUFRjMW8zdjlpL3lPV0xUbmFYSzV5VVhJTkd0c1YyY214eHNSQTk0ZnhRM0lvb2ZCSURYM0ZGCnBaOTZkZ29TRDUyQmxrOUhPYUNrNFhOQWd1V3hhMEhHb3VFMm04SXo5emNRQVNzRCtzZ2ZMWk12MUZxWFNlU0sKLS0tLS1FTkQgQ0VSVElGSUNBVEUtLS0tLQo=",
            "public_key_data": null,
            "public_key_type": "TYPE_X509_PEM_FILE",
            "service_account_id": "projects/pmuir-dev/serviceAccounts/postgres-database-cloudsql@pmuir-dev.iam.gserviceaccount.com",
            "valid_after": "2020-09-17T13:14:05Z",
            "valid_before": "9999-12-31T23:59:59Z"
          },
          "private": "bnVsbA==",
          "dependencies": [
            "module.cluster.google_container_cluster.primary",
            "module.cluster.google_container_node_pool.primary_preemptible_nodes",
            "module.cluster.google_project_service.container_api",
            "module.postgres.google_service_account.service_account",
            "module.secrets.google_service_account.external_secrets",
            "module.secrets.google_service_account_iam_member.external_secrets"
          ]
        }
      ]
    },
    {
      "module": "module.postgres",
      "mode": "managed",
      "type": "google_sql_database",
      "name": "database",
      "provider": "provider[\"registry.terraform.io/hashicorp/google\"]",
      "instances": [
        {
          "schema_version": 0,
          "attributes": {
            "charset": "UTF8",
            "collation": "en_US.UTF8",
            "id": "projects/pmuir-dev/instances/postgres-database/databases/database",
            "instance": "postgres-database",
            "name": "database",
            "project": "pmuir-dev",
            "self_link": "https://sqladmin.googleapis.com/sql/v1beta4/projects/pmuir-dev/instances/postgres-database/databases/database",
            "timeouts": null
          },
          "private": "eyJlMmJmYjczMC1lY2FhLTExZTYtOGY4OC0zNDM2M2JjN2M0YzAiOnsiY3JlYXRlIjo5MDAwMDAwMDAwMDAsImRlbGV0ZSI6NjAwMDAwMDAwMDAwLCJ1cGRhdGUiOjYwMDAwMDAwMDAwMH19",
          "dependencies": [
            "module.cluster.google_container_cluster.primary",
            "module.cluster.google_container_node_pool.primary_preemptible_nodes",
            "module.cluster.google_project_service.container_api",
            "module.postgres.google_sql_database_instance.database",
            "module.secrets.google_service_account.external_secrets",
            "module.secrets.google_service_account_iam_member.external_secrets"
          ]
        }
      ]
    },
    {
      "module": "module.postgres",
      "mode": "managed",
      "type": "google_sql_database_instance",
      "name": "database",
      "provider": "provider[\"registry.terraform.io/hashicorp/google\"]",
      "instances": [
        {
          "schema_version": 0,
          "attributes": {
            "connection_name": "pmuir-dev:europe-west1:postgres-database",
            "database_version": "POSTGRES_10",
            "first_ip_address": "35.233.127.9",
            "id": "postgres-database",
            "ip_address": [
              {
                "ip_address": "35.233.127.9",
                "time_to_retire": "",
                "type": "PRIMARY"
              }
            ],
            "master_instance_name": "",
            "name": "postgres-database",
            "private_ip_address": "",
            "project": "pmuir-dev",
            "public_ip_address": "35.233.127.9",
            "region": "europe-west1",
            "replica_configuration": [],
            "root_password": null,
            "self_link": "https://sqladmin.googleapis.com/sql/v1beta4/projects/pmuir-dev/instances/postgres-database",
            "server_ca_cert": [
              {
                "cert": "-----BEGIN CERTIFICATE-----\nMIIDfzCCAmegAwIBAgIBADANBgkqhkiG9w0BAQsFADB3MS0wKwYDVQQuEyQ0Yjkx\nOTMwMy1mZWU4LTQ2YTYtYmI4Ni01ZDQyODQ0ODQ1NWMxIzAhBgNVBAMTGkdvb2ds\nZSBDbG91ZCBTUUwgU2VydmVyIENBMRQwEgYDVQQKEwtHb29nbGUsIEluYzELMAkG\nA1UEBhMCVVMwHhcNMjAwOTE3MTMxNDA1WhcNMzAwOTE1MTMxNTA1WjB3MS0wKwYD\nVQQuEyQ0YjkxOTMwMy1mZWU4LTQ2YTYtYmI4Ni01ZDQyODQ0ODQ1NWMxIzAhBgNV\nBAMTGkdvb2dsZSBDbG91ZCBTUUwgU2VydmVyIENBMRQwEgYDVQQKEwtHb29nbGUs\nIEluYzELMAkGA1UEBhMCVVMwggEiMA0GCSqGSIb3DQEBAQUAA4IBDwAwggEKAoIB\nAQDJ9f/ZkQKsxtEKR5ydW1LgV4DSmTVJgAWaXCITFC0jf/pJKmKPX7XQeG+sNfvV\nEqu9eKzRxGzKNPanqb643mYBpjfPTMyHuJ/oHnCgCc5WRhx5E22ywyMA2voDY6f5\ndJ7Ns2qKjS+w/qltszz57s7I/h0qkMxec21GhoWpq0vgGTBCdhM69b6maibBlRbc\n4CTW2q2UcwMqKupRxMlBv782lLR2zh9tzJDmLrgZwYXs9XUGr/cEcun5CDnElIPg\nGj//EcuAvFD4EEQjlAHTXLyeaZ6v46BCOFXJ2e2+p46toT8BDIHHJ6NjDUVosNpp\nfoeu8FgJvQ2tdeaJAPTJGE/TAgMBAAGjFjAUMBIGA1UdEwEB/wQIMAYBAf8CAQAw\nDQYJKoZIhvcNAQELBQADggEBAINiSs55bqJTNQFSh8gs8BWQCAKhc0SNBUTOAZ5G\nCBN3TKIDcErlVgczmdP3RlYfbyBWr/pnQdjYndLMpmlNn+DmSP8UABODR5VQh7t3\nNsDrbqxa9Jh0AjdR0/hjYYCZkmQehFutJ9h7VXdWew71/1ucvSTOji+ANI/+rRKX\nyJwiI5MXAn77bJ3lE7kdYiVnKpcdVwm3ZCGueWtGt3A2e8aySxV5SOR9sVyTg9tH\nEwokqFRbOOka7l4BhE2D0TGmnJqJQmsv1aSzZqraJHVYzc6eHgvWYJfjAWwRLB7l\nogWhND4ax2A/pMpadvJC5CG9dm1BdgknjcLsNL0fHDJohns=\n-----END CERTIFICATE-----",
                "common_name": "C=US,O=Google\\, Inc,CN=Google Cloud SQL Server CA,dnQualifier=4b919303-fee8-46a6-bb86-5d428448455c",
                "create_time": "2020-09-17T13:14:05.226Z",
                "expiration_time": "2030-09-15T13:15:05.226Z",
                "sha1_fingerprint": "f7b38013807c72c3b301ae3df32deae3113f4fbc"
              }
            ],
            "service_account_email_address": "p1063004576079-quekr3@gcp-sa-cloud-sql.iam.gserviceaccount.com",
            "settings": [
              {
                "activation_policy": "ALWAYS",
                "authorized_gae_applications": [],
                "availability_type": "",
                "backup_configuration": [
                  {
                    "binary_log_enabled": false,
                    "enabled": true,
                    "location": "",
                    "point_in_time_recovery_enabled": false,
                    "start_time": "18:00"
                  }
                ],
                "crash_safe_replication": false,
                "database_flags": [],
                "disk_autoresize": true,
                "disk_size": 10,
                "disk_type": "PD_SSD",
                "ip_configuration": [
                  {
                    "authorized_networks": [],
                    "ipv4_enabled": true,
                    "private_network": "",
                    "require_ssl": false
                  }
                ],
                "location_preference": [
                  {
                    "follow_gae_application": "",
                    "zone": "europe-west1-b"
                  }
                ],
                "maintenance_window": [],
                "pricing_plan": "PER_USE",
                "replication_type": "SYNCHRONOUS",
                "tier": "db-f1-micro",
                "user_labels": {},
                "version": 1
              }
            ],
            "timeouts": null
          },
          "private": "eyJlMmJmYjczMC1lY2FhLTExZTYtOGY4OC0zNDM2M2JjN2M0YzAiOnsiY3JlYXRlIjoxMjAwMDAwMDAwMDAwLCJkZWxldGUiOjEyMDAwMDAwMDAwMDAsInVwZGF0ZSI6MTIwMDAwMDAwMDAwMH19",
          "dependencies": [
            "module.cluster.google_container_cluster.primary",
            "module.cluster.google_container_node_pool.primary_preemptible_nodes",
            "module.cluster.google_project_service.container_api",
            "module.secrets.google_service_account.external_secrets",
            "module.secrets.google_service_account_iam_member.external_secrets"
          ]
        }
      ]
    },
    {
      "module": "module.postgres",
      "mode": "managed",
      "type": "google_sql_user",
      "name": "user",
      "provider": "provider[\"registry.terraform.io/hashicorp/google\"]",
      "instances": [
        {
          "schema_version": 1,
          "attributes": {
            "host": "",
            "id": "postgres//postgres-database",
            "instance": "postgres-database",
            "name": "postgres",
            "password": "1dUv68cWndlxjfFv",
            "project": "pmuir-dev",
            "timeouts": null
          },
          "private": "eyJlMmJmYjczMC1lY2FhLTExZTYtOGY4OC0zNDM2M2JjN2M0YzAiOnsiY3JlYXRlIjo2MDAwMDAwMDAwMDAsImRlbGV0ZSI6NjAwMDAwMDAwMDAwLCJ1cGRhdGUiOjYwMDAwMDAwMDAwMH0sInNjaGVtYV92ZXJzaW9uIjoiMSJ9",
          "dependencies": [
            "module.cluster.google_container_cluster.primary",
            "module.cluster.google_container_node_pool.primary_preemptible_nodes",
            "module.cluster.google_project_service.container_api",
            "module.postgres.google_sql_database_instance.database",
            "module.postgres.random_password.password",
            "module.secrets.google_service_account.external_secrets",
            "module.secrets.google_service_account_iam_member.external_secrets"
          ]
        }
      ]
    },
    {
      "module": "module.postgres",
      "mode": "managed",
      "type": "random_password",
      "name": "password",
      "provider": "provider[\"registry.terraform.io/hashicorp/random\"]",
      "instances": [
        {
          "schema_version": 0,
          "attributes": {
            "id": "none",
            "keepers": null,
            "length": 16,
            "lower": true,
            "min_lower": 0,
            "min_numeric": 0,
            "min_special": 0,
            "min_upper": 0,
            "number": true,
            "override_special": null,
            "result": "1dUv68cWndlxjfFv",
            "special": false,
            "upper": true
          },
          "private": "bnVsbA==",
          "dependencies": [
            "module.cluster.google_container_cluster.primary",
            "module.cluster.google_container_node_pool.primary_preemptible_nodes",
            "module.cluster.google_project_service.container_api",
            "module.secrets.google_service_account.external_secrets",
            "module.secrets.google_service_account_iam_member.external_secrets"
          ]
        }
      ]
    },
    {
      "module": "module.secrets",
      "mode": "managed",
      "type": "google_service_account",
      "name": "external_secrets",
      "provider": "provider[\"registry.terraform.io/hashicorp/google\"]",
      "instances": [
        {
          "schema_version": 0,
          "attributes": {
            "account_id": "externalsecrets",
            "description": "",
            "display_name": "External Secrets",
            "email": "externalsecrets@pmuir-dev.iam.gserviceaccount.com",
            "id": "projects/pmuir-dev/serviceAccounts/externalsecrets@pmuir-dev.iam.gserviceaccount.com",
            "name": "projects/pmuir-dev/serviceAccounts/externalsecrets@pmuir-dev.iam.gserviceaccount.com",
            "project": "pmuir-dev",
            "timeouts": null,
            "unique_id": "103957129906304399933"
          },
          "private": "eyJlMmJmYjczMC1lY2FhLTExZTYtOGY4OC0zNDM2M2JjN2M0YzAiOnsiY3JlYXRlIjozMDAwMDAwMDAwMDB9fQ==",
          "dependencies": [
            "module.cluster.google_container_cluster.primary",
            "module.cluster.google_container_node_pool.primary_preemptible_nodes",
            "module.cluster.google_project_service.container_api"
          ]
        }
      ]
    },
    {
      "module": "module.secrets",
      "mode": "managed",
      "type": "google_service_account_iam_member",
      "name": "external_secrets",
      "provider": "provider[\"registry.terraform.io/hashicorp/google-beta\"]",
      "instances": [
        {
          "schema_version": 0,
          "attributes": {
            "condition": [],
            "etag": "BwWuCDw6AoQ=",
            "id": "projects/pmuir-dev/serviceAccounts/externalsecrets@pmuir-dev.iam.gserviceaccount.com/roles/iam.workloadIdentityUser/serviceaccount:pmuir-dev.svc.id.goog[external-secrets/external-secrets]",
            "member": "serviceAccount:pmuir-dev.svc.id.goog[external-secrets/external-secrets]",
            "role": "roles/iam.workloadIdentityUser",
            "service_account_id": "projects/pmuir-dev/serviceAccounts/externalsecrets@pmuir-dev.iam.gserviceaccount.com"
          },
          "private": "bnVsbA==",
          "dependencies": [
            "module.secrets.google_service_account.external_secrets"
          ]
        }
      ]
    },
    {
      "module": "module.shell",
      "mode": "managed",
      "type": "local_file",
      "name": "example_output",
      "provider": "provider[\"registry.terraform.io/hashicorp/local\"]",
      "instances": [
        {
          "schema_version": 0,
          "attributes": {
            "content": "#!/bin/sh\n\ngcloud container clusters get-credentials demo-cluster --zone europe-west1-b --project pmuir-dev",
            "content_base64": null,
            "directory_permission": "0777",
            "file_permission": "755",
            "filename": "../bin/cluster-connect.sh",
            "id": "cfca4e4e4c65f32dc25849a579f1d574e2031d97",
            "sensitive_content": null
          },
          "private": "bnVsbA=="
        }
      ]
    }
  ]
}
