{
  "version": 4,
  "terraform_version": "0.13.1",
  "serial": 220,
  "lineage": "47ad82bf-b73c-8505-9f76-202173a9e30a",
  "outputs": {},
  "resources": [
    {
      "mode": "managed",
      "type": "google_project_service",
      "name": "secretmanager_api",
      "provider": "provider[\"registry.terraform.io/hashicorp/google\"]",
      "instances": [
        {
          "schema_version": 0,
          "attributes": {
            "disable_dependent_services": null,
            "disable_on_destroy": false,
            "id": "pmuir-dev/secretmanager.googleapis.com",
            "project": "pmuir-dev",
            "service": "secretmanager.googleapis.com",
            "timeouts": null
          },
          "private": "eyJlMmJmYjczMC1lY2FhLTExZTYtOGY4OC0zNDM2M2JjN2M0YzAiOnsiY3JlYXRlIjoxMjAwMDAwMDAwMDAwLCJkZWxldGUiOjEyMDAwMDAwMDAwMDAsInJlYWQiOjYwMDAwMDAwMDAwMCwidXBkYXRlIjoxMjAwMDAwMDAwMDAwfX0="
        }
      ]
    },
    {
      "module": "module.cluster",
      "mode": "managed",
      "type": "google_container_cluster",
      "name": "primary",
      "provider": "provider[\"registry.terraform.io/hashicorp/google-beta\"]",
      "instances": [
        {
          "schema_version": 1,
          "attributes": {
            "additional_zones": [],
            "addons_config": [
              {
                "cloudrun_config": [],
                "config_connector_config": [],
                "dns_cache_config": [],
                "gce_persistent_disk_csi_driver_config": [],
                "horizontal_pod_autoscaling": [],
                "http_load_balancing": [],
                "istio_config": [],
                "kalm_config": [],
                "kubernetes_dashboard": [],
                "network_policy_config": [
                  {
                    "disabled": true
                  }
                ]
              }
            ],
            "authenticator_groups_config": [],
            "cluster_autoscaling": [
              {
                "auto_provisioning_defaults": [],
                "autoscaling_profile": "BALANCED",
                "enabled": false,
                "resource_limits": []
              }
            ],
            "cluster_ipv4_cidr": "10.0.0.0/14",
            "cluster_telemetry": [
              {
                "type": "ENABLED"
              }
            ],
            "database_encryption": [
              {
                "key_name": "",
                "state": "DECRYPTED"
              }
            ],
            "default_max_pods_per_node": null,
            "default_snat_status": [
              {
                "disabled": false
              }
            ],
            "description": "",
            "enable_binary_authorization": false,
            "enable_intranode_visibility": false,
            "enable_kubernetes_alpha": false,
            "enable_legacy_abac": false,
            "enable_shielded_nodes": false,
            "enable_tpu": false,
            "endpoint": "23.251.131.132",
            "id": "projects/pmuir-dev/locations/europe-west1-b/clusters/demo-cluster",
            "initial_node_count": 1,
            "instance_group_urls": [
              "https://www.googleapis.com/compute/beta/projects/pmuir-dev/zones/europe-west1-b/instanceGroups/gke-demo-cluster-demo-cluster-node-po-08ce2838-grp"
            ],
            "ip_allocation_policy": [],
            "label_fingerprint": "a9dc16a7",
            "location": "europe-west1-b",
            "logging_service": "logging.googleapis.com/kubernetes",
            "maintenance_policy": [],
            "master_auth": [
              {
                "client_certificate": "",
                "client_certificate_config": [
                  {
                    "issue_client_certificate": false
                  }
                ],
                "client_key": "",
                "cluster_ca_certificate": "LS0tLS1CRUdJTiBDRVJUSUZJQ0FURS0tLS0tCk1JSURLekNDQWhPZ0F3SUJBZ0lSQU9BL2lGZnE5d3czYWNWeW1WWU5ZWWN3RFFZSktvWklodmNOQVFFTEJRQXcKTHpFdE1Dc0dBMVVFQXhNa1pUWTVZekEzWmpNdE5XWTRNaTAwTlRReUxXRmxObUl0TjJNek9UWXpZVEl5TjJFeQpNQjRYRFRJd01EZ3lPVEUxTVRjMU9Gb1hEVEkxTURneU9ERTJNVGMxT0Zvd0x6RXRNQ3NHQTFVRUF4TWtaVFk1Cll6QTNaak10TldZNE1pMDBOVFF5TFdGbE5tSXROMk16T1RZellUSXlOMkV5TUlJQklqQU5CZ2txaGtpRzl3MEIKQVFFRkFBT0NBUThBTUlJQkNnS0NBUUVBc3cxeXRsK0pRK0F5NTkzem5NaTF2MFREdXphK0hFS0I4eVUwSGJOTwpDZ21zcWhTOGo3N1VOSjlJUU5IUjhJM2J0TWhYejZ4bjBUWjFlUHlHZkU5UUNkWDlkMVZ6RUdhMEdIZFRDdUlNClR5aCtRZ3dJZWhjeWcyajNQMGtqM1RuVWh3by9iVHh6YnRkMXBUM3Fyc2Y0eFpaeVYxbDZRalZwUTBjSnhoVWgKZFU1VW15aXBJZ2hNMVlOQ2EzTXlUTVBHeGV0NE1lWnhjTGdMKzlrUkl2SC95cTdXdmFkanVZQ1ZXRTFCbEtqKwpIUWttRW9PV21MRlFUbUltVzFlMlM4ZGlxRlo1NUF0UVlhck00UEdsZklRN3B2ckFVN3VyMTl1SnlVdzdxUllsCnhXdVlrVXZVT3Vsdnc1eTByTTZ4di9xMUwxa1h6aCt5WStVVjdReGU4UUZlRlFJREFRQUJvMEl3UURBT0JnTlYKSFE4QkFmOEVCQU1DQWdRd0R3WURWUjBUQVFIL0JBVXdBd0VCL3pBZEJnTlZIUTRFRmdRVUVzSkhsVWlZQnFQZApEbjJWSldkTHgzS2NoZEF3RFFZSktvWklodmNOQVFFTEJRQURnZ0VCQUNPMUdOdFFqd1JrMHA0bUpXdHlzdTY0CmlPVDV5emNjQjZjaFcwNGdoQjlPM0E3cy82RkpSZDJ5cjM5S1djMk9WaDV6dTRCWng4YVBCR3VEc1hiNk54RGQKcDZNWnZwa0U5K2RXR3F1L2FPVENvMDNUNzhlUmxtUGIzTS93RDM5V05YUXRtbHJpWGZneHFobWg4Mk5GR05WRwpUODhSUzVxQlBDajV4Yy85aVJuczlBcnZSNUw2anFtL285UFdOY0swNVdvSk5Sd1dtRm9vT0FXaldZNTBHLy9JCnlKSTluZytVYllVNUx6dmx6Rnl6OWU4dFY3KzFYcHBycnpKZXBONFAreHUrcFRsQkJSWGxUaE9xWEtUR3VTRngKdWFvSVZDUGU4VWIrSXprK1RsVi9FUTIwSHoyc0tzcDlSM1BZQ0U0bE1LZW9hTHhpR3ROVzBBWjFNaFVxQmZZPQotLS0tLUVORCBDRVJUSUZJQ0FURS0tLS0tCg==",
                "password": "",
                "username": ""
              }
            ],
            "master_authorized_networks_config": [],
            "master_version": "1.16.13-gke.1",
            "min_master_version": null,
            "monitoring_service": "monitoring.googleapis.com/kubernetes",
            "name": "demo-cluster",
            "network": "projects/pmuir-dev/global/networks/default",
            "network_policy": [
              {
                "enabled": false,
                "provider": "PROVIDER_UNSPECIFIED"
              }
            ],
            "networking_mode": "ROUTES",
            "node_config": [
              {
                "boot_disk_kms_key": "",
                "disk_size_gb": 100,
                "disk_type": "pd-standard",
                "guest_accelerator": [],
                "image_type": "COS",
                "labels": {},
                "local_ssd_count": 0,
                "machine_type": "n1-standard-4",
                "metadata": {
                  "disable-legacy-endpoints": "true"
                },
                "min_cpu_platform": "",
                "oauth_scopes": [
                  "https://www.googleapis.com/auth/logging.write",
                  "https://www.googleapis.com/auth/monitoring"
                ],
                "preemptible": true,
                "sandbox_config": [],
                "service_account": "default",
                "shielded_instance_config": [
                  {
                    "enable_integrity_monitoring": true,
                    "enable_secure_boot": false
                  }
                ],
                "tags": [],
                "taint": [],
                "workload_metadata_config": [
                  {
                    "node_metadata": "GKE_METADATA_SERVER"
                  }
                ]
              }
            ],
            "node_locations": [],
            "node_pool": [
              {
                "autoscaling": [],
                "initial_node_count": 1,
                "instance_group_urls": [
                  "https://www.googleapis.com/compute/v1/projects/pmuir-dev/zones/europe-west1-b/instanceGroupManagers/gke-demo-cluster-demo-cluster-node-po-08ce2838-grp"
                ],
                "management": [
                  {
                    "auto_repair": true,
                    "auto_upgrade": true
                  }
                ],
                "max_pods_per_node": 0,
                "name": "demo-cluster-node-pool",
                "name_prefix": "",
                "node_config": [
                  {
                    "boot_disk_kms_key": "",
                    "disk_size_gb": 100,
                    "disk_type": "pd-standard",
                    "guest_accelerator": [],
                    "image_type": "COS",
                    "labels": {},
                    "local_ssd_count": 0,
                    "machine_type": "n1-standard-4",
                    "metadata": {
                      "disable-legacy-endpoints": "true"
                    },
                    "min_cpu_platform": "",
                    "oauth_scopes": [
                      "https://www.googleapis.com/auth/logging.write",
                      "https://www.googleapis.com/auth/monitoring"
                    ],
                    "preemptible": true,
                    "sandbox_config": [],
                    "service_account": "default",
                    "shielded_instance_config": [
                      {
                        "enable_integrity_monitoring": true,
                        "enable_secure_boot": false
                      }
                    ],
                    "tags": [],
                    "taint": [],
                    "workload_metadata_config": [
                      {
                        "node_metadata": "GKE_METADATA_SERVER"
                      }
                    ]
                  }
                ],
                "node_count": 1,
                "node_locations": [
                  "europe-west1-b"
                ],
                "upgrade_settings": [
                  {
                    "max_surge": 1,
                    "max_unavailable": 0
                  }
                ],
                "version": "1.16.13-gke.1"
              }
            ],
            "node_version": "1.16.13-gke.1",
            "operation": null,
            "pod_security_policy_config": [
              {
                "enabled": false
              }
            ],
            "private_cluster_config": [],
            "project": "pmuir-dev",
            "region": null,
            "release_channel": [
              {
                "channel": "REGULAR"
              }
            ],
            "remove_default_node_pool": true,
            "resource_labels": {},
            "resource_usage_export_config": [],
            "services_ipv4_cidr": "10.3.240.0/20",
            "subnetwork": "projects/pmuir-dev/regions/europe-west1/subnetworks/default",
            "timeouts": null,
            "tpu_ipv4_cidr_block": "",
            "vertical_pod_autoscaling": [],
            "workload_identity_config": [
              {
                "identity_namespace": "pmuir-dev.svc.id.goog"
              }
            ],
            "zone": null
          },
          "private": "eyJlMmJmYjczMC1lY2FhLTExZTYtOGY4OC0zNDM2M2JjN2M0YzAiOnsiY3JlYXRlIjoyNDAwMDAwMDAwMDAwLCJkZWxldGUiOjI0MDAwMDAwMDAwMDAsInJlYWQiOjI0MDAwMDAwMDAwMDAsInVwZGF0ZSI6MzYwMDAwMDAwMDAwMH0sInNjaGVtYV92ZXJzaW9uIjoiMSJ9"
        }
      ]
    },
    {
      "module": "module.cluster",
      "mode": "managed",
      "type": "google_container_node_pool",
      "name": "primary_preemptible_nodes",
      "provider": "provider[\"registry.terraform.io/hashicorp/google-beta\"]",
      "instances": [
        {
          "schema_version": 1,
          "attributes": {
            "autoscaling": [],
            "cluster": "demo-cluster",
            "id": "projects/pmuir-dev/locations/europe-west1-b/clusters/demo-cluster/nodePools/demo-cluster-node-pool",
            "initial_node_count": 1,
            "instance_group_urls": [
              "https://www.googleapis.com/compute/v1/projects/pmuir-dev/zones/europe-west1-b/instanceGroupManagers/gke-demo-cluster-demo-cluster-node-po-08ce2838-grp"
            ],
            "location": "europe-west1-b",
            "management": [
              {
                "auto_repair": true,
                "auto_upgrade": true
              }
            ],
            "max_pods_per_node": null,
            "name": "demo-cluster-node-pool",
            "name_prefix": "",
            "node_config": [
              {
                "boot_disk_kms_key": "",
                "disk_size_gb": 100,
                "disk_type": "pd-standard",
                "guest_accelerator": [],
                "image_type": "COS",
                "labels": {},
                "local_ssd_count": 0,
                "machine_type": "n1-standard-4",
                "metadata": {
                  "disable-legacy-endpoints": "true"
                },
                "min_cpu_platform": "",
                "oauth_scopes": [
                  "https://www.googleapis.com/auth/logging.write",
                  "https://www.googleapis.com/auth/monitoring"
                ],
                "preemptible": true,
                "sandbox_config": [],
                "service_account": "default",
                "shielded_instance_config": [
                  {
                    "enable_integrity_monitoring": true,
                    "enable_secure_boot": false
                  }
                ],
                "tags": [],
                "taint": [],
                "workload_metadata_config": [
                  {
                    "node_metadata": "GKE_METADATA_SERVER"
                  }
                ]
              }
            ],
            "node_count": 1,
            "node_locations": [
              "europe-west1-b"
            ],
            "project": "pmuir-dev",
            "region": null,
            "timeouts": null,
            "upgrade_settings": [
              {
                "max_surge": 1,
                "max_unavailable": 0
              }
            ],
            "version": "1.16.13-gke.1",
            "zone": null
          },
          "private": "eyJlMmJmYjczMC1lY2FhLTExZTYtOGY4OC0zNDM2M2JjN2M0YzAiOnsiY3JlYXRlIjoxODAwMDAwMDAwMDAwLCJkZWxldGUiOjE4MDAwMDAwMDAwMDAsInVwZGF0ZSI6MTgwMDAwMDAwMDAwMH0sInNjaGVtYV92ZXJzaW9uIjoiMSJ9",
          "dependencies": [
            "module.cluster.google_container_cluster.primary"
          ]
        }
      ]
    },
    {
      "module": "module.cluster",
      "mode": "managed",
      "type": "google_project_service",
      "name": "container_api",
      "provider": "provider[\"registry.terraform.io/hashicorp/google\"]",
      "instances": [
        {
          "schema_version": 0,
          "attributes": {
            "disable_dependent_services": null,
            "disable_on_destroy": false,
            "id": "pmuir-dev/container.googleapis.com",
            "project": "pmuir-dev",
            "service": "container.googleapis.com",
            "timeouts": null
          },
          "private": "eyJlMmJmYjczMC1lY2FhLTExZTYtOGY4OC0zNDM2M2JjN2M0YzAiOnsiY3JlYXRlIjoxMjAwMDAwMDAwMDAwLCJkZWxldGUiOjEyMDAwMDAwMDAwMDAsInJlYWQiOjYwMDAwMDAwMDAwMCwidXBkYXRlIjoxMjAwMDAwMDAwMDAwfX0="
        }
      ]
    },
    {
      "module": "module.database",
      "mode": "managed",
      "type": "google_project_iam_member",
      "name": "iam_binding_member",
      "provider": "provider[\"registry.terraform.io/hashicorp/google\"]",
      "instances": [
        {
          "schema_version": 0,
          "attributes": {
            "condition": [],
            "etag": "BwWvfo7c/tA=",
            "id": "pmuir-dev/roles/cloudsql.client/serviceaccount:database-cloudsql@pmuir-dev.iam.gserviceaccount.com",
            "member": "serviceAccount:database-cloudsql@pmuir-dev.iam.gserviceaccount.com",
            "project": "pmuir-dev",
            "role": "roles/cloudsql.client"
          },
          "private": "bnVsbA==",
          "dependencies": [
            "module.cluster.google_container_cluster.primary",
            "module.cluster.google_container_node_pool.primary_preemptible_nodes",
            "module.cluster.google_project_service.container_api",
            "module.database.google_service_account.service_account",
            "module.secrets.google_service_account.external_secrets",
            "module.secrets.google_service_account_iam_member.external_secrets"
          ]
        }
      ]
    },
    {
      "module": "module.database",
      "mode": "managed",
      "type": "google_project_service",
      "name": "sql_admin",
      "provider": "provider[\"registry.terraform.io/hashicorp/google\"]",
      "instances": [
        {
          "schema_version": 0,
          "attributes": {
            "disable_dependent_services": null,
            "disable_on_destroy": false,
            "id": "pmuir-dev/sqladmin.googleapis.com",
            "project": "pmuir-dev",
            "service": "sqladmin.googleapis.com",
            "timeouts": null
          },
          "private": "eyJlMmJmYjczMC1lY2FhLTExZTYtOGY4OC0zNDM2M2JjN2M0YzAiOnsiY3JlYXRlIjoxMjAwMDAwMDAwMDAwLCJkZWxldGUiOjEyMDAwMDAwMDAwMDAsInJlYWQiOjYwMDAwMDAwMDAwMCwidXBkYXRlIjoxMjAwMDAwMDAwMDAwfX0=",
          "dependencies": [
            "module.cluster.google_container_cluster.primary",
            "module.cluster.google_container_node_pool.primary_preemptible_nodes",
            "module.cluster.google_project_service.container_api",
            "module.secrets.google_service_account.external_secrets",
            "module.secrets.google_service_account_iam_member.external_secrets"
          ]
        }
      ]
    },
    {
      "module": "module.database",
      "mode": "managed",
      "type": "google_project_service",
      "name": "sql_component_api",
      "provider": "provider[\"registry.terraform.io/hashicorp/google\"]",
      "instances": [
        {
          "schema_version": 0,
          "attributes": {
            "disable_dependent_services": null,
            "disable_on_destroy": false,
            "id": "pmuir-dev/sql-component.googleapis.com",
            "project": "pmuir-dev",
            "service": "sql-component.googleapis.com",
            "timeouts": null
          },
          "private": "eyJlMmJmYjczMC1lY2FhLTExZTYtOGY4OC0zNDM2M2JjN2M0YzAiOnsiY3JlYXRlIjoxMjAwMDAwMDAwMDAwLCJkZWxldGUiOjEyMDAwMDAwMDAwMDAsInJlYWQiOjYwMDAwMDAwMDAwMCwidXBkYXRlIjoxMjAwMDAwMDAwMDAwfX0=",
          "dependencies": [
            "module.cluster.google_container_cluster.primary",
            "module.cluster.google_container_node_pool.primary_preemptible_nodes",
            "module.cluster.google_project_service.container_api",
            "module.secrets.google_service_account.external_secrets",
            "module.secrets.google_service_account_iam_member.external_secrets"
          ]
        }
      ]
    },
    {
      "module": "module.database",
      "mode": "managed",
      "type": "google_secret_manager_secret",
      "name": "database_password",
      "provider": "provider[\"registry.terraform.io/hashicorp/google-beta\"]",
      "instances": [
        {
          "schema_version": 0,
          "attributes": {
            "create_time": "2020-09-16T12:13:13.400036Z",
            "id": "projects/pmuir-dev/secrets/database-database-password",
            "labels": {},
            "name": "projects/1063004576079/secrets/database-database-password",
            "project": "pmuir-dev",
            "replication": [
              {
                "automatic": true,
                "user_managed": []
              }
            ],
            "secret_id": "database-database-password",
            "timeouts": null
          },
          "private": "eyJlMmJmYjczMC1lY2FhLTExZTYtOGY4OC0zNDM2M2JjN2M0YzAiOnsiY3JlYXRlIjoyNDAwMDAwMDAwMDAsImRlbGV0ZSI6MjQwMDAwMDAwMDAwLCJ1cGRhdGUiOjI0MDAwMDAwMDAwMH19",
          "dependencies": [
            "module.cluster.google_container_cluster.primary",
            "module.cluster.google_container_node_pool.primary_preemptible_nodes",
            "module.cluster.google_project_service.container_api",
            "module.secrets.google_service_account.external_secrets",
            "module.secrets.google_service_account_iam_member.external_secrets"
          ]
        }
      ]
    },
    {
      "module": "module.database",
      "mode": "managed",
      "type": "google_secret_manager_secret",
      "name": "database_service_account_key",
      "provider": "provider[\"registry.terraform.io/hashicorp/google-beta\"]",
      "instances": [
        {
          "schema_version": 0,
          "attributes": {
            "create_time": "2020-09-16T12:20:53.941254Z",
            "id": "projects/pmuir-dev/secrets/database-service-account-key",
            "labels": {},
            "name": "projects/1063004576079/secrets/database-service-account-key",
            "project": "pmuir-dev",
            "replication": [
              {
                "automatic": true,
                "user_managed": []
              }
            ],
            "secret_id": "database-service-account-key",
            "timeouts": null
          },
          "private": "eyJlMmJmYjczMC1lY2FhLTExZTYtOGY4OC0zNDM2M2JjN2M0YzAiOnsiY3JlYXRlIjoyNDAwMDAwMDAwMDAsImRlbGV0ZSI6MjQwMDAwMDAwMDAwLCJ1cGRhdGUiOjI0MDAwMDAwMDAwMH19",
          "dependencies": [
            "module.cluster.google_container_cluster.primary",
            "module.cluster.google_container_node_pool.primary_preemptible_nodes",
            "module.cluster.google_project_service.container_api",
            "module.secrets.google_service_account.external_secrets",
            "module.secrets.google_service_account_iam_member.external_secrets"
          ]
        }
      ]
    },
    {
      "module": "module.database",
      "mode": "managed",
      "type": "google_secret_manager_secret",
      "name": "mysql_properties",
      "provider": "provider[\"registry.terraform.io/hashicorp/google\"]",
      "instances": [
        {
          "schema_version": 0,
          "attributes": {
            "create_time": "2020-09-16T12:13:12.906685Z",
            "id": "projects/pmuir-dev/secrets/database-mysql-proerties",
            "labels": {},
            "name": "projects/1063004576079/secrets/database-mysql-proerties",
            "project": "pmuir-dev",
            "replication": [
              {
                "automatic": true,
                "user_managed": []
              }
            ],
            "secret_id": "database-mysql-proerties",
            "timeouts": null
          },
          "private": "eyJlMmJmYjczMC1lY2FhLTExZTYtOGY4OC0zNDM2M2JjN2M0YzAiOnsiY3JlYXRlIjoyNDAwMDAwMDAwMDAsImRlbGV0ZSI6MjQwMDAwMDAwMDAwLCJ1cGRhdGUiOjI0MDAwMDAwMDAwMH19",
          "dependencies": [
            "module.cluster.google_container_cluster.primary",
            "module.cluster.google_container_node_pool.primary_preemptible_nodes",
            "module.cluster.google_project_service.container_api",
            "module.secrets.google_service_account.external_secrets",
            "module.secrets.google_service_account_iam_member.external_secrets"
          ]
        }
      ]
    },
    {
      "module": "module.database",
      "mode": "managed",
      "type": "google_secret_manager_secret_iam_member",
      "name": "database_password",
      "provider": "provider[\"registry.terraform.io/hashicorp/google-beta\"]",
      "instances": [
        {
          "schema_version": 0,
          "attributes": {
            "condition": [],
            "etag": "BwWvbTEwsII=",
            "id": "projects/pmuir-dev/secrets/database-database-password/roles/secretmanager.secretAccessor/serviceaccount:externalsecrets@pmuir-dev.iam.gserviceaccount.com",
            "member": "serviceAccount:externalsecrets@pmuir-dev.iam.gserviceaccount.com",
            "project": "pmuir-dev",
            "role": "roles/secretmanager.secretAccessor",
            "secret_id": "projects/pmuir-dev/secrets/database-database-password"
          },
          "private": "bnVsbA==",
          "dependencies": [
            "module.cluster.google_container_cluster.primary",
            "module.cluster.google_container_node_pool.primary_preemptible_nodes",
            "module.cluster.google_project_service.container_api",
            "module.database.google_secret_manager_secret.database_password",
            "module.secrets.google_service_account.external_secrets",
            "module.secrets.google_service_account_iam_member.external_secrets"
          ]
        }
      ]
    },
    {
      "module": "module.database",
      "mode": "managed",
      "type": "google_secret_manager_secret_iam_member",
      "name": "database_service_account_key",
      "provider": "provider[\"registry.terraform.io/hashicorp/google-beta\"]",
      "instances": [
        {
          "schema_version": 0,
          "attributes": {
            "condition": [],
            "etag": "BwWvbUyhnd0=",
            "id": "projects/pmuir-dev/secrets/database-service-account-key/roles/secretmanager.secretAccessor/serviceaccount:externalsecrets@pmuir-dev.iam.gserviceaccount.com",
            "member": "serviceAccount:externalsecrets@pmuir-dev.iam.gserviceaccount.com",
            "project": "pmuir-dev",
            "role": "roles/secretmanager.secretAccessor",
            "secret_id": "projects/pmuir-dev/secrets/database-service-account-key"
          },
          "private": "bnVsbA==",
          "dependencies": [
            "module.cluster.google_container_cluster.primary",
            "module.cluster.google_container_node_pool.primary_preemptible_nodes",
            "module.cluster.google_project_service.container_api",
            "module.database.google_secret_manager_secret.database_service_account_key",
            "module.secrets.google_service_account.external_secrets",
            "module.secrets.google_service_account_iam_member.external_secrets"
          ]
        }
      ]
    },
    {
      "module": "module.database",
      "mode": "managed",
      "type": "google_secret_manager_secret_iam_member",
      "name": "mysql_properties",
      "provider": "provider[\"registry.terraform.io/hashicorp/google\"]",
      "instances": [
        {
          "schema_version": 0,
          "attributes": {
            "condition": [],
            "etag": "BwWvbTErEKk=",
            "id": "projects/pmuir-dev/secrets/database-mysql-proerties/roles/secretmanager.secretAccessor/serviceaccount:externalsecrets@pmuir-dev.iam.gserviceaccount.com",
            "member": "serviceAccount:externalsecrets@pmuir-dev.iam.gserviceaccount.com",
            "project": "pmuir-dev",
            "role": "roles/secretmanager.secretAccessor",
            "secret_id": "projects/pmuir-dev/secrets/database-mysql-proerties"
          },
          "private": "bnVsbA==",
          "dependencies": [
            "module.cluster.google_container_cluster.primary",
            "module.cluster.google_container_node_pool.primary_preemptible_nodes",
            "module.cluster.google_project_service.container_api",
            "module.database.google_secret_manager_secret.mysql_properties",
            "module.secrets.google_service_account.external_secrets",
            "module.secrets.google_service_account_iam_member.external_secrets"
          ]
        }
      ]
    },
    {
      "module": "module.database",
      "mode": "managed",
      "type": "google_secret_manager_secret_version",
      "name": "database_password_version",
      "provider": "provider[\"registry.terraform.io/hashicorp/google-beta\"]",
      "instances": [
        {
          "schema_version": 0,
          "attributes": {
            "create_time": "2020-09-17T07:28:06.806106Z",
            "destroy_time": "",
            "enabled": true,
            "id": "projects/1063004576079/secrets/database-database-password/versions/2",
            "name": "projects/1063004576079/secrets/database-database-password/versions/2",
            "secret": "projects/pmuir-dev/secrets/database-database-password",
            "secret_data": "EbYPZhWdoTGVTo2C",
            "timeouts": null
          },
          "private": "eyJlMmJmYjczMC1lY2FhLTExZTYtOGY4OC0zNDM2M2JjN2M0YzAiOnsiY3JlYXRlIjoyNDAwMDAwMDAwMDAsImRlbGV0ZSI6MjQwMDAwMDAwMDAwfX0=",
          "dependencies": [
            "module.cluster.google_container_cluster.primary",
            "module.cluster.google_container_node_pool.primary_preemptible_nodes",
            "module.cluster.google_project_service.container_api",
            "module.database.google_secret_manager_secret.database_password",
            "module.database.google_sql_database_instance.database",
            "module.database.google_sql_user.user",
            "module.database.random_password.password",
            "module.secrets.google_service_account.external_secrets",
            "module.secrets.google_service_account_iam_member.external_secrets"
          ]
        }
      ]
    },
    {
      "module": "module.database",
      "mode": "managed",
      "type": "google_secret_manager_secret_version",
      "name": "database_service_account_key_version",
      "provider": "provider[\"registry.terraform.io/hashicorp/google-beta\"]",
      "instances": [
        {
          "schema_version": 0,
          "attributes": {
            "create_time": "2020-09-16T12:20:55.263555Z",
            "destroy_time": "",
            "enabled": true,
            "id": "projects/1063004576079/secrets/database-service-account-key/versions/1",
            "name": "projects/1063004576079/secrets/database-service-account-key/versions/1",
            "secret": "projects/pmuir-dev/secrets/database-service-account-key",
            "secret_data": "ewogICJ0eXBlIjogInNlcnZpY2VfYWNjb3VudCIsCiAgInByb2plY3RfaWQiOiAicG11aXItZGV2IiwKICAicHJpdmF0ZV9rZXlfaWQiOiAiM2MyZDgyOTYyOTdlMDhkMTVmMTM0ZjM2OTFiYjlmMjE5MGVjODVjZiIsCiAgInByaXZhdGVfa2V5IjogIi0tLS0tQkVHSU4gUFJJVkFURSBLRVktLS0tLVxuTUlJRXZnSUJBREFOQmdrcWhraUc5dzBCQVFFRkFBU0NCS2d3Z2dTa0FnRUFBb0lCQVFDWEs4QkpQNUU5c2dVclxua0RwYVA1Y0pZYTZqL1RFYnhXeHdzNnZjWjAyaVJUZkE2K3g3NTI4NFVEaEVIUkR2N3c4aWR6TXk0eWRieVJCYlxuNzMxcmIranJJSk56cEg3aStTUU1rVHA4L3JvYmxTYVoxOGhJZGMwRGNOdUR6NXpwalp1ZHdMcjFVa1l6VjVkRVxuclVRMU5DbFRENS9VUVNkaXFXYU9hQ1E1d1hGMXB0VGZYd0NNZUh0N0YzS1hVWCtiTDRVZzZFQ1RTay95a1R4cFxuTTYwVW80MmlPTjl4Yjdhc0NxN0R1V1o1YzRVOVlSdjBrWVR2UXVMZkVtbUp6d1IxaDhpcFk0ZlI1RkdzNSsvTlxuNFlONk9lb2w1bDVjNTliaStGKzVIVmR5K0JaMlpQaStNN1hla3hMbG1OTE1QSnVqbHZwc0k4ME1KazlKUE94eVxuWFFoS3dxQzdBZ01CQUFFQ2dnRUFMd2FTSzNjVjFHNWpnMWk3ZmtXWDAzaEtub0x0MnVqQVFoTHlYSDdhUEtkeFxubjVjRW1zcTA0M3k0OUI5aW5IRHVjVmRKV3dRa3d6MjUxQStkSVdYUHZBMEhNWXN6V2FJTkg4ZXh2UjUwZ0k0V1xuVXZjNE82cEJtMWRwUWdpOGxEN1Q4Ty82ZU1RZVNHeHdCeElyVEsyc1NVVnIvOWhBeTBWTlBQR1NpMURzM1o4TVxuM09QWk1YUDBPZmx6eVhKTnJ2dytQenEzamsyb1V6enROQ09FSXY3YWFFa29QU3lxd3lnb2JCdjdtNFhXL0tyb1xudlo4RmZSVGdKVHRKRUZ4SHF2cTFkK1lUUDJaUUdZcFY1V0pvQ3pINEVrOHV5bUQwWmQxS252ekhkUThBTmJDcVxuaExKa1lIS0dGdDM2dHFmUWw3Z1E0YjNaSFhsUEJJc0svRlJ3N3A3bVVRS0JnUURKdURYNnhERzVKcTVyRXVLU1xuNTMvKzVVZFZ5NFVZb0tKV09BdnUwb1FSK3BtNE5xSzZqNjlMaW1Jd3RDSGpieXlkbS9JMlhYL3VxSzR3eVJsYVxuZ3BVQnV4bXk2emdKTWhjdUg2VGwvajc1SVk0TnN2dFVzK3UyR2xKMG42VjdoSGoxQkJ0d1J3NElnckhSb1U2RVxuRVNudXVTdU9NUmR3M1dzRFZzanBIT1MvK1FLQmdRQy8yV2twcmRlTzRtOHBBaGNjbW5KclFTZDBxek5TR3dGd1xudTVtVTZnWG1PWGJqaXczSG94NjBiVWl5bXpqYyt2amVIOTRYTkVVYXlVcHB6aERqNkxKMFVyWnZmQTZNVUlzRlxubmh3Wmc5YzlEdzJNb1Fsa2VlU3BrUW1kaG5zQ3FFYk1tTmhPTWdqN3B1eENON2dSazFqUERSVVEwVTc2azJ5T1xuWkNDeHdhbzdVd0tCZ0VsR0R1V2VhdWwwc1pyWGExSXRvWUwzeWlmU0cvRE1PT3ZVeEJEbWkyNzBkdTVCZW04R1xuVG9qRUpkTEhQQ0FmZkRkc05GbW5NUmVDVW5RS09KbDJJYVpWVG9wOWd3ZGtHS042ZnkzRVl4K2dIcmUvTWlpY1xuaXB6Rmh2b3lHNng0ZkcrVUpGdHVsQnhuVFN4MnljeVRaNFg5NFdKdlZySjYyNnFFMWNwSDRwZ1JBb0dCQUo0ZVxuMDdVZGFkK0RNemtxVnVBbFQ0Nmt1WjlJQjFseGxxTlNpNGVYeGxyMUc4NzQ2ZGVUMHhmRVJybW1nNXhtWWIyNVxucURPWnlpY0Vwb2RENXRuaERVd2dhK3JBNWNDeUZaTUF1SW96QnJCMWVxWmdoN3cvVnI2SEl0U3BaVE5RZkdIZVxueTlEUEhtWkRNdEIwMmducVZyVDRSRmVERzhRY3c4a3NMMkl5aTFxdkFvR0JBSzdiU2VrcUZHQVBpMmxLOEhqb1xuOTFTZzdjZWJZT2RWUllXaDlRZzdoalVheFlFNERMU1U3WWZsREEvalhtUDdwbUE3UitBNmJ2WStkc2Zvd0kvZVxuZjYvVjU4RzkrNUJyWm5YRDhZUE1jNCt0SHlSbDJwOG9jMzFCdUNHMU9NTjBqaG1VakdZNEdIbHJXbjUvaENVU1xubUZFTDJPdDAyYytwdTB4NU5YTTJIQU5wXG4tLS0tLUVORCBQUklWQVRFIEtFWS0tLS0tXG4iLAogICJjbGllbnRfZW1haWwiOiAiZGF0YWJhc2UtY2xvdWRzcWxAcG11aXItZGV2LmlhbS5nc2VydmljZWFjY291bnQuY29tIiwKICAiY2xpZW50X2lkIjogIjExNjU2MzAxMDU3NDYzMzI3NTc1NSIsCiAgImF1dGhfdXJpIjogImh0dHBzOi8vYWNjb3VudHMuZ29vZ2xlLmNvbS9vL29hdXRoMi9hdXRoIiwKICAidG9rZW5fdXJpIjogImh0dHBzOi8vb2F1dGgyLmdvb2dsZWFwaXMuY29tL3Rva2VuIiwKICAiYXV0aF9wcm92aWRlcl94NTA5X2NlcnRfdXJsIjogImh0dHBzOi8vd3d3Lmdvb2dsZWFwaXMuY29tL29hdXRoMi92MS9jZXJ0cyIsCiAgImNsaWVudF94NTA5X2NlcnRfdXJsIjogImh0dHBzOi8vd3d3Lmdvb2dsZWFwaXMuY29tL3JvYm90L3YxL21ldGFkYXRhL3g1MDkvZGF0YWJhc2UtY2xvdWRzcWwlNDBwbXVpci1kZXYuaWFtLmdzZXJ2aWNlYWNjb3VudC5jb20iCn0K",
            "timeouts": null
          },
          "private": "eyJlMmJmYjczMC1lY2FhLTExZTYtOGY4OC0zNDM2M2JjN2M0YzAiOnsiY3JlYXRlIjoyNDAwMDAwMDAwMDAsImRlbGV0ZSI6MjQwMDAwMDAwMDAwfX0=",
          "dependencies": [
            "module.cluster.google_container_cluster.primary",
            "module.cluster.google_container_node_pool.primary_preemptible_nodes",
            "module.cluster.google_project_service.container_api",
            "module.database.google_secret_manager_secret.database_service_account_key",
            "module.database.google_service_account_key.service_account_key",
            "module.secrets.google_service_account.external_secrets",
            "module.secrets.google_service_account_iam_member.external_secrets"
          ]
        }
      ]
    },
    {
      "module": "module.database",
      "mode": "managed",
      "type": "google_secret_manager_secret_version",
      "name": "mysql_properties_version",
      "provider": "provider[\"registry.terraform.io/hashicorp/google\"]",
      "instances": [
        {
          "schema_version": 0,
          "attributes": {
            "create_time": "2020-09-17T07:28:07.077826Z",
            "destroy_time": "",
            "enabled": true,
            "id": "projects/1063004576079/secrets/database-mysql-proerties/versions/2",
            "name": "projects/1063004576079/secrets/database-mysql-proerties/versions/2",
            "secret": "projects/pmuir-dev/secrets/database-mysql-proerties",
            "secret_data": "mysql_username: mysql\nmysql_password: EbYPZhWdoTGVTo2C\n",
            "timeouts": null
          },
          "private": "eyJlMmJmYjczMC1lY2FhLTExZTYtOGY4OC0zNDM2M2JjN2M0YzAiOnsiY3JlYXRlIjoyNDAwMDAwMDAwMDAsImRlbGV0ZSI6MjQwMDAwMDAwMDAwfX0=",
          "dependencies": [
            "module.cluster.google_container_cluster.primary",
            "module.cluster.google_container_node_pool.primary_preemptible_nodes",
            "module.cluster.google_project_service.container_api",
            "module.database.google_secret_manager_secret.mysql_properties",
            "module.database.google_sql_database_instance.database",
            "module.database.google_sql_user.user",
            "module.database.random_password.password",
            "module.secrets.google_service_account.external_secrets",
            "module.secrets.google_service_account_iam_member.external_secrets"
          ]
        }
      ]
    },
    {
      "module": "module.database",
      "mode": "managed",
      "type": "google_service_account",
      "name": "service_account",
      "provider": "provider[\"registry.terraform.io/hashicorp/google\"]",
      "instances": [
        {
          "schema_version": 0,
          "attributes": {
            "account_id": "database-cloudsql",
            "description": "",
            "display_name": "database CloudSQL Service Account",
            "email": "database-cloudsql@pmuir-dev.iam.gserviceaccount.com",
            "id": "projects/pmuir-dev/serviceAccounts/database-cloudsql@pmuir-dev.iam.gserviceaccount.com",
            "name": "projects/pmuir-dev/serviceAccounts/database-cloudsql@pmuir-dev.iam.gserviceaccount.com",
            "project": "pmuir-dev",
            "timeouts": null,
            "unique_id": "116563010574633275755"
          },
          "private": "eyJlMmJmYjczMC1lY2FhLTExZTYtOGY4OC0zNDM2M2JjN2M0YzAiOnsiY3JlYXRlIjozMDAwMDAwMDAwMDB9fQ==",
          "dependencies": [
            "module.cluster.google_container_cluster.primary",
            "module.cluster.google_container_node_pool.primary_preemptible_nodes",
            "module.cluster.google_project_service.container_api",
            "module.secrets.google_service_account.external_secrets",
            "module.secrets.google_service_account_iam_member.external_secrets"
          ]
        }
      ]
    },
    {
      "module": "module.database",
      "mode": "managed",
      "type": "google_service_account_key",
      "name": "service_account_key",
      "provider": "provider[\"registry.terraform.io/hashicorp/google\"]",
      "instances": [
        {
          "schema_version": 0,
          "attributes": {
            "id": "projects/pmuir-dev/serviceAccounts/database-cloudsql@pmuir-dev.iam.gserviceaccount.com/keys/3c2d8296297e08d15f134f3691bb9f2190ec85cf",
            "key_algorithm": "KEY_ALG_RSA_2048",
            "name": "projects/pmuir-dev/serviceAccounts/database-cloudsql@pmuir-dev.iam.gserviceaccount.com/keys/3c2d8296297e08d15f134f3691bb9f2190ec85cf",
            "pgp_key": null,
            "private_key": "ewogICJ0eXBlIjogInNlcnZpY2VfYWNjb3VudCIsCiAgInByb2plY3RfaWQiOiAicG11aXItZGV2IiwKICAicHJpdmF0ZV9rZXlfaWQiOiAiM2MyZDgyOTYyOTdlMDhkMTVmMTM0ZjM2OTFiYjlmMjE5MGVjODVjZiIsCiAgInByaXZhdGVfa2V5IjogIi0tLS0tQkVHSU4gUFJJVkFURSBLRVktLS0tLVxuTUlJRXZnSUJBREFOQmdrcWhraUc5dzBCQVFFRkFBU0NCS2d3Z2dTa0FnRUFBb0lCQVFDWEs4QkpQNUU5c2dVclxua0RwYVA1Y0pZYTZqL1RFYnhXeHdzNnZjWjAyaVJUZkE2K3g3NTI4NFVEaEVIUkR2N3c4aWR6TXk0eWRieVJCYlxuNzMxcmIranJJSk56cEg3aStTUU1rVHA4L3JvYmxTYVoxOGhJZGMwRGNOdUR6NXpwalp1ZHdMcjFVa1l6VjVkRVxuclVRMU5DbFRENS9VUVNkaXFXYU9hQ1E1d1hGMXB0VGZYd0NNZUh0N0YzS1hVWCtiTDRVZzZFQ1RTay95a1R4cFxuTTYwVW80MmlPTjl4Yjdhc0NxN0R1V1o1YzRVOVlSdjBrWVR2UXVMZkVtbUp6d1IxaDhpcFk0ZlI1RkdzNSsvTlxuNFlONk9lb2w1bDVjNTliaStGKzVIVmR5K0JaMlpQaStNN1hla3hMbG1OTE1QSnVqbHZwc0k4ME1KazlKUE94eVxuWFFoS3dxQzdBZ01CQUFFQ2dnRUFMd2FTSzNjVjFHNWpnMWk3ZmtXWDAzaEtub0x0MnVqQVFoTHlYSDdhUEtkeFxubjVjRW1zcTA0M3k0OUI5aW5IRHVjVmRKV3dRa3d6MjUxQStkSVdYUHZBMEhNWXN6V2FJTkg4ZXh2UjUwZ0k0V1xuVXZjNE82cEJtMWRwUWdpOGxEN1Q4Ty82ZU1RZVNHeHdCeElyVEsyc1NVVnIvOWhBeTBWTlBQR1NpMURzM1o4TVxuM09QWk1YUDBPZmx6eVhKTnJ2dytQenEzamsyb1V6enROQ09FSXY3YWFFa29QU3lxd3lnb2JCdjdtNFhXL0tyb1xudlo4RmZSVGdKVHRKRUZ4SHF2cTFkK1lUUDJaUUdZcFY1V0pvQ3pINEVrOHV5bUQwWmQxS252ekhkUThBTmJDcVxuaExKa1lIS0dGdDM2dHFmUWw3Z1E0YjNaSFhsUEJJc0svRlJ3N3A3bVVRS0JnUURKdURYNnhERzVKcTVyRXVLU1xuNTMvKzVVZFZ5NFVZb0tKV09BdnUwb1FSK3BtNE5xSzZqNjlMaW1Jd3RDSGpieXlkbS9JMlhYL3VxSzR3eVJsYVxuZ3BVQnV4bXk2emdKTWhjdUg2VGwvajc1SVk0TnN2dFVzK3UyR2xKMG42VjdoSGoxQkJ0d1J3NElnckhSb1U2RVxuRVNudXVTdU9NUmR3M1dzRFZzanBIT1MvK1FLQmdRQy8yV2twcmRlTzRtOHBBaGNjbW5KclFTZDBxek5TR3dGd1xudTVtVTZnWG1PWGJqaXczSG94NjBiVWl5bXpqYyt2amVIOTRYTkVVYXlVcHB6aERqNkxKMFVyWnZmQTZNVUlzRlxubmh3Wmc5YzlEdzJNb1Fsa2VlU3BrUW1kaG5zQ3FFYk1tTmhPTWdqN3B1eENON2dSazFqUERSVVEwVTc2azJ5T1xuWkNDeHdhbzdVd0tCZ0VsR0R1V2VhdWwwc1pyWGExSXRvWUwzeWlmU0cvRE1PT3ZVeEJEbWkyNzBkdTVCZW04R1xuVG9qRUpkTEhQQ0FmZkRkc05GbW5NUmVDVW5RS09KbDJJYVpWVG9wOWd3ZGtHS042ZnkzRVl4K2dIcmUvTWlpY1xuaXB6Rmh2b3lHNng0ZkcrVUpGdHVsQnhuVFN4MnljeVRaNFg5NFdKdlZySjYyNnFFMWNwSDRwZ1JBb0dCQUo0ZVxuMDdVZGFkK0RNemtxVnVBbFQ0Nmt1WjlJQjFseGxxTlNpNGVYeGxyMUc4NzQ2ZGVUMHhmRVJybW1nNXhtWWIyNVxucURPWnlpY0Vwb2RENXRuaERVd2dhK3JBNWNDeUZaTUF1SW96QnJCMWVxWmdoN3cvVnI2SEl0U3BaVE5RZkdIZVxueTlEUEhtWkRNdEIwMmducVZyVDRSRmVERzhRY3c4a3NMMkl5aTFxdkFvR0JBSzdiU2VrcUZHQVBpMmxLOEhqb1xuOTFTZzdjZWJZT2RWUllXaDlRZzdoalVheFlFNERMU1U3WWZsREEvalhtUDdwbUE3UitBNmJ2WStkc2Zvd0kvZVxuZjYvVjU4RzkrNUJyWm5YRDhZUE1jNCt0SHlSbDJwOG9jMzFCdUNHMU9NTjBqaG1VakdZNEdIbHJXbjUvaENVU1xubUZFTDJPdDAyYytwdTB4NU5YTTJIQU5wXG4tLS0tLUVORCBQUklWQVRFIEtFWS0tLS0tXG4iLAogICJjbGllbnRfZW1haWwiOiAiZGF0YWJhc2UtY2xvdWRzcWxAcG11aXItZGV2LmlhbS5nc2VydmljZWFjY291bnQuY29tIiwKICAiY2xpZW50X2lkIjogIjExNjU2MzAxMDU3NDYzMzI3NTc1NSIsCiAgImF1dGhfdXJpIjogImh0dHBzOi8vYWNjb3VudHMuZ29vZ2xlLmNvbS9vL29hdXRoMi9hdXRoIiwKICAidG9rZW5fdXJpIjogImh0dHBzOi8vb2F1dGgyLmdvb2dsZWFwaXMuY29tL3Rva2VuIiwKICAiYXV0aF9wcm92aWRlcl94NTA5X2NlcnRfdXJsIjogImh0dHBzOi8vd3d3Lmdvb2dsZWFwaXMuY29tL29hdXRoMi92MS9jZXJ0cyIsCiAgImNsaWVudF94NTA5X2NlcnRfdXJsIjogImh0dHBzOi8vd3d3Lmdvb2dsZWFwaXMuY29tL3JvYm90L3YxL21ldGFkYXRhL3g1MDkvZGF0YWJhc2UtY2xvdWRzcWwlNDBwbXVpci1kZXYuaWFtLmdzZXJ2aWNlYWNjb3VudC5jb20iCn0K",
            "private_key_encrypted": null,
            "private_key_fingerprint": null,
            "private_key_type": "TYPE_GOOGLE_CREDENTIALS_FILE",
            "public_key": "LS0tLS1CRUdJTiBDRVJUSUZJQ0FURS0tLS0tCk1JSUMvRENDQWVTZ0F3SUJBZ0lJUlp2cGI0RFphc2N3RFFZSktvWklodmNOQVFFRkJRQXdJREVlTUJ3R0ExVUUKQXhNVk1URTJOVFl6TURFd05UYzBOak16TWpjMU56VTFNQ0FYRFRJd01Ea3hOakV5TVRNd09Wb1lEems1T1RreApNak14TWpNMU9UVTVXakFnTVI0d0hBWURWUVFERXhVeE1UWTFOak13TVRBMU56UTJNek15TnpVM05UVXdnZ0VpCk1BMEdDU3FHU0liM0RRRUJBUVVBQTRJQkR3QXdnZ0VLQW9JQkFRQ1hLOEJKUDVFOXNnVXJrRHBhUDVjSllhNmoKL1RFYnhXeHdzNnZjWjAyaVJUZkE2K3g3NTI4NFVEaEVIUkR2N3c4aWR6TXk0eWRieVJCYjczMXJiK2pySUpOegpwSDdpK1NRTWtUcDgvcm9ibFNhWjE4aElkYzBEY051RHo1enBqWnVkd0xyMVVrWXpWNWRFclVRMU5DbFRENS9VClFTZGlxV2FPYUNRNXdYRjFwdFRmWHdDTWVIdDdGM0tYVVgrYkw0VWc2RUNUU2sveWtUeHBNNjBVbzQyaU9OOXgKYjdhc0NxN0R1V1o1YzRVOVlSdjBrWVR2UXVMZkVtbUp6d1IxaDhpcFk0ZlI1RkdzNSsvTjRZTjZPZW9sNWw1Ywo1OWJpK0YrNUhWZHkrQloyWlBpK003WGVreExsbU5MTVBKdWpsdnBzSTgwTUprOUpQT3h5WFFoS3dxQzdBZ01CCkFBR2pPREEyTUF3R0ExVWRFd0VCL3dRQ01BQXdEZ1lEVlIwUEFRSC9CQVFEQWdlQU1CWUdBMVVkSlFFQi93UU0KTUFvR0NDc0dBUVVGQndNQ01BMEdDU3FHU0liM0RRRUJCUVVBQTRJQkFRQnp3WUZjNFVsKzYvR3FWWlp6TDh6cAphMDZZSFV3NHJpR1oxY3NrU0lXa2kwb0JqQ0xKd0RCYmpUbTRLQTdjZ0k0c3RBTkl0UExDVEhLTEJ5OGNudUN4CjJhV0lrekxaazVyWVJzYUxuajNUMmgrcU5lMWp4aTJOY2JyMjVhb3g4cXYxa0VqMmVwWnFqL0NEcUZxTnhJVGIKb2RFTG9Ba2FkWVIwd0ZjaWpXTkhHNkR2eDNMb2VyaTdKT3pVbm9NUEI5WWFoT0lqTDZCS0RxZ3FFSkV5dUhhaApDMnQ4ZjlhTlU0bmFaRmxxRE9KbFZkUGI5aVFPdWJQQVhHSUdUeXFzVzhtdE11RitMMWhyV2pVUW1NeVpJbENiCitMMmFJZ0hSaTQ5ZGRld09SWU5kZ05GUXlDR3lWZGZITEJQeGFnemhvVlQ4RUZoL3B4K2JxUVNENjRzWDlLeS8KLS0tLS1FTkQgQ0VSVElGSUNBVEUtLS0tLQo=",
            "public_key_data": null,
            "public_key_type": "TYPE_X509_PEM_FILE",
            "service_account_id": "projects/pmuir-dev/serviceAccounts/database-cloudsql@pmuir-dev.iam.gserviceaccount.com",
            "valid_after": "2020-09-16T12:13:09Z",
            "valid_before": "9999-12-31T23:59:59Z"
          },
          "private": "bnVsbA==",
          "dependencies": [
            "module.cluster.google_container_cluster.primary",
            "module.cluster.google_container_node_pool.primary_preemptible_nodes",
            "module.cluster.google_project_service.container_api",
            "module.database.google_service_account.service_account",
            "module.secrets.google_service_account.external_secrets",
            "module.secrets.google_service_account_iam_member.external_secrets"
          ]
        }
      ]
    },
    {
      "module": "module.database",
      "mode": "managed",
      "type": "google_sql_database_instance",
      "name": "database",
      "provider": "provider[\"registry.terraform.io/hashicorp/google\"]",
      "instances": [
        {
          "schema_version": 0,
          "attributes": {
            "connection_name": "pmuir-dev:europe-west1:database",
            "database_version": "MYSQL_5_6",
            "first_ip_address": "34.78.246.5",
            "id": "database",
            "ip_address": [
              {
                "ip_address": "34.78.246.5",
                "time_to_retire": "",
                "type": "PRIMARY"
              }
            ],
            "master_instance_name": "",
            "name": "database",
            "private_ip_address": "",
            "project": "pmuir-dev",
            "public_ip_address": "34.78.246.5",
            "region": "europe-west1",
            "replica_configuration": [],
            "root_password": null,
            "self_link": "https://sqladmin.googleapis.com/sql/v1beta4/projects/pmuir-dev/instances/database",
            "server_ca_cert": [
              {
                "cert": "-----BEGIN CERTIFICATE-----\nMIIDfzCCAmegAwIBAgIBADANBgkqhkiG9w0BAQsFADB3MS0wKwYDVQQuEyQ1ZGY5\nZTczMy0zNGZhLTQ1MWYtODQyMy00ZTI1YTgxNDdjMzcxIzAhBgNVBAMTGkdvb2ds\nZSBDbG91ZCBTUUwgU2VydmVyIENBMRQwEgYDVQQKEwtHb29nbGUsIEluYzELMAkG\nA1UEBhMCVVMwHhcNMjAwODI5MTgwNzEzWhcNMzAwODI3MTgwODEzWjB3MS0wKwYD\nVQQuEyQ1ZGY5ZTczMy0zNGZhLTQ1MWYtODQyMy00ZTI1YTgxNDdjMzcxIzAhBgNV\nBAMTGkdvb2dsZSBDbG91ZCBTUUwgU2VydmVyIENBMRQwEgYDVQQKEwtHb29nbGUs\nIEluYzELMAkGA1UEBhMCVVMwggEiMA0GCSqGSIb3DQEBAQUAA4IBDwAwggEKAoIB\nAQCRNK80mySKFKdHQjUmY9PYfxpCSgBCetrNAZmZ+7ySBgxP/aYoKlS+KwzzwrB5\nmV7fqBGNsUyCg7JBCt+gTl0OPO09OfaiukdRvfayHBFafPh6Y9zSTUUDzP7xEa5l\nOA5CCDMleGvCQ7O9Ek+JwtZtKsencWKvFMVj+OJ7YY4V7GABZm6zjoYSKaJUhOP3\nX0O7H+M8/aqLtm0rr9mxx8P6DaWjODeXTKolbfvzEvsbWxP6MKfym9lgUMryJyyt\nfIuxlsQue34/kUpz+hIq4wCEaSN5FcERq02wzrPqJlhSBddra8m4Pw+FR43SjmfP\ny2O4ijIMaG8bIHzFDdBW/0SfAgMBAAGjFjAUMBIGA1UdEwEB/wQIMAYBAf8CAQAw\nDQYJKoZIhvcNAQELBQADggEBABhgPR7tuj+qwp717MokSW/8UjwL2B/KL/w44aA4\nRzVa+jqH/ABC+KbuF9Od6F2pI4NBig4NBe2aEbpu1Zwz5YInr/fo6O5R59dkNccv\nlwOAyNuq18DQZtycnENMgZzAkF7lmmPnQPhH5mz4Igh3Hx5yQhmoaMQE1M1AozjI\nEH98ibuyMuM2u7JwJMQadg5UtqPda7/shNifWGORK8H26m+z29+6g2amb9R6CNac\n5Qhmw/YPOUuvVxCkCkBa9q+puxKRiFTowxU3j3vFwaWWyOpTS3e5RERicmZtfS8m\nEzCW/ZAmA+1+ccje238QEN+66e/NaWao2fQS0EypK26BdDU=\n-----END CERTIFICATE-----",
                "common_name": "C=US,O=Google\\, Inc,CN=Google Cloud SQL Server CA,dnQualifier=5df9e733-34fa-451f-8423-4e25a8147c37",
                "create_time": "2020-08-29T18:07:13.353Z",
                "expiration_time": "2030-08-27T18:08:13.353Z",
                "sha1_fingerprint": "e420dba0db01b109505af980eb250e33965f7700"
              }
            ],
            "service_account_email_address": "p1063004576079-s18blx@gcp-sa-cloud-sql.iam.gserviceaccount.com",
            "settings": [
              {
                "activation_policy": "ALWAYS",
                "authorized_gae_applications": [],
                "availability_type": "",
                "backup_configuration": [
                  {
                    "binary_log_enabled": true,
                    "enabled": true,
                    "location": "",
                    "point_in_time_recovery_enabled": false,
                    "start_time": "18:00"
                  }
                ],
                "crash_safe_replication": false,
                "database_flags": [],
                "disk_autoresize": true,
                "disk_size": 10,
                "disk_type": "PD_SSD",
                "ip_configuration": [
                  {
                    "authorized_networks": [],
                    "ipv4_enabled": true,
                    "private_network": "",
                    "require_ssl": false
                  }
                ],
                "location_preference": [
                  {
                    "follow_gae_application": "",
                    "zone": "europe-west1-d"
                  }
                ],
                "maintenance_window": [],
                "pricing_plan": "PER_USE",
                "replication_type": "SYNCHRONOUS",
                "tier": "db-f1-micro",
                "user_labels": {},
                "version": 6
              }
            ],
            "timeouts": null
          },
          "private": "eyJlMmJmYjczMC1lY2FhLTExZTYtOGY4OC0zNDM2M2JjN2M0YzAiOnsiY3JlYXRlIjoxMjAwMDAwMDAwMDAwLCJkZWxldGUiOjEyMDAwMDAwMDAwMDAsInVwZGF0ZSI6MTIwMDAwMDAwMDAwMH19",
          "dependencies": [
            "module.cluster.google_container_cluster.primary",
            "module.cluster.google_container_node_pool.primary_preemptible_nodes",
            "module.cluster.google_project_service.container_api",
            "module.secrets.google_service_account.external_secrets",
            "module.secrets.google_service_account_iam_member.external_secrets"
          ]
        }
      ]
    },
    {
      "module": "module.database",
      "mode": "managed",
      "type": "google_sql_user",
      "name": "user",
      "provider": "provider[\"registry.terraform.io/hashicorp/google\"]",
      "instances": [
        {
          "schema_version": 1,
          "attributes": {
            "host": "",
            "id": "mysql//database",
            "instance": "database",
            "name": "mysql",
            "password": "EbYPZhWdoTGVTo2C",
            "project": "pmuir-dev",
            "timeouts": null
          },
          "private": "eyJlMmJmYjczMC1lY2FhLTExZTYtOGY4OC0zNDM2M2JjN2M0YzAiOnsiY3JlYXRlIjo2MDAwMDAwMDAwMDAsImRlbGV0ZSI6NjAwMDAwMDAwMDAwLCJ1cGRhdGUiOjYwMDAwMDAwMDAwMH0sInNjaGVtYV92ZXJzaW9uIjoiMSJ9",
          "dependencies": [
            "module.cluster.google_container_cluster.primary",
            "module.cluster.google_container_node_pool.primary_preemptible_nodes",
            "module.cluster.google_project_service.container_api",
            "module.database.google_sql_database_instance.database",
            "module.database.random_password.password",
            "module.secrets.google_service_account.external_secrets",
            "module.secrets.google_service_account_iam_member.external_secrets"
          ]
        }
      ]
    },
    {
      "module": "module.database",
      "mode": "managed",
      "type": "random_password",
      "name": "password",
      "provider": "provider[\"registry.terraform.io/hashicorp/random\"]",
      "instances": [
        {
          "schema_version": 0,
          "attributes": {
            "id": "none",
            "keepers": null,
            "length": 16,
            "lower": true,
            "min_lower": 0,
            "min_numeric": 0,
            "min_special": 0,
            "min_upper": 0,
            "number": true,
            "override_special": null,
            "result": "EbYPZhWdoTGVTo2C",
            "special": false,
            "upper": true
          },
          "private": "bnVsbA==",
          "dependencies": [
            "module.cluster.google_container_cluster.primary",
            "module.cluster.google_container_node_pool.primary_preemptible_nodes",
            "module.cluster.google_project_service.container_api",
            "module.secrets.google_service_account.external_secrets",
            "module.secrets.google_service_account_iam_member.external_secrets"
          ]
        }
      ]
    },
    {
      "module": "module.helmfile",
      "mode": "managed",
      "type": "google_secret_manager_secret",
      "name": "mysql_password",
      "provider": "provider[\"registry.terraform.io/hashicorp/google-beta\"]",
      "instances": [
        {
          "schema_version": 0,
          "attributes": {
            "create_time": "2020-08-29T16:35:56.232373Z",
            "id": "projects/pmuir-dev/secrets/mysql-password",
            "labels": {},
            "name": "projects/1063004576079/secrets/mysql-password",
            "project": "pmuir-dev",
            "replication": [
              {
                "automatic": true,
                "user_managed": []
              }
            ],
            "secret_id": "mysql-password",
            "timeouts": null
          },
          "private": "eyJlMmJmYjczMC1lY2FhLTExZTYtOGY4OC0zNDM2M2JjN2M0YzAiOnsiY3JlYXRlIjoyNDAwMDAwMDAwMDAsImRlbGV0ZSI6MjQwMDAwMDAwMDAwLCJ1cGRhdGUiOjI0MDAwMDAwMDAwMH19"
        }
      ]
    },
    {
      "module": "module.helmfile",
      "mode": "managed",
      "type": "google_secret_manager_secret_version",
      "name": "mysql_password_version",
      "provider": "provider[\"registry.terraform.io/hashicorp/google-beta\"]",
      "instances": [
        {
          "schema_version": 0,
          "attributes": {
            "create_time": "2020-08-29T16:35:59.201398Z",
            "destroy_time": "",
            "enabled": true,
            "id": "projects/1063004576079/secrets/mysql-password/versions/1",
            "name": "projects/1063004576079/secrets/mysql-password/versions/1",
            "secret": "projects/pmuir-dev/secrets/mysql-password",
            "secret_data": "RjVYPHyM69Mib0Nr",
            "timeouts": null
          },
          "private": "eyJlMmJmYjczMC1lY2FhLTExZTYtOGY4OC0zNDM2M2JjN2M0YzAiOnsiY3JlYXRlIjoyNDAwMDAwMDAwMDAsImRlbGV0ZSI6MjQwMDAwMDAwMDAwfX0=",
          "dependencies": [
            "module.helmfile.google_secret_manager_secret.mysql_password",
            "module.helmfile.random_password.mysql_password"
          ]
        }
      ]
    },
    {
      "module": "module.helmfile",
      "mode": "managed",
      "type": "local_file",
      "name": "generated_output",
      "provider": "provider[\"registry.terraform.io/hashicorp/local\"]",
      "instances": [
        {
          "schema_version": 0,
          "attributes": {
            "content": "##################################################\n# WARNING: This file is overwritten by terraform #\n# Make any changes in values.yaml             #\n##################################################\n\n\"certManager\":\n  \"googleServiceAccount\": \"certmanager@pmuir-dev.iam.gserviceaccount.com\"\n  \"kubernetesServiceAccount\": \"cert-manager\"\n  \"namespace\": \"cert-manager\"\n\"database\":\n  \"mysqlPropertiesSecretName\": \"database-mysql-proerties\"\n  \"name\": \"database\"\n  \"port\": 5432\n  \"project\": \"pmuir-dev\"\n  \"region\": \"europe-west1\"\n  \"serviceAccountSecretName\": \"database-service-account-key\"\n\"externalDns\":\n  \"googleServiceAccount\": \"externaldns@pmuir-dev.iam.gserviceaccount.com\"\n  \"kubernetesServiceAccount\": \"external-dns\"\n  \"namespace\": \"external-dns\"\n\"externalSecrets\":\n  \"googleServiceAccount\": \"externalsecrets@pmuir-dev.iam.gserviceaccount.com\"\n  \"kubernetesServiceAccount\": \"external-secrets\"\n  \"namespace\": \"external-secrets\"\n\"gcp\":\n  \"project\": \"pmuir-dev\"\n\"keycloakDatabase\":\n  \"name\": \"keycloak-database\"\n  \"passwordSecretName\": \"keycloak-database-database-password\"\n  \"port\": 5432\n  \"project\": \"pmuir-dev\"\n  \"region\": \"europe-west1\"\n  \"serviceAccountSecretName\": \"keycloak-database-service-account-key\"\n  \"username\": \"postgres\"\n\"loadBalancer\":\n  \"ip\": \"35.233.17.204\"\n  \"suffix\": \"g.bleepbleep.org.uk\"\n",
            "content_base64": null,
            "directory_permission": "0777",
            "file_permission": "0777",
            "filename": "../helmfile/generated.yaml",
            "id": "db9460372ee1c7b72f7bec7cbd998ec8422ba20d",
            "sensitive_content": null
          },
          "private": "bnVsbA==",
          "dependencies": [
            "module.cluster.google_container_cluster.primary",
            "module.cluster.google_container_node_pool.primary_preemptible_nodes",
            "module.cluster.google_project_service.container_api",
            "module.database.google_secret_manager_secret.database_service_account_key",
            "module.database.google_secret_manager_secret.mysql_properties",
            "module.database.google_sql_database_instance.database",
            "module.keycloak_database.google_secret_manager_secret.database_password",
            "module.keycloak_database.google_secret_manager_secret.database_service_account_key",
            "module.keycloak_database.google_sql_database_instance.database",
            "module.networking.google_compute_address.ip_address",
            "module.networking.google_service_account.cert_manager",
            "module.networking.google_service_account.external_dns",
            "module.secrets.google_service_account.external_secrets",
            "module.secrets.google_service_account_iam_member.external_secrets"
          ]
        }
      ]
    },
    {
      "module": "module.helmfile",
      "mode": "managed",
      "type": "random_password",
      "name": "mysql_password",
      "provider": "module.helmfile.provider[\"registry.terraform.io/hashicorp/random\"]",
      "instances": [
        {
          "schema_version": 0,
          "attributes": {
            "id": "none",
            "keepers": null,
            "length": 16,
            "lower": true,
            "min_lower": 0,
            "min_numeric": 0,
            "min_special": 0,
            "min_upper": 0,
            "number": true,
            "override_special": "_%@",
            "result": "RjVYPHyM69Mib0Nr",
            "special": true,
            "upper": true
          },
          "private": "bnVsbA=="
        }
      ]
    },
    {
      "module": "module.keycloak_database",
      "mode": "managed",
      "type": "google_project_iam_member",
      "name": "iam_binding_member",
      "provider": "provider[\"registry.terraform.io/hashicorp/google\"]",
      "instances": [
        {
          "schema_version": 0,
          "attributes": {
            "condition": [],
            "etag": "BwWvfo7c/tA=",
            "id": "pmuir-dev/roles/cloudsql.client/serviceaccount:keycloak-database-cloudsql@pmuir-dev.iam.gserviceaccount.com",
            "member": "serviceAccount:keycloak-database-cloudsql@pmuir-dev.iam.gserviceaccount.com",
            "project": "pmuir-dev",
            "role": "roles/cloudsql.client"
          },
          "private": "bnVsbA==",
          "dependencies": [
            "module.cluster.google_container_cluster.primary",
            "module.cluster.google_container_node_pool.primary_preemptible_nodes",
            "module.cluster.google_project_service.container_api",
            "module.keycloak_database.google_service_account.service_account",
            "module.secrets.google_service_account.external_secrets",
            "module.secrets.google_service_account_iam_member.external_secrets"
          ]
        }
      ]
    },
    {
      "module": "module.keycloak_database",
      "mode": "managed",
      "type": "google_project_service",
      "name": "sql_admin",
      "provider": "provider[\"registry.terraform.io/hashicorp/google\"]",
      "instances": [
        {
          "schema_version": 0,
          "attributes": {
            "disable_dependent_services": null,
            "disable_on_destroy": false,
            "id": "pmuir-dev/sqladmin.googleapis.com",
            "project": "pmuir-dev",
            "service": "sqladmin.googleapis.com",
            "timeouts": null
          },
          "private": "eyJlMmJmYjczMC1lY2FhLTExZTYtOGY4OC0zNDM2M2JjN2M0YzAiOnsiY3JlYXRlIjoxMjAwMDAwMDAwMDAwLCJkZWxldGUiOjEyMDAwMDAwMDAwMDAsInJlYWQiOjYwMDAwMDAwMDAwMCwidXBkYXRlIjoxMjAwMDAwMDAwMDAwfX0=",
          "dependencies": [
            "module.cluster.google_container_cluster.primary",
            "module.cluster.google_container_node_pool.primary_preemptible_nodes",
            "module.cluster.google_project_service.container_api",
            "module.secrets.google_service_account.external_secrets",
            "module.secrets.google_service_account_iam_member.external_secrets"
          ]
        }
      ]
    },
    {
      "module": "module.keycloak_database",
      "mode": "managed",
      "type": "google_project_service",
      "name": "sql_component_api",
      "provider": "provider[\"registry.terraform.io/hashicorp/google\"]",
      "instances": [
        {
          "schema_version": 0,
          "attributes": {
            "disable_dependent_services": null,
            "disable_on_destroy": false,
            "id": "pmuir-dev/sql-component.googleapis.com",
            "project": "pmuir-dev",
            "service": "sql-component.googleapis.com",
            "timeouts": null
          },
          "private": "eyJlMmJmYjczMC1lY2FhLTExZTYtOGY4OC0zNDM2M2JjN2M0YzAiOnsiY3JlYXRlIjoxMjAwMDAwMDAwMDAwLCJkZWxldGUiOjEyMDAwMDAwMDAwMDAsInJlYWQiOjYwMDAwMDAwMDAwMCwidXBkYXRlIjoxMjAwMDAwMDAwMDAwfX0=",
          "dependencies": [
            "module.cluster.google_container_cluster.primary",
            "module.cluster.google_container_node_pool.primary_preemptible_nodes",
            "module.cluster.google_project_service.container_api",
            "module.secrets.google_service_account.external_secrets",
            "module.secrets.google_service_account_iam_member.external_secrets"
          ]
        }
      ]
    },
    {
      "module": "module.keycloak_database",
      "mode": "managed",
      "type": "google_secret_manager_secret",
      "name": "database_password",
      "provider": "provider[\"registry.terraform.io/hashicorp/google-beta\"]",
      "instances": [
        {
          "schema_version": 0,
          "attributes": {
            "create_time": "2020-09-16T12:13:05.934289Z",
            "id": "projects/pmuir-dev/secrets/keycloak-database-database-password",
            "labels": {},
            "name": "projects/1063004576079/secrets/keycloak-database-database-password",
            "project": "pmuir-dev",
            "replication": [
              {
                "automatic": true,
                "user_managed": []
              }
            ],
            "secret_id": "keycloak-database-database-password",
            "timeouts": null
          },
          "private": "eyJlMmJmYjczMC1lY2FhLTExZTYtOGY4OC0zNDM2M2JjN2M0YzAiOnsiY3JlYXRlIjoyNDAwMDAwMDAwMDAsImRlbGV0ZSI6MjQwMDAwMDAwMDAwLCJ1cGRhdGUiOjI0MDAwMDAwMDAwMH19",
          "dependencies": [
            "module.cluster.google_container_cluster.primary",
            "module.cluster.google_container_node_pool.primary_preemptible_nodes",
            "module.cluster.google_project_service.container_api",
            "module.secrets.google_service_account.external_secrets",
            "module.secrets.google_service_account_iam_member.external_secrets"
          ]
        }
      ]
    },
    {
      "module": "module.keycloak_database",
      "mode": "managed",
      "type": "google_secret_manager_secret",
      "name": "database_service_account_key",
      "provider": "provider[\"registry.terraform.io/hashicorp/google-beta\"]",
      "instances": [
        {
          "schema_version": 0,
          "attributes": {
            "create_time": "2020-09-16T12:20:53.870812Z",
            "id": "projects/pmuir-dev/secrets/keycloak-database-service-account-key",
            "labels": {},
            "name": "projects/1063004576079/secrets/keycloak-database-service-account-key",
            "project": "pmuir-dev",
            "replication": [
              {
                "automatic": true,
                "user_managed": []
              }
            ],
            "secret_id": "keycloak-database-service-account-key",
            "timeouts": null
          },
          "private": "eyJlMmJmYjczMC1lY2FhLTExZTYtOGY4OC0zNDM2M2JjN2M0YzAiOnsiY3JlYXRlIjoyNDAwMDAwMDAwMDAsImRlbGV0ZSI6MjQwMDAwMDAwMDAwLCJ1cGRhdGUiOjI0MDAwMDAwMDAwMH19",
          "dependencies": [
            "module.cluster.google_container_cluster.primary",
            "module.cluster.google_container_node_pool.primary_preemptible_nodes",
            "module.cluster.google_project_service.container_api",
            "module.secrets.google_service_account.external_secrets",
            "module.secrets.google_service_account_iam_member.external_secrets"
          ]
        }
      ]
    },
    {
      "module": "module.keycloak_database",
      "mode": "managed",
      "type": "google_secret_manager_secret",
      "name": "mysql_properties",
      "provider": "provider[\"registry.terraform.io/hashicorp/google\"]",
      "instances": [
        {
          "schema_version": 0,
          "attributes": {
            "create_time": "2020-09-16T12:13:05.346794Z",
            "id": "projects/pmuir-dev/secrets/keycloak-database-mysql-proerties",
            "labels": {},
            "name": "projects/1063004576079/secrets/keycloak-database-mysql-proerties",
            "project": "pmuir-dev",
            "replication": [
              {
                "automatic": true,
                "user_managed": []
              }
            ],
            "secret_id": "keycloak-database-mysql-proerties",
            "timeouts": null
          },
          "private": "eyJlMmJmYjczMC1lY2FhLTExZTYtOGY4OC0zNDM2M2JjN2M0YzAiOnsiY3JlYXRlIjoyNDAwMDAwMDAwMDAsImRlbGV0ZSI6MjQwMDAwMDAwMDAwLCJ1cGRhdGUiOjI0MDAwMDAwMDAwMH19",
          "dependencies": [
            "module.cluster.google_container_cluster.primary",
            "module.cluster.google_container_node_pool.primary_preemptible_nodes",
            "module.cluster.google_project_service.container_api",
            "module.secrets.google_service_account.external_secrets",
            "module.secrets.google_service_account_iam_member.external_secrets"
          ]
        }
      ]
    },
    {
      "module": "module.keycloak_database",
      "mode": "managed",
      "type": "google_secret_manager_secret_iam_member",
      "name": "database_password",
      "provider": "provider[\"registry.terraform.io/hashicorp/google-beta\"]",
      "instances": [
        {
          "schema_version": 0,
          "attributes": {
            "condition": [],
            "etag": "BwWvbTC+Brc=",
            "id": "projects/pmuir-dev/secrets/keycloak-database-database-password/roles/secretmanager.secretAccessor/serviceaccount:externalsecrets@pmuir-dev.iam.gserviceaccount.com",
            "member": "serviceAccount:externalsecrets@pmuir-dev.iam.gserviceaccount.com",
            "project": "pmuir-dev",
            "role": "roles/secretmanager.secretAccessor",
            "secret_id": "projects/pmuir-dev/secrets/keycloak-database-database-password"
          },
          "private": "bnVsbA==",
          "dependencies": [
            "module.cluster.google_container_cluster.primary",
            "module.cluster.google_container_node_pool.primary_preemptible_nodes",
            "module.cluster.google_project_service.container_api",
            "module.keycloak_database.google_secret_manager_secret.database_password",
            "module.secrets.google_service_account.external_secrets",
            "module.secrets.google_service_account_iam_member.external_secrets"
          ]
        }
      ]
    },
    {
      "module": "module.keycloak_database",
      "mode": "managed",
      "type": "google_secret_manager_secret_iam_member",
      "name": "database_service_account_key",
      "provider": "provider[\"registry.terraform.io/hashicorp/google-beta\"]",
      "instances": [
        {
          "schema_version": 0,
          "attributes": {
            "condition": [],
            "etag": "BwWvbUymgkg=",
            "id": "projects/pmuir-dev/secrets/keycloak-database-service-account-key/roles/secretmanager.secretAccessor/serviceaccount:externalsecrets@pmuir-dev.iam.gserviceaccount.com",
            "member": "serviceAccount:externalsecrets@pmuir-dev.iam.gserviceaccount.com",
            "project": "pmuir-dev",
            "role": "roles/secretmanager.secretAccessor",
            "secret_id": "projects/pmuir-dev/secrets/keycloak-database-service-account-key"
          },
          "private": "bnVsbA==",
          "dependencies": [
            "module.cluster.google_container_cluster.primary",
            "module.cluster.google_container_node_pool.primary_preemptible_nodes",
            "module.cluster.google_project_service.container_api",
            "module.keycloak_database.google_secret_manager_secret.database_service_account_key",
            "module.secrets.google_service_account.external_secrets",
            "module.secrets.google_service_account_iam_member.external_secrets"
          ]
        }
      ]
    },
    {
      "module": "module.keycloak_database",
      "mode": "managed",
      "type": "google_secret_manager_secret_iam_member",
      "name": "mysql_properties",
      "provider": "provider[\"registry.terraform.io/hashicorp/google\"]",
      "instances": [
        {
          "schema_version": 0,
          "attributes": {
            "condition": [],
            "etag": "BwWvbTC2+uw=",
            "id": "projects/pmuir-dev/secrets/keycloak-database-mysql-proerties/roles/secretmanager.secretAccessor/serviceaccount:externalsecrets@pmuir-dev.iam.gserviceaccount.com",
            "member": "serviceAccount:externalsecrets@pmuir-dev.iam.gserviceaccount.com",
            "project": "pmuir-dev",
            "role": "roles/secretmanager.secretAccessor",
            "secret_id": "projects/pmuir-dev/secrets/keycloak-database-mysql-proerties"
          },
          "private": "bnVsbA==",
          "dependencies": [
            "module.cluster.google_container_cluster.primary",
            "module.cluster.google_container_node_pool.primary_preemptible_nodes",
            "module.cluster.google_project_service.container_api",
            "module.keycloak_database.google_secret_manager_secret.mysql_properties",
            "module.secrets.google_service_account.external_secrets",
            "module.secrets.google_service_account_iam_member.external_secrets"
          ]
        }
      ]
    },
    {
      "module": "module.keycloak_database",
      "mode": "managed",
      "type": "google_secret_manager_secret_version",
      "name": "database_password_version",
      "provider": "provider[\"registry.terraform.io/hashicorp/google-beta\"]",
      "instances": [
        {
          "schema_version": 0,
          "attributes": {
            "create_time": "2020-09-17T07:28:06.425538Z",
            "destroy_time": "",
            "enabled": true,
            "id": "projects/1063004576079/secrets/keycloak-database-database-password/versions/2",
            "name": "projects/1063004576079/secrets/keycloak-database-database-password/versions/2",
            "secret": "projects/pmuir-dev/secrets/keycloak-database-database-password",
            "secret_data": "lWu5LPbp7I88aHN1",
            "timeouts": null
          },
          "private": "eyJlMmJmYjczMC1lY2FhLTExZTYtOGY4OC0zNDM2M2JjN2M0YzAiOnsiY3JlYXRlIjoyNDAwMDAwMDAwMDAsImRlbGV0ZSI6MjQwMDAwMDAwMDAwfX0=",
          "dependencies": [
            "module.cluster.google_container_cluster.primary",
            "module.cluster.google_container_node_pool.primary_preemptible_nodes",
            "module.cluster.google_project_service.container_api",
            "module.keycloak_database.google_secret_manager_secret.database_password",
            "module.keycloak_database.google_sql_database_instance.database",
            "module.keycloak_database.google_sql_user.user",
            "module.keycloak_database.random_password.password",
            "module.secrets.google_service_account.external_secrets",
            "module.secrets.google_service_account_iam_member.external_secrets"
          ]
        }
      ]
    },
    {
      "module": "module.keycloak_database",
      "mode": "managed",
      "type": "google_secret_manager_secret_version",
      "name": "database_service_account_key_version",
      "provider": "provider[\"registry.terraform.io/hashicorp/google-beta\"]",
      "instances": [
        {
          "schema_version": 0,
          "attributes": {
            "create_time": "2020-09-16T12:20:55.427419Z",
            "destroy_time": "",
            "enabled": true,
            "id": "projects/1063004576079/secrets/keycloak-database-service-account-key/versions/1",
            "name": "projects/1063004576079/secrets/keycloak-database-service-account-key/versions/1",
            "secret": "projects/pmuir-dev/secrets/keycloak-database-service-account-key",
            "secret_data": "ewogICJ0eXBlIjogInNlcnZpY2VfYWNjb3VudCIsCiAgInByb2plY3RfaWQiOiAicG11aXItZGV2IiwKICAicHJpdmF0ZV9rZXlfaWQiOiAiYmI3MjVkN2VkZTU3M2I5YzNlMDkwYjc3OGNlYWU1NmJkODJiODNlMiIsCiAgInByaXZhdGVfa2V5IjogIi0tLS0tQkVHSU4gUFJJVkFURSBLRVktLS0tLVxuTUlJRXZBSUJBREFOQmdrcWhraUc5dzBCQVFFRkFBU0NCS1l3Z2dTaUFnRUFBb0lCQVFDblNzSG1OU3JNS0VpVlxuNXNQYjFvaDYxb2R6ekUvUmdPZ2FvZXUwYng4OHhBeWdKQXNuS2ZPSEpqQmduZENkMi9ONU4yTldYRUpHYzAyWVxubjdhT2FRaUt3NlU2ekNvWitZd3RjL1o2a0czQU5PZWp4VDZQeWladmtCWHBWN3BHcGFGQnBmTGlJdHpONFFhaVxuMytHTE1oZFg0OEcrMnRuTFNKT0Q1emJTdm5rM3F6OGxSOUFFamRjMkZwTDJZOUltU285S205a0Y5dTRmcU5xQVxuQlljUGJ5bUpjeUI0RXB6QXFxMTNlMnYySFNoZUltL3U5VmdIV3lBVDFrV0FjU2hNRE0vcDFBRFBNZWRNc3dLUFxub1doMnhqVXFUeS9VSWNPRGNzb1hHZ0srRHg5cEtMR09kSlJiWlBiejNvMnQ1Z2Ivd3plOVJodjBsMTl6Tk1lcVxub1VWOHRpcGRBZ01CQUFFQ2dnRUFCbkQ5Q0hZNngyRWVzd2VQWk44bllxUWJmam5iUjBFUmVYaGd3N3kxUlI1Slxuc1NuVXljV0EvdzdEOVVNUkFGOElIOU9pT010S2NhZ291dmJJQXB3OTRWL3Vud0N6b2ZhUjcwSEVOMkcrYnI5QVxuRXd0NklQTU5sS1ZGaVdEMkhHM0RYaXg3cnJtSHdIVkl1amFUYitGZ3lqZ2hZbzM1TGExYlRBeDM5OWlGMWltVlxudmMwRnNac0hKMzJZcCthZFA3UGJOUFZOVTRiM0FKbXNtZk1HcnJ5b2dRaVdEZkN6aW4xcEdTZzVLcW5SL2JpK1xuUlNyNFV0VWlIQnFzT2pLZTlkYUdvcHFNNFBVVlRpSTNwbW92T05KSGovQUJ0MlJ3VTQwcWNPR3ZTdGdHeDZRSVxudzlHdC9RTFdqcGFwajlOeDE0ZFp0ajdsSTdOYkhEQUdIWEJGVXYrZFNRS0JnUURqYmdOTnFSUGhNQVBEcDRmRlxuZVNuVUtnZlRiT3JGVitqMlF5cGE4YU1vcG9kWnFjMVlsdDFzMSsrcWVvbGdMQ3hWZGlzU0ZHOHVBc0RZNlhqNlxuR1hmUE42MkJOMDUxZkQrTmRsc3AzMTRWYnJ1NFQ3bzFLVFZDODFUeGRzcldkYVFBREtWUmZpY1JKWmdWcU1TU1xuWHIrSm1JSllualhINXVBaVhSaU1sSVp2V1FLQmdRQzhUc0dPRmxEZmRTMkV1L3ZRUDJxTGUwcFFxOHRzUTF0TVxuOGxxTjhrcUZTdTZCdmJ2U0ZzanNaV3FaZjJaZUdZNUpqYlRwRlU4ZVdjKzRUU0VpR3BjdnhiaEdhS0FML3ZKT1xuOXkvcFk5UHRGbGRaeVNlaEJTOFk4WTVyVGI1OFRUb3IwLzFTYnkrNHZGYXowMnR0NHAvWW45aWhqYXY3ZU1Wa1xuc1E4MXBWeldwUUtCZ0hETUIyZGxEQzhMbVZKWXJNWU1LZXJJVGNsV283bnN0K1lydWI0UlNsTEhCU283UlZWQ1xudmQ5VjJkQTdwaGJFMGRneEczdUVGd0JDN1ZLbnVSQ1J3UkpORXdpYlhaWjNZUzNRSGJiT3llTG5ZTU14QjdHR1xuRnB4MkF4TWZUOHE5M2ZFSVZKWHVjNEhWbTNCaW05dmNrakswS1RHNmhnSDNTQUxER1lIZnlDMUJBb0dBQXREYVxuckJsQlZGWVlQQ2ZqZUJXNnJpTkYxVGI4Yjc0Q0c0QjBRak1oVWlUd3RCZjJPd29FTHlURkYwNkVaVnZVZU4wWlxubTNLcUlEWVBtUjN1Sk9obzRsbitpMjc5RmJEV1JzQURnMlh1d1ZqWUxZdUlnQ3ZuckdQUVVXSjBPcitjNHhMa1xuY3RzZXg1QnBhMzc1MkViUFJSbit6MHVqQ3J1Zm1BWGR5RnVVcTlFQ2dZQWtCS253b2pIRlFGY3BsTXpHSk9Bc1xuTVQybHZnUGJVT2JpMzZTdHhDbjBWOFdMQ2J5K1FXeDQyc0Z2V2dMUGFZRGRKZkZ3OUM0NGxCR1NFZVNzRXY3dlxuL0hqM2pTQUhmTmNSTzJUZ1k2MzA3dEtMZTdtRUdtaHBlQk50dXlrWEZ3MDhjS0t1KzF0ZmJQSnJqdU1TRmNzbVxua2lmWmZzS2dvRW5JVEcveFJ3cmVoQT09XG4tLS0tLUVORCBQUklWQVRFIEtFWS0tLS0tXG4iLAogICJjbGllbnRfZW1haWwiOiAia2V5Y2xvYWstZGF0YWJhc2UtY2xvdWRzcWxAcG11aXItZGV2LmlhbS5nc2VydmljZWFjY291bnQuY29tIiwKICAiY2xpZW50X2lkIjogIjExNjQ0NzIxOTc0OTI5MDk2MzY1MyIsCiAgImF1dGhfdXJpIjogImh0dHBzOi8vYWNjb3VudHMuZ29vZ2xlLmNvbS9vL29hdXRoMi9hdXRoIiwKICAidG9rZW5fdXJpIjogImh0dHBzOi8vb2F1dGgyLmdvb2dsZWFwaXMuY29tL3Rva2VuIiwKICAiYXV0aF9wcm92aWRlcl94NTA5X2NlcnRfdXJsIjogImh0dHBzOi8vd3d3Lmdvb2dsZWFwaXMuY29tL29hdXRoMi92MS9jZXJ0cyIsCiAgImNsaWVudF94NTA5X2NlcnRfdXJsIjogImh0dHBzOi8vd3d3Lmdvb2dsZWFwaXMuY29tL3JvYm90L3YxL21ldGFkYXRhL3g1MDkva2V5Y2xvYWstZGF0YWJhc2UtY2xvdWRzcWwlNDBwbXVpci1kZXYuaWFtLmdzZXJ2aWNlYWNjb3VudC5jb20iCn0K",
            "timeouts": null
          },
          "private": "eyJlMmJmYjczMC1lY2FhLTExZTYtOGY4OC0zNDM2M2JjN2M0YzAiOnsiY3JlYXRlIjoyNDAwMDAwMDAwMDAsImRlbGV0ZSI6MjQwMDAwMDAwMDAwfX0=",
          "dependencies": [
            "module.cluster.google_container_cluster.primary",
            "module.cluster.google_container_node_pool.primary_preemptible_nodes",
            "module.cluster.google_project_service.container_api",
            "module.keycloak_database.google_secret_manager_secret.database_service_account_key",
            "module.keycloak_database.google_service_account_key.service_account_key",
            "module.secrets.google_service_account.external_secrets",
            "module.secrets.google_service_account_iam_member.external_secrets"
          ]
        }
      ]
    },
    {
      "module": "module.keycloak_database",
      "mode": "managed",
      "type": "google_secret_manager_secret_version",
      "name": "mysql_properties_version",
      "provider": "provider[\"registry.terraform.io/hashicorp/google\"]",
      "instances": [
        {
          "schema_version": 0,
          "attributes": {
            "create_time": "2020-09-17T07:28:06.426220Z",
            "destroy_time": "",
            "enabled": true,
            "id": "projects/1063004576079/secrets/keycloak-database-mysql-proerties/versions/3",
            "name": "projects/1063004576079/secrets/keycloak-database-mysql-proerties/versions/3",
            "secret": "projects/pmuir-dev/secrets/keycloak-database-mysql-proerties",
            "secret_data": "mysql_username: postgres\nmysql_password: lWu5LPbp7I88aHN1\n",
            "timeouts": null
          },
          "private": "eyJlMmJmYjczMC1lY2FhLTExZTYtOGY4OC0zNDM2M2JjN2M0YzAiOnsiY3JlYXRlIjoyNDAwMDAwMDAwMDAsImRlbGV0ZSI6MjQwMDAwMDAwMDAwfX0=",
          "dependencies": [
            "module.cluster.google_container_cluster.primary",
            "module.cluster.google_container_node_pool.primary_preemptible_nodes",
            "module.cluster.google_project_service.container_api",
            "module.keycloak_database.google_secret_manager_secret.mysql_properties",
            "module.keycloak_database.google_sql_database_instance.database",
            "module.keycloak_database.google_sql_user.user",
            "module.keycloak_database.random_password.password",
            "module.secrets.google_service_account.external_secrets",
            "module.secrets.google_service_account_iam_member.external_secrets"
          ]
        }
      ]
    },
    {
      "module": "module.keycloak_database",
      "mode": "managed",
      "type": "google_service_account",
      "name": "service_account",
      "provider": "provider[\"registry.terraform.io/hashicorp/google\"]",
      "instances": [
        {
          "schema_version": 0,
          "attributes": {
            "account_id": "keycloak-database-cloudsql",
            "description": "",
            "display_name": "keycloak-database CloudSQL Service Account",
            "email": "keycloak-database-cloudsql@pmuir-dev.iam.gserviceaccount.com",
            "id": "projects/pmuir-dev/serviceAccounts/keycloak-database-cloudsql@pmuir-dev.iam.gserviceaccount.com",
            "name": "projects/pmuir-dev/serviceAccounts/keycloak-database-cloudsql@pmuir-dev.iam.gserviceaccount.com",
            "project": "pmuir-dev",
            "timeouts": null,
            "unique_id": "116447219749290963653"
          },
          "private": "eyJlMmJmYjczMC1lY2FhLTExZTYtOGY4OC0zNDM2M2JjN2M0YzAiOnsiY3JlYXRlIjozMDAwMDAwMDAwMDB9fQ==",
          "dependencies": [
            "module.cluster.google_container_cluster.primary",
            "module.cluster.google_container_node_pool.primary_preemptible_nodes",
            "module.cluster.google_project_service.container_api",
            "module.secrets.google_service_account.external_secrets",
            "module.secrets.google_service_account_iam_member.external_secrets"
          ]
        }
      ]
    },
    {
      "module": "module.keycloak_database",
      "mode": "managed",
      "type": "google_service_account_key",
      "name": "service_account_key",
      "provider": "provider[\"registry.terraform.io/hashicorp/google\"]",
      "instances": [
        {
          "schema_version": 0,
          "attributes": {
            "id": "projects/pmuir-dev/serviceAccounts/keycloak-database-cloudsql@pmuir-dev.iam.gserviceaccount.com/keys/bb725d7ede573b9c3e090b778ceae56bd82b83e2",
            "key_algorithm": "KEY_ALG_RSA_2048",
            "name": "projects/pmuir-dev/serviceAccounts/keycloak-database-cloudsql@pmuir-dev.iam.gserviceaccount.com/keys/bb725d7ede573b9c3e090b778ceae56bd82b83e2",
            "pgp_key": null,
            "private_key": "ewogICJ0eXBlIjogInNlcnZpY2VfYWNjb3VudCIsCiAgInByb2plY3RfaWQiOiAicG11aXItZGV2IiwKICAicHJpdmF0ZV9rZXlfaWQiOiAiYmI3MjVkN2VkZTU3M2I5YzNlMDkwYjc3OGNlYWU1NmJkODJiODNlMiIsCiAgInByaXZhdGVfa2V5IjogIi0tLS0tQkVHSU4gUFJJVkFURSBLRVktLS0tLVxuTUlJRXZBSUJBREFOQmdrcWhraUc5dzBCQVFFRkFBU0NCS1l3Z2dTaUFnRUFBb0lCQVFDblNzSG1OU3JNS0VpVlxuNXNQYjFvaDYxb2R6ekUvUmdPZ2FvZXUwYng4OHhBeWdKQXNuS2ZPSEpqQmduZENkMi9ONU4yTldYRUpHYzAyWVxubjdhT2FRaUt3NlU2ekNvWitZd3RjL1o2a0czQU5PZWp4VDZQeWladmtCWHBWN3BHcGFGQnBmTGlJdHpONFFhaVxuMytHTE1oZFg0OEcrMnRuTFNKT0Q1emJTdm5rM3F6OGxSOUFFamRjMkZwTDJZOUltU285S205a0Y5dTRmcU5xQVxuQlljUGJ5bUpjeUI0RXB6QXFxMTNlMnYySFNoZUltL3U5VmdIV3lBVDFrV0FjU2hNRE0vcDFBRFBNZWRNc3dLUFxub1doMnhqVXFUeS9VSWNPRGNzb1hHZ0srRHg5cEtMR09kSlJiWlBiejNvMnQ1Z2Ivd3plOVJodjBsMTl6Tk1lcVxub1VWOHRpcGRBZ01CQUFFQ2dnRUFCbkQ5Q0hZNngyRWVzd2VQWk44bllxUWJmam5iUjBFUmVYaGd3N3kxUlI1Slxuc1NuVXljV0EvdzdEOVVNUkFGOElIOU9pT010S2NhZ291dmJJQXB3OTRWL3Vud0N6b2ZhUjcwSEVOMkcrYnI5QVxuRXd0NklQTU5sS1ZGaVdEMkhHM0RYaXg3cnJtSHdIVkl1amFUYitGZ3lqZ2hZbzM1TGExYlRBeDM5OWlGMWltVlxudmMwRnNac0hKMzJZcCthZFA3UGJOUFZOVTRiM0FKbXNtZk1HcnJ5b2dRaVdEZkN6aW4xcEdTZzVLcW5SL2JpK1xuUlNyNFV0VWlIQnFzT2pLZTlkYUdvcHFNNFBVVlRpSTNwbW92T05KSGovQUJ0MlJ3VTQwcWNPR3ZTdGdHeDZRSVxudzlHdC9RTFdqcGFwajlOeDE0ZFp0ajdsSTdOYkhEQUdIWEJGVXYrZFNRS0JnUURqYmdOTnFSUGhNQVBEcDRmRlxuZVNuVUtnZlRiT3JGVitqMlF5cGE4YU1vcG9kWnFjMVlsdDFzMSsrcWVvbGdMQ3hWZGlzU0ZHOHVBc0RZNlhqNlxuR1hmUE42MkJOMDUxZkQrTmRsc3AzMTRWYnJ1NFQ3bzFLVFZDODFUeGRzcldkYVFBREtWUmZpY1JKWmdWcU1TU1xuWHIrSm1JSllualhINXVBaVhSaU1sSVp2V1FLQmdRQzhUc0dPRmxEZmRTMkV1L3ZRUDJxTGUwcFFxOHRzUTF0TVxuOGxxTjhrcUZTdTZCdmJ2U0ZzanNaV3FaZjJaZUdZNUpqYlRwRlU4ZVdjKzRUU0VpR3BjdnhiaEdhS0FML3ZKT1xuOXkvcFk5UHRGbGRaeVNlaEJTOFk4WTVyVGI1OFRUb3IwLzFTYnkrNHZGYXowMnR0NHAvWW45aWhqYXY3ZU1Wa1xuc1E4MXBWeldwUUtCZ0hETUIyZGxEQzhMbVZKWXJNWU1LZXJJVGNsV283bnN0K1lydWI0UlNsTEhCU283UlZWQ1xudmQ5VjJkQTdwaGJFMGRneEczdUVGd0JDN1ZLbnVSQ1J3UkpORXdpYlhaWjNZUzNRSGJiT3llTG5ZTU14QjdHR1xuRnB4MkF4TWZUOHE5M2ZFSVZKWHVjNEhWbTNCaW05dmNrakswS1RHNmhnSDNTQUxER1lIZnlDMUJBb0dBQXREYVxuckJsQlZGWVlQQ2ZqZUJXNnJpTkYxVGI4Yjc0Q0c0QjBRak1oVWlUd3RCZjJPd29FTHlURkYwNkVaVnZVZU4wWlxubTNLcUlEWVBtUjN1Sk9obzRsbitpMjc5RmJEV1JzQURnMlh1d1ZqWUxZdUlnQ3ZuckdQUVVXSjBPcitjNHhMa1xuY3RzZXg1QnBhMzc1MkViUFJSbit6MHVqQ3J1Zm1BWGR5RnVVcTlFQ2dZQWtCS253b2pIRlFGY3BsTXpHSk9Bc1xuTVQybHZnUGJVT2JpMzZTdHhDbjBWOFdMQ2J5K1FXeDQyc0Z2V2dMUGFZRGRKZkZ3OUM0NGxCR1NFZVNzRXY3dlxuL0hqM2pTQUhmTmNSTzJUZ1k2MzA3dEtMZTdtRUdtaHBlQk50dXlrWEZ3MDhjS0t1KzF0ZmJQSnJqdU1TRmNzbVxua2lmWmZzS2dvRW5JVEcveFJ3cmVoQT09XG4tLS0tLUVORCBQUklWQVRFIEtFWS0tLS0tXG4iLAogICJjbGllbnRfZW1haWwiOiAia2V5Y2xvYWstZGF0YWJhc2UtY2xvdWRzcWxAcG11aXItZGV2LmlhbS5nc2VydmljZWFjY291bnQuY29tIiwKICAiY2xpZW50X2lkIjogIjExNjQ0NzIxOTc0OTI5MDk2MzY1MyIsCiAgImF1dGhfdXJpIjogImh0dHBzOi8vYWNjb3VudHMuZ29vZ2xlLmNvbS9vL29hdXRoMi9hdXRoIiwKICAidG9rZW5fdXJpIjogImh0dHBzOi8vb2F1dGgyLmdvb2dsZWFwaXMuY29tL3Rva2VuIiwKICAiYXV0aF9wcm92aWRlcl94NTA5X2NlcnRfdXJsIjogImh0dHBzOi8vd3d3Lmdvb2dsZWFwaXMuY29tL29hdXRoMi92MS9jZXJ0cyIsCiAgImNsaWVudF94NTA5X2NlcnRfdXJsIjogImh0dHBzOi8vd3d3Lmdvb2dsZWFwaXMuY29tL3JvYm90L3YxL21ldGFkYXRhL3g1MDkva2V5Y2xvYWstZGF0YWJhc2UtY2xvdWRzcWwlNDBwbXVpci1kZXYuaWFtLmdzZXJ2aWNlYWNjb3VudC5jb20iCn0K",
            "private_key_encrypted": null,
            "private_key_fingerprint": null,
            "private_key_type": "TYPE_GOOGLE_CREDENTIALS_FILE",
            "public_key": "LS0tLS1CRUdJTiBDRVJUSUZJQ0FURS0tLS0tCk1JSUMvRENDQWVTZ0F3SUJBZ0lJUkt4emFYL3dmdGN3RFFZSktvWklodmNOQVFFRkJRQXdJREVlTUJ3R0ExVUUKQXhNVk1URTJORFEzTWpFNU56UTVNamt3T1RZek5qVXpNQ0FYRFRJd01Ea3hOakV5TVRNd04xb1lEems1T1RreApNak14TWpNMU9UVTVXakFnTVI0d0hBWURWUVFERXhVeE1UWTBORGN5TVRrM05Ea3lPVEE1TmpNMk5UTXdnZ0VpCk1BMEdDU3FHU0liM0RRRUJBUVVBQTRJQkR3QXdnZ0VLQW9JQkFRQ25Tc0htTlNyTUtFaVY1c1BiMW9oNjFvZHoKekUvUmdPZ2FvZXUwYng4OHhBeWdKQXNuS2ZPSEpqQmduZENkMi9ONU4yTldYRUpHYzAyWW43YU9hUWlLdzZVNgp6Q29aK1l3dGMvWjZrRzNBTk9lanhUNlB5aVp2a0JYcFY3cEdwYUZCcGZMaUl0ek40UWFpMytHTE1oZFg0OEcrCjJ0bkxTSk9ENXpiU3ZuazNxejhsUjlBRWpkYzJGcEwyWTlJbVNvOUttOWtGOXU0ZnFOcUFCWWNQYnltSmN5QjQKRXB6QXFxMTNlMnYySFNoZUltL3U5VmdIV3lBVDFrV0FjU2hNRE0vcDFBRFBNZWRNc3dLUG9XaDJ4alVxVHkvVQpJY09EY3NvWEdnSytEeDlwS0xHT2RKUmJaUGJ6M28ydDVnYi93emU5Umh2MGwxOXpOTWVxb1VWOHRpcGRBZ01CCkFBR2pPREEyTUF3R0ExVWRFd0VCL3dRQ01BQXdEZ1lEVlIwUEFRSC9CQVFEQWdlQU1CWUdBMVVkSlFFQi93UU0KTUFvR0NDc0dBUVVGQndNQ01BMEdDU3FHU0liM0RRRUJCUVVBQTRJQkFRQk8yZjlXeWxibmcvS1RzeFgwaVozbApPZU4xYXdxeWt5c2d1Y2lzSWVRWjdRRE1BTDE5ZjgrZWczZEprbmxYRlBVYnAwT3lTa3MzVytUTG9vWi9TWVhwCk5LSXpicHpJeW9zV1NTSkF2VGNkM1NLaXgvcUhmODVtcVJ3TEJnM2FuVjk0ZUhMWGlQQzFGemY1cjJxbWJZOU4KaWtFb2RnNmxIb0tuYnR2aFM5dSs3WFB1eUVVSGM3L1pZWUpQendIUEp5Qm9PSURqbWp3YWZjekMrL3E3WG9iVgpzcXh5aW1iRWoxWDVKbWcrTEM5U3QwYUM0NG4rTzB5Skl0dy80L3BUb05kNWZCMmtaUGdWVkN4bFFpcUVxT3lXClRLZFVOdzExeUNnN3I3TExwZzErbzEvRmhjdTNJVkRraVhLYWEzMnFWL0RsS0lyWnN0b2xoZjAvY1JndUp1SmYKLS0tLS1FTkQgQ0VSVElGSUNBVEUtLS0tLQo=",
            "public_key_data": null,
            "public_key_type": "TYPE_X509_PEM_FILE",
            "service_account_id": "projects/pmuir-dev/serviceAccounts/keycloak-database-cloudsql@pmuir-dev.iam.gserviceaccount.com",
            "valid_after": "2020-09-16T12:13:07Z",
            "valid_before": "9999-12-31T23:59:59Z"
          },
          "private": "bnVsbA==",
          "dependencies": [
            "module.cluster.google_container_cluster.primary",
            "module.cluster.google_container_node_pool.primary_preemptible_nodes",
            "module.cluster.google_project_service.container_api",
            "module.keycloak_database.google_service_account.service_account",
            "module.secrets.google_service_account.external_secrets",
            "module.secrets.google_service_account_iam_member.external_secrets"
          ]
        }
      ]
    },
    {
      "module": "module.keycloak_database",
      "mode": "managed",
      "type": "google_sql_database_instance",
      "name": "database",
      "provider": "provider[\"registry.terraform.io/hashicorp/google\"]",
      "instances": [
        {
          "schema_version": 0,
          "attributes": {
            "connection_name": "pmuir-dev:europe-west1:keycloak-database",
            "database_version": "POSTGRES_10",
            "first_ip_address": "35.187.117.68",
            "id": "keycloak-database",
            "ip_address": [
              {
                "ip_address": "35.187.117.68",
                "time_to_retire": "",
                "type": "PRIMARY"
              }
            ],
            "master_instance_name": "",
            "name": "keycloak-database",
            "private_ip_address": "",
            "project": "pmuir-dev",
            "public_ip_address": "35.187.117.68",
            "region": "europe-west1",
            "replica_configuration": [],
            "root_password": null,
            "self_link": "https://sqladmin.googleapis.com/sql/v1beta4/projects/pmuir-dev/instances/keycloak-database",
            "server_ca_cert": [
              {
                "cert": "-----BEGIN CERTIFICATE-----\nMIIDfzCCAmegAwIBAgIBADANBgkqhkiG9w0BAQsFADB3MS0wKwYDVQQuEyQ3NWUz\nNmRkZS1iMGUwLTQwZWEtOGRiMi01YTQ2OWIzMGI0YzUxIzAhBgNVBAMTGkdvb2ds\nZSBDbG91ZCBTUUwgU2VydmVyIENBMRQwEgYDVQQKEwtHb29nbGUsIEluYzELMAkG\nA1UEBhMCVVMwHhcNMjAwOTE2MTIxMzIzWhcNMzAwOTE0MTIxNDIzWjB3MS0wKwYD\nVQQuEyQ3NWUzNmRkZS1iMGUwLTQwZWEtOGRiMi01YTQ2OWIzMGI0YzUxIzAhBgNV\nBAMTGkdvb2dsZSBDbG91ZCBTUUwgU2VydmVyIENBMRQwEgYDVQQKEwtHb29nbGUs\nIEluYzELMAkGA1UEBhMCVVMwggEiMA0GCSqGSIb3DQEBAQUAA4IBDwAwggEKAoIB\nAQCjUN8ZPqO2q34dyV3eHprJbYfI6n+9o4tjcEskKDfJVie1YdyBp3mI9mDDRq2C\nth3KfASAQ1Bd4h4aER2t1FiMahzzj4C3AlP/K2f2fKIfItIFSkbE4U+TI2S8PKlO\n03VXNkVHimXLH39B1dCVIKEvy6pKUv9Js1XaeBQLfhHmVCxAWhfSh7HX1rewsBep\nzIPtAMCb/DSwUpoFdNfFzFbHDw2JcHwqUqvK5upHaLOke8AA1Za7puUNN6v0bhT0\njK/k8b6f0oKhBylWtCF+9IbAwIcgvWFuqLiMerhW13plSaQc/jZL5/1rwWCLOm8l\nYcaMOTMwoqJQgtD7UwXFBu7zAgMBAAGjFjAUMBIGA1UdEwEB/wQIMAYBAf8CAQAw\nDQYJKoZIhvcNAQELBQADggEBAE9taZcDWZuORdVX6PSVaqNCeoM9LJl1gnzvhlIY\nUjsaK3XIGgtaj+oNquZIk92fJ9AqkritZob3lIWaOH8DUngU05BBRb9tjGA75OQi\nt24S3Lh6Fc7TVAU6DmJRFKbZq9YnbCBl0BgKPlmW8vmuIhe6KR2JkcJ5hM0f0jaR\nmxvxSam9+xj8ErCGvrHGg9YRZGDCp5tAUnqwQa3DjdOpi234qr0z8lBchdHeTFMc\neRyVvGTlBtsXTtOGDgXzEljtBEo1hMayLKoMxVww6P81oT1QDYexg4qmNb2PB3aF\nH/8qSW1oeXBVaurprmMwjjEnBQrMaVMGyxLMgiotUb6IQlU=\n-----END CERTIFICATE-----",
                "common_name": "C=US,O=Google\\, Inc,CN=Google Cloud SQL Server CA,dnQualifier=75e36dde-b0e0-40ea-8db2-5a469b30b4c5",
                "create_time": "2020-09-16T12:13:23.360Z",
                "expiration_time": "2030-09-14T12:14:23.360Z",
                "sha1_fingerprint": "e5144ec0ab2f79d282842275180b370f0ab91fea"
              }
            ],
            "service_account_email_address": "p1063004576079-siq7l1@gcp-sa-cloud-sql.iam.gserviceaccount.com",
            "settings": [
              {
                "activation_policy": "ALWAYS",
                "authorized_gae_applications": [],
                "availability_type": "",
                "backup_configuration": [
                  {
                    "binary_log_enabled": false,
                    "enabled": true,
                    "location": "",
                    "point_in_time_recovery_enabled": false,
                    "start_time": "18:00"
                  }
                ],
                "crash_safe_replication": false,
                "database_flags": [],
                "disk_autoresize": true,
                "disk_size": 10,
                "disk_type": "PD_SSD",
                "ip_configuration": [
                  {
                    "authorized_networks": [],
                    "ipv4_enabled": true,
                    "private_network": "",
                    "require_ssl": false
                  }
                ],
                "location_preference": [
                  {
                    "follow_gae_application": "",
                    "zone": "europe-west1-b"
                  }
                ],
                "maintenance_window": [],
                "pricing_plan": "PER_USE",
                "replication_type": "SYNCHRONOUS",
                "tier": "db-f1-micro",
                "user_labels": {},
                "version": 1
              }
            ],
            "timeouts": null
          },
          "private": "eyJlMmJmYjczMC1lY2FhLTExZTYtOGY4OC0zNDM2M2JjN2M0YzAiOnsiY3JlYXRlIjoxMjAwMDAwMDAwMDAwLCJkZWxldGUiOjEyMDAwMDAwMDAwMDAsInVwZGF0ZSI6MTIwMDAwMDAwMDAwMH19",
          "dependencies": [
            "module.cluster.google_container_cluster.primary",
            "module.cluster.google_container_node_pool.primary_preemptible_nodes",
            "module.cluster.google_project_service.container_api",
            "module.secrets.google_service_account.external_secrets",
            "module.secrets.google_service_account_iam_member.external_secrets"
          ]
        }
      ]
    },
    {
      "module": "module.keycloak_database",
      "mode": "managed",
      "type": "google_sql_user",
      "name": "user",
      "provider": "provider[\"registry.terraform.io/hashicorp/google\"]",
      "instances": [
        {
          "schema_version": 1,
          "attributes": {
            "host": "",
            "id": "postgres//keycloak-database",
            "instance": "keycloak-database",
            "name": "postgres",
            "password": "lWu5LPbp7I88aHN1",
            "project": "pmuir-dev",
            "timeouts": null
          },
          "private": "eyJlMmJmYjczMC1lY2FhLTExZTYtOGY4OC0zNDM2M2JjN2M0YzAiOnsiY3JlYXRlIjo2MDAwMDAwMDAwMDAsImRlbGV0ZSI6NjAwMDAwMDAwMDAwLCJ1cGRhdGUiOjYwMDAwMDAwMDAwMH0sInNjaGVtYV92ZXJzaW9uIjoiMSJ9",
          "dependencies": [
            "module.cluster.google_container_cluster.primary",
            "module.cluster.google_container_node_pool.primary_preemptible_nodes",
            "module.cluster.google_project_service.container_api",
            "module.keycloak_database.google_sql_database_instance.database",
            "module.keycloak_database.random_password.password",
            "module.secrets.google_service_account.external_secrets",
            "module.secrets.google_service_account_iam_member.external_secrets"
          ]
        }
      ]
    },
    {
      "module": "module.keycloak_database",
      "mode": "managed",
      "type": "random_password",
      "name": "password",
      "provider": "provider[\"registry.terraform.io/hashicorp/random\"]",
      "instances": [
        {
          "schema_version": 0,
          "attributes": {
            "id": "none",
            "keepers": null,
            "length": 16,
            "lower": true,
            "min_lower": 0,
            "min_numeric": 0,
            "min_special": 0,
            "min_upper": 0,
            "number": true,
            "override_special": null,
            "result": "lWu5LPbp7I88aHN1",
            "special": false,
            "upper": true
          },
          "private": "bnVsbA==",
          "dependencies": [
            "module.cluster.google_container_cluster.primary",
            "module.cluster.google_container_node_pool.primary_preemptible_nodes",
            "module.cluster.google_project_service.container_api",
            "module.secrets.google_service_account.external_secrets",
            "module.secrets.google_service_account_iam_member.external_secrets"
          ]
        }
      ]
    },
    {
      "module": "module.networking",
      "mode": "managed",
      "type": "google_compute_address",
      "name": "ip_address",
      "provider": "provider[\"registry.terraform.io/hashicorp/google\"]",
      "instances": [
        {
          "schema_version": 0,
          "attributes": {
            "address": "35.233.17.204",
            "address_type": "EXTERNAL",
            "creation_timestamp": "2020-09-17T01:56:27.640-07:00",
            "description": "",
            "id": "projects/pmuir-dev/regions/europe-west1/addresses/demo-cluster-ip-address",
            "name": "demo-cluster-ip-address",
            "network_tier": "PREMIUM",
            "project": "pmuir-dev",
            "purpose": "",
            "region": "europe-west1",
            "self_link": "https://www.googleapis.com/compute/v1/projects/pmuir-dev/regions/europe-west1/addresses/demo-cluster-ip-address",
            "subnetwork": "",
            "timeouts": null,
            "users": []
          },
          "private": "eyJlMmJmYjczMC1lY2FhLTExZTYtOGY4OC0zNDM2M2JjN2M0YzAiOnsiY3JlYXRlIjoyNDAwMDAwMDAwMDAsImRlbGV0ZSI6MjQwMDAwMDAwMDAwfX0="
        }
      ]
    },
    {
      "module": "module.networking",
      "mode": "managed",
      "type": "google_dns_managed_zone",
      "name": "managed_zone",
      "provider": "provider[\"registry.terraform.io/hashicorp/google\"]",
      "instances": [
        {
          "schema_version": 0,
          "attributes": {
            "description": "CBP Managed DNS Zone",
            "dns_name": "g.bleepbleep.org.uk.",
            "dnssec_config": [],
            "forwarding_config": [],
            "id": "projects/pmuir-dev/managedZones/demo-cluster-managed-zone",
            "labels": {},
            "name": "demo-cluster-managed-zone",
            "name_servers": [
              "ns-cloud-e1.googledomains.com.",
              "ns-cloud-e2.googledomains.com.",
              "ns-cloud-e3.googledomains.com.",
              "ns-cloud-e4.googledomains.com."
            ],
            "peering_config": [],
            "private_visibility_config": [],
            "project": "pmuir-dev",
            "timeouts": null,
            "visibility": "public"
          },
          "private": "eyJlMmJmYjczMC1lY2FhLTExZTYtOGY4OC0zNDM2M2JjN2M0YzAiOnsiY3JlYXRlIjoyNDAwMDAwMDAwMDAsImRlbGV0ZSI6MjQwMDAwMDAwMDAwLCJ1cGRhdGUiOjI0MDAwMDAwMDAwMH19"
        }
      ]
    },
    {
      "module": "module.networking",
      "mode": "managed",
      "type": "google_dns_record_set",
      "name": "caa",
      "provider": "provider[\"registry.terraform.io/hashicorp/google\"]",
      "instances": [
        {
          "schema_version": 0,
          "attributes": {
            "id": "demo-cluster-managed-zone/g.bleepbleep.org.uk./CAA",
            "managed_zone": "demo-cluster-managed-zone",
            "name": "g.bleepbleep.org.uk.",
            "project": "pmuir-dev",
            "rrdatas": [
              "0 issue \"letsencrypt.org\"",
              "0 issue \"pki.goog\""
            ],
            "ttl": 300,
            "type": "CAA"
          },
          "private": "bnVsbA==",
          "dependencies": [
            "module.networking.google_dns_managed_zone.managed_zone"
          ]
        }
      ]
    },
    {
      "module": "module.networking",
      "mode": "managed",
      "type": "google_project_iam_member",
      "name": "cert_manager",
      "provider": "provider[\"registry.terraform.io/hashicorp/google\"]",
      "instances": [
        {
          "schema_version": 0,
          "attributes": {
            "condition": [],
            "etag": "BwWvfo7c/tA=",
            "id": "pmuir-dev/roles/dns.admin/serviceaccount:certmanager@pmuir-dev.iam.gserviceaccount.com",
            "member": "serviceAccount:certmanager@pmuir-dev.iam.gserviceaccount.com",
            "project": "pmuir-dev",
            "role": "roles/dns.admin"
          },
          "private": "bnVsbA==",
          "dependencies": [
            "module.networking.google_service_account.cert_manager"
          ]
        }
      ]
    },
    {
      "module": "module.networking",
      "mode": "managed",
      "type": "google_project_iam_member",
      "name": "external_dns",
      "provider": "provider[\"registry.terraform.io/hashicorp/google\"]",
      "instances": [
        {
          "schema_version": 0,
          "attributes": {
            "condition": [],
            "etag": "BwWvfo7c/tA=",
            "id": "pmuir-dev/roles/dns.admin/serviceaccount:externaldns@pmuir-dev.iam.gserviceaccount.com",
            "member": "serviceAccount:externaldns@pmuir-dev.iam.gserviceaccount.com",
            "project": "pmuir-dev",
            "role": "roles/dns.admin"
          },
          "private": "bnVsbA==",
          "dependencies": [
            "module.networking.google_service_account.external_dns"
          ]
        }
      ]
    },
    {
      "module": "module.networking",
      "mode": "managed",
      "type": "google_project_service",
      "name": "dns",
      "provider": "provider[\"registry.terraform.io/hashicorp/google\"]",
      "instances": [
        {
          "schema_version": 0,
          "attributes": {
            "disable_dependent_services": null,
            "disable_on_destroy": false,
            "id": "pmuir-dev/dns.googleapis.com",
            "project": "pmuir-dev",
            "service": "dns.googleapis.com",
            "timeouts": null
          },
          "private": "eyJlMmJmYjczMC1lY2FhLTExZTYtOGY4OC0zNDM2M2JjN2M0YzAiOnsiY3JlYXRlIjoxMjAwMDAwMDAwMDAwLCJkZWxldGUiOjEyMDAwMDAwMDAwMDAsInJlYWQiOjYwMDAwMDAwMDAwMCwidXBkYXRlIjoxMjAwMDAwMDAwMDAwfX0="
        }
      ]
    },
    {
      "module": "module.networking",
      "mode": "managed",
      "type": "google_project_service",
      "name": "dns_api",
      "provider": "provider[\"registry.terraform.io/hashicorp/google\"]",
      "instances": [
        {
          "schema_version": 0,
          "attributes": {
            "disable_dependent_services": null,
            "disable_on_destroy": false,
            "id": "pmuir-dev/dns.googleapis.com",
            "project": "pmuir-dev",
            "service": "dns.googleapis.com",
            "timeouts": null
          },
          "private": "eyJlMmJmYjczMC1lY2FhLTExZTYtOGY4OC0zNDM2M2JjN2M0YzAiOnsiY3JlYXRlIjoxMjAwMDAwMDAwMDAwLCJkZWxldGUiOjEyMDAwMDAwMDAwMDAsInJlYWQiOjYwMDAwMDAwMDAwMCwidXBkYXRlIjoxMjAwMDAwMDAwMDAwfX0="
        }
      ]
    },
    {
      "module": "module.networking",
      "mode": "managed",
      "type": "google_service_account",
      "name": "cert_manager",
      "provider": "provider[\"registry.terraform.io/hashicorp/google\"]",
      "instances": [
        {
          "schema_version": 0,
          "attributes": {
            "account_id": "certmanager",
            "description": "",
            "display_name": "Cert Manager",
            "email": "certmanager@pmuir-dev.iam.gserviceaccount.com",
            "id": "projects/pmuir-dev/serviceAccounts/certmanager@pmuir-dev.iam.gserviceaccount.com",
            "name": "projects/pmuir-dev/serviceAccounts/certmanager@pmuir-dev.iam.gserviceaccount.com",
            "project": "pmuir-dev",
            "timeouts": null,
            "unique_id": "105760740771144513212"
          },
          "private": "eyJlMmJmYjczMC1lY2FhLTExZTYtOGY4OC0zNDM2M2JjN2M0YzAiOnsiY3JlYXRlIjozMDAwMDAwMDAwMDB9fQ=="
        }
      ]
    },
    {
      "module": "module.networking",
      "mode": "managed",
      "type": "google_service_account",
      "name": "external_dns",
      "provider": "provider[\"registry.terraform.io/hashicorp/google\"]",
      "instances": [
        {
          "schema_version": 0,
          "attributes": {
            "account_id": "externaldns",
            "description": "",
            "display_name": "External DNS",
            "email": "externaldns@pmuir-dev.iam.gserviceaccount.com",
            "id": "projects/pmuir-dev/serviceAccounts/externaldns@pmuir-dev.iam.gserviceaccount.com",
            "name": "projects/pmuir-dev/serviceAccounts/externaldns@pmuir-dev.iam.gserviceaccount.com",
            "project": "pmuir-dev",
            "timeouts": null,
            "unique_id": "105646995409260633046"
          },
          "private": "eyJlMmJmYjczMC1lY2FhLTExZTYtOGY4OC0zNDM2M2JjN2M0YzAiOnsiY3JlYXRlIjozMDAwMDAwMDAwMDB9fQ=="
        }
      ]
    },
    {
      "module": "module.networking",
      "mode": "managed",
      "type": "google_service_account_iam_member",
      "name": "cert_manager",
      "provider": "provider[\"registry.terraform.io/hashicorp/google-beta\"]",
      "instances": [
        {
          "schema_version": 0,
          "attributes": {
            "condition": [],
            "etag": "BwWuZNJOP7k=",
            "id": "projects/pmuir-dev/serviceAccounts/certmanager@pmuir-dev.iam.gserviceaccount.com/roles/iam.workloadIdentityUser/serviceaccount:pmuir-dev.svc.id.goog[cert-manager/cert-manager]",
            "member": "serviceAccount:pmuir-dev.svc.id.goog[cert-manager/cert-manager]",
            "role": "roles/iam.workloadIdentityUser",
            "service_account_id": "projects/pmuir-dev/serviceAccounts/certmanager@pmuir-dev.iam.gserviceaccount.com"
          },
          "private": "bnVsbA==",
          "dependencies": [
            "module.networking.google_service_account.cert_manager"
          ]
        }
      ]
    },
    {
      "module": "module.networking",
      "mode": "managed",
      "type": "google_service_account_iam_member",
      "name": "external_dns",
      "provider": "provider[\"registry.terraform.io/hashicorp/google-beta\"]",
      "instances": [
        {
          "schema_version": 0,
          "attributes": {
            "condition": [],
            "etag": "BwWvfo9LVxw=",
            "id": "projects/pmuir-dev/serviceAccounts/externaldns@pmuir-dev.iam.gserviceaccount.com/roles/iam.workloadIdentityUser/serviceaccount:pmuir-dev.svc.id.goog[external-dns/external-dns]",
            "member": "serviceAccount:pmuir-dev.svc.id.goog[external-dns/external-dns]",
            "role": "roles/iam.workloadIdentityUser",
            "service_account_id": "projects/pmuir-dev/serviceAccounts/externaldns@pmuir-dev.iam.gserviceaccount.com"
          },
          "private": "bnVsbA==",
          "dependencies": [
            "module.networking.google_service_account.external_dns"
          ]
        }
      ]
    },
    {
      "module": "module.secrets",
      "mode": "managed",
      "type": "google_service_account",
      "name": "external_secrets",
      "provider": "provider[\"registry.terraform.io/hashicorp/google\"]",
      "instances": [
        {
          "schema_version": 0,
          "attributes": {
            "account_id": "externalsecrets",
            "description": "",
            "display_name": "External Secrets",
            "email": "externalsecrets@pmuir-dev.iam.gserviceaccount.com",
            "id": "projects/pmuir-dev/serviceAccounts/externalsecrets@pmuir-dev.iam.gserviceaccount.com",
            "name": "projects/pmuir-dev/serviceAccounts/externalsecrets@pmuir-dev.iam.gserviceaccount.com",
            "project": "pmuir-dev",
            "timeouts": null,
            "unique_id": "103957129906304399933"
          },
          "private": "eyJlMmJmYjczMC1lY2FhLTExZTYtOGY4OC0zNDM2M2JjN2M0YzAiOnsiY3JlYXRlIjozMDAwMDAwMDAwMDB9fQ==",
          "dependencies": [
            "module.cluster.google_container_cluster.primary",
            "module.cluster.google_container_node_pool.primary_preemptible_nodes",
            "module.cluster.google_project_service.container_api"
          ]
        }
      ]
    },
    {
      "module": "module.secrets",
      "mode": "managed",
      "type": "google_service_account_iam_member",
      "name": "external_secrets",
      "provider": "provider[\"registry.terraform.io/hashicorp/google-beta\"]",
      "instances": [
        {
          "schema_version": 0,
          "attributes": {
            "condition": [],
            "etag": "BwWuCDw6AoQ=",
            "id": "projects/pmuir-dev/serviceAccounts/externalsecrets@pmuir-dev.iam.gserviceaccount.com/roles/iam.workloadIdentityUser/serviceaccount:pmuir-dev.svc.id.goog[external-secrets/external-secrets]",
            "member": "serviceAccount:pmuir-dev.svc.id.goog[external-secrets/external-secrets]",
            "role": "roles/iam.workloadIdentityUser",
            "service_account_id": "projects/pmuir-dev/serviceAccounts/externalsecrets@pmuir-dev.iam.gserviceaccount.com"
          },
          "private": "bnVsbA==",
          "dependencies": [
            "module.secrets.google_service_account.external_secrets"
          ]
        }
      ]
    },
    {
      "module": "module.shell",
      "mode": "managed",
      "type": "local_file",
      "name": "example_output",
      "provider": "provider[\"registry.terraform.io/hashicorp/local\"]",
      "instances": [
        {
          "schema_version": 0,
          "attributes": {
            "content": "#!/bin/sh\n\ngcloud container clusters get-credentials demo-cluster --zone europe-west1-b --project pmuir-dev",
            "content_base64": null,
            "directory_permission": "0777",
            "file_permission": "755",
            "filename": "../bin/cluster-connect.sh",
            "id": "cfca4e4e4c65f32dc25849a579f1d574e2031d97",
            "sensitive_content": null
          },
          "private": "bnVsbA=="
        }
      ]
    }
  ]
}
