{
  "version": 4,
  "terraform_version": "0.13.1",
  "serial": 65,
  "lineage": "47ad82bf-b73c-8505-9f76-202173a9e30a",
  "outputs": {},
  "resources": [
    {
      "mode": "managed",
      "type": "google_project_service",
      "name": "secretmanager_api",
      "provider": "provider[\"registry.terraform.io/hashicorp/google\"]",
      "instances": [
        {
          "schema_version": 0,
          "attributes": {
            "disable_dependent_services": null,
            "disable_on_destroy": false,
            "id": "pmuir-dev/secretmanager.googleapis.com",
            "project": "pmuir-dev",
            "service": "secretmanager.googleapis.com",
            "timeouts": null
          },
          "private": "eyJlMmJmYjczMC1lY2FhLTExZTYtOGY4OC0zNDM2M2JjN2M0YzAiOnsiY3JlYXRlIjoxMjAwMDAwMDAwMDAwLCJkZWxldGUiOjEyMDAwMDAwMDAwMDAsInJlYWQiOjYwMDAwMDAwMDAwMCwidXBkYXRlIjoxMjAwMDAwMDAwMDAwfX0="
        }
      ]
    },
    {
      "module": "module.cluster",
      "mode": "managed",
      "type": "google_container_cluster",
      "name": "primary",
      "provider": "provider[\"registry.terraform.io/hashicorp/google-beta\"]",
      "instances": [
        {
          "schema_version": 1,
          "attributes": {
            "additional_zones": [],
            "addons_config": [
              {
                "cloudrun_config": [],
                "config_connector_config": [],
                "dns_cache_config": [],
                "gce_persistent_disk_csi_driver_config": [],
                "horizontal_pod_autoscaling": [],
                "http_load_balancing": [],
                "istio_config": [],
                "kalm_config": [],
                "kubernetes_dashboard": [],
                "network_policy_config": [
                  {
                    "disabled": true
                  }
                ]
              }
            ],
            "authenticator_groups_config": [],
            "cluster_autoscaling": [
              {
                "auto_provisioning_defaults": [],
                "autoscaling_profile": "BALANCED",
                "enabled": false,
                "resource_limits": []
              }
            ],
            "cluster_ipv4_cidr": "10.0.0.0/14",
            "cluster_telemetry": [
              {
                "type": "ENABLED"
              }
            ],
            "database_encryption": [
              {
                "key_name": "",
                "state": "DECRYPTED"
              }
            ],
            "default_max_pods_per_node": null,
            "default_snat_status": [
              {
                "disabled": false
              }
            ],
            "description": "",
            "enable_binary_authorization": false,
            "enable_intranode_visibility": false,
            "enable_kubernetes_alpha": false,
            "enable_legacy_abac": false,
            "enable_shielded_nodes": false,
            "enable_tpu": false,
            "endpoint": "23.251.131.132",
            "id": "projects/pmuir-dev/locations/europe-west1-b/clusters/demo-cluster",
            "initial_node_count": 1,
            "instance_group_urls": [
              "https://www.googleapis.com/compute/beta/projects/pmuir-dev/zones/europe-west1-b/instanceGroups/gke-demo-cluster-demo-cluster-node-po-08ce2838-grp"
            ],
            "ip_allocation_policy": [],
            "label_fingerprint": "a9dc16a7",
            "location": "europe-west1-b",
            "logging_service": "logging.googleapis.com/kubernetes",
            "maintenance_policy": [],
            "master_auth": [
              {
                "client_certificate": "",
                "client_certificate_config": [
                  {
                    "issue_client_certificate": false
                  }
                ],
                "client_key": "",
                "cluster_ca_certificate": "LS0tLS1CRUdJTiBDRVJUSUZJQ0FURS0tLS0tCk1JSURLekNDQWhPZ0F3SUJBZ0lSQU9BL2lGZnE5d3czYWNWeW1WWU5ZWWN3RFFZSktvWklodmNOQVFFTEJRQXcKTHpFdE1Dc0dBMVVFQXhNa1pUWTVZekEzWmpNdE5XWTRNaTAwTlRReUxXRmxObUl0TjJNek9UWXpZVEl5TjJFeQpNQjRYRFRJd01EZ3lPVEUxTVRjMU9Gb1hEVEkxTURneU9ERTJNVGMxT0Zvd0x6RXRNQ3NHQTFVRUF4TWtaVFk1Cll6QTNaak10TldZNE1pMDBOVFF5TFdGbE5tSXROMk16T1RZellUSXlOMkV5TUlJQklqQU5CZ2txaGtpRzl3MEIKQVFFRkFBT0NBUThBTUlJQkNnS0NBUUVBc3cxeXRsK0pRK0F5NTkzem5NaTF2MFREdXphK0hFS0I4eVUwSGJOTwpDZ21zcWhTOGo3N1VOSjlJUU5IUjhJM2J0TWhYejZ4bjBUWjFlUHlHZkU5UUNkWDlkMVZ6RUdhMEdIZFRDdUlNClR5aCtRZ3dJZWhjeWcyajNQMGtqM1RuVWh3by9iVHh6YnRkMXBUM3Fyc2Y0eFpaeVYxbDZRalZwUTBjSnhoVWgKZFU1VW15aXBJZ2hNMVlOQ2EzTXlUTVBHeGV0NE1lWnhjTGdMKzlrUkl2SC95cTdXdmFkanVZQ1ZXRTFCbEtqKwpIUWttRW9PV21MRlFUbUltVzFlMlM4ZGlxRlo1NUF0UVlhck00UEdsZklRN3B2ckFVN3VyMTl1SnlVdzdxUllsCnhXdVlrVXZVT3Vsdnc1eTByTTZ4di9xMUwxa1h6aCt5WStVVjdReGU4UUZlRlFJREFRQUJvMEl3UURBT0JnTlYKSFE4QkFmOEVCQU1DQWdRd0R3WURWUjBUQVFIL0JBVXdBd0VCL3pBZEJnTlZIUTRFRmdRVUVzSkhsVWlZQnFQZApEbjJWSldkTHgzS2NoZEF3RFFZSktvWklodmNOQVFFTEJRQURnZ0VCQUNPMUdOdFFqd1JrMHA0bUpXdHlzdTY0CmlPVDV5emNjQjZjaFcwNGdoQjlPM0E3cy82RkpSZDJ5cjM5S1djMk9WaDV6dTRCWng4YVBCR3VEc1hiNk54RGQKcDZNWnZwa0U5K2RXR3F1L2FPVENvMDNUNzhlUmxtUGIzTS93RDM5V05YUXRtbHJpWGZneHFobWg4Mk5GR05WRwpUODhSUzVxQlBDajV4Yy85aVJuczlBcnZSNUw2anFtL285UFdOY0swNVdvSk5Sd1dtRm9vT0FXaldZNTBHLy9JCnlKSTluZytVYllVNUx6dmx6Rnl6OWU4dFY3KzFYcHBycnpKZXBONFAreHUrcFRsQkJSWGxUaE9xWEtUR3VTRngKdWFvSVZDUGU4VWIrSXprK1RsVi9FUTIwSHoyc0tzcDlSM1BZQ0U0bE1LZW9hTHhpR3ROVzBBWjFNaFVxQmZZPQotLS0tLUVORCBDRVJUSUZJQ0FURS0tLS0tCg==",
                "password": "",
                "username": ""
              }
            ],
            "master_authorized_networks_config": [],
            "master_version": "1.15.12-gke.2",
            "min_master_version": null,
            "monitoring_service": "monitoring.googleapis.com/kubernetes",
            "name": "demo-cluster",
            "network": "projects/pmuir-dev/global/networks/default",
            "network_policy": [
              {
                "enabled": false,
                "provider": "PROVIDER_UNSPECIFIED"
              }
            ],
            "networking_mode": "ROUTES",
            "node_config": [
              {
                "boot_disk_kms_key": "",
                "disk_size_gb": 100,
                "disk_type": "pd-standard",
                "guest_accelerator": [],
                "image_type": "COS",
                "labels": {},
                "local_ssd_count": 0,
                "machine_type": "n1-standard-4",
                "metadata": {
                  "disable-legacy-endpoints": "true"
                },
                "min_cpu_platform": "",
                "oauth_scopes": [
                  "https://www.googleapis.com/auth/logging.write",
                  "https://www.googleapis.com/auth/monitoring"
                ],
                "preemptible": true,
                "sandbox_config": [],
                "service_account": "default",
                "shielded_instance_config": [
                  {
                    "enable_integrity_monitoring": true,
                    "enable_secure_boot": false
                  }
                ],
                "tags": [],
                "taint": [],
                "workload_metadata_config": [
                  {
                    "node_metadata": "GKE_METADATA_SERVER"
                  }
                ]
              }
            ],
            "node_locations": [],
            "node_pool": [
              {
                "autoscaling": [],
                "initial_node_count": 1,
                "instance_group_urls": [
                  "https://www.googleapis.com/compute/v1/projects/pmuir-dev/zones/europe-west1-b/instanceGroupManagers/gke-demo-cluster-demo-cluster-node-po-08ce2838-grp"
                ],
                "management": [
                  {
                    "auto_repair": true,
                    "auto_upgrade": true
                  }
                ],
                "max_pods_per_node": 0,
                "name": "demo-cluster-node-pool",
                "name_prefix": "",
                "node_config": [
                  {
                    "boot_disk_kms_key": "",
                    "disk_size_gb": 100,
                    "disk_type": "pd-standard",
                    "guest_accelerator": [],
                    "image_type": "COS",
                    "labels": {},
                    "local_ssd_count": 0,
                    "machine_type": "n1-standard-4",
                    "metadata": {
                      "disable-legacy-endpoints": "true"
                    },
                    "min_cpu_platform": "",
                    "oauth_scopes": [
                      "https://www.googleapis.com/auth/logging.write",
                      "https://www.googleapis.com/auth/monitoring"
                    ],
                    "preemptible": true,
                    "sandbox_config": [],
                    "service_account": "default",
                    "shielded_instance_config": [
                      {
                        "enable_integrity_monitoring": true,
                        "enable_secure_boot": false
                      }
                    ],
                    "tags": [],
                    "taint": [],
                    "workload_metadata_config": [
                      {
                        "node_metadata": "GKE_METADATA_SERVER"
                      }
                    ]
                  }
                ],
                "node_count": 1,
                "node_locations": [
                  "europe-west1-b"
                ],
                "upgrade_settings": [
                  {
                    "max_surge": 1,
                    "max_unavailable": 0
                  }
                ],
                "version": "1.15.12-gke.2"
              }
            ],
            "node_version": "1.15.12-gke.2",
            "operation": null,
            "pod_security_policy_config": [
              {
                "enabled": false
              }
            ],
            "private_cluster_config": [],
            "project": "pmuir-dev",
            "region": null,
            "release_channel": [
              {
                "channel": "UNSPECIFIED"
              }
            ],
            "remove_default_node_pool": true,
            "resource_labels": {},
            "resource_usage_export_config": [],
            "services_ipv4_cidr": "10.3.240.0/20",
            "subnetwork": "projects/pmuir-dev/regions/europe-west1/subnetworks/default",
            "timeouts": null,
            "tpu_ipv4_cidr_block": "",
            "vertical_pod_autoscaling": [],
            "workload_identity_config": [
              {
                "identity_namespace": "pmuir-dev.svc.id.goog"
              }
            ],
            "zone": null
          },
          "private": "eyJlMmJmYjczMC1lY2FhLTExZTYtOGY4OC0zNDM2M2JjN2M0YzAiOnsiY3JlYXRlIjoyNDAwMDAwMDAwMDAwLCJkZWxldGUiOjI0MDAwMDAwMDAwMDAsInJlYWQiOjI0MDAwMDAwMDAwMDAsInVwZGF0ZSI6MzYwMDAwMDAwMDAwMH0sInNjaGVtYV92ZXJzaW9uIjoiMSJ9"
        }
      ]
    },
    {
      "module": "module.cluster",
      "mode": "managed",
      "type": "google_container_node_pool",
      "name": "primary_preemptible_nodes",
      "provider": "provider[\"registry.terraform.io/hashicorp/google-beta\"]",
      "instances": [
        {
          "schema_version": 1,
          "attributes": {
            "autoscaling": [],
            "cluster": "demo-cluster",
            "id": "projects/pmuir-dev/locations/europe-west1-b/clusters/demo-cluster/nodePools/demo-cluster-node-pool",
            "initial_node_count": 1,
            "instance_group_urls": [
              "https://www.googleapis.com/compute/v1/projects/pmuir-dev/zones/europe-west1-b/instanceGroupManagers/gke-demo-cluster-demo-cluster-node-po-08ce2838-grp"
            ],
            "location": "europe-west1-b",
            "management": [
              {
                "auto_repair": true,
                "auto_upgrade": true
              }
            ],
            "max_pods_per_node": null,
            "name": "demo-cluster-node-pool",
            "name_prefix": "",
            "node_config": [
              {
                "boot_disk_kms_key": "",
                "disk_size_gb": 100,
                "disk_type": "pd-standard",
                "guest_accelerator": [],
                "image_type": "COS",
                "labels": {},
                "local_ssd_count": 0,
                "machine_type": "n1-standard-4",
                "metadata": {
                  "disable-legacy-endpoints": "true"
                },
                "min_cpu_platform": "",
                "oauth_scopes": [
                  "https://www.googleapis.com/auth/logging.write",
                  "https://www.googleapis.com/auth/monitoring"
                ],
                "preemptible": true,
                "sandbox_config": [],
                "service_account": "default",
                "shielded_instance_config": [
                  {
                    "enable_integrity_monitoring": true,
                    "enable_secure_boot": false
                  }
                ],
                "tags": [],
                "taint": [],
                "workload_metadata_config": [
                  {
                    "node_metadata": "GKE_METADATA_SERVER"
                  }
                ]
              }
            ],
            "node_count": 1,
            "node_locations": [
              "europe-west1-b"
            ],
            "project": "pmuir-dev",
            "region": null,
            "timeouts": null,
            "upgrade_settings": [
              {
                "max_surge": 1,
                "max_unavailable": 0
              }
            ],
            "version": "1.15.12-gke.2",
            "zone": null
          },
          "private": "eyJlMmJmYjczMC1lY2FhLTExZTYtOGY4OC0zNDM2M2JjN2M0YzAiOnsiY3JlYXRlIjoxODAwMDAwMDAwMDAwLCJkZWxldGUiOjE4MDAwMDAwMDAwMDAsInVwZGF0ZSI6MTgwMDAwMDAwMDAwMH0sInNjaGVtYV92ZXJzaW9uIjoiMSJ9",
          "dependencies": [
            "module.cluster.google_container_cluster.primary"
          ]
        }
      ]
    },
    {
      "module": "module.cluster",
      "mode": "managed",
      "type": "google_project_service",
      "name": "container_api",
      "provider": "provider[\"registry.terraform.io/hashicorp/google\"]",
      "instances": [
        {
          "schema_version": 0,
          "attributes": {
            "disable_dependent_services": null,
            "disable_on_destroy": false,
            "id": "pmuir-dev/container.googleapis.com",
            "project": "pmuir-dev",
            "service": "container.googleapis.com",
            "timeouts": null
          },
          "private": "eyJlMmJmYjczMC1lY2FhLTExZTYtOGY4OC0zNDM2M2JjN2M0YzAiOnsiY3JlYXRlIjoxMjAwMDAwMDAwMDAwLCJkZWxldGUiOjEyMDAwMDAwMDAwMDAsInJlYWQiOjYwMDAwMDAwMDAwMCwidXBkYXRlIjoxMjAwMDAwMDAwMDAwfX0="
        }
      ]
    },
    {
      "module": "module.database",
      "mode": "managed",
      "type": "google_project_iam_binding",
      "name": "iam_binding",
      "provider": "provider[\"registry.terraform.io/hashicorp/google\"]",
      "instances": [
        {
          "schema_version": 0,
          "attributes": {
            "condition": [],
            "etag": "BwWuCDx23wY=",
            "id": "pmuir-dev/roles/cloudsql.client",
            "members": [
              "serviceAccount:cloudsql@pmuir-dev.iam.gserviceaccount.com"
            ],
            "project": "pmuir-dev",
            "role": "roles/cloudsql.client"
          },
          "private": "bnVsbA==",
          "dependencies": [
            "module.database.google_service_account.service_account"
          ]
        }
      ]
    },
    {
      "module": "module.database",
      "mode": "managed",
      "type": "google_project_service",
      "name": "sql_admin",
      "provider": "provider[\"registry.terraform.io/hashicorp/google\"]",
      "instances": [
        {
          "schema_version": 0,
          "attributes": {
            "disable_dependent_services": null,
            "disable_on_destroy": false,
            "id": "pmuir-dev/sqladmin.googleapis.com",
            "project": "pmuir-dev",
            "service": "sqladmin.googleapis.com",
            "timeouts": null
          },
          "private": "eyJlMmJmYjczMC1lY2FhLTExZTYtOGY4OC0zNDM2M2JjN2M0YzAiOnsiY3JlYXRlIjoxMjAwMDAwMDAwMDAwLCJkZWxldGUiOjEyMDAwMDAwMDAwMDAsInJlYWQiOjYwMDAwMDAwMDAwMCwidXBkYXRlIjoxMjAwMDAwMDAwMDAwfX0=",
          "dependencies": [
            "module.cluster.google_container_cluster.primary",
            "module.cluster.google_container_node_pool.primary_preemptible_nodes",
            "module.cluster.google_project_service.container_api",
            "module.secrets.google_service_account.external_secrets",
            "module.secrets.google_service_account_iam_member.external_secrets"
          ]
        }
      ]
    },
    {
      "module": "module.database",
      "mode": "managed",
      "type": "google_project_service",
      "name": "sql_component_api",
      "provider": "provider[\"registry.terraform.io/hashicorp/google\"]",
      "instances": [
        {
          "schema_version": 0,
          "attributes": {
            "disable_dependent_services": null,
            "disable_on_destroy": false,
            "id": "pmuir-dev/sql-component.googleapis.com",
            "project": "pmuir-dev",
            "service": "sql-component.googleapis.com",
            "timeouts": null
          },
          "private": "eyJlMmJmYjczMC1lY2FhLTExZTYtOGY4OC0zNDM2M2JjN2M0YzAiOnsiY3JlYXRlIjoxMjAwMDAwMDAwMDAwLCJkZWxldGUiOjEyMDAwMDAwMDAwMDAsInJlYWQiOjYwMDAwMDAwMDAwMCwidXBkYXRlIjoxMjAwMDAwMDAwMDAwfX0=",
          "dependencies": [
            "module.cluster.google_container_cluster.primary",
            "module.cluster.google_container_node_pool.primary_preemptible_nodes",
            "module.cluster.google_project_service.container_api",
            "module.secrets.google_service_account.external_secrets",
            "module.secrets.google_service_account_iam_member.external_secrets"
          ]
        }
      ]
    },
    {
      "module": "module.database",
      "mode": "managed",
      "type": "google_secret_manager_secret",
      "name": "database_password",
      "provider": "provider[\"registry.terraform.io/hashicorp/google-beta\"]",
      "instances": [
        {
          "schema_version": 0,
          "attributes": {
            "create_time": "2020-08-29T18:21:15.724069Z",
            "id": "projects/pmuir-dev/secrets/database-password",
            "labels": {},
            "name": "projects/1063004576079/secrets/database-password",
            "project": "pmuir-dev",
            "replication": [
              {
                "automatic": true,
                "user_managed": []
              }
            ],
            "secret_id": "database-password",
            "timeouts": null
          },
          "private": "eyJlMmJmYjczMC1lY2FhLTExZTYtOGY4OC0zNDM2M2JjN2M0YzAiOnsiY3JlYXRlIjoyNDAwMDAwMDAwMDAsImRlbGV0ZSI6MjQwMDAwMDAwMDAwLCJ1cGRhdGUiOjI0MDAwMDAwMDAwMH19",
          "dependencies": [
            "module.cluster.google_container_cluster.primary",
            "module.cluster.google_container_node_pool.primary_preemptible_nodes",
            "module.cluster.google_project_service.container_api",
            "module.secrets.google_service_account.external_secrets",
            "module.secrets.google_service_account_iam_member.external_secrets"
          ]
        }
      ]
    },
    {
      "module": "module.database",
      "mode": "managed",
      "type": "google_secret_manager_secret",
      "name": "database_service_account_key",
      "provider": "provider[\"registry.terraform.io/hashicorp/google-beta\"]",
      "instances": [
        {
          "schema_version": 0,
          "attributes": {
            "create_time": "2020-08-29T18:21:16.487232Z",
            "id": "projects/pmuir-dev/secrets/database-service-account-key",
            "labels": {},
            "name": "projects/1063004576079/secrets/database-service-account-key",
            "project": "pmuir-dev",
            "replication": [
              {
                "automatic": true,
                "user_managed": []
              }
            ],
            "secret_id": "database-service-account-key",
            "timeouts": null
          },
          "private": "eyJlMmJmYjczMC1lY2FhLTExZTYtOGY4OC0zNDM2M2JjN2M0YzAiOnsiY3JlYXRlIjoyNDAwMDAwMDAwMDAsImRlbGV0ZSI6MjQwMDAwMDAwMDAwLCJ1cGRhdGUiOjI0MDAwMDAwMDAwMH19",
          "dependencies": [
            "module.cluster.google_container_cluster.primary",
            "module.cluster.google_container_node_pool.primary_preemptible_nodes",
            "module.cluster.google_project_service.container_api",
            "module.secrets.google_service_account.external_secrets",
            "module.secrets.google_service_account_iam_member.external_secrets"
          ]
        }
      ]
    },
    {
      "module": "module.database",
      "mode": "managed",
      "type": "google_secret_manager_secret",
      "name": "mysql_properties",
      "provider": "provider[\"registry.terraform.io/hashicorp/google\"]",
      "instances": [
        {
          "schema_version": 0,
          "attributes": {
            "create_time": "2020-08-29T18:55:00.589297Z",
            "id": "projects/pmuir-dev/secrets/mysql-properties",
            "labels": {},
            "name": "projects/1063004576079/secrets/mysql-properties",
            "project": "pmuir-dev",
            "replication": [
              {
                "automatic": true,
                "user_managed": []
              }
            ],
            "secret_id": "mysql-properties",
            "timeouts": null
          },
          "private": "eyJlMmJmYjczMC1lY2FhLTExZTYtOGY4OC0zNDM2M2JjN2M0YzAiOnsiY3JlYXRlIjoyNDAwMDAwMDAwMDAsImRlbGV0ZSI6MjQwMDAwMDAwMDAwLCJ1cGRhdGUiOjI0MDAwMDAwMDAwMH19",
          "dependencies": [
            "module.cluster.google_container_cluster.primary",
            "module.cluster.google_container_node_pool.primary_preemptible_nodes",
            "module.cluster.google_project_service.container_api",
            "module.secrets.google_service_account.external_secrets",
            "module.secrets.google_service_account_iam_member.external_secrets"
          ]
        }
      ]
    },
    {
      "module": "module.database",
      "mode": "managed",
      "type": "google_secret_manager_secret_iam_member",
      "name": "database_password",
      "provider": "provider[\"registry.terraform.io/hashicorp/google-beta\"]",
      "instances": [
        {
          "schema_version": 0,
          "attributes": {
            "condition": [],
            "etag": "BwWuCE4Nnkw=",
            "id": "projects/pmuir-dev/secrets/database-password/roles/secretmanager.secretAccessor/serviceaccount:externalsecrets@pmuir-dev.iam.gserviceaccount.com",
            "member": "serviceAccount:externalsecrets@pmuir-dev.iam.gserviceaccount.com",
            "project": "pmuir-dev",
            "role": "roles/secretmanager.secretAccessor",
            "secret_id": "projects/pmuir-dev/secrets/database-password"
          },
          "private": "bnVsbA==",
          "dependencies": [
            "module.cluster.google_container_cluster.primary",
            "module.cluster.google_container_node_pool.primary_preemptible_nodes",
            "module.cluster.google_project_service.container_api",
            "module.database.google_secret_manager_secret.database_password",
            "module.secrets.google_service_account.external_secrets",
            "module.secrets.google_service_account_iam_member.external_secrets"
          ]
        }
      ]
    },
    {
      "module": "module.database",
      "mode": "managed",
      "type": "google_secret_manager_secret_iam_member",
      "name": "database_service_account_key",
      "provider": "provider[\"registry.terraform.io/hashicorp/google-beta\"]",
      "instances": [
        {
          "schema_version": 0,
          "attributes": {
            "condition": [],
            "etag": "BwWuCE4Ow3s=",
            "id": "projects/pmuir-dev/secrets/database-service-account-key/roles/secretmanager.secretAccessor/serviceaccount:externalsecrets@pmuir-dev.iam.gserviceaccount.com",
            "member": "serviceAccount:externalsecrets@pmuir-dev.iam.gserviceaccount.com",
            "project": "pmuir-dev",
            "role": "roles/secretmanager.secretAccessor",
            "secret_id": "projects/pmuir-dev/secrets/database-service-account-key"
          },
          "private": "bnVsbA==",
          "dependencies": [
            "module.cluster.google_container_cluster.primary",
            "module.cluster.google_container_node_pool.primary_preemptible_nodes",
            "module.cluster.google_project_service.container_api",
            "module.database.google_secret_manager_secret.database_service_account_key",
            "module.secrets.google_service_account.external_secrets",
            "module.secrets.google_service_account_iam_member.external_secrets"
          ]
        }
      ]
    },
    {
      "module": "module.database",
      "mode": "managed",
      "type": "google_secret_manager_secret_iam_member",
      "name": "mysql_properties",
      "provider": "provider[\"registry.terraform.io/hashicorp/google\"]",
      "instances": [
        {
          "schema_version": 0,
          "attributes": {
            "condition": [],
            "etag": "BwWuCLTwCuU=",
            "id": "projects/pmuir-dev/secrets/mysql-properties/roles/secretmanager.secretAccessor/serviceaccount:externalsecrets@pmuir-dev.iam.gserviceaccount.com",
            "member": "serviceAccount:externalsecrets@pmuir-dev.iam.gserviceaccount.com",
            "project": "pmuir-dev",
            "role": "roles/secretmanager.secretAccessor",
            "secret_id": "projects/pmuir-dev/secrets/mysql-properties"
          },
          "private": "bnVsbA==",
          "dependencies": [
            "module.cluster.google_container_cluster.primary",
            "module.cluster.google_container_node_pool.primary_preemptible_nodes",
            "module.cluster.google_project_service.container_api",
            "module.database.google_secret_manager_secret.mysql_properties",
            "module.secrets.google_service_account.external_secrets",
            "module.secrets.google_service_account_iam_member.external_secrets"
          ]
        }
      ]
    },
    {
      "module": "module.database",
      "mode": "managed",
      "type": "google_secret_manager_secret_version",
      "name": "database_password_version",
      "provider": "provider[\"registry.terraform.io/hashicorp/google-beta\"]",
      "instances": [
        {
          "schema_version": 0,
          "attributes": {
            "create_time": "2020-08-29T18:21:39.838107Z",
            "destroy_time": "",
            "enabled": true,
            "id": "projects/1063004576079/secrets/database-password/versions/1",
            "name": "projects/1063004576079/secrets/database-password/versions/1",
            "secret": "projects/pmuir-dev/secrets/database-password",
            "secret_data": "qPPJKn3ccfnQI@Hm",
            "timeouts": null
          },
          "private": "eyJlMmJmYjczMC1lY2FhLTExZTYtOGY4OC0zNDM2M2JjN2M0YzAiOnsiY3JlYXRlIjoyNDAwMDAwMDAwMDAsImRlbGV0ZSI6MjQwMDAwMDAwMDAwfX0=",
          "dependencies": [
            "module.database.google_secret_manager_secret.database_password",
            "module.database.google_sql_database_instance.database",
            "module.database.google_sql_user.user",
            "module.database.random_password.password"
          ]
        }
      ]
    },
    {
      "module": "module.database",
      "mode": "managed",
      "type": "google_secret_manager_secret_version",
      "name": "database_service_account_key_version",
      "provider": "provider[\"registry.terraform.io/hashicorp/google-beta\"]",
      "instances": [
        {
          "schema_version": 0,
          "attributes": {
            "create_time": "2020-08-29T18:21:29.475009Z",
            "destroy_time": "",
            "enabled": true,
            "id": "projects/1063004576079/secrets/database-service-account-key/versions/1",
            "name": "projects/1063004576079/secrets/database-service-account-key/versions/1",
            "secret": "projects/pmuir-dev/secrets/database-service-account-key",
            "secret_data": "ewogICJ0eXBlIjogInNlcnZpY2VfYWNjb3VudCIsCiAgInByb2plY3RfaWQiOiAicG11aXItZGV2IiwKICAicHJpdmF0ZV9rZXlfaWQiOiAiOGNhMTk5N2FhMDQ5M2EyNTFmYTEyNzA0ZDAwYWNiMzU3YWVhY2JhNSIsCiAgInByaXZhdGVfa2V5IjogIi0tLS0tQkVHSU4gUFJJVkFURSBLRVktLS0tLVxuTUlJRXZRSUJBREFOQmdrcWhraUc5dzBCQVFFRkFBU0NCS2N3Z2dTakFnRUFBb0lCQVFDWFZ4RUVHZzlTZ0c2NlxuUFV4U0wrY2p6TWYwZ1UvNTU5OFMyMTlsUkxEUW5nK1dXT2JwcjREUDdQUE90VFkrcDdtV0JxdHlBcjhDeThiR1xuUnAyOFRqRzlWZTAxaFdMNzFwR1Byak1CMXc3cWFzSURvZEVYVWNMMk01NnZVSkVoRGV6NWQ3RHJCMmRWZnBOQlxuSEtNOHBJTk9VaDlQSzE3SC8xZ1d5djkrbTJHS2NhUUhLR1ZPWlJlZjUyaGdRdVpTL04rRGYrZWVUUDl4RW4vT1xueUNqajhVWEkvOUhlQmozNk4rb2F0aGRkQmN2eEM3SDAxZjZjSWVZbEhURGZ0NE45bmRGank4dnUvOHFNamNQOFxub3FMOEFDQ2h4ckpDb0lBUjR4dFdTbVR4V0RUY2hMUnhmOGIvcVNWMkZsVkJueS9VeGV4ZnNhV3JOVTFJdjh6L1xuNDRtQlRSWGxBZ01CQUFFQ2dnRUFKREo3N0dvN1BmVmdCb1dBeXF1UWNqeVptcjZQSFd1N0xDeHlIYXVYU3Q1elxuUmZlUGkxY2h6Um1VbXQwMjB6ZVVxUENCY3l4NitUVTZIdFJuQjlJQURaUU92MTFlOW5NMHI1UHZ1VUh4M0ZtYVxuZS9ucEk5VzNkdUdUMDhUR1lZeU9JSURqUE9PeGNINXN4QWNRZUFHMU1qZHNLNmhvN0JjRHY3ZmY4aTFCNERXOVxuNVp0NVdYUldrYllUSFFXemxiMzluU1hCMWVaK2FPY01NQnI1VHAyY0ZQY0NaNjJjMXhsZ2ZiaTVDbHdqMWw1aFxuSXhjRUxlWDJrSmpNaGYxK0Jhc0EvOVB5ZDc1cGlrQUJVUThOdHNoVGxvbDFKN0hLN0hWTk16eXIraHFBeHZPT1xudmlycXB3QVVScnBtbHMxb0RjODFUL3EyS21rK3c4WFBjaHZXaEhoNUpRS0JnUURINHZFK1lMQU1scGpRL1F2clxuM0ZXb0x0NFIwc1IxUlFaTWE4cVR3cUdZRmFjMjZJUnpZQjAwZkdMUnNxNWpQSjZHWjVRblRWOTJMWll5RElaN1xuTk5ETHliSFppM3JHRCtBa0tHQmkyT003ODRlcnNaaFdmMnpCcHdkZldDQnMySmZxeS92VTBBR2tFblpkNHJjNVxueVlBOU50NzhSNXpCTzZ1N0FjUkRhUmFCeHdLQmdRREIwMGtlSUh6WVg5NzdyZDdDdjZtNXRHRU1JdWNjbkw3YVxuSmNiTWxVU1lIZkVmRWxEZWtHWlZBNzNzR2MxM3lYbDUydFNYK1gwN2M0TU91QnorUE55b0kxN1llYThJMGdrS1xuUjBMRzRHNEJ5VG01RGJtK1hkSkppa0dVeUZPK1FnTkQ0TFVLektmY05vMzJxa2J5NTZIUFA0NW9zbkJWNE9BVlxuTWV2N1h6RHE4d0tCZ0JzaDh4MUVncUV5MEF1T1RjLzJXS283c21rNDh2SDRMS0t5L3d5UG50L0dFS3lqWTFkRlxuOUxEck1YN0ZnbVoyRkE2cWdMSFZEdUE3eitkN1M4WHRwV29FTnVBUXp0bVR6aGthWWZzSTljOXRmejBQSGw2ZlxuYldQY0NHUW8wajMwS0tyMmhYaWR3NXRCNWs5WU53YmhFMGM3NjRqVEw3UUxKWVI4K09jdG5LQ0JBb0dCQUxVcFxuVGJNWi9IYWxEUjdDQVc2WGhBVHQ0ck5jUUJXUE1CZG5yYXQwYlB1ZEtNeTQ2dHRMcmtvUnlFZFFTcXFHcHNMTlxuVlYyQ3RKbUh1dHhjRzhWSmo1aWNEcjlZNU0vaXVNNWhrcm1kOVZRNEIzcStxSGlVNnNNUHRZSmh4MXdTQ1VrOVxuVXhuMzlZRXZnSHNuNWs2TlQ4RU5ENGN1R1M4N2sxWmNKY3Y2eWhjZkFvR0FYYURyZkorR1l0UWdSdXJOTnIxZ1xucDgrUVE2ZmR5ZHdTVTlhYWk2MVNuZEl6RVR5UkI2emlJWUI1S2xZcWFkdlIwNUhwdlVoeFY2UmY5Q083eHdxM1xuSy9jbFNmZ3NiSGxwcmZNd2FPcTY3ZzNHU1NuZTNUcFhSOGxLNXdDVlZuY2pnMXJXa2lHdHBzUGg0aXN2Y0tPQlxucEhJaUJTWUdsMzN3NzhpRTB0WDNOK3c9XG4tLS0tLUVORCBQUklWQVRFIEtFWS0tLS0tXG4iLAogICJjbGllbnRfZW1haWwiOiAiY2xvdWRzcWxAcG11aXItZGV2LmlhbS5nc2VydmljZWFjY291bnQuY29tIiwKICAiY2xpZW50X2lkIjogIjEwMDYxMjI0NDg2NDAwNjEzMTI4NSIsCiAgImF1dGhfdXJpIjogImh0dHBzOi8vYWNjb3VudHMuZ29vZ2xlLmNvbS9vL29hdXRoMi9hdXRoIiwKICAidG9rZW5fdXJpIjogImh0dHBzOi8vb2F1dGgyLmdvb2dsZWFwaXMuY29tL3Rva2VuIiwKICAiYXV0aF9wcm92aWRlcl94NTA5X2NlcnRfdXJsIjogImh0dHBzOi8vd3d3Lmdvb2dsZWFwaXMuY29tL29hdXRoMi92MS9jZXJ0cyIsCiAgImNsaWVudF94NTA5X2NlcnRfdXJsIjogImh0dHBzOi8vd3d3Lmdvb2dsZWFwaXMuY29tL3JvYm90L3YxL21ldGFkYXRhL3g1MDkvY2xvdWRzcWwlNDBwbXVpci1kZXYuaWFtLmdzZXJ2aWNlYWNjb3VudC5jb20iCn0K",
            "timeouts": null
          },
          "private": "eyJlMmJmYjczMC1lY2FhLTExZTYtOGY4OC0zNDM2M2JjN2M0YzAiOnsiY3JlYXRlIjoyNDAwMDAwMDAwMDAsImRlbGV0ZSI6MjQwMDAwMDAwMDAwfX0=",
          "dependencies": [
            "module.database.google_secret_manager_secret.database_service_account_key",
            "module.database.google_service_account.service_account",
            "module.database.google_service_account_key.service_account_key"
          ]
        }
      ]
    },
    {
      "module": "module.database",
      "mode": "managed",
      "type": "google_secret_manager_secret_version",
      "name": "mysql_properties_version",
      "provider": "provider[\"registry.terraform.io/hashicorp/google\"]",
      "instances": [
        {
          "schema_version": 0,
          "attributes": {
            "create_time": "2020-08-29T18:55:03.501603Z",
            "destroy_time": "",
            "enabled": true,
            "id": "projects/1063004576079/secrets/mysql-properties/versions/1",
            "name": "projects/1063004576079/secrets/mysql-properties/versions/1",
            "secret": "projects/pmuir-dev/secrets/mysql-properties",
            "secret_data": "mysql_username: mysql\nmysql_password: qPPJKn3ccfnQI@Hm\n",
            "timeouts": null
          },
          "private": "eyJlMmJmYjczMC1lY2FhLTExZTYtOGY4OC0zNDM2M2JjN2M0YzAiOnsiY3JlYXRlIjoyNDAwMDAwMDAwMDAsImRlbGV0ZSI6MjQwMDAwMDAwMDAwfX0=",
          "dependencies": [
            "module.cluster.google_container_cluster.primary",
            "module.cluster.google_container_node_pool.primary_preemptible_nodes",
            "module.cluster.google_project_service.container_api",
            "module.database.google_secret_manager_secret.mysql_properties",
            "module.database.google_sql_user.user",
            "module.secrets.google_service_account.external_secrets",
            "module.secrets.google_service_account_iam_member.external_secrets"
          ]
        }
      ]
    },
    {
      "module": "module.database",
      "mode": "managed",
      "type": "google_service_account",
      "name": "service_account",
      "provider": "provider[\"registry.terraform.io/hashicorp/google\"]",
      "instances": [
        {
          "schema_version": 0,
          "attributes": {
            "account_id": "cloudsql",
            "description": "",
            "display_name": "CloudSQL Service Account",
            "email": "cloudsql@pmuir-dev.iam.gserviceaccount.com",
            "id": "projects/pmuir-dev/serviceAccounts/cloudsql@pmuir-dev.iam.gserviceaccount.com",
            "name": "projects/pmuir-dev/serviceAccounts/cloudsql@pmuir-dev.iam.gserviceaccount.com",
            "project": "pmuir-dev",
            "timeouts": null,
            "unique_id": "100612244864006131285"
          },
          "private": "eyJlMmJmYjczMC1lY2FhLTExZTYtOGY4OC0zNDM2M2JjN2M0YzAiOnsiY3JlYXRlIjozMDAwMDAwMDAwMDB9fQ==",
          "dependencies": [
            "module.cluster.google_container_cluster.primary",
            "module.cluster.google_container_node_pool.primary_preemptible_nodes",
            "module.cluster.google_project_service.container_api",
            "module.secrets.google_service_account.external_secrets",
            "module.secrets.google_service_account_iam_member.external_secrets"
          ]
        }
      ]
    },
    {
      "module": "module.database",
      "mode": "managed",
      "type": "google_service_account_key",
      "name": "service_account_key",
      "provider": "provider[\"registry.terraform.io/hashicorp/google\"]",
      "instances": [
        {
          "schema_version": 0,
          "attributes": {
            "id": "projects/pmuir-dev/serviceAccounts/cloudsql@pmuir-dev.iam.gserviceaccount.com/keys/8ca1997aa0493a251fa12704d00acb357aeacba5",
            "key_algorithm": "KEY_ALG_RSA_2048",
            "name": "projects/pmuir-dev/serviceAccounts/cloudsql@pmuir-dev.iam.gserviceaccount.com/keys/8ca1997aa0493a251fa12704d00acb357aeacba5",
            "pgp_key": null,
            "private_key": "ewogICJ0eXBlIjogInNlcnZpY2VfYWNjb3VudCIsCiAgInByb2plY3RfaWQiOiAicG11aXItZGV2IiwKICAicHJpdmF0ZV9rZXlfaWQiOiAiOGNhMTk5N2FhMDQ5M2EyNTFmYTEyNzA0ZDAwYWNiMzU3YWVhY2JhNSIsCiAgInByaXZhdGVfa2V5IjogIi0tLS0tQkVHSU4gUFJJVkFURSBLRVktLS0tLVxuTUlJRXZRSUJBREFOQmdrcWhraUc5dzBCQVFFRkFBU0NCS2N3Z2dTakFnRUFBb0lCQVFDWFZ4RUVHZzlTZ0c2NlxuUFV4U0wrY2p6TWYwZ1UvNTU5OFMyMTlsUkxEUW5nK1dXT2JwcjREUDdQUE90VFkrcDdtV0JxdHlBcjhDeThiR1xuUnAyOFRqRzlWZTAxaFdMNzFwR1Byak1CMXc3cWFzSURvZEVYVWNMMk01NnZVSkVoRGV6NWQ3RHJCMmRWZnBOQlxuSEtNOHBJTk9VaDlQSzE3SC8xZ1d5djkrbTJHS2NhUUhLR1ZPWlJlZjUyaGdRdVpTL04rRGYrZWVUUDl4RW4vT1xueUNqajhVWEkvOUhlQmozNk4rb2F0aGRkQmN2eEM3SDAxZjZjSWVZbEhURGZ0NE45bmRGank4dnUvOHFNamNQOFxub3FMOEFDQ2h4ckpDb0lBUjR4dFdTbVR4V0RUY2hMUnhmOGIvcVNWMkZsVkJueS9VeGV4ZnNhV3JOVTFJdjh6L1xuNDRtQlRSWGxBZ01CQUFFQ2dnRUFKREo3N0dvN1BmVmdCb1dBeXF1UWNqeVptcjZQSFd1N0xDeHlIYXVYU3Q1elxuUmZlUGkxY2h6Um1VbXQwMjB6ZVVxUENCY3l4NitUVTZIdFJuQjlJQURaUU92MTFlOW5NMHI1UHZ1VUh4M0ZtYVxuZS9ucEk5VzNkdUdUMDhUR1lZeU9JSURqUE9PeGNINXN4QWNRZUFHMU1qZHNLNmhvN0JjRHY3ZmY4aTFCNERXOVxuNVp0NVdYUldrYllUSFFXemxiMzluU1hCMWVaK2FPY01NQnI1VHAyY0ZQY0NaNjJjMXhsZ2ZiaTVDbHdqMWw1aFxuSXhjRUxlWDJrSmpNaGYxK0Jhc0EvOVB5ZDc1cGlrQUJVUThOdHNoVGxvbDFKN0hLN0hWTk16eXIraHFBeHZPT1xudmlycXB3QVVScnBtbHMxb0RjODFUL3EyS21rK3c4WFBjaHZXaEhoNUpRS0JnUURINHZFK1lMQU1scGpRL1F2clxuM0ZXb0x0NFIwc1IxUlFaTWE4cVR3cUdZRmFjMjZJUnpZQjAwZkdMUnNxNWpQSjZHWjVRblRWOTJMWll5RElaN1xuTk5ETHliSFppM3JHRCtBa0tHQmkyT003ODRlcnNaaFdmMnpCcHdkZldDQnMySmZxeS92VTBBR2tFblpkNHJjNVxueVlBOU50NzhSNXpCTzZ1N0FjUkRhUmFCeHdLQmdRREIwMGtlSUh6WVg5NzdyZDdDdjZtNXRHRU1JdWNjbkw3YVxuSmNiTWxVU1lIZkVmRWxEZWtHWlZBNzNzR2MxM3lYbDUydFNYK1gwN2M0TU91QnorUE55b0kxN1llYThJMGdrS1xuUjBMRzRHNEJ5VG01RGJtK1hkSkppa0dVeUZPK1FnTkQ0TFVLektmY05vMzJxa2J5NTZIUFA0NW9zbkJWNE9BVlxuTWV2N1h6RHE4d0tCZ0JzaDh4MUVncUV5MEF1T1RjLzJXS283c21rNDh2SDRMS0t5L3d5UG50L0dFS3lqWTFkRlxuOUxEck1YN0ZnbVoyRkE2cWdMSFZEdUE3eitkN1M4WHRwV29FTnVBUXp0bVR6aGthWWZzSTljOXRmejBQSGw2ZlxuYldQY0NHUW8wajMwS0tyMmhYaWR3NXRCNWs5WU53YmhFMGM3NjRqVEw3UUxKWVI4K09jdG5LQ0JBb0dCQUxVcFxuVGJNWi9IYWxEUjdDQVc2WGhBVHQ0ck5jUUJXUE1CZG5yYXQwYlB1ZEtNeTQ2dHRMcmtvUnlFZFFTcXFHcHNMTlxuVlYyQ3RKbUh1dHhjRzhWSmo1aWNEcjlZNU0vaXVNNWhrcm1kOVZRNEIzcStxSGlVNnNNUHRZSmh4MXdTQ1VrOVxuVXhuMzlZRXZnSHNuNWs2TlQ4RU5ENGN1R1M4N2sxWmNKY3Y2eWhjZkFvR0FYYURyZkorR1l0UWdSdXJOTnIxZ1xucDgrUVE2ZmR5ZHdTVTlhYWk2MVNuZEl6RVR5UkI2emlJWUI1S2xZcWFkdlIwNUhwdlVoeFY2UmY5Q083eHdxM1xuSy9jbFNmZ3NiSGxwcmZNd2FPcTY3ZzNHU1NuZTNUcFhSOGxLNXdDVlZuY2pnMXJXa2lHdHBzUGg0aXN2Y0tPQlxucEhJaUJTWUdsMzN3NzhpRTB0WDNOK3c9XG4tLS0tLUVORCBQUklWQVRFIEtFWS0tLS0tXG4iLAogICJjbGllbnRfZW1haWwiOiAiY2xvdWRzcWxAcG11aXItZGV2LmlhbS5nc2VydmljZWFjY291bnQuY29tIiwKICAiY2xpZW50X2lkIjogIjEwMDYxMjI0NDg2NDAwNjEzMTI4NSIsCiAgImF1dGhfdXJpIjogImh0dHBzOi8vYWNjb3VudHMuZ29vZ2xlLmNvbS9vL29hdXRoMi9hdXRoIiwKICAidG9rZW5fdXJpIjogImh0dHBzOi8vb2F1dGgyLmdvb2dsZWFwaXMuY29tL3Rva2VuIiwKICAiYXV0aF9wcm92aWRlcl94NTA5X2NlcnRfdXJsIjogImh0dHBzOi8vd3d3Lmdvb2dsZWFwaXMuY29tL29hdXRoMi92MS9jZXJ0cyIsCiAgImNsaWVudF94NTA5X2NlcnRfdXJsIjogImh0dHBzOi8vd3d3Lmdvb2dsZWFwaXMuY29tL3JvYm90L3YxL21ldGFkYXRhL3g1MDkvY2xvdWRzcWwlNDBwbXVpci1kZXYuaWFtLmdzZXJ2aWNlYWNjb3VudC5jb20iCn0K",
            "private_key_encrypted": null,
            "private_key_fingerprint": null,
            "private_key_type": "TYPE_GOOGLE_CREDENTIALS_FILE",
            "public_key": "LS0tLS1CRUdJTiBDRVJUSUZJQ0FURS0tLS0tCk1JSUMvRENDQWVTZ0F3SUJBZ0lJQlY2d1lIbmxVMjh3RFFZSktvWklodmNOQVFFRkJRQXdJREVlTUJ3R0ExVUUKQXhNVk1UQXdOakV5TWpRME9EWTBNREEyTVRNeE1qZzFNQ0FYRFRJd01EZ3lPVEU0TWpFeE5sb1lEems1T1RreApNak14TWpNMU9UVTVXakFnTVI0d0hBWURWUVFERXhVeE1EQTJNVEl5TkRRNE5qUXdNRFl4TXpFeU9EVXdnZ0VpCk1BMEdDU3FHU0liM0RRRUJBUVVBQTRJQkR3QXdnZ0VLQW9JQkFRQ1hWeEVFR2c5U2dHNjZQVXhTTCtjanpNZjAKZ1UvNTU5OFMyMTlsUkxEUW5nK1dXT2JwcjREUDdQUE90VFkrcDdtV0JxdHlBcjhDeThiR1JwMjhUakc5VmUwMQpoV0w3MXBHUHJqTUIxdzdxYXNJRG9kRVhVY0wyTTU2dlVKRWhEZXo1ZDdEckIyZFZmcE5CSEtNOHBJTk9VaDlQCksxN0gvMWdXeXY5K20yR0tjYVFIS0dWT1pSZWY1MmhnUXVaUy9OK0RmK2VlVFA5eEVuL095Q2pqOFVYSS85SGUKQmozNk4rb2F0aGRkQmN2eEM3SDAxZjZjSWVZbEhURGZ0NE45bmRGank4dnUvOHFNamNQOG9xTDhBQ0NoeHJKQwpvSUFSNHh0V1NtVHhXRFRjaExSeGY4Yi9xU1YyRmxWQm55L1V4ZXhmc2FXck5VMUl2OHovNDRtQlRSWGxBZ01CCkFBR2pPREEyTUF3R0ExVWRFd0VCL3dRQ01BQXdEZ1lEVlIwUEFRSC9CQVFEQWdlQU1CWUdBMVVkSlFFQi93UU0KTUFvR0NDc0dBUVVGQndNQ01BMEdDU3FHU0liM0RRRUJCUVVBQTRJQkFRQUcvV1c0RGw4c25FRGd2L2QvWlpKMApjc1VqMUFFb3RjWFZVVXVqV3pQcXF3UElCeDM1dmd3SWFuWFQxU0dyUjFlYnNuMGN0djgzTExzelpjMWNLV2ZCCmFmY3k0S3JENkh6Y0NRVGZLTkgrQW9aK3dYcUFSejNGdjgybkNOYW5MWWdPL05pb2ZJZk55WmFlUU1qWE5UUmwKSFE2Q1ByQWlHOGtMQ3ZVWGZBbDVvMVNuYWxYeFEvRWFlWE1Cd0k2TWozWHQ2WHZJTlU2VmtUTGFPWjlxalZIVwpiYXFUTmRmaE56ZmJKaVBRS1lnQTBiN3p0YXVjU0FPcEpIQytMcUI0VENBMy9PYm1HMm5xanJGYys3V2tGVXREClhGckw4bzlSYXE4MVVNdmZyUllnZzNTR2VGSm40N2crV2N4NTgrYU96TGdoVXdPcy9HRWl1cHh6Vm9LZTBwUXcKLS0tLS1FTkQgQ0VSVElGSUNBVEUtLS0tLQo=",
            "public_key_data": null,
            "public_key_type": "TYPE_X509_PEM_FILE",
            "service_account_id": "projects/pmuir-dev/serviceAccounts/cloudsql@pmuir-dev.iam.gserviceaccount.com",
            "valid_after": "2020-08-29T18:21:16Z",
            "valid_before": "9999-12-31T23:59:59Z"
          },
          "private": "bnVsbA==",
          "dependencies": [
            "module.database.google_service_account.service_account"
          ]
        }
      ]
    },
    {
      "module": "module.database",
      "mode": "managed",
      "type": "google_sql_database_instance",
      "name": "database",
      "provider": "provider[\"registry.terraform.io/hashicorp/google\"]",
      "instances": [
        {
          "schema_version": 0,
          "attributes": {
            "connection_name": "pmuir-dev:europe-west1:database",
            "database_version": "MYSQL_5_6",
            "first_ip_address": "34.78.246.5",
            "id": "database",
            "ip_address": [
              {
                "ip_address": "34.78.246.5",
                "time_to_retire": "",
                "type": "PRIMARY"
              }
            ],
            "master_instance_name": "",
            "name": "database",
            "private_ip_address": "",
            "project": "pmuir-dev",
            "public_ip_address": "34.78.246.5",
            "region": "europe-west1",
            "replica_configuration": [],
            "root_password": null,
            "self_link": "https://sqladmin.googleapis.com/sql/v1beta4/projects/pmuir-dev/instances/database",
            "server_ca_cert": [
              {
                "cert": "-----BEGIN CERTIFICATE-----\nMIIDfzCCAmegAwIBAgIBADANBgkqhkiG9w0BAQsFADB3MS0wKwYDVQQuEyQ1ZGY5\nZTczMy0zNGZhLTQ1MWYtODQyMy00ZTI1YTgxNDdjMzcxIzAhBgNVBAMTGkdvb2ds\nZSBDbG91ZCBTUUwgU2VydmVyIENBMRQwEgYDVQQKEwtHb29nbGUsIEluYzELMAkG\nA1UEBhMCVVMwHhcNMjAwODI5MTgwNzEzWhcNMzAwODI3MTgwODEzWjB3MS0wKwYD\nVQQuEyQ1ZGY5ZTczMy0zNGZhLTQ1MWYtODQyMy00ZTI1YTgxNDdjMzcxIzAhBgNV\nBAMTGkdvb2dsZSBDbG91ZCBTUUwgU2VydmVyIENBMRQwEgYDVQQKEwtHb29nbGUs\nIEluYzELMAkGA1UEBhMCVVMwggEiMA0GCSqGSIb3DQEBAQUAA4IBDwAwggEKAoIB\nAQCRNK80mySKFKdHQjUmY9PYfxpCSgBCetrNAZmZ+7ySBgxP/aYoKlS+KwzzwrB5\nmV7fqBGNsUyCg7JBCt+gTl0OPO09OfaiukdRvfayHBFafPh6Y9zSTUUDzP7xEa5l\nOA5CCDMleGvCQ7O9Ek+JwtZtKsencWKvFMVj+OJ7YY4V7GABZm6zjoYSKaJUhOP3\nX0O7H+M8/aqLtm0rr9mxx8P6DaWjODeXTKolbfvzEvsbWxP6MKfym9lgUMryJyyt\nfIuxlsQue34/kUpz+hIq4wCEaSN5FcERq02wzrPqJlhSBddra8m4Pw+FR43SjmfP\ny2O4ijIMaG8bIHzFDdBW/0SfAgMBAAGjFjAUMBIGA1UdEwEB/wQIMAYBAf8CAQAw\nDQYJKoZIhvcNAQELBQADggEBABhgPR7tuj+qwp717MokSW/8UjwL2B/KL/w44aA4\nRzVa+jqH/ABC+KbuF9Od6F2pI4NBig4NBe2aEbpu1Zwz5YInr/fo6O5R59dkNccv\nlwOAyNuq18DQZtycnENMgZzAkF7lmmPnQPhH5mz4Igh3Hx5yQhmoaMQE1M1AozjI\nEH98ibuyMuM2u7JwJMQadg5UtqPda7/shNifWGORK8H26m+z29+6g2amb9R6CNac\n5Qhmw/YPOUuvVxCkCkBa9q+puxKRiFTowxU3j3vFwaWWyOpTS3e5RERicmZtfS8m\nEzCW/ZAmA+1+ccje238QEN+66e/NaWao2fQS0EypK26BdDU=\n-----END CERTIFICATE-----",
                "common_name": "C=US,O=Google\\, Inc,CN=Google Cloud SQL Server CA,dnQualifier=5df9e733-34fa-451f-8423-4e25a8147c37",
                "create_time": "2020-08-29T18:07:13.353Z",
                "expiration_time": "2030-08-27T18:08:13.353Z",
                "sha1_fingerprint": "e420dba0db01b109505af980eb250e33965f7700"
              }
            ],
            "service_account_email_address": "p1063004576079-s18blx@gcp-sa-cloud-sql.iam.gserviceaccount.com",
            "settings": [
              {
                "activation_policy": "ALWAYS",
                "authorized_gae_applications": [],
                "availability_type": "",
                "backup_configuration": [
                  {
                    "binary_log_enabled": false,
                    "enabled": true,
                    "location": "",
                    "point_in_time_recovery_enabled": false,
                    "start_time": "18:00"
                  }
                ],
                "crash_safe_replication": false,
                "database_flags": [],
                "disk_autoresize": true,
                "disk_size": 10,
                "disk_type": "PD_SSD",
                "ip_configuration": [
                  {
                    "authorized_networks": [],
                    "ipv4_enabled": true,
                    "private_network": "",
                    "require_ssl": false
                  }
                ],
                "location_preference": [
                  {
                    "follow_gae_application": "",
                    "zone": "europe-west1-d"
                  }
                ],
                "maintenance_window": [],
                "pricing_plan": "PER_USE",
                "replication_type": "SYNCHRONOUS",
                "tier": "db-f1-micro",
                "user_labels": {},
                "version": 2
              }
            ],
            "timeouts": null
          },
          "private": "eyJlMmJmYjczMC1lY2FhLTExZTYtOGY4OC0zNDM2M2JjN2M0YzAiOnsiY3JlYXRlIjoxMjAwMDAwMDAwMDAwLCJkZWxldGUiOjEyMDAwMDAwMDAwMDAsInVwZGF0ZSI6MTIwMDAwMDAwMDAwMH19",
          "dependencies": [
            "module.cluster.google_container_cluster.primary",
            "module.cluster.google_container_node_pool.primary_preemptible_nodes",
            "module.cluster.google_project_service.container_api",
            "module.secrets.google_service_account.external_secrets",
            "module.secrets.google_service_account_iam_member.external_secrets"
          ]
        }
      ]
    },
    {
      "module": "module.database",
      "mode": "managed",
      "type": "google_sql_user",
      "name": "user",
      "provider": "provider[\"registry.terraform.io/hashicorp/google\"]",
      "instances": [
        {
          "schema_version": 1,
          "attributes": {
            "host": "",
            "id": "mysql//database",
            "instance": "database",
            "name": "mysql",
            "password": "qPPJKn3ccfnQI@Hm",
            "project": "pmuir-dev",
            "timeouts": null
          },
          "private": "eyJlMmJmYjczMC1lY2FhLTExZTYtOGY4OC0zNDM2M2JjN2M0YzAiOnsiY3JlYXRlIjo2MDAwMDAwMDAwMDAsImRlbGV0ZSI6NjAwMDAwMDAwMDAwLCJ1cGRhdGUiOjYwMDAwMDAwMDAwMH0sInNjaGVtYV92ZXJzaW9uIjoiMSJ9",
          "dependencies": [
            "module.database.google_sql_database_instance.database",
            "module.database.random_password.password"
          ]
        }
      ]
    },
    {
      "module": "module.database",
      "mode": "managed",
      "type": "random_password",
      "name": "password",
      "provider": "provider[\"registry.terraform.io/hashicorp/random\"]",
      "instances": [
        {
          "schema_version": 0,
          "attributes": {
            "id": "none",
            "keepers": null,
            "length": 16,
            "lower": true,
            "min_lower": 0,
            "min_numeric": 0,
            "min_special": 0,
            "min_upper": 0,
            "number": true,
            "override_special": "_%@",
            "result": "qPPJKn3ccfnQI@Hm",
            "special": true,
            "upper": true
          },
          "private": "bnVsbA==",
          "dependencies": [
            "module.cluster.google_container_cluster.primary",
            "module.cluster.google_container_node_pool.primary_preemptible_nodes",
            "module.cluster.google_project_service.container_api",
            "module.secrets.google_service_account.external_secrets",
            "module.secrets.google_service_account_iam_member.external_secrets"
          ]
        }
      ]
    },
    {
      "module": "module.helmfile",
      "mode": "managed",
      "type": "google_secret_manager_secret",
      "name": "mysql_password",
      "provider": "provider[\"registry.terraform.io/hashicorp/google-beta\"]",
      "instances": [
        {
          "schema_version": 0,
          "attributes": {
            "create_time": "2020-08-29T16:35:56.232373Z",
            "id": "projects/pmuir-dev/secrets/mysql-password",
            "labels": {},
            "name": "projects/1063004576079/secrets/mysql-password",
            "project": "pmuir-dev",
            "replication": [
              {
                "automatic": true,
                "user_managed": []
              }
            ],
            "secret_id": "mysql-password",
            "timeouts": null
          },
          "private": "eyJlMmJmYjczMC1lY2FhLTExZTYtOGY4OC0zNDM2M2JjN2M0YzAiOnsiY3JlYXRlIjoyNDAwMDAwMDAwMDAsImRlbGV0ZSI6MjQwMDAwMDAwMDAwLCJ1cGRhdGUiOjI0MDAwMDAwMDAwMH19"
        }
      ]
    },
    {
      "module": "module.helmfile",
      "mode": "managed",
      "type": "google_secret_manager_secret_version",
      "name": "mysql_password_version",
      "provider": "provider[\"registry.terraform.io/hashicorp/google-beta\"]",
      "instances": [
        {
          "schema_version": 0,
          "attributes": {
            "create_time": "2020-08-29T16:35:59.201398Z",
            "destroy_time": "",
            "enabled": true,
            "id": "projects/1063004576079/secrets/mysql-password/versions/1",
            "name": "projects/1063004576079/secrets/mysql-password/versions/1",
            "secret": "projects/pmuir-dev/secrets/mysql-password",
            "secret_data": "RjVYPHyM69Mib0Nr",
            "timeouts": null
          },
          "private": "eyJlMmJmYjczMC1lY2FhLTExZTYtOGY4OC0zNDM2M2JjN2M0YzAiOnsiY3JlYXRlIjoyNDAwMDAwMDAwMDAsImRlbGV0ZSI6MjQwMDAwMDAwMDAwfX0=",
          "dependencies": [
            "module.helmfile.google_secret_manager_secret.mysql_password",
            "module.helmfile.random_password.mysql_password"
          ]
        }
      ]
    },
    {
      "module": "module.helmfile",
      "mode": "managed",
      "type": "local_file",
      "name": "generated_output",
      "provider": "provider[\"registry.terraform.io/hashicorp/local\"]",
      "instances": [
        {
          "schema_version": 0,
          "attributes": {
            "content": "##################################################\n# WARNING: This file is overwritten by terraform #\n# Make any changes in values.yaml             #\n##################################################\n\n\"database\":\n  \"mysqlPropertiesSecretName\": \"mysql-properties\"\n  \"name\": \"database\"\n  \"port\": 5432\n  \"project\": \"pmuir-dev\"\n  \"region\": \"europe-west1\"\n  \"serviceAccountSecretName\": \"database-service-account-key\"\n\"externalSecrets\":\n  \"googleServiceAccount\": \"externalsecrets@pmuir-dev.iam.gserviceaccount.com\"\n  \"kubernetesServiceAccount\": \"external-secrets\"\n  \"namespace\": \"external-secrets\"\n\"gcp\":\n  \"project\": \"pmuir-dev\"\n",
            "content_base64": null,
            "directory_permission": "0777",
            "file_permission": "0777",
            "filename": "../helmfile/generated.yaml",
            "id": "0cf098d104808f5a2bf3d4137feee30d11645ea5",
            "sensitive_content": null
          },
          "private": "bnVsbA==",
          "dependencies": [
            "module.cluster.google_container_cluster.primary",
            "module.cluster.google_container_node_pool.primary_preemptible_nodes",
            "module.cluster.google_project_service.container_api",
            "module.database.google_secret_manager_secret.database_service_account_key",
            "module.database.google_secret_manager_secret.mysql_properties",
            "module.database.google_sql_database_instance.database",
            "module.secrets.google_service_account.external_secrets",
            "module.secrets.google_service_account_iam_member.external_secrets"
          ]
        }
      ]
    },
    {
      "module": "module.helmfile",
      "mode": "managed",
      "type": "random_password",
      "name": "mysql_password",
      "provider": "module.helmfile.provider[\"registry.terraform.io/hashicorp/random\"]",
      "instances": [
        {
          "schema_version": 0,
          "attributes": {
            "id": "none",
            "keepers": null,
            "length": 16,
            "lower": true,
            "min_lower": 0,
            "min_numeric": 0,
            "min_special": 0,
            "min_upper": 0,
            "number": true,
            "override_special": "_%@",
            "result": "RjVYPHyM69Mib0Nr",
            "special": true,
            "upper": true
          },
          "private": "bnVsbA=="
        }
      ]
    },
    {
      "module": "module.secrets",
      "mode": "managed",
      "type": "google_service_account",
      "name": "external_secrets",
      "provider": "provider[\"registry.terraform.io/hashicorp/google\"]",
      "instances": [
        {
          "schema_version": 0,
          "attributes": {
            "account_id": "externalsecrets",
            "description": "",
            "display_name": "External Secrets",
            "email": "externalsecrets@pmuir-dev.iam.gserviceaccount.com",
            "id": "projects/pmuir-dev/serviceAccounts/externalsecrets@pmuir-dev.iam.gserviceaccount.com",
            "name": "projects/pmuir-dev/serviceAccounts/externalsecrets@pmuir-dev.iam.gserviceaccount.com",
            "project": "pmuir-dev",
            "timeouts": null,
            "unique_id": "103957129906304399933"
          },
          "private": "eyJlMmJmYjczMC1lY2FhLTExZTYtOGY4OC0zNDM2M2JjN2M0YzAiOnsiY3JlYXRlIjozMDAwMDAwMDAwMDB9fQ==",
          "dependencies": [
            "module.cluster.google_container_cluster.primary",
            "module.cluster.google_container_node_pool.primary_preemptible_nodes",
            "module.cluster.google_project_service.container_api"
          ]
        }
      ]
    },
    {
      "module": "module.secrets",
      "mode": "managed",
      "type": "google_service_account_iam_member",
      "name": "external_secrets",
      "provider": "provider[\"registry.terraform.io/hashicorp/google-beta\"]",
      "instances": [
        {
          "schema_version": 0,
          "attributes": {
            "condition": [],
            "etag": "BwWuCDw6AoQ=",
            "id": "projects/pmuir-dev/serviceAccounts/externalsecrets@pmuir-dev.iam.gserviceaccount.com/roles/iam.workloadIdentityUser/serviceaccount:pmuir-dev.svc.id.goog[external-secrets/external-secrets]",
            "member": "serviceAccount:pmuir-dev.svc.id.goog[external-secrets/external-secrets]",
            "role": "roles/iam.workloadIdentityUser",
            "service_account_id": "projects/pmuir-dev/serviceAccounts/externalsecrets@pmuir-dev.iam.gserviceaccount.com"
          },
          "private": "bnVsbA==",
          "dependencies": [
            "module.secrets.google_service_account.external_secrets"
          ]
        }
      ]
    },
    {
      "module": "module.shell",
      "mode": "managed",
      "type": "local_file",
      "name": "example_output",
      "provider": "provider[\"registry.terraform.io/hashicorp/local\"]",
      "instances": [
        {
          "schema_version": 0,
          "attributes": {
            "content": "#!/bin/sh\n\ngcloud container clusters get-credentials demo-cluster --zone europe-west1-b --project pmuir-dev",
            "content_base64": null,
            "directory_permission": "0777",
            "file_permission": "755",
            "filename": "../bin/cluster-connect.sh",
            "id": "cfca4e4e4c65f32dc25849a579f1d574e2031d97",
            "sensitive_content": null
          },
          "private": "bnVsbA=="
        }
      ]
    }
  ]
}
