{
  "version": 4,
  "terraform_version": "0.13.1",
  "serial": 254,
  "lineage": "47ad82bf-b73c-8505-9f76-202173a9e30a",
  "outputs": {},
  "resources": [
    {
      "mode": "managed",
      "type": "google_project_service",
      "name": "secretmanager_api",
      "provider": "provider[\"registry.terraform.io/hashicorp/google\"]",
      "instances": [
        {
          "schema_version": 0,
          "attributes": {
            "disable_dependent_services": null,
            "disable_on_destroy": false,
            "id": "pmuir-dev/secretmanager.googleapis.com",
            "project": "pmuir-dev",
            "service": "secretmanager.googleapis.com",
            "timeouts": null
          },
          "private": "eyJlMmJmYjczMC1lY2FhLTExZTYtOGY4OC0zNDM2M2JjN2M0YzAiOnsiY3JlYXRlIjoxMjAwMDAwMDAwMDAwLCJkZWxldGUiOjEyMDAwMDAwMDAwMDAsInJlYWQiOjYwMDAwMDAwMDAwMCwidXBkYXRlIjoxMjAwMDAwMDAwMDAwfX0="
        }
      ]
    },
    {
      "module": "module.cluster",
      "mode": "managed",
      "type": "google_container_cluster",
      "name": "primary",
      "provider": "provider[\"registry.terraform.io/hashicorp/google-beta\"]",
      "instances": [
        {
          "schema_version": 1,
          "attributes": {
            "additional_zones": [],
            "addons_config": [
              {
                "cloudrun_config": [],
                "config_connector_config": [],
                "dns_cache_config": [],
                "gce_persistent_disk_csi_driver_config": [],
                "horizontal_pod_autoscaling": [],
                "http_load_balancing": [],
                "istio_config": [],
                "kalm_config": [],
                "kubernetes_dashboard": [],
                "network_policy_config": [
                  {
                    "disabled": true
                  }
                ]
              }
            ],
            "authenticator_groups_config": [],
            "cluster_autoscaling": [
              {
                "auto_provisioning_defaults": [],
                "autoscaling_profile": "BALANCED",
                "enabled": false,
                "resource_limits": []
              }
            ],
            "cluster_ipv4_cidr": "10.0.0.0/14",
            "cluster_telemetry": [
              {
                "type": "ENABLED"
              }
            ],
            "database_encryption": [
              {
                "key_name": "",
                "state": "DECRYPTED"
              }
            ],
            "default_max_pods_per_node": null,
            "default_snat_status": [
              {
                "disabled": false
              }
            ],
            "description": "",
            "enable_binary_authorization": false,
            "enable_intranode_visibility": false,
            "enable_kubernetes_alpha": false,
            "enable_legacy_abac": false,
            "enable_shielded_nodes": false,
            "enable_tpu": false,
            "endpoint": "23.251.131.132",
            "id": "projects/pmuir-dev/locations/europe-west1-b/clusters/demo-cluster",
            "initial_node_count": 1,
            "instance_group_urls": [
              "https://www.googleapis.com/compute/beta/projects/pmuir-dev/zones/europe-west1-b/instanceGroups/gke-demo-cluster-demo-cluster-node-po-08ce2838-grp"
            ],
            "ip_allocation_policy": [],
            "label_fingerprint": "a9dc16a7",
            "location": "europe-west1-b",
            "logging_service": "logging.googleapis.com/kubernetes",
            "maintenance_policy": [],
            "master_auth": [
              {
                "client_certificate": "",
                "client_certificate_config": [
                  {
                    "issue_client_certificate": false
                  }
                ],
                "client_key": "",
                "cluster_ca_certificate": "LS0tLS1CRUdJTiBDRVJUSUZJQ0FURS0tLS0tCk1JSURLekNDQWhPZ0F3SUJBZ0lSQU9BL2lGZnE5d3czYWNWeW1WWU5ZWWN3RFFZSktvWklodmNOQVFFTEJRQXcKTHpFdE1Dc0dBMVVFQXhNa1pUWTVZekEzWmpNdE5XWTRNaTAwTlRReUxXRmxObUl0TjJNek9UWXpZVEl5TjJFeQpNQjRYRFRJd01EZ3lPVEUxTVRjMU9Gb1hEVEkxTURneU9ERTJNVGMxT0Zvd0x6RXRNQ3NHQTFVRUF4TWtaVFk1Cll6QTNaak10TldZNE1pMDBOVFF5TFdGbE5tSXROMk16T1RZellUSXlOMkV5TUlJQklqQU5CZ2txaGtpRzl3MEIKQVFFRkFBT0NBUThBTUlJQkNnS0NBUUVBc3cxeXRsK0pRK0F5NTkzem5NaTF2MFREdXphK0hFS0I4eVUwSGJOTwpDZ21zcWhTOGo3N1VOSjlJUU5IUjhJM2J0TWhYejZ4bjBUWjFlUHlHZkU5UUNkWDlkMVZ6RUdhMEdIZFRDdUlNClR5aCtRZ3dJZWhjeWcyajNQMGtqM1RuVWh3by9iVHh6YnRkMXBUM3Fyc2Y0eFpaeVYxbDZRalZwUTBjSnhoVWgKZFU1VW15aXBJZ2hNMVlOQ2EzTXlUTVBHeGV0NE1lWnhjTGdMKzlrUkl2SC95cTdXdmFkanVZQ1ZXRTFCbEtqKwpIUWttRW9PV21MRlFUbUltVzFlMlM4ZGlxRlo1NUF0UVlhck00UEdsZklRN3B2ckFVN3VyMTl1SnlVdzdxUllsCnhXdVlrVXZVT3Vsdnc1eTByTTZ4di9xMUwxa1h6aCt5WStVVjdReGU4UUZlRlFJREFRQUJvMEl3UURBT0JnTlYKSFE4QkFmOEVCQU1DQWdRd0R3WURWUjBUQVFIL0JBVXdBd0VCL3pBZEJnTlZIUTRFRmdRVUVzSkhsVWlZQnFQZApEbjJWSldkTHgzS2NoZEF3RFFZSktvWklodmNOQVFFTEJRQURnZ0VCQUNPMUdOdFFqd1JrMHA0bUpXdHlzdTY0CmlPVDV5emNjQjZjaFcwNGdoQjlPM0E3cy82RkpSZDJ5cjM5S1djMk9WaDV6dTRCWng4YVBCR3VEc1hiNk54RGQKcDZNWnZwa0U5K2RXR3F1L2FPVENvMDNUNzhlUmxtUGIzTS93RDM5V05YUXRtbHJpWGZneHFobWg4Mk5GR05WRwpUODhSUzVxQlBDajV4Yy85aVJuczlBcnZSNUw2anFtL285UFdOY0swNVdvSk5Sd1dtRm9vT0FXaldZNTBHLy9JCnlKSTluZytVYllVNUx6dmx6Rnl6OWU4dFY3KzFYcHBycnpKZXBONFAreHUrcFRsQkJSWGxUaE9xWEtUR3VTRngKdWFvSVZDUGU4VWIrSXprK1RsVi9FUTIwSHoyc0tzcDlSM1BZQ0U0bE1LZW9hTHhpR3ROVzBBWjFNaFVxQmZZPQotLS0tLUVORCBDRVJUSUZJQ0FURS0tLS0tCg==",
                "password": "",
                "username": ""
              }
            ],
            "master_authorized_networks_config": [],
            "master_version": "1.16.13-gke.1",
            "min_master_version": null,
            "monitoring_service": "monitoring.googleapis.com/kubernetes",
            "name": "demo-cluster",
            "network": "projects/pmuir-dev/global/networks/default",
            "network_policy": [
              {
                "enabled": false,
                "provider": "PROVIDER_UNSPECIFIED"
              }
            ],
            "networking_mode": "ROUTES",
            "node_config": [
              {
                "boot_disk_kms_key": "",
                "disk_size_gb": 100,
                "disk_type": "pd-standard",
                "guest_accelerator": [],
                "image_type": "COS",
                "labels": {},
                "local_ssd_count": 0,
                "machine_type": "n1-standard-4",
                "metadata": {
                  "disable-legacy-endpoints": "true"
                },
                "min_cpu_platform": "",
                "oauth_scopes": [
                  "https://www.googleapis.com/auth/logging.write",
                  "https://www.googleapis.com/auth/monitoring"
                ],
                "preemptible": true,
                "sandbox_config": [],
                "service_account": "default",
                "shielded_instance_config": [
                  {
                    "enable_integrity_monitoring": true,
                    "enable_secure_boot": false
                  }
                ],
                "tags": [],
                "taint": [],
                "workload_metadata_config": [
                  {
                    "node_metadata": "GKE_METADATA_SERVER"
                  }
                ]
              }
            ],
            "node_locations": [],
            "node_pool": [
              {
                "autoscaling": [],
                "initial_node_count": 1,
                "instance_group_urls": [
                  "https://www.googleapis.com/compute/v1/projects/pmuir-dev/zones/europe-west1-b/instanceGroupManagers/gke-demo-cluster-demo-cluster-node-po-08ce2838-grp"
                ],
                "management": [
                  {
                    "auto_repair": true,
                    "auto_upgrade": true
                  }
                ],
                "max_pods_per_node": 0,
                "name": "demo-cluster-node-pool",
                "name_prefix": "",
                "node_config": [
                  {
                    "boot_disk_kms_key": "",
                    "disk_size_gb": 100,
                    "disk_type": "pd-standard",
                    "guest_accelerator": [],
                    "image_type": "COS",
                    "labels": {},
                    "local_ssd_count": 0,
                    "machine_type": "n1-standard-4",
                    "metadata": {
                      "disable-legacy-endpoints": "true"
                    },
                    "min_cpu_platform": "",
                    "oauth_scopes": [
                      "https://www.googleapis.com/auth/logging.write",
                      "https://www.googleapis.com/auth/monitoring"
                    ],
                    "preemptible": true,
                    "sandbox_config": [],
                    "service_account": "default",
                    "shielded_instance_config": [
                      {
                        "enable_integrity_monitoring": true,
                        "enable_secure_boot": false
                      }
                    ],
                    "tags": [],
                    "taint": [],
                    "workload_metadata_config": [
                      {
                        "node_metadata": "GKE_METADATA_SERVER"
                      }
                    ]
                  }
                ],
                "node_count": 1,
                "node_locations": [
                  "europe-west1-b"
                ],
                "upgrade_settings": [
                  {
                    "max_surge": 1,
                    "max_unavailable": 0
                  }
                ],
                "version": "1.16.13-gke.1"
              }
            ],
            "node_version": "1.16.13-gke.1",
            "operation": null,
            "pod_security_policy_config": [
              {
                "enabled": false
              }
            ],
            "private_cluster_config": [],
            "project": "pmuir-dev",
            "region": null,
            "release_channel": [
              {
                "channel": "REGULAR"
              }
            ],
            "remove_default_node_pool": true,
            "resource_labels": {},
            "resource_usage_export_config": [],
            "services_ipv4_cidr": "10.3.240.0/20",
            "subnetwork": "projects/pmuir-dev/regions/europe-west1/subnetworks/default",
            "timeouts": null,
            "tpu_ipv4_cidr_block": "",
            "vertical_pod_autoscaling": [],
            "workload_identity_config": [
              {
                "identity_namespace": "pmuir-dev.svc.id.goog"
              }
            ],
            "zone": null
          },
          "private": "eyJlMmJmYjczMC1lY2FhLTExZTYtOGY4OC0zNDM2M2JjN2M0YzAiOnsiY3JlYXRlIjoyNDAwMDAwMDAwMDAwLCJkZWxldGUiOjI0MDAwMDAwMDAwMDAsInJlYWQiOjI0MDAwMDAwMDAwMDAsInVwZGF0ZSI6MzYwMDAwMDAwMDAwMH0sInNjaGVtYV92ZXJzaW9uIjoiMSJ9"
        }
      ]
    },
    {
      "module": "module.cluster",
      "mode": "managed",
      "type": "google_container_node_pool",
      "name": "primary_preemptible_nodes",
      "provider": "provider[\"registry.terraform.io/hashicorp/google-beta\"]",
      "instances": [
        {
          "schema_version": 1,
          "attributes": {
            "autoscaling": [],
            "cluster": "demo-cluster",
            "id": "projects/pmuir-dev/locations/europe-west1-b/clusters/demo-cluster/nodePools/demo-cluster-node-pool",
            "initial_node_count": 1,
            "instance_group_urls": [
              "https://www.googleapis.com/compute/v1/projects/pmuir-dev/zones/europe-west1-b/instanceGroupManagers/gke-demo-cluster-demo-cluster-node-po-08ce2838-grp"
            ],
            "location": "europe-west1-b",
            "management": [
              {
                "auto_repair": true,
                "auto_upgrade": true
              }
            ],
            "max_pods_per_node": null,
            "name": "demo-cluster-node-pool",
            "name_prefix": "",
            "node_config": [
              {
                "boot_disk_kms_key": "",
                "disk_size_gb": 100,
                "disk_type": "pd-standard",
                "guest_accelerator": [],
                "image_type": "COS",
                "labels": {},
                "local_ssd_count": 0,
                "machine_type": "n1-standard-4",
                "metadata": {
                  "disable-legacy-endpoints": "true"
                },
                "min_cpu_platform": "",
                "oauth_scopes": [
                  "https://www.googleapis.com/auth/logging.write",
                  "https://www.googleapis.com/auth/monitoring"
                ],
                "preemptible": true,
                "sandbox_config": [],
                "service_account": "default",
                "shielded_instance_config": [
                  {
                    "enable_integrity_monitoring": true,
                    "enable_secure_boot": false
                  }
                ],
                "tags": [],
                "taint": [],
                "workload_metadata_config": [
                  {
                    "node_metadata": "GKE_METADATA_SERVER"
                  }
                ]
              }
            ],
            "node_count": 1,
            "node_locations": [
              "europe-west1-b"
            ],
            "project": "pmuir-dev",
            "region": null,
            "timeouts": null,
            "upgrade_settings": [
              {
                "max_surge": 1,
                "max_unavailable": 0
              }
            ],
            "version": "1.16.13-gke.1",
            "zone": null
          },
          "private": "eyJlMmJmYjczMC1lY2FhLTExZTYtOGY4OC0zNDM2M2JjN2M0YzAiOnsiY3JlYXRlIjoxODAwMDAwMDAwMDAwLCJkZWxldGUiOjE4MDAwMDAwMDAwMDAsInVwZGF0ZSI6MTgwMDAwMDAwMDAwMH0sInNjaGVtYV92ZXJzaW9uIjoiMSJ9",
          "dependencies": [
            "module.cluster.google_container_cluster.primary"
          ]
        }
      ]
    },
    {
      "module": "module.cluster",
      "mode": "managed",
      "type": "google_project_service",
      "name": "container_api",
      "provider": "provider[\"registry.terraform.io/hashicorp/google\"]",
      "instances": [
        {
          "schema_version": 0,
          "attributes": {
            "disable_dependent_services": null,
            "disable_on_destroy": false,
            "id": "pmuir-dev/container.googleapis.com",
            "project": "pmuir-dev",
            "service": "container.googleapis.com",
            "timeouts": null
          },
          "private": "eyJlMmJmYjczMC1lY2FhLTExZTYtOGY4OC0zNDM2M2JjN2M0YzAiOnsiY3JlYXRlIjoxMjAwMDAwMDAwMDAwLCJkZWxldGUiOjEyMDAwMDAwMDAwMDAsInJlYWQiOjYwMDAwMDAwMDAwMCwidXBkYXRlIjoxMjAwMDAwMDAwMDAwfX0="
        }
      ]
    },
    {
      "module": "module.database",
      "mode": "managed",
      "type": "google_project_iam_member",
      "name": "iam_binding_member",
      "provider": "provider[\"registry.terraform.io/hashicorp/google\"]",
      "instances": [
        {
          "schema_version": 0,
          "attributes": {
            "condition": [],
            "etag": "BwWvgQHl7fc=",
            "id": "pmuir-dev/roles/cloudsql.client/serviceaccount:database-cloudsql@pmuir-dev.iam.gserviceaccount.com",
            "member": "serviceAccount:database-cloudsql@pmuir-dev.iam.gserviceaccount.com",
            "project": "pmuir-dev",
            "role": "roles/cloudsql.client"
          },
          "private": "bnVsbA==",
          "dependencies": [
            "module.cluster.google_container_cluster.primary",
            "module.cluster.google_container_node_pool.primary_preemptible_nodes",
            "module.cluster.google_project_service.container_api",
            "module.database.google_service_account.service_account",
            "module.secrets.google_service_account.external_secrets",
            "module.secrets.google_service_account_iam_member.external_secrets"
          ]
        }
      ]
    },
    {
      "module": "module.database",
      "mode": "managed",
      "type": "google_project_service",
      "name": "sql_admin",
      "provider": "provider[\"registry.terraform.io/hashicorp/google\"]",
      "instances": [
        {
          "schema_version": 0,
          "attributes": {
            "disable_dependent_services": null,
            "disable_on_destroy": false,
            "id": "pmuir-dev/sqladmin.googleapis.com",
            "project": "pmuir-dev",
            "service": "sqladmin.googleapis.com",
            "timeouts": null
          },
          "private": "eyJlMmJmYjczMC1lY2FhLTExZTYtOGY4OC0zNDM2M2JjN2M0YzAiOnsiY3JlYXRlIjoxMjAwMDAwMDAwMDAwLCJkZWxldGUiOjEyMDAwMDAwMDAwMDAsInJlYWQiOjYwMDAwMDAwMDAwMCwidXBkYXRlIjoxMjAwMDAwMDAwMDAwfX0=",
          "dependencies": [
            "module.cluster.google_container_cluster.primary",
            "module.cluster.google_container_node_pool.primary_preemptible_nodes",
            "module.cluster.google_project_service.container_api",
            "module.secrets.google_service_account.external_secrets",
            "module.secrets.google_service_account_iam_member.external_secrets"
          ]
        }
      ]
    },
    {
      "module": "module.database",
      "mode": "managed",
      "type": "google_project_service",
      "name": "sql_component_api",
      "provider": "provider[\"registry.terraform.io/hashicorp/google\"]",
      "instances": [
        {
          "schema_version": 0,
          "attributes": {
            "disable_dependent_services": null,
            "disable_on_destroy": false,
            "id": "pmuir-dev/sql-component.googleapis.com",
            "project": "pmuir-dev",
            "service": "sql-component.googleapis.com",
            "timeouts": null
          },
          "private": "eyJlMmJmYjczMC1lY2FhLTExZTYtOGY4OC0zNDM2M2JjN2M0YzAiOnsiY3JlYXRlIjoxMjAwMDAwMDAwMDAwLCJkZWxldGUiOjEyMDAwMDAwMDAwMDAsInJlYWQiOjYwMDAwMDAwMDAwMCwidXBkYXRlIjoxMjAwMDAwMDAwMDAwfX0=",
          "dependencies": [
            "module.cluster.google_container_cluster.primary",
            "module.cluster.google_container_node_pool.primary_preemptible_nodes",
            "module.cluster.google_project_service.container_api",
            "module.secrets.google_service_account.external_secrets",
            "module.secrets.google_service_account_iam_member.external_secrets"
          ]
        }
      ]
    },
    {
      "module": "module.database",
      "mode": "managed",
      "type": "google_secret_manager_secret",
      "name": "database_password",
      "provider": "provider[\"registry.terraform.io/hashicorp/google-beta\"]",
      "instances": [
        {
          "schema_version": 0,
          "attributes": {
            "create_time": "2020-09-16T12:13:13.400036Z",
            "id": "projects/pmuir-dev/secrets/database-database-password",
            "labels": {},
            "name": "projects/1063004576079/secrets/database-database-password",
            "project": "pmuir-dev",
            "replication": [
              {
                "automatic": true,
                "user_managed": []
              }
            ],
            "secret_id": "database-database-password",
            "timeouts": null
          },
          "private": "eyJlMmJmYjczMC1lY2FhLTExZTYtOGY4OC0zNDM2M2JjN2M0YzAiOnsiY3JlYXRlIjoyNDAwMDAwMDAwMDAsImRlbGV0ZSI6MjQwMDAwMDAwMDAwLCJ1cGRhdGUiOjI0MDAwMDAwMDAwMH19",
          "dependencies": [
            "module.cluster.google_container_cluster.primary",
            "module.cluster.google_container_node_pool.primary_preemptible_nodes",
            "module.cluster.google_project_service.container_api",
            "module.secrets.google_service_account.external_secrets",
            "module.secrets.google_service_account_iam_member.external_secrets"
          ]
        }
      ]
    },
    {
      "module": "module.database",
      "mode": "managed",
      "type": "google_secret_manager_secret",
      "name": "database_service_account_key",
      "provider": "provider[\"registry.terraform.io/hashicorp/google-beta\"]",
      "instances": [
        {
          "schema_version": 0,
          "attributes": {
            "create_time": "2020-09-16T12:20:53.941254Z",
            "id": "projects/pmuir-dev/secrets/database-service-account-key",
            "labels": {},
            "name": "projects/1063004576079/secrets/database-service-account-key",
            "project": "pmuir-dev",
            "replication": [
              {
                "automatic": true,
                "user_managed": []
              }
            ],
            "secret_id": "database-service-account-key",
            "timeouts": null
          },
          "private": "eyJlMmJmYjczMC1lY2FhLTExZTYtOGY4OC0zNDM2M2JjN2M0YzAiOnsiY3JlYXRlIjoyNDAwMDAwMDAwMDAsImRlbGV0ZSI6MjQwMDAwMDAwMDAwLCJ1cGRhdGUiOjI0MDAwMDAwMDAwMH19",
          "dependencies": [
            "module.cluster.google_container_cluster.primary",
            "module.cluster.google_container_node_pool.primary_preemptible_nodes",
            "module.cluster.google_project_service.container_api",
            "module.secrets.google_service_account.external_secrets",
            "module.secrets.google_service_account_iam_member.external_secrets"
          ]
        }
      ]
    },
    {
      "module": "module.database",
      "mode": "managed",
      "type": "google_secret_manager_secret",
      "name": "mysql_properties",
      "provider": "provider[\"registry.terraform.io/hashicorp/google\"]",
      "instances": [
        {
          "schema_version": 0,
          "attributes": {
            "create_time": "2020-09-16T12:13:12.906685Z",
            "id": "projects/pmuir-dev/secrets/database-mysql-proerties",
            "labels": {},
            "name": "projects/1063004576079/secrets/database-mysql-proerties",
            "project": "pmuir-dev",
            "replication": [
              {
                "automatic": true,
                "user_managed": []
              }
            ],
            "secret_id": "database-mysql-proerties",
            "timeouts": null
          },
          "private": "eyJlMmJmYjczMC1lY2FhLTExZTYtOGY4OC0zNDM2M2JjN2M0YzAiOnsiY3JlYXRlIjoyNDAwMDAwMDAwMDAsImRlbGV0ZSI6MjQwMDAwMDAwMDAwLCJ1cGRhdGUiOjI0MDAwMDAwMDAwMH19",
          "dependencies": [
            "module.cluster.google_container_cluster.primary",
            "module.cluster.google_container_node_pool.primary_preemptible_nodes",
            "module.cluster.google_project_service.container_api",
            "module.secrets.google_service_account.external_secrets",
            "module.secrets.google_service_account_iam_member.external_secrets"
          ]
        }
      ]
    },
    {
      "module": "module.database",
      "mode": "managed",
      "type": "google_secret_manager_secret_iam_member",
      "name": "database_password",
      "provider": "provider[\"registry.terraform.io/hashicorp/google-beta\"]",
      "instances": [
        {
          "schema_version": 0,
          "attributes": {
            "condition": [],
            "etag": "BwWvbTEwsII=",
            "id": "projects/pmuir-dev/secrets/database-database-password/roles/secretmanager.secretAccessor/serviceaccount:externalsecrets@pmuir-dev.iam.gserviceaccount.com",
            "member": "serviceAccount:externalsecrets@pmuir-dev.iam.gserviceaccount.com",
            "project": "pmuir-dev",
            "role": "roles/secretmanager.secretAccessor",
            "secret_id": "projects/pmuir-dev/secrets/database-database-password"
          },
          "private": "bnVsbA==",
          "dependencies": [
            "module.cluster.google_container_cluster.primary",
            "module.cluster.google_container_node_pool.primary_preemptible_nodes",
            "module.cluster.google_project_service.container_api",
            "module.database.google_secret_manager_secret.database_password",
            "module.secrets.google_service_account.external_secrets",
            "module.secrets.google_service_account_iam_member.external_secrets"
          ]
        }
      ]
    },
    {
      "module": "module.database",
      "mode": "managed",
      "type": "google_secret_manager_secret_iam_member",
      "name": "database_service_account_key",
      "provider": "provider[\"registry.terraform.io/hashicorp/google-beta\"]",
      "instances": [
        {
          "schema_version": 0,
          "attributes": {
            "condition": [],
            "etag": "BwWvbUyhnd0=",
            "id": "projects/pmuir-dev/secrets/database-service-account-key/roles/secretmanager.secretAccessor/serviceaccount:externalsecrets@pmuir-dev.iam.gserviceaccount.com",
            "member": "serviceAccount:externalsecrets@pmuir-dev.iam.gserviceaccount.com",
            "project": "pmuir-dev",
            "role": "roles/secretmanager.secretAccessor",
            "secret_id": "projects/pmuir-dev/secrets/database-service-account-key"
          },
          "private": "bnVsbA==",
          "dependencies": [
            "module.cluster.google_container_cluster.primary",
            "module.cluster.google_container_node_pool.primary_preemptible_nodes",
            "module.cluster.google_project_service.container_api",
            "module.database.google_secret_manager_secret.database_service_account_key",
            "module.secrets.google_service_account.external_secrets",
            "module.secrets.google_service_account_iam_member.external_secrets"
          ]
        }
      ]
    },
    {
      "module": "module.database",
      "mode": "managed",
      "type": "google_secret_manager_secret_iam_member",
      "name": "mysql_properties",
      "provider": "provider[\"registry.terraform.io/hashicorp/google\"]",
      "instances": [
        {
          "schema_version": 0,
          "attributes": {
            "condition": [],
            "etag": "BwWvbTErEKk=",
            "id": "projects/pmuir-dev/secrets/database-mysql-proerties/roles/secretmanager.secretAccessor/serviceaccount:externalsecrets@pmuir-dev.iam.gserviceaccount.com",
            "member": "serviceAccount:externalsecrets@pmuir-dev.iam.gserviceaccount.com",
            "project": "pmuir-dev",
            "role": "roles/secretmanager.secretAccessor",
            "secret_id": "projects/pmuir-dev/secrets/database-mysql-proerties"
          },
          "private": "bnVsbA==",
          "dependencies": [
            "module.cluster.google_container_cluster.primary",
            "module.cluster.google_container_node_pool.primary_preemptible_nodes",
            "module.cluster.google_project_service.container_api",
            "module.database.google_secret_manager_secret.mysql_properties",
            "module.secrets.google_service_account.external_secrets",
            "module.secrets.google_service_account_iam_member.external_secrets"
          ]
        }
      ]
    },
    {
      "module": "module.database",
      "mode": "managed",
      "type": "google_secret_manager_secret_version",
      "name": "database_password_version",
      "provider": "provider[\"registry.terraform.io/hashicorp/google-beta\"]",
      "instances": [
        {
          "schema_version": 0,
          "attributes": {
            "create_time": "2020-09-17T07:28:06.806106Z",
            "destroy_time": "",
            "enabled": true,
            "id": "projects/1063004576079/secrets/database-database-password/versions/2",
            "name": "projects/1063004576079/secrets/database-database-password/versions/2",
            "secret": "projects/pmuir-dev/secrets/database-database-password",
            "secret_data": "EbYPZhWdoTGVTo2C",
            "timeouts": null
          },
          "private": "eyJlMmJmYjczMC1lY2FhLTExZTYtOGY4OC0zNDM2M2JjN2M0YzAiOnsiY3JlYXRlIjoyNDAwMDAwMDAwMDAsImRlbGV0ZSI6MjQwMDAwMDAwMDAwfX0=",
          "dependencies": [
            "module.cluster.google_container_cluster.primary",
            "module.cluster.google_container_node_pool.primary_preemptible_nodes",
            "module.cluster.google_project_service.container_api",
            "module.database.google_secret_manager_secret.database_password",
            "module.database.google_sql_database_instance.database",
            "module.database.google_sql_user.user",
            "module.database.random_password.password",
            "module.secrets.google_service_account.external_secrets",
            "module.secrets.google_service_account_iam_member.external_secrets"
          ]
        }
      ]
    },
    {
      "module": "module.database",
      "mode": "managed",
      "type": "google_secret_manager_secret_version",
      "name": "database_service_account_key_version",
      "provider": "provider[\"registry.terraform.io/hashicorp/google-beta\"]",
      "instances": [
        {
          "schema_version": 0,
          "attributes": {
            "create_time": "2020-09-16T12:20:55.263555Z",
            "destroy_time": "",
            "enabled": true,
            "id": "projects/1063004576079/secrets/database-service-account-key/versions/1",
            "name": "projects/1063004576079/secrets/database-service-account-key/versions/1",
            "secret": "projects/pmuir-dev/secrets/database-service-account-key",
            "secret_data": "ewogICJ0eXBlIjogInNlcnZpY2VfYWNjb3VudCIsCiAgInByb2plY3RfaWQiOiAicG11aXItZGV2IiwKICAicHJpdmF0ZV9rZXlfaWQiOiAiM2MyZDgyOTYyOTdlMDhkMTVmMTM0ZjM2OTFiYjlmMjE5MGVjODVjZiIsCiAgInByaXZhdGVfa2V5IjogIi0tLS0tQkVHSU4gUFJJVkFURSBLRVktLS0tLVxuTUlJRXZnSUJBREFOQmdrcWhraUc5dzBCQVFFRkFBU0NCS2d3Z2dTa0FnRUFBb0lCQVFDWEs4QkpQNUU5c2dVclxua0RwYVA1Y0pZYTZqL1RFYnhXeHdzNnZjWjAyaVJUZkE2K3g3NTI4NFVEaEVIUkR2N3c4aWR6TXk0eWRieVJCYlxuNzMxcmIranJJSk56cEg3aStTUU1rVHA4L3JvYmxTYVoxOGhJZGMwRGNOdUR6NXpwalp1ZHdMcjFVa1l6VjVkRVxuclVRMU5DbFRENS9VUVNkaXFXYU9hQ1E1d1hGMXB0VGZYd0NNZUh0N0YzS1hVWCtiTDRVZzZFQ1RTay95a1R4cFxuTTYwVW80MmlPTjl4Yjdhc0NxN0R1V1o1YzRVOVlSdjBrWVR2UXVMZkVtbUp6d1IxaDhpcFk0ZlI1RkdzNSsvTlxuNFlONk9lb2w1bDVjNTliaStGKzVIVmR5K0JaMlpQaStNN1hla3hMbG1OTE1QSnVqbHZwc0k4ME1KazlKUE94eVxuWFFoS3dxQzdBZ01CQUFFQ2dnRUFMd2FTSzNjVjFHNWpnMWk3ZmtXWDAzaEtub0x0MnVqQVFoTHlYSDdhUEtkeFxubjVjRW1zcTA0M3k0OUI5aW5IRHVjVmRKV3dRa3d6MjUxQStkSVdYUHZBMEhNWXN6V2FJTkg4ZXh2UjUwZ0k0V1xuVXZjNE82cEJtMWRwUWdpOGxEN1Q4Ty82ZU1RZVNHeHdCeElyVEsyc1NVVnIvOWhBeTBWTlBQR1NpMURzM1o4TVxuM09QWk1YUDBPZmx6eVhKTnJ2dytQenEzamsyb1V6enROQ09FSXY3YWFFa29QU3lxd3lnb2JCdjdtNFhXL0tyb1xudlo4RmZSVGdKVHRKRUZ4SHF2cTFkK1lUUDJaUUdZcFY1V0pvQ3pINEVrOHV5bUQwWmQxS252ekhkUThBTmJDcVxuaExKa1lIS0dGdDM2dHFmUWw3Z1E0YjNaSFhsUEJJc0svRlJ3N3A3bVVRS0JnUURKdURYNnhERzVKcTVyRXVLU1xuNTMvKzVVZFZ5NFVZb0tKV09BdnUwb1FSK3BtNE5xSzZqNjlMaW1Jd3RDSGpieXlkbS9JMlhYL3VxSzR3eVJsYVxuZ3BVQnV4bXk2emdKTWhjdUg2VGwvajc1SVk0TnN2dFVzK3UyR2xKMG42VjdoSGoxQkJ0d1J3NElnckhSb1U2RVxuRVNudXVTdU9NUmR3M1dzRFZzanBIT1MvK1FLQmdRQy8yV2twcmRlTzRtOHBBaGNjbW5KclFTZDBxek5TR3dGd1xudTVtVTZnWG1PWGJqaXczSG94NjBiVWl5bXpqYyt2amVIOTRYTkVVYXlVcHB6aERqNkxKMFVyWnZmQTZNVUlzRlxubmh3Wmc5YzlEdzJNb1Fsa2VlU3BrUW1kaG5zQ3FFYk1tTmhPTWdqN3B1eENON2dSazFqUERSVVEwVTc2azJ5T1xuWkNDeHdhbzdVd0tCZ0VsR0R1V2VhdWwwc1pyWGExSXRvWUwzeWlmU0cvRE1PT3ZVeEJEbWkyNzBkdTVCZW04R1xuVG9qRUpkTEhQQ0FmZkRkc05GbW5NUmVDVW5RS09KbDJJYVpWVG9wOWd3ZGtHS042ZnkzRVl4K2dIcmUvTWlpY1xuaXB6Rmh2b3lHNng0ZkcrVUpGdHVsQnhuVFN4MnljeVRaNFg5NFdKdlZySjYyNnFFMWNwSDRwZ1JBb0dCQUo0ZVxuMDdVZGFkK0RNemtxVnVBbFQ0Nmt1WjlJQjFseGxxTlNpNGVYeGxyMUc4NzQ2ZGVUMHhmRVJybW1nNXhtWWIyNVxucURPWnlpY0Vwb2RENXRuaERVd2dhK3JBNWNDeUZaTUF1SW96QnJCMWVxWmdoN3cvVnI2SEl0U3BaVE5RZkdIZVxueTlEUEhtWkRNdEIwMmducVZyVDRSRmVERzhRY3c4a3NMMkl5aTFxdkFvR0JBSzdiU2VrcUZHQVBpMmxLOEhqb1xuOTFTZzdjZWJZT2RWUllXaDlRZzdoalVheFlFNERMU1U3WWZsREEvalhtUDdwbUE3UitBNmJ2WStkc2Zvd0kvZVxuZjYvVjU4RzkrNUJyWm5YRDhZUE1jNCt0SHlSbDJwOG9jMzFCdUNHMU9NTjBqaG1VakdZNEdIbHJXbjUvaENVU1xubUZFTDJPdDAyYytwdTB4NU5YTTJIQU5wXG4tLS0tLUVORCBQUklWQVRFIEtFWS0tLS0tXG4iLAogICJjbGllbnRfZW1haWwiOiAiZGF0YWJhc2UtY2xvdWRzcWxAcG11aXItZGV2LmlhbS5nc2VydmljZWFjY291bnQuY29tIiwKICAiY2xpZW50X2lkIjogIjExNjU2MzAxMDU3NDYzMzI3NTc1NSIsCiAgImF1dGhfdXJpIjogImh0dHBzOi8vYWNjb3VudHMuZ29vZ2xlLmNvbS9vL29hdXRoMi9hdXRoIiwKICAidG9rZW5fdXJpIjogImh0dHBzOi8vb2F1dGgyLmdvb2dsZWFwaXMuY29tL3Rva2VuIiwKICAiYXV0aF9wcm92aWRlcl94NTA5X2NlcnRfdXJsIjogImh0dHBzOi8vd3d3Lmdvb2dsZWFwaXMuY29tL29hdXRoMi92MS9jZXJ0cyIsCiAgImNsaWVudF94NTA5X2NlcnRfdXJsIjogImh0dHBzOi8vd3d3Lmdvb2dsZWFwaXMuY29tL3JvYm90L3YxL21ldGFkYXRhL3g1MDkvZGF0YWJhc2UtY2xvdWRzcWwlNDBwbXVpci1kZXYuaWFtLmdzZXJ2aWNlYWNjb3VudC5jb20iCn0K",
            "timeouts": null
          },
          "private": "eyJlMmJmYjczMC1lY2FhLTExZTYtOGY4OC0zNDM2M2JjN2M0YzAiOnsiY3JlYXRlIjoyNDAwMDAwMDAwMDAsImRlbGV0ZSI6MjQwMDAwMDAwMDAwfX0=",
          "dependencies": [
            "module.cluster.google_container_cluster.primary",
            "module.cluster.google_container_node_pool.primary_preemptible_nodes",
            "module.cluster.google_project_service.container_api",
            "module.database.google_secret_manager_secret.database_service_account_key",
            "module.database.google_service_account_key.service_account_key",
            "module.secrets.google_service_account.external_secrets",
            "module.secrets.google_service_account_iam_member.external_secrets"
          ]
        }
      ]
    },
    {
      "module": "module.database",
      "mode": "managed",
      "type": "google_secret_manager_secret_version",
      "name": "mysql_properties_version",
      "provider": "provider[\"registry.terraform.io/hashicorp/google\"]",
      "instances": [
        {
          "schema_version": 0,
          "attributes": {
            "create_time": "2020-09-17T07:28:07.077826Z",
            "destroy_time": "",
            "enabled": true,
            "id": "projects/1063004576079/secrets/database-mysql-proerties/versions/2",
            "name": "projects/1063004576079/secrets/database-mysql-proerties/versions/2",
            "secret": "projects/pmuir-dev/secrets/database-mysql-proerties",
            "secret_data": "mysql_username: mysql\nmysql_password: EbYPZhWdoTGVTo2C\n",
            "timeouts": null
          },
          "private": "eyJlMmJmYjczMC1lY2FhLTExZTYtOGY4OC0zNDM2M2JjN2M0YzAiOnsiY3JlYXRlIjoyNDAwMDAwMDAwMDAsImRlbGV0ZSI6MjQwMDAwMDAwMDAwfX0=",
          "dependencies": [
            "module.cluster.google_container_cluster.primary",
            "module.cluster.google_container_node_pool.primary_preemptible_nodes",
            "module.cluster.google_project_service.container_api",
            "module.database.google_secret_manager_secret.mysql_properties",
            "module.database.google_sql_database_instance.database",
            "module.database.google_sql_user.user",
            "module.database.random_password.password",
            "module.secrets.google_service_account.external_secrets",
            "module.secrets.google_service_account_iam_member.external_secrets"
          ]
        }
      ]
    },
    {
      "module": "module.database",
      "mode": "managed",
      "type": "google_service_account",
      "name": "service_account",
      "provider": "provider[\"registry.terraform.io/hashicorp/google\"]",
      "instances": [
        {
          "schema_version": 0,
          "attributes": {
            "account_id": "database-cloudsql",
            "description": "",
            "display_name": "database CloudSQL Service Account",
            "email": "database-cloudsql@pmuir-dev.iam.gserviceaccount.com",
            "id": "projects/pmuir-dev/serviceAccounts/database-cloudsql@pmuir-dev.iam.gserviceaccount.com",
            "name": "projects/pmuir-dev/serviceAccounts/database-cloudsql@pmuir-dev.iam.gserviceaccount.com",
            "project": "pmuir-dev",
            "timeouts": null,
            "unique_id": "116563010574633275755"
          },
          "private": "eyJlMmJmYjczMC1lY2FhLTExZTYtOGY4OC0zNDM2M2JjN2M0YzAiOnsiY3JlYXRlIjozMDAwMDAwMDAwMDB9fQ==",
          "dependencies": [
            "module.cluster.google_container_cluster.primary",
            "module.cluster.google_container_node_pool.primary_preemptible_nodes",
            "module.cluster.google_project_service.container_api",
            "module.secrets.google_service_account.external_secrets",
            "module.secrets.google_service_account_iam_member.external_secrets"
          ]
        }
      ]
    },
    {
      "module": "module.database",
      "mode": "managed",
      "type": "google_service_account_key",
      "name": "service_account_key",
      "provider": "provider[\"registry.terraform.io/hashicorp/google\"]",
      "instances": [
        {
          "schema_version": 0,
          "attributes": {
            "id": "projects/pmuir-dev/serviceAccounts/database-cloudsql@pmuir-dev.iam.gserviceaccount.com/keys/3c2d8296297e08d15f134f3691bb9f2190ec85cf",
            "key_algorithm": "KEY_ALG_RSA_2048",
            "name": "projects/pmuir-dev/serviceAccounts/database-cloudsql@pmuir-dev.iam.gserviceaccount.com/keys/3c2d8296297e08d15f134f3691bb9f2190ec85cf",
            "pgp_key": null,
            "private_key": "ewogICJ0eXBlIjogInNlcnZpY2VfYWNjb3VudCIsCiAgInByb2plY3RfaWQiOiAicG11aXItZGV2IiwKICAicHJpdmF0ZV9rZXlfaWQiOiAiM2MyZDgyOTYyOTdlMDhkMTVmMTM0ZjM2OTFiYjlmMjE5MGVjODVjZiIsCiAgInByaXZhdGVfa2V5IjogIi0tLS0tQkVHSU4gUFJJVkFURSBLRVktLS0tLVxuTUlJRXZnSUJBREFOQmdrcWhraUc5dzBCQVFFRkFBU0NCS2d3Z2dTa0FnRUFBb0lCQVFDWEs4QkpQNUU5c2dVclxua0RwYVA1Y0pZYTZqL1RFYnhXeHdzNnZjWjAyaVJUZkE2K3g3NTI4NFVEaEVIUkR2N3c4aWR6TXk0eWRieVJCYlxuNzMxcmIranJJSk56cEg3aStTUU1rVHA4L3JvYmxTYVoxOGhJZGMwRGNOdUR6NXpwalp1ZHdMcjFVa1l6VjVkRVxuclVRMU5DbFRENS9VUVNkaXFXYU9hQ1E1d1hGMXB0VGZYd0NNZUh0N0YzS1hVWCtiTDRVZzZFQ1RTay95a1R4cFxuTTYwVW80MmlPTjl4Yjdhc0NxN0R1V1o1YzRVOVlSdjBrWVR2UXVMZkVtbUp6d1IxaDhpcFk0ZlI1RkdzNSsvTlxuNFlONk9lb2w1bDVjNTliaStGKzVIVmR5K0JaMlpQaStNN1hla3hMbG1OTE1QSnVqbHZwc0k4ME1KazlKUE94eVxuWFFoS3dxQzdBZ01CQUFFQ2dnRUFMd2FTSzNjVjFHNWpnMWk3ZmtXWDAzaEtub0x0MnVqQVFoTHlYSDdhUEtkeFxubjVjRW1zcTA0M3k0OUI5aW5IRHVjVmRKV3dRa3d6MjUxQStkSVdYUHZBMEhNWXN6V2FJTkg4ZXh2UjUwZ0k0V1xuVXZjNE82cEJtMWRwUWdpOGxEN1Q4Ty82ZU1RZVNHeHdCeElyVEsyc1NVVnIvOWhBeTBWTlBQR1NpMURzM1o4TVxuM09QWk1YUDBPZmx6eVhKTnJ2dytQenEzamsyb1V6enROQ09FSXY3YWFFa29QU3lxd3lnb2JCdjdtNFhXL0tyb1xudlo4RmZSVGdKVHRKRUZ4SHF2cTFkK1lUUDJaUUdZcFY1V0pvQ3pINEVrOHV5bUQwWmQxS252ekhkUThBTmJDcVxuaExKa1lIS0dGdDM2dHFmUWw3Z1E0YjNaSFhsUEJJc0svRlJ3N3A3bVVRS0JnUURKdURYNnhERzVKcTVyRXVLU1xuNTMvKzVVZFZ5NFVZb0tKV09BdnUwb1FSK3BtNE5xSzZqNjlMaW1Jd3RDSGpieXlkbS9JMlhYL3VxSzR3eVJsYVxuZ3BVQnV4bXk2emdKTWhjdUg2VGwvajc1SVk0TnN2dFVzK3UyR2xKMG42VjdoSGoxQkJ0d1J3NElnckhSb1U2RVxuRVNudXVTdU9NUmR3M1dzRFZzanBIT1MvK1FLQmdRQy8yV2twcmRlTzRtOHBBaGNjbW5KclFTZDBxek5TR3dGd1xudTVtVTZnWG1PWGJqaXczSG94NjBiVWl5bXpqYyt2amVIOTRYTkVVYXlVcHB6aERqNkxKMFVyWnZmQTZNVUlzRlxubmh3Wmc5YzlEdzJNb1Fsa2VlU3BrUW1kaG5zQ3FFYk1tTmhPTWdqN3B1eENON2dSazFqUERSVVEwVTc2azJ5T1xuWkNDeHdhbzdVd0tCZ0VsR0R1V2VhdWwwc1pyWGExSXRvWUwzeWlmU0cvRE1PT3ZVeEJEbWkyNzBkdTVCZW04R1xuVG9qRUpkTEhQQ0FmZkRkc05GbW5NUmVDVW5RS09KbDJJYVpWVG9wOWd3ZGtHS042ZnkzRVl4K2dIcmUvTWlpY1xuaXB6Rmh2b3lHNng0ZkcrVUpGdHVsQnhuVFN4MnljeVRaNFg5NFdKdlZySjYyNnFFMWNwSDRwZ1JBb0dCQUo0ZVxuMDdVZGFkK0RNemtxVnVBbFQ0Nmt1WjlJQjFseGxxTlNpNGVYeGxyMUc4NzQ2ZGVUMHhmRVJybW1nNXhtWWIyNVxucURPWnlpY0Vwb2RENXRuaERVd2dhK3JBNWNDeUZaTUF1SW96QnJCMWVxWmdoN3cvVnI2SEl0U3BaVE5RZkdIZVxueTlEUEhtWkRNdEIwMmducVZyVDRSRmVERzhRY3c4a3NMMkl5aTFxdkFvR0JBSzdiU2VrcUZHQVBpMmxLOEhqb1xuOTFTZzdjZWJZT2RWUllXaDlRZzdoalVheFlFNERMU1U3WWZsREEvalhtUDdwbUE3UitBNmJ2WStkc2Zvd0kvZVxuZjYvVjU4RzkrNUJyWm5YRDhZUE1jNCt0SHlSbDJwOG9jMzFCdUNHMU9NTjBqaG1VakdZNEdIbHJXbjUvaENVU1xubUZFTDJPdDAyYytwdTB4NU5YTTJIQU5wXG4tLS0tLUVORCBQUklWQVRFIEtFWS0tLS0tXG4iLAogICJjbGllbnRfZW1haWwiOiAiZGF0YWJhc2UtY2xvdWRzcWxAcG11aXItZGV2LmlhbS5nc2VydmljZWFjY291bnQuY29tIiwKICAiY2xpZW50X2lkIjogIjExNjU2MzAxMDU3NDYzMzI3NTc1NSIsCiAgImF1dGhfdXJpIjogImh0dHBzOi8vYWNjb3VudHMuZ29vZ2xlLmNvbS9vL29hdXRoMi9hdXRoIiwKICAidG9rZW5fdXJpIjogImh0dHBzOi8vb2F1dGgyLmdvb2dsZWFwaXMuY29tL3Rva2VuIiwKICAiYXV0aF9wcm92aWRlcl94NTA5X2NlcnRfdXJsIjogImh0dHBzOi8vd3d3Lmdvb2dsZWFwaXMuY29tL29hdXRoMi92MS9jZXJ0cyIsCiAgImNsaWVudF94NTA5X2NlcnRfdXJsIjogImh0dHBzOi8vd3d3Lmdvb2dsZWFwaXMuY29tL3JvYm90L3YxL21ldGFkYXRhL3g1MDkvZGF0YWJhc2UtY2xvdWRzcWwlNDBwbXVpci1kZXYuaWFtLmdzZXJ2aWNlYWNjb3VudC5jb20iCn0K",
            "private_key_encrypted": null,
            "private_key_fingerprint": null,
            "private_key_type": "TYPE_GOOGLE_CREDENTIALS_FILE",
            "public_key": "LS0tLS1CRUdJTiBDRVJUSUZJQ0FURS0tLS0tCk1JSUMvRENDQWVTZ0F3SUJBZ0lJUlp2cGI0RFphc2N3RFFZSktvWklodmNOQVFFRkJRQXdJREVlTUJ3R0ExVUUKQXhNVk1URTJOVFl6TURFd05UYzBOak16TWpjMU56VTFNQ0FYRFRJd01Ea3hOakV5TVRNd09Wb1lEems1T1RreApNak14TWpNMU9UVTVXakFnTVI0d0hBWURWUVFERXhVeE1UWTFOak13TVRBMU56UTJNek15TnpVM05UVXdnZ0VpCk1BMEdDU3FHU0liM0RRRUJBUVVBQTRJQkR3QXdnZ0VLQW9JQkFRQ1hLOEJKUDVFOXNnVXJrRHBhUDVjSllhNmoKL1RFYnhXeHdzNnZjWjAyaVJUZkE2K3g3NTI4NFVEaEVIUkR2N3c4aWR6TXk0eWRieVJCYjczMXJiK2pySUpOegpwSDdpK1NRTWtUcDgvcm9ibFNhWjE4aElkYzBEY051RHo1enBqWnVkd0xyMVVrWXpWNWRFclVRMU5DbFRENS9VClFTZGlxV2FPYUNRNXdYRjFwdFRmWHdDTWVIdDdGM0tYVVgrYkw0VWc2RUNUU2sveWtUeHBNNjBVbzQyaU9OOXgKYjdhc0NxN0R1V1o1YzRVOVlSdjBrWVR2UXVMZkVtbUp6d1IxaDhpcFk0ZlI1RkdzNSsvTjRZTjZPZW9sNWw1Ywo1OWJpK0YrNUhWZHkrQloyWlBpK003WGVreExsbU5MTVBKdWpsdnBzSTgwTUprOUpQT3h5WFFoS3dxQzdBZ01CCkFBR2pPREEyTUF3R0ExVWRFd0VCL3dRQ01BQXdEZ1lEVlIwUEFRSC9CQVFEQWdlQU1CWUdBMVVkSlFFQi93UU0KTUFvR0NDc0dBUVVGQndNQ01BMEdDU3FHU0liM0RRRUJCUVVBQTRJQkFRQnp3WUZjNFVsKzYvR3FWWlp6TDh6cAphMDZZSFV3NHJpR1oxY3NrU0lXa2kwb0JqQ0xKd0RCYmpUbTRLQTdjZ0k0c3RBTkl0UExDVEhLTEJ5OGNudUN4CjJhV0lrekxaazVyWVJzYUxuajNUMmgrcU5lMWp4aTJOY2JyMjVhb3g4cXYxa0VqMmVwWnFqL0NEcUZxTnhJVGIKb2RFTG9Ba2FkWVIwd0ZjaWpXTkhHNkR2eDNMb2VyaTdKT3pVbm9NUEI5WWFoT0lqTDZCS0RxZ3FFSkV5dUhhaApDMnQ4ZjlhTlU0bmFaRmxxRE9KbFZkUGI5aVFPdWJQQVhHSUdUeXFzVzhtdE11RitMMWhyV2pVUW1NeVpJbENiCitMMmFJZ0hSaTQ5ZGRld09SWU5kZ05GUXlDR3lWZGZITEJQeGFnemhvVlQ4RUZoL3B4K2JxUVNENjRzWDlLeS8KLS0tLS1FTkQgQ0VSVElGSUNBVEUtLS0tLQo=",
            "public_key_data": null,
            "public_key_type": "TYPE_X509_PEM_FILE",
            "service_account_id": "projects/pmuir-dev/serviceAccounts/database-cloudsql@pmuir-dev.iam.gserviceaccount.com",
            "valid_after": "2020-09-16T12:13:09Z",
            "valid_before": "9999-12-31T23:59:59Z"
          },
          "private": "bnVsbA==",
          "dependencies": [
            "module.cluster.google_container_cluster.primary",
            "module.cluster.google_container_node_pool.primary_preemptible_nodes",
            "module.cluster.google_project_service.container_api",
            "module.database.google_service_account.service_account",
            "module.secrets.google_service_account.external_secrets",
            "module.secrets.google_service_account_iam_member.external_secrets"
          ]
        }
      ]
    },
    {
      "module": "module.database",
      "mode": "managed",
      "type": "google_sql_database",
      "name": "database",
      "provider": "provider[\"registry.terraform.io/hashicorp/google\"]",
      "instances": [
        {
          "schema_version": 0,
          "attributes": {
            "charset": "utf8",
            "collation": "utf8_general_ci",
            "id": "projects/pmuir-dev/instances/database/databases/database",
            "instance": "database",
            "name": "database",
            "project": "pmuir-dev",
            "self_link": "https://sqladmin.googleapis.com/sql/v1beta4/projects/pmuir-dev/instances/database/databases/database",
            "timeouts": null
          },
          "private": "eyJlMmJmYjczMC1lY2FhLTExZTYtOGY4OC0zNDM2M2JjN2M0YzAiOnsiY3JlYXRlIjo5MDAwMDAwMDAwMDAsImRlbGV0ZSI6NjAwMDAwMDAwMDAwLCJ1cGRhdGUiOjYwMDAwMDAwMDAwMH19",
          "dependencies": [
            "module.cluster.google_container_cluster.primary",
            "module.cluster.google_container_node_pool.primary_preemptible_nodes",
            "module.cluster.google_project_service.container_api",
            "module.database.google_sql_database_instance.database",
            "module.secrets.google_service_account.external_secrets",
            "module.secrets.google_service_account_iam_member.external_secrets"
          ]
        }
      ]
    },
    {
      "module": "module.database",
      "mode": "managed",
      "type": "google_sql_database_instance",
      "name": "database",
      "provider": "provider[\"registry.terraform.io/hashicorp/google\"]",
      "instances": [
        {
          "schema_version": 0,
          "attributes": {
            "connection_name": "pmuir-dev:europe-west1:database",
            "database_version": "MYSQL_5_6",
            "first_ip_address": "34.78.246.5",
            "id": "database",
            "ip_address": [
              {
                "ip_address": "34.78.246.5",
                "time_to_retire": "",
                "type": "PRIMARY"
              }
            ],
            "master_instance_name": "",
            "name": "database",
            "private_ip_address": "",
            "project": "pmuir-dev",
            "public_ip_address": "34.78.246.5",
            "region": "europe-west1",
            "replica_configuration": [],
            "root_password": null,
            "self_link": "https://sqladmin.googleapis.com/sql/v1beta4/projects/pmuir-dev/instances/database",
            "server_ca_cert": [
              {
                "cert": "-----BEGIN CERTIFICATE-----\nMIIDfzCCAmegAwIBAgIBADANBgkqhkiG9w0BAQsFADB3MS0wKwYDVQQuEyQ1ZGY5\nZTczMy0zNGZhLTQ1MWYtODQyMy00ZTI1YTgxNDdjMzcxIzAhBgNVBAMTGkdvb2ds\nZSBDbG91ZCBTUUwgU2VydmVyIENBMRQwEgYDVQQKEwtHb29nbGUsIEluYzELMAkG\nA1UEBhMCVVMwHhcNMjAwODI5MTgwNzEzWhcNMzAwODI3MTgwODEzWjB3MS0wKwYD\nVQQuEyQ1ZGY5ZTczMy0zNGZhLTQ1MWYtODQyMy00ZTI1YTgxNDdjMzcxIzAhBgNV\nBAMTGkdvb2dsZSBDbG91ZCBTUUwgU2VydmVyIENBMRQwEgYDVQQKEwtHb29nbGUs\nIEluYzELMAkGA1UEBhMCVVMwggEiMA0GCSqGSIb3DQEBAQUAA4IBDwAwggEKAoIB\nAQCRNK80mySKFKdHQjUmY9PYfxpCSgBCetrNAZmZ+7ySBgxP/aYoKlS+KwzzwrB5\nmV7fqBGNsUyCg7JBCt+gTl0OPO09OfaiukdRvfayHBFafPh6Y9zSTUUDzP7xEa5l\nOA5CCDMleGvCQ7O9Ek+JwtZtKsencWKvFMVj+OJ7YY4V7GABZm6zjoYSKaJUhOP3\nX0O7H+M8/aqLtm0rr9mxx8P6DaWjODeXTKolbfvzEvsbWxP6MKfym9lgUMryJyyt\nfIuxlsQue34/kUpz+hIq4wCEaSN5FcERq02wzrPqJlhSBddra8m4Pw+FR43SjmfP\ny2O4ijIMaG8bIHzFDdBW/0SfAgMBAAGjFjAUMBIGA1UdEwEB/wQIMAYBAf8CAQAw\nDQYJKoZIhvcNAQELBQADggEBABhgPR7tuj+qwp717MokSW/8UjwL2B/KL/w44aA4\nRzVa+jqH/ABC+KbuF9Od6F2pI4NBig4NBe2aEbpu1Zwz5YInr/fo6O5R59dkNccv\nlwOAyNuq18DQZtycnENMgZzAkF7lmmPnQPhH5mz4Igh3Hx5yQhmoaMQE1M1AozjI\nEH98ibuyMuM2u7JwJMQadg5UtqPda7/shNifWGORK8H26m+z29+6g2amb9R6CNac\n5Qhmw/YPOUuvVxCkCkBa9q+puxKRiFTowxU3j3vFwaWWyOpTS3e5RERicmZtfS8m\nEzCW/ZAmA+1+ccje238QEN+66e/NaWao2fQS0EypK26BdDU=\n-----END CERTIFICATE-----",
                "common_name": "C=US,O=Google\\, Inc,CN=Google Cloud SQL Server CA,dnQualifier=5df9e733-34fa-451f-8423-4e25a8147c37",
                "create_time": "2020-08-29T18:07:13.353Z",
                "expiration_time": "2030-08-27T18:08:13.353Z",
                "sha1_fingerprint": "e420dba0db01b109505af980eb250e33965f7700"
              }
            ],
            "service_account_email_address": "p1063004576079-s18blx@gcp-sa-cloud-sql.iam.gserviceaccount.com",
            "settings": [
              {
                "activation_policy": "ALWAYS",
                "authorized_gae_applications": [],
                "availability_type": "",
                "backup_configuration": [
                  {
                    "binary_log_enabled": true,
                    "enabled": true,
                    "location": "",
                    "point_in_time_recovery_enabled": false,
                    "start_time": "18:00"
                  }
                ],
                "crash_safe_replication": false,
                "database_flags": [],
                "disk_autoresize": true,
                "disk_size": 10,
                "disk_type": "PD_SSD",
                "ip_configuration": [
                  {
                    "authorized_networks": [],
                    "ipv4_enabled": true,
                    "private_network": "",
                    "require_ssl": false
                  }
                ],
                "location_preference": [
                  {
                    "follow_gae_application": "",
                    "zone": "europe-west1-d"
                  }
                ],
                "maintenance_window": [],
                "pricing_plan": "PER_USE",
                "replication_type": "SYNCHRONOUS",
                "tier": "db-f1-micro",
                "user_labels": {},
                "version": 6
              }
            ],
            "timeouts": null
          },
          "private": "eyJlMmJmYjczMC1lY2FhLTExZTYtOGY4OC0zNDM2M2JjN2M0YzAiOnsiY3JlYXRlIjoxMjAwMDAwMDAwMDAwLCJkZWxldGUiOjEyMDAwMDAwMDAwMDAsInVwZGF0ZSI6MTIwMDAwMDAwMDAwMH19",
          "dependencies": [
            "module.cluster.google_container_cluster.primary",
            "module.cluster.google_container_node_pool.primary_preemptible_nodes",
            "module.cluster.google_project_service.container_api",
            "module.secrets.google_service_account.external_secrets",
            "module.secrets.google_service_account_iam_member.external_secrets"
          ]
        }
      ]
    },
    {
      "module": "module.database",
      "mode": "managed",
      "type": "google_sql_user",
      "name": "user",
      "provider": "provider[\"registry.terraform.io/hashicorp/google\"]",
      "instances": [
        {
          "schema_version": 1,
          "attributes": {
            "host": "",
            "id": "mysql//database",
            "instance": "database",
            "name": "mysql",
            "password": "EbYPZhWdoTGVTo2C",
            "project": "pmuir-dev",
            "timeouts": null
          },
          "private": "eyJlMmJmYjczMC1lY2FhLTExZTYtOGY4OC0zNDM2M2JjN2M0YzAiOnsiY3JlYXRlIjo2MDAwMDAwMDAwMDAsImRlbGV0ZSI6NjAwMDAwMDAwMDAwLCJ1cGRhdGUiOjYwMDAwMDAwMDAwMH0sInNjaGVtYV92ZXJzaW9uIjoiMSJ9",
          "dependencies": [
            "module.cluster.google_container_cluster.primary",
            "module.cluster.google_container_node_pool.primary_preemptible_nodes",
            "module.cluster.google_project_service.container_api",
            "module.database.google_sql_database_instance.database",
            "module.database.random_password.password",
            "module.secrets.google_service_account.external_secrets",
            "module.secrets.google_service_account_iam_member.external_secrets"
          ]
        }
      ]
    },
    {
      "module": "module.database",
      "mode": "managed",
      "type": "random_password",
      "name": "password",
      "provider": "provider[\"registry.terraform.io/hashicorp/random\"]",
      "instances": [
        {
          "schema_version": 0,
          "attributes": {
            "id": "none",
            "keepers": null,
            "length": 16,
            "lower": true,
            "min_lower": 0,
            "min_numeric": 0,
            "min_special": 0,
            "min_upper": 0,
            "number": true,
            "override_special": null,
            "result": "EbYPZhWdoTGVTo2C",
            "special": false,
            "upper": true
          },
          "private": "bnVsbA==",
          "dependencies": [
            "module.cluster.google_container_cluster.primary",
            "module.cluster.google_container_node_pool.primary_preemptible_nodes",
            "module.cluster.google_project_service.container_api",
            "module.secrets.google_service_account.external_secrets",
            "module.secrets.google_service_account_iam_member.external_secrets"
          ]
        }
      ]
    },
    {
      "module": "module.helmfile",
      "mode": "managed",
      "type": "google_secret_manager_secret",
      "name": "mysql_password",
      "provider": "provider[\"registry.terraform.io/hashicorp/google-beta\"]",
      "instances": [
        {
          "schema_version": 0,
          "attributes": {
            "create_time": "2020-08-29T16:35:56.232373Z",
            "id": "projects/pmuir-dev/secrets/mysql-password",
            "labels": {},
            "name": "projects/1063004576079/secrets/mysql-password",
            "project": "pmuir-dev",
            "replication": [
              {
                "automatic": true,
                "user_managed": []
              }
            ],
            "secret_id": "mysql-password",
            "timeouts": null
          },
          "private": "eyJlMmJmYjczMC1lY2FhLTExZTYtOGY4OC0zNDM2M2JjN2M0YzAiOnsiY3JlYXRlIjoyNDAwMDAwMDAwMDAsImRlbGV0ZSI6MjQwMDAwMDAwMDAwLCJ1cGRhdGUiOjI0MDAwMDAwMDAwMH19"
        }
      ]
    },
    {
      "module": "module.helmfile",
      "mode": "managed",
      "type": "google_secret_manager_secret_version",
      "name": "mysql_password_version",
      "provider": "provider[\"registry.terraform.io/hashicorp/google-beta\"]",
      "instances": [
        {
          "schema_version": 0,
          "attributes": {
            "create_time": "2020-08-29T16:35:59.201398Z",
            "destroy_time": "",
            "enabled": true,
            "id": "projects/1063004576079/secrets/mysql-password/versions/1",
            "name": "projects/1063004576079/secrets/mysql-password/versions/1",
            "secret": "projects/pmuir-dev/secrets/mysql-password",
            "secret_data": "RjVYPHyM69Mib0Nr",
            "timeouts": null
          },
          "private": "eyJlMmJmYjczMC1lY2FhLTExZTYtOGY4OC0zNDM2M2JjN2M0YzAiOnsiY3JlYXRlIjoyNDAwMDAwMDAwMDAsImRlbGV0ZSI6MjQwMDAwMDAwMDAwfX0=",
          "dependencies": [
            "module.helmfile.google_secret_manager_secret.mysql_password",
            "module.helmfile.random_password.mysql_password"
          ]
        }
      ]
    },
    {
      "module": "module.helmfile",
      "mode": "managed",
      "type": "local_file",
      "name": "generated_output",
      "provider": "provider[\"registry.terraform.io/hashicorp/local\"]",
      "instances": [
        {
          "schema_version": 0,
          "attributes": {
            "content": "##################################################\n# WARNING: This file is overwritten by terraform #\n# Make any changes in values.yaml             #\n##################################################\n\n\"certManager\":\n  \"googleServiceAccount\": \"certmanager@pmuir-dev.iam.gserviceaccount.com\"\n  \"kubernetesServiceAccount\": \"cert-manager\"\n  \"namespace\": \"cert-manager\"\n\"database\":\n  \"instanceName\": \"database\"\n  \"mysqlPropertiesSecretName\": \"database-mysql-proerties\"\n  \"name\": \"database\"\n  \"port\": 5432\n  \"project\": \"pmuir-dev\"\n  \"region\": \"europe-west1\"\n  \"serviceAccountSecretName\": \"database-service-account-key\"\n\"externalDns\":\n  \"googleServiceAccount\": \"externaldns@pmuir-dev.iam.gserviceaccount.com\"\n  \"kubernetesServiceAccount\": \"external-dns\"\n  \"namespace\": \"external-dns\"\n\"externalSecrets\":\n  \"googleServiceAccount\": \"externalsecrets@pmuir-dev.iam.gserviceaccount.com\"\n  \"kubernetesServiceAccount\": \"external-secrets\"\n  \"namespace\": \"external-secrets\"\n\"gcp\":\n  \"project\": \"pmuir-dev\"\n\"keycloakDatabase\":\n  \"instanceName\": \"keycloak-database-new\"\n  \"name\": \"database\"\n  \"passwordSecretName\": \"keycloak-database-new-database-password\"\n  \"port\": 5432\n  \"project\": \"pmuir-dev\"\n  \"region\": \"europe-west1\"\n  \"serviceAccountSecretName\": \"keycloak-database-new-service-account-key\"\n  \"username\": \"postgres\"\n\"loadBalancer\":\n  \"ip\": \"35.233.17.204\"\n  \"suffix\": \"g.bleepbleep.org.uk\"\n",
            "content_base64": null,
            "directory_permission": "0777",
            "file_permission": "0777",
            "filename": "../helmfile/generated.yaml",
            "id": "79a8ff35d98d27bee215957aec9b00ebca766c7a",
            "sensitive_content": null
          },
          "private": "bnVsbA==",
          "dependencies": [
            "module.cluster.google_container_cluster.primary",
            "module.cluster.google_container_node_pool.primary_preemptible_nodes",
            "module.cluster.google_project_service.container_api",
            "module.database.google_secret_manager_secret.database_service_account_key",
            "module.database.google_secret_manager_secret.mysql_properties",
            "module.database.google_sql_database.database",
            "module.database.google_sql_database_instance.database",
            "module.keycloak_database_new.google_secret_manager_secret.database_password",
            "module.keycloak_database_new.google_secret_manager_secret.database_service_account_key",
            "module.keycloak_database_new.google_sql_database.database",
            "module.keycloak_database_new.google_sql_database_instance.database",
            "module.networking.google_compute_address.ip_address",
            "module.networking.google_service_account.cert_manager",
            "module.networking.google_service_account.external_dns",
            "module.secrets.google_service_account.external_secrets",
            "module.secrets.google_service_account_iam_member.external_secrets"
          ]
        }
      ]
    },
    {
      "module": "module.helmfile",
      "mode": "managed",
      "type": "random_password",
      "name": "mysql_password",
      "provider": "module.helmfile.provider[\"registry.terraform.io/hashicorp/random\"]",
      "instances": [
        {
          "schema_version": 0,
          "attributes": {
            "id": "none",
            "keepers": null,
            "length": 16,
            "lower": true,
            "min_lower": 0,
            "min_numeric": 0,
            "min_special": 0,
            "min_upper": 0,
            "number": true,
            "override_special": "_%@",
            "result": "RjVYPHyM69Mib0Nr",
            "special": true,
            "upper": true
          },
          "private": "bnVsbA=="
        }
      ]
    },
    {
      "module": "module.keycloak_database_new",
      "mode": "managed",
      "type": "google_project_iam_member",
      "name": "iam_binding_member",
      "provider": "provider[\"registry.terraform.io/hashicorp/google\"]",
      "instances": [
        {
          "schema_version": 0,
          "attributes": {
            "condition": [],
            "etag": "BwWvgQHl7fc=",
            "id": "pmuir-dev/roles/cloudsql.client/serviceaccount:keycloak-database-new-cloudsql@pmuir-dev.iam.gserviceaccount.com",
            "member": "serviceAccount:keycloak-database-new-cloudsql@pmuir-dev.iam.gserviceaccount.com",
            "project": "pmuir-dev",
            "role": "roles/cloudsql.client"
          },
          "private": "bnVsbA==",
          "dependencies": [
            "module.cluster.google_container_cluster.primary",
            "module.cluster.google_container_node_pool.primary_preemptible_nodes",
            "module.cluster.google_project_service.container_api",
            "module.keycloak_database_new.google_service_account.service_account",
            "module.secrets.google_service_account.external_secrets",
            "module.secrets.google_service_account_iam_member.external_secrets"
          ]
        }
      ]
    },
    {
      "module": "module.keycloak_database_new",
      "mode": "managed",
      "type": "google_project_service",
      "name": "sql_admin",
      "provider": "provider[\"registry.terraform.io/hashicorp/google\"]",
      "instances": [
        {
          "schema_version": 0,
          "attributes": {
            "disable_dependent_services": null,
            "disable_on_destroy": false,
            "id": "pmuir-dev/sqladmin.googleapis.com",
            "project": "pmuir-dev",
            "service": "sqladmin.googleapis.com",
            "timeouts": null
          },
          "private": "eyJlMmJmYjczMC1lY2FhLTExZTYtOGY4OC0zNDM2M2JjN2M0YzAiOnsiY3JlYXRlIjoxMjAwMDAwMDAwMDAwLCJkZWxldGUiOjEyMDAwMDAwMDAwMDAsInJlYWQiOjYwMDAwMDAwMDAwMCwidXBkYXRlIjoxMjAwMDAwMDAwMDAwfX0=",
          "dependencies": [
            "module.cluster.google_container_cluster.primary",
            "module.cluster.google_container_node_pool.primary_preemptible_nodes",
            "module.cluster.google_project_service.container_api",
            "module.secrets.google_service_account.external_secrets",
            "module.secrets.google_service_account_iam_member.external_secrets"
          ]
        }
      ]
    },
    {
      "module": "module.keycloak_database_new",
      "mode": "managed",
      "type": "google_project_service",
      "name": "sql_component_api",
      "provider": "provider[\"registry.terraform.io/hashicorp/google\"]",
      "instances": [
        {
          "schema_version": 0,
          "attributes": {
            "disable_dependent_services": null,
            "disable_on_destroy": false,
            "id": "pmuir-dev/sql-component.googleapis.com",
            "project": "pmuir-dev",
            "service": "sql-component.googleapis.com",
            "timeouts": null
          },
          "private": "eyJlMmJmYjczMC1lY2FhLTExZTYtOGY4OC0zNDM2M2JjN2M0YzAiOnsiY3JlYXRlIjoxMjAwMDAwMDAwMDAwLCJkZWxldGUiOjEyMDAwMDAwMDAwMDAsInJlYWQiOjYwMDAwMDAwMDAwMCwidXBkYXRlIjoxMjAwMDAwMDAwMDAwfX0=",
          "dependencies": [
            "module.cluster.google_container_cluster.primary",
            "module.cluster.google_container_node_pool.primary_preemptible_nodes",
            "module.cluster.google_project_service.container_api",
            "module.secrets.google_service_account.external_secrets",
            "module.secrets.google_service_account_iam_member.external_secrets"
          ]
        }
      ]
    },
    {
      "module": "module.keycloak_database_new",
      "mode": "managed",
      "type": "google_secret_manager_secret",
      "name": "database_password",
      "provider": "provider[\"registry.terraform.io/hashicorp/google-beta\"]",
      "instances": [
        {
          "schema_version": 0,
          "attributes": {
            "create_time": "2020-09-17T11:51:36.018795Z",
            "id": "projects/pmuir-dev/secrets/keycloak-database-new-database-password",
            "labels": {},
            "name": "projects/1063004576079/secrets/keycloak-database-new-database-password",
            "project": "pmuir-dev",
            "replication": [
              {
                "automatic": true,
                "user_managed": []
              }
            ],
            "secret_id": "keycloak-database-new-database-password",
            "timeouts": null
          },
          "private": "eyJlMmJmYjczMC1lY2FhLTExZTYtOGY4OC0zNDM2M2JjN2M0YzAiOnsiY3JlYXRlIjoyNDAwMDAwMDAwMDAsImRlbGV0ZSI6MjQwMDAwMDAwMDAwLCJ1cGRhdGUiOjI0MDAwMDAwMDAwMH19",
          "dependencies": [
            "module.cluster.google_container_cluster.primary",
            "module.cluster.google_container_node_pool.primary_preemptible_nodes",
            "module.cluster.google_project_service.container_api",
            "module.secrets.google_service_account.external_secrets",
            "module.secrets.google_service_account_iam_member.external_secrets"
          ]
        }
      ]
    },
    {
      "module": "module.keycloak_database_new",
      "mode": "managed",
      "type": "google_secret_manager_secret",
      "name": "database_service_account_key",
      "provider": "provider[\"registry.terraform.io/hashicorp/google-beta\"]",
      "instances": [
        {
          "schema_version": 0,
          "attributes": {
            "create_time": "2020-09-17T11:51:35.218589Z",
            "id": "projects/pmuir-dev/secrets/keycloak-database-new-service-account-key",
            "labels": {},
            "name": "projects/1063004576079/secrets/keycloak-database-new-service-account-key",
            "project": "pmuir-dev",
            "replication": [
              {
                "automatic": true,
                "user_managed": []
              }
            ],
            "secret_id": "keycloak-database-new-service-account-key",
            "timeouts": null
          },
          "private": "eyJlMmJmYjczMC1lY2FhLTExZTYtOGY4OC0zNDM2M2JjN2M0YzAiOnsiY3JlYXRlIjoyNDAwMDAwMDAwMDAsImRlbGV0ZSI6MjQwMDAwMDAwMDAwLCJ1cGRhdGUiOjI0MDAwMDAwMDAwMH19",
          "dependencies": [
            "module.cluster.google_container_cluster.primary",
            "module.cluster.google_container_node_pool.primary_preemptible_nodes",
            "module.cluster.google_project_service.container_api",
            "module.secrets.google_service_account.external_secrets",
            "module.secrets.google_service_account_iam_member.external_secrets"
          ]
        }
      ]
    },
    {
      "module": "module.keycloak_database_new",
      "mode": "managed",
      "type": "google_secret_manager_secret",
      "name": "mysql_properties",
      "provider": "provider[\"registry.terraform.io/hashicorp/google\"]",
      "instances": [
        {
          "schema_version": 0,
          "attributes": {
            "create_time": "2020-09-17T11:51:35.983739Z",
            "id": "projects/pmuir-dev/secrets/keycloak-database-new-mysql-proerties",
            "labels": {},
            "name": "projects/1063004576079/secrets/keycloak-database-new-mysql-proerties",
            "project": "pmuir-dev",
            "replication": [
              {
                "automatic": true,
                "user_managed": []
              }
            ],
            "secret_id": "keycloak-database-new-mysql-proerties",
            "timeouts": null
          },
          "private": "eyJlMmJmYjczMC1lY2FhLTExZTYtOGY4OC0zNDM2M2JjN2M0YzAiOnsiY3JlYXRlIjoyNDAwMDAwMDAwMDAsImRlbGV0ZSI6MjQwMDAwMDAwMDAwLCJ1cGRhdGUiOjI0MDAwMDAwMDAwMH19",
          "dependencies": [
            "module.cluster.google_container_cluster.primary",
            "module.cluster.google_container_node_pool.primary_preemptible_nodes",
            "module.cluster.google_project_service.container_api",
            "module.secrets.google_service_account.external_secrets",
            "module.secrets.google_service_account_iam_member.external_secrets"
          ]
        }
      ]
    },
    {
      "module": "module.keycloak_database_new",
      "mode": "managed",
      "type": "google_secret_manager_secret_iam_member",
      "name": "database_password",
      "provider": "provider[\"registry.terraform.io/hashicorp/google-beta\"]",
      "instances": [
        {
          "schema_version": 0,
          "attributes": {
            "condition": [],
            "etag": "BwWvgQJGGEo=",
            "id": "projects/pmuir-dev/secrets/keycloak-database-new-database-password/roles/secretmanager.secretAccessor/serviceaccount:externalsecrets@pmuir-dev.iam.gserviceaccount.com",
            "member": "serviceAccount:externalsecrets@pmuir-dev.iam.gserviceaccount.com",
            "project": "pmuir-dev",
            "role": "roles/secretmanager.secretAccessor",
            "secret_id": "projects/pmuir-dev/secrets/keycloak-database-new-database-password"
          },
          "private": "bnVsbA==",
          "dependencies": [
            "module.cluster.google_container_cluster.primary",
            "module.cluster.google_container_node_pool.primary_preemptible_nodes",
            "module.cluster.google_project_service.container_api",
            "module.keycloak_database_new.google_secret_manager_secret.database_password",
            "module.secrets.google_service_account.external_secrets",
            "module.secrets.google_service_account_iam_member.external_secrets"
          ]
        }
      ]
    },
    {
      "module": "module.keycloak_database_new",
      "mode": "managed",
      "type": "google_secret_manager_secret_iam_member",
      "name": "database_service_account_key",
      "provider": "provider[\"registry.terraform.io/hashicorp/google-beta\"]",
      "instances": [
        {
          "schema_version": 0,
          "attributes": {
            "condition": [],
            "etag": "BwWvgQGjJ2E=",
            "id": "projects/pmuir-dev/secrets/keycloak-database-new-service-account-key/roles/secretmanager.secretAccessor/serviceaccount:externalsecrets@pmuir-dev.iam.gserviceaccount.com",
            "member": "serviceAccount:externalsecrets@pmuir-dev.iam.gserviceaccount.com",
            "project": "pmuir-dev",
            "role": "roles/secretmanager.secretAccessor",
            "secret_id": "projects/pmuir-dev/secrets/keycloak-database-new-service-account-key"
          },
          "private": "bnVsbA==",
          "dependencies": [
            "module.cluster.google_container_cluster.primary",
            "module.cluster.google_container_node_pool.primary_preemptible_nodes",
            "module.cluster.google_project_service.container_api",
            "module.keycloak_database_new.google_secret_manager_secret.database_service_account_key",
            "module.secrets.google_service_account.external_secrets",
            "module.secrets.google_service_account_iam_member.external_secrets"
          ]
        }
      ]
    },
    {
      "module": "module.keycloak_database_new",
      "mode": "managed",
      "type": "google_secret_manager_secret_iam_member",
      "name": "mysql_properties",
      "provider": "provider[\"registry.terraform.io/hashicorp/google\"]",
      "instances": [
        {
          "schema_version": 0,
          "attributes": {
            "condition": [],
            "etag": "BwWvgQGs81w=",
            "id": "projects/pmuir-dev/secrets/keycloak-database-new-mysql-proerties/roles/secretmanager.secretAccessor/serviceaccount:externalsecrets@pmuir-dev.iam.gserviceaccount.com",
            "member": "serviceAccount:externalsecrets@pmuir-dev.iam.gserviceaccount.com",
            "project": "pmuir-dev",
            "role": "roles/secretmanager.secretAccessor",
            "secret_id": "projects/pmuir-dev/secrets/keycloak-database-new-mysql-proerties"
          },
          "private": "bnVsbA==",
          "dependencies": [
            "module.cluster.google_container_cluster.primary",
            "module.cluster.google_container_node_pool.primary_preemptible_nodes",
            "module.cluster.google_project_service.container_api",
            "module.keycloak_database_new.google_secret_manager_secret.mysql_properties",
            "module.secrets.google_service_account.external_secrets",
            "module.secrets.google_service_account_iam_member.external_secrets"
          ]
        }
      ]
    },
    {
      "module": "module.keycloak_database_new",
      "mode": "managed",
      "type": "google_secret_manager_secret_version",
      "name": "database_password_version",
      "provider": "provider[\"registry.terraform.io/hashicorp/google-beta\"]",
      "instances": [
        {
          "schema_version": 0,
          "attributes": {
            "create_time": "2020-09-17T11:56:34.840249Z",
            "destroy_time": "",
            "enabled": true,
            "id": "projects/1063004576079/secrets/keycloak-database-new-database-password/versions/1",
            "name": "projects/1063004576079/secrets/keycloak-database-new-database-password/versions/1",
            "secret": "projects/pmuir-dev/secrets/keycloak-database-new-database-password",
            "secret_data": "ZCGrQsdoFrHACjzb",
            "timeouts": null
          },
          "private": "eyJlMmJmYjczMC1lY2FhLTExZTYtOGY4OC0zNDM2M2JjN2M0YzAiOnsiY3JlYXRlIjoyNDAwMDAwMDAwMDAsImRlbGV0ZSI6MjQwMDAwMDAwMDAwfX0=",
          "dependencies": [
            "module.cluster.google_container_cluster.primary",
            "module.cluster.google_container_node_pool.primary_preemptible_nodes",
            "module.cluster.google_project_service.container_api",
            "module.keycloak_database_new.google_secret_manager_secret.database_password",
            "module.keycloak_database_new.google_sql_database_instance.database",
            "module.keycloak_database_new.google_sql_user.user",
            "module.keycloak_database_new.random_password.password",
            "module.secrets.google_service_account.external_secrets",
            "module.secrets.google_service_account_iam_member.external_secrets"
          ]
        }
      ]
    },
    {
      "module": "module.keycloak_database_new",
      "mode": "managed",
      "type": "google_secret_manager_secret_version",
      "name": "database_service_account_key_version",
      "provider": "provider[\"registry.terraform.io/hashicorp/google-beta\"]",
      "instances": [
        {
          "schema_version": 0,
          "attributes": {
            "create_time": "2020-09-17T11:51:48.500616Z",
            "destroy_time": "",
            "enabled": true,
            "id": "projects/1063004576079/secrets/keycloak-database-new-service-account-key/versions/1",
            "name": "projects/1063004576079/secrets/keycloak-database-new-service-account-key/versions/1",
            "secret": "projects/pmuir-dev/secrets/keycloak-database-new-service-account-key",
            "secret_data": "ewogICJ0eXBlIjogInNlcnZpY2VfYWNjb3VudCIsCiAgInByb2plY3RfaWQiOiAicG11aXItZGV2IiwKICAicHJpdmF0ZV9rZXlfaWQiOiAiYjNmOTEyMGI1MmNhNGZjOGIwOTU0NGE1YTg5OTI3ZWVjOWQyNzNmYiIsCiAgInByaXZhdGVfa2V5IjogIi0tLS0tQkVHSU4gUFJJVkFURSBLRVktLS0tLVxuTUlJRXZnSUJBREFOQmdrcWhraUc5dzBCQVFFRkFBU0NCS2d3Z2dTa0FnRUFBb0lCQVFDZWZSUCtBRnRXLzMwRFxuUW5wWWF1YjFpVmlKeU5ZTzVJajluVVdKU3B0aDdKeHpNRDlFU2FLVVFRbTRCU3oxcHgyUzBaenRFdjFLcE9jY1xuUlN1aWdpT0s1bmhGc0NHMDc2MDA3d01YRmJlY0pRM25xZVlsVk5SR2Exa1NPYk9zMzNXTGpRalFVVXZTekRMZVxuVVE1WE5saTM3NWZ5Nkl1cU94Ny9laFR0TGZIZVN0RGhLaW9LQjZBb3M1dGlmbDUvNzllczRteG4zREVaYkdMOFxuNkxQWjluN0oxNTZSSHRFUlAvTTk0WkNrS2lhUDhIb2E0UzVrNEUzc3ZuZGRPb3diTnNEcUdTZTlzSDQ1M05LWVxucTFJM2IzbUlERHJtM2VXQWxGR244N0Q5TGNJOVNFZ1Q2N3FKRjZ5K2tTL01NMlBUenNtVjFlM2xBWTZ0b1JFaFxubTltdS95TGxBZ01CQUFFQ2dnRUFJK2RzZzhhVGFyQks0eFhvandhNngwV2ozZVQyWDEzVkRmVld4eTAwYWJqM1xuVVY0TSt4eWVYTzBsOVQ4UTZoNi9nNThDYUsrOFczQmpuZU1xcVRCSHVvUVBHNlIwNGw5SXN4enhhNFdqT0plcFxuWUlHOERsbDdGRy9sdUF3RDRRWW5oQ09CYTJYN1lpZ1ozd1RvVllnTmphL1UwYlh1Uy9TRVIzYWg3b0JSMHB4dlxuVHljbjRFMlJJVE1NdmNKVTRJT1Z0bUZiUHhyT3ExZ1Znd3R2WUNLY1pFMFJFcjh3NU5jWW9uT0ZWWXVEYVhtL1xuRzdhWlhJQys0TEYrcDZObVBTWE5VaS9wWEdqWnkvYW9Mdy9nRnJRa0hwVjc0cUNURUkzZHhpSk16S2tsZ0ZFd1xubXRVaG1oc3VUL2J2VEV1NGtQbFIwWXRGT0J0ekZEaUhYK3M2YUdnUEtRS0JnUURacXZVMENxMkcrb3JreXlwd1xuNjFGSHREbm9TeWpMQkZ1V3lKSVo3aDFHTDZKbXBMOXU2dDFlRHVyK3Nic0hZOHdGNTYydXRyZFIva05UdnEvN1xubWs2QWNRMUNlbFJGSUZSOXY4NFJkeml4em1sSVRodWRqeFFYWDNRWncvdmpUQXFqRWZMWEdXbkVrNTFXaVU1clxuTVNBTjJDbmZlZCtmREZXdk41RC9tZCtMQ1FLQmdRQzZaaW9DMzgrOUhjSU02cFZtcXF0WUV6R2NrM2Z0aGFsSFxuVEgzNkJNZ3B4VSsxdlNZRzZjeGE0blp4UEhrZFh1bERHeVh0Wno5Q2RLOGxhUWIzQ1llMG1XUFhmM0J5QVJpUFxubEwvd0FXOXlqZnJ1QWhteHpzMEdvTU5mbVVYVjFJUG4rRWd3ZUFRQ3FLeWp6eEhXNXB6V3dSQW1saC9wUDAwMVxuWk9aczBpeWovUUtCZ1FEUmozNHpkSFJNbDdwUlBDaklQa1lxdXFGbHU3YXlmcWVQSzlzOWk3b3pjSGp5U1hya1xuMXNuNVhITnljcnFXQ3NiS2lKcjJzb01jTmFlc1lOSWRjaHBTSG9XZGt4aSsxTG1EdDc0MW9vcTY1UGNIM2V0SVxuYmcveDBMeCtjZWw0bENWSmltWTZJUVZyZEpMdVZaTmlNQkdrUXBGTnpwQTFHRE1HVm9FTEZLSGJ3UUtCZ1FDZFxuSE0vOGJEbmw1ZGRTbThnaUtXa1RhOW85WisrR1BVdFoxWmU1elo0SjEwNUFtWlliN2FWYVZkZ1B5akVzR0h2MVxuSEVUenZqc01BTjVBWWk2RXUzdXZOanQ1d09rK3JyM05DRXhnT0ZWLzhUeTRzUHlIYXhCVnJkd0FFR2xVdXpRVFxucXFydWI3cXhvd3NoWjhCWnF6ZzNxN081VW9ERFVaLzZpWG5QNzdmQTRRS0JnQjFVeHRwMWRBbVlWVG5Jc1hiS1xuaUJPODlCVldGdUt0TTBYOXdCbzZ5ZjBIYkp4QTh5OHNHVlBHZVd0VzYxSjJrek9vM1Q0c2NjUnJZMHJhempJSFxuSEFJY3NSZXJsd3c1bnRpZi96M0M5WTlkS2xLT1VtNklCOGRIWWZDenFmKzkrTzkycUE0NGRoSmlId2k2cE1VRFxubzV4Smc5Y2QzTUwvV0NxdzBhQVFad2plXG4tLS0tLUVORCBQUklWQVRFIEtFWS0tLS0tXG4iLAogICJjbGllbnRfZW1haWwiOiAia2V5Y2xvYWstZGF0YWJhc2UtbmV3LWNsb3Vkc3FsQHBtdWlyLWRldi5pYW0uZ3NlcnZpY2VhY2NvdW50LmNvbSIsCiAgImNsaWVudF9pZCI6ICIxMTE2MTYxOTk0NDI5ODUxNzE0ODQiLAogICJhdXRoX3VyaSI6ICJodHRwczovL2FjY291bnRzLmdvb2dsZS5jb20vby9vYXV0aDIvYXV0aCIsCiAgInRva2VuX3VyaSI6ICJodHRwczovL29hdXRoMi5nb29nbGVhcGlzLmNvbS90b2tlbiIsCiAgImF1dGhfcHJvdmlkZXJfeDUwOV9jZXJ0X3VybCI6ICJodHRwczovL3d3dy5nb29nbGVhcGlzLmNvbS9vYXV0aDIvdjEvY2VydHMiLAogICJjbGllbnRfeDUwOV9jZXJ0X3VybCI6ICJodHRwczovL3d3dy5nb29nbGVhcGlzLmNvbS9yb2JvdC92MS9tZXRhZGF0YS94NTA5L2tleWNsb2FrLWRhdGFiYXNlLW5ldy1jbG91ZHNxbCU0MHBtdWlyLWRldi5pYW0uZ3NlcnZpY2VhY2NvdW50LmNvbSIKfQo=",
            "timeouts": null
          },
          "private": "eyJlMmJmYjczMC1lY2FhLTExZTYtOGY4OC0zNDM2M2JjN2M0YzAiOnsiY3JlYXRlIjoyNDAwMDAwMDAwMDAsImRlbGV0ZSI6MjQwMDAwMDAwMDAwfX0=",
          "dependencies": [
            "module.cluster.google_container_cluster.primary",
            "module.cluster.google_container_node_pool.primary_preemptible_nodes",
            "module.cluster.google_project_service.container_api",
            "module.keycloak_database_new.google_secret_manager_secret.database_service_account_key",
            "module.keycloak_database_new.google_service_account.service_account",
            "module.keycloak_database_new.google_service_account_key.service_account_key",
            "module.secrets.google_service_account.external_secrets",
            "module.secrets.google_service_account_iam_member.external_secrets"
          ]
        }
      ]
    },
    {
      "module": "module.keycloak_database_new",
      "mode": "managed",
      "type": "google_secret_manager_secret_version",
      "name": "mysql_properties_version",
      "provider": "provider[\"registry.terraform.io/hashicorp/google\"]",
      "instances": [
        {
          "schema_version": 0,
          "attributes": {
            "create_time": "2020-09-17T11:56:34.668417Z",
            "destroy_time": "",
            "enabled": true,
            "id": "projects/1063004576079/secrets/keycloak-database-new-mysql-proerties/versions/1",
            "name": "projects/1063004576079/secrets/keycloak-database-new-mysql-proerties/versions/1",
            "secret": "projects/pmuir-dev/secrets/keycloak-database-new-mysql-proerties",
            "secret_data": "mysql_username: postgres\nmysql_password: ZCGrQsdoFrHACjzb\n",
            "timeouts": null
          },
          "private": "eyJlMmJmYjczMC1lY2FhLTExZTYtOGY4OC0zNDM2M2JjN2M0YzAiOnsiY3JlYXRlIjoyNDAwMDAwMDAwMDAsImRlbGV0ZSI6MjQwMDAwMDAwMDAwfX0=",
          "dependencies": [
            "module.cluster.google_container_cluster.primary",
            "module.cluster.google_container_node_pool.primary_preemptible_nodes",
            "module.cluster.google_project_service.container_api",
            "module.keycloak_database_new.google_secret_manager_secret.mysql_properties",
            "module.keycloak_database_new.google_sql_database_instance.database",
            "module.keycloak_database_new.google_sql_user.user",
            "module.keycloak_database_new.random_password.password",
            "module.secrets.google_service_account.external_secrets",
            "module.secrets.google_service_account_iam_member.external_secrets"
          ]
        }
      ]
    },
    {
      "module": "module.keycloak_database_new",
      "mode": "managed",
      "type": "google_service_account",
      "name": "service_account",
      "provider": "provider[\"registry.terraform.io/hashicorp/google\"]",
      "instances": [
        {
          "schema_version": 0,
          "attributes": {
            "account_id": "keycloak-database-new-cloudsql",
            "description": "",
            "display_name": "keycloak-database-new CloudSQL Service Account",
            "email": "keycloak-database-new-cloudsql@pmuir-dev.iam.gserviceaccount.com",
            "id": "projects/pmuir-dev/serviceAccounts/keycloak-database-new-cloudsql@pmuir-dev.iam.gserviceaccount.com",
            "name": "projects/pmuir-dev/serviceAccounts/keycloak-database-new-cloudsql@pmuir-dev.iam.gserviceaccount.com",
            "project": "pmuir-dev",
            "timeouts": null,
            "unique_id": "111616199442985171484"
          },
          "private": "eyJlMmJmYjczMC1lY2FhLTExZTYtOGY4OC0zNDM2M2JjN2M0YzAiOnsiY3JlYXRlIjozMDAwMDAwMDAwMDB9fQ==",
          "dependencies": [
            "module.cluster.google_container_cluster.primary",
            "module.cluster.google_container_node_pool.primary_preemptible_nodes",
            "module.cluster.google_project_service.container_api",
            "module.secrets.google_service_account.external_secrets",
            "module.secrets.google_service_account_iam_member.external_secrets"
          ]
        }
      ]
    },
    {
      "module": "module.keycloak_database_new",
      "mode": "managed",
      "type": "google_service_account_key",
      "name": "service_account_key",
      "provider": "provider[\"registry.terraform.io/hashicorp/google\"]",
      "instances": [
        {
          "schema_version": 0,
          "attributes": {
            "id": "projects/pmuir-dev/serviceAccounts/keycloak-database-new-cloudsql@pmuir-dev.iam.gserviceaccount.com/keys/b3f9120b52ca4fc8b09544a5a89927eec9d273fb",
            "key_algorithm": "KEY_ALG_RSA_2048",
            "name": "projects/pmuir-dev/serviceAccounts/keycloak-database-new-cloudsql@pmuir-dev.iam.gserviceaccount.com/keys/b3f9120b52ca4fc8b09544a5a89927eec9d273fb",
            "pgp_key": null,
            "private_key": "ewogICJ0eXBlIjogInNlcnZpY2VfYWNjb3VudCIsCiAgInByb2plY3RfaWQiOiAicG11aXItZGV2IiwKICAicHJpdmF0ZV9rZXlfaWQiOiAiYjNmOTEyMGI1MmNhNGZjOGIwOTU0NGE1YTg5OTI3ZWVjOWQyNzNmYiIsCiAgInByaXZhdGVfa2V5IjogIi0tLS0tQkVHSU4gUFJJVkFURSBLRVktLS0tLVxuTUlJRXZnSUJBREFOQmdrcWhraUc5dzBCQVFFRkFBU0NCS2d3Z2dTa0FnRUFBb0lCQVFDZWZSUCtBRnRXLzMwRFxuUW5wWWF1YjFpVmlKeU5ZTzVJajluVVdKU3B0aDdKeHpNRDlFU2FLVVFRbTRCU3oxcHgyUzBaenRFdjFLcE9jY1xuUlN1aWdpT0s1bmhGc0NHMDc2MDA3d01YRmJlY0pRM25xZVlsVk5SR2Exa1NPYk9zMzNXTGpRalFVVXZTekRMZVxuVVE1WE5saTM3NWZ5Nkl1cU94Ny9laFR0TGZIZVN0RGhLaW9LQjZBb3M1dGlmbDUvNzllczRteG4zREVaYkdMOFxuNkxQWjluN0oxNTZSSHRFUlAvTTk0WkNrS2lhUDhIb2E0UzVrNEUzc3ZuZGRPb3diTnNEcUdTZTlzSDQ1M05LWVxucTFJM2IzbUlERHJtM2VXQWxGR244N0Q5TGNJOVNFZ1Q2N3FKRjZ5K2tTL01NMlBUenNtVjFlM2xBWTZ0b1JFaFxubTltdS95TGxBZ01CQUFFQ2dnRUFJK2RzZzhhVGFyQks0eFhvandhNngwV2ozZVQyWDEzVkRmVld4eTAwYWJqM1xuVVY0TSt4eWVYTzBsOVQ4UTZoNi9nNThDYUsrOFczQmpuZU1xcVRCSHVvUVBHNlIwNGw5SXN4enhhNFdqT0plcFxuWUlHOERsbDdGRy9sdUF3RDRRWW5oQ09CYTJYN1lpZ1ozd1RvVllnTmphL1UwYlh1Uy9TRVIzYWg3b0JSMHB4dlxuVHljbjRFMlJJVE1NdmNKVTRJT1Z0bUZiUHhyT3ExZ1Znd3R2WUNLY1pFMFJFcjh3NU5jWW9uT0ZWWXVEYVhtL1xuRzdhWlhJQys0TEYrcDZObVBTWE5VaS9wWEdqWnkvYW9Mdy9nRnJRa0hwVjc0cUNURUkzZHhpSk16S2tsZ0ZFd1xubXRVaG1oc3VUL2J2VEV1NGtQbFIwWXRGT0J0ekZEaUhYK3M2YUdnUEtRS0JnUURacXZVMENxMkcrb3JreXlwd1xuNjFGSHREbm9TeWpMQkZ1V3lKSVo3aDFHTDZKbXBMOXU2dDFlRHVyK3Nic0hZOHdGNTYydXRyZFIva05UdnEvN1xubWs2QWNRMUNlbFJGSUZSOXY4NFJkeml4em1sSVRodWRqeFFYWDNRWncvdmpUQXFqRWZMWEdXbkVrNTFXaVU1clxuTVNBTjJDbmZlZCtmREZXdk41RC9tZCtMQ1FLQmdRQzZaaW9DMzgrOUhjSU02cFZtcXF0WUV6R2NrM2Z0aGFsSFxuVEgzNkJNZ3B4VSsxdlNZRzZjeGE0blp4UEhrZFh1bERHeVh0Wno5Q2RLOGxhUWIzQ1llMG1XUFhmM0J5QVJpUFxubEwvd0FXOXlqZnJ1QWhteHpzMEdvTU5mbVVYVjFJUG4rRWd3ZUFRQ3FLeWp6eEhXNXB6V3dSQW1saC9wUDAwMVxuWk9aczBpeWovUUtCZ1FEUmozNHpkSFJNbDdwUlBDaklQa1lxdXFGbHU3YXlmcWVQSzlzOWk3b3pjSGp5U1hya1xuMXNuNVhITnljcnFXQ3NiS2lKcjJzb01jTmFlc1lOSWRjaHBTSG9XZGt4aSsxTG1EdDc0MW9vcTY1UGNIM2V0SVxuYmcveDBMeCtjZWw0bENWSmltWTZJUVZyZEpMdVZaTmlNQkdrUXBGTnpwQTFHRE1HVm9FTEZLSGJ3UUtCZ1FDZFxuSE0vOGJEbmw1ZGRTbThnaUtXa1RhOW85WisrR1BVdFoxWmU1elo0SjEwNUFtWlliN2FWYVZkZ1B5akVzR0h2MVxuSEVUenZqc01BTjVBWWk2RXUzdXZOanQ1d09rK3JyM05DRXhnT0ZWLzhUeTRzUHlIYXhCVnJkd0FFR2xVdXpRVFxucXFydWI3cXhvd3NoWjhCWnF6ZzNxN081VW9ERFVaLzZpWG5QNzdmQTRRS0JnQjFVeHRwMWRBbVlWVG5Jc1hiS1xuaUJPODlCVldGdUt0TTBYOXdCbzZ5ZjBIYkp4QTh5OHNHVlBHZVd0VzYxSjJrek9vM1Q0c2NjUnJZMHJhempJSFxuSEFJY3NSZXJsd3c1bnRpZi96M0M5WTlkS2xLT1VtNklCOGRIWWZDenFmKzkrTzkycUE0NGRoSmlId2k2cE1VRFxubzV4Smc5Y2QzTUwvV0NxdzBhQVFad2plXG4tLS0tLUVORCBQUklWQVRFIEtFWS0tLS0tXG4iLAogICJjbGllbnRfZW1haWwiOiAia2V5Y2xvYWstZGF0YWJhc2UtbmV3LWNsb3Vkc3FsQHBtdWlyLWRldi5pYW0uZ3NlcnZpY2VhY2NvdW50LmNvbSIsCiAgImNsaWVudF9pZCI6ICIxMTE2MTYxOTk0NDI5ODUxNzE0ODQiLAogICJhdXRoX3VyaSI6ICJodHRwczovL2FjY291bnRzLmdvb2dsZS5jb20vby9vYXV0aDIvYXV0aCIsCiAgInRva2VuX3VyaSI6ICJodHRwczovL29hdXRoMi5nb29nbGVhcGlzLmNvbS90b2tlbiIsCiAgImF1dGhfcHJvdmlkZXJfeDUwOV9jZXJ0X3VybCI6ICJodHRwczovL3d3dy5nb29nbGVhcGlzLmNvbS9vYXV0aDIvdjEvY2VydHMiLAogICJjbGllbnRfeDUwOV9jZXJ0X3VybCI6ICJodHRwczovL3d3dy5nb29nbGVhcGlzLmNvbS9yb2JvdC92MS9tZXRhZGF0YS94NTA5L2tleWNsb2FrLWRhdGFiYXNlLW5ldy1jbG91ZHNxbCU0MHBtdWlyLWRldi5pYW0uZ3NlcnZpY2VhY2NvdW50LmNvbSIKfQo=",
            "private_key_encrypted": null,
            "private_key_fingerprint": null,
            "private_key_type": "TYPE_GOOGLE_CREDENTIALS_FILE",
            "public_key": "LS0tLS1CRUdJTiBDRVJUSUZJQ0FURS0tLS0tCk1JSUMvRENDQWVTZ0F3SUJBZ0lJV1N0NWx1S0hEVW93RFFZSktvWklodmNOQVFFRkJRQXdJREVlTUJ3R0ExVUUKQXhNVk1URXhOakUyTVRrNU5EUXlPVGcxTVRjeE5EZzBNQ0FYRFRJd01Ea3hOekV4TlRFek4xb1lEems1T1RreApNak14TWpNMU9UVTVXakFnTVI0d0hBWURWUVFERXhVeE1URTJNVFl4T1RrME5ESTVPRFV4TnpFME9EUXdnZ0VpCk1BMEdDU3FHU0liM0RRRUJBUVVBQTRJQkR3QXdnZ0VLQW9JQkFRQ2VmUlArQUZ0Vy8zMERRbnBZYXViMWlWaUoKeU5ZTzVJajluVVdKU3B0aDdKeHpNRDlFU2FLVVFRbTRCU3oxcHgyUzBaenRFdjFLcE9jY1JTdWlnaU9LNW5oRgpzQ0cwNzYwMDd3TVhGYmVjSlEzbnFlWWxWTlJHYTFrU09iT3MzM1dMalFqUVVVdlN6RExlVVE1WE5saTM3NWZ5CjZJdXFPeDcvZWhUdExmSGVTdERoS2lvS0I2QW9zNXRpZmw1Lzc5ZXM0bXhuM0RFWmJHTDg2TFBaOW43SjE1NlIKSHRFUlAvTTk0WkNrS2lhUDhIb2E0UzVrNEUzc3ZuZGRPb3diTnNEcUdTZTlzSDQ1M05LWXExSTNiM21JRERybQozZVdBbEZHbjg3RDlMY0k5U0VnVDY3cUpGNnkra1MvTU0yUFR6c21WMWUzbEFZNnRvUkVobTltdS95TGxBZ01CCkFBR2pPREEyTUF3R0ExVWRFd0VCL3dRQ01BQXdEZ1lEVlIwUEFRSC9CQVFEQWdlQU1CWUdBMVVkSlFFQi93UU0KTUFvR0NDc0dBUVVGQndNQ01BMEdDU3FHU0liM0RRRUJCUVVBQTRJQkFRQXFjR2pUczZDTFdUajZmdGxWbkU1UwpLT2VuMW5WcXh0R2ZzMmwrMmRScGlVRUdlYzNoTWtaMXhGK1orN3F0TVZHWXJLaExGdzdDKzFsN2pQS3c0M2NNCnJXTjkvd1JsbWNsV09VSGVPZGJpS1hsTUNrcE5OeTJPL1cyWnUyV3EzUHY4c0pCbVAvMzlsSG9QVjJqa0tRS2EKYXRxNWhHY2pBS3ZNK0F1Q1NlKzF2WGRLWitYdnhKODI1SzJuOVJyaGJKdGV2eEFwb0swQWROeG9maDgreDZNWgpjajJtM2FmbmN5bXZtSXg0NVpvU2ZrL3MvR3NKdTlYbTQvakJtdkNrOFkva1lnK1V6bnc1Umc3VU9hR016eFZrCndSUElVdDlYZWoxVzVzR0FWN01pV3dtREloeUw2RHB2dEpEYW51VGtLN0pGQmlxNjZlWXhqK3Rxcy85WEpUVDMKLS0tLS1FTkQgQ0VSVElGSUNBVEUtLS0tLQo=",
            "public_key_data": null,
            "public_key_type": "TYPE_X509_PEM_FILE",
            "service_account_id": "projects/pmuir-dev/serviceAccounts/keycloak-database-new-cloudsql@pmuir-dev.iam.gserviceaccount.com",
            "valid_after": "2020-09-17T11:51:37Z",
            "valid_before": "9999-12-31T23:59:59Z"
          },
          "private": "bnVsbA==",
          "dependencies": [
            "module.cluster.google_container_cluster.primary",
            "module.cluster.google_container_node_pool.primary_preemptible_nodes",
            "module.cluster.google_project_service.container_api",
            "module.keycloak_database_new.google_service_account.service_account",
            "module.secrets.google_service_account.external_secrets",
            "module.secrets.google_service_account_iam_member.external_secrets"
          ]
        }
      ]
    },
    {
      "module": "module.keycloak_database_new",
      "mode": "managed",
      "type": "google_sql_database",
      "name": "database",
      "provider": "provider[\"registry.terraform.io/hashicorp/google\"]",
      "instances": [
        {
          "schema_version": 0,
          "attributes": {
            "charset": "UTF8",
            "collation": "en_US.UTF8",
            "id": "projects/pmuir-dev/instances/keycloak-database-new/databases/database",
            "instance": "keycloak-database-new",
            "name": "database",
            "project": "pmuir-dev",
            "self_link": "https://sqladmin.googleapis.com/sql/v1beta4/projects/pmuir-dev/instances/keycloak-database-new/databases/database",
            "timeouts": null
          },
          "private": "eyJlMmJmYjczMC1lY2FhLTExZTYtOGY4OC0zNDM2M2JjN2M0YzAiOnsiY3JlYXRlIjo5MDAwMDAwMDAwMDAsImRlbGV0ZSI6NjAwMDAwMDAwMDAwLCJ1cGRhdGUiOjYwMDAwMDAwMDAwMH19",
          "dependencies": [
            "module.cluster.google_container_cluster.primary",
            "module.cluster.google_container_node_pool.primary_preemptible_nodes",
            "module.cluster.google_project_service.container_api",
            "module.keycloak_database_new.google_sql_database_instance.database",
            "module.secrets.google_service_account.external_secrets",
            "module.secrets.google_service_account_iam_member.external_secrets"
          ]
        }
      ]
    },
    {
      "module": "module.keycloak_database_new",
      "mode": "managed",
      "type": "google_sql_database_instance",
      "name": "database",
      "provider": "provider[\"registry.terraform.io/hashicorp/google\"]",
      "instances": [
        {
          "schema_version": 0,
          "attributes": {
            "connection_name": "pmuir-dev:europe-west1:keycloak-database-new",
            "database_version": "POSTGRES_10",
            "first_ip_address": "34.76.147.57",
            "id": "keycloak-database-new",
            "ip_address": [
              {
                "ip_address": "34.76.147.57",
                "time_to_retire": "",
                "type": "PRIMARY"
              }
            ],
            "master_instance_name": "",
            "name": "keycloak-database-new",
            "private_ip_address": "",
            "project": "pmuir-dev",
            "public_ip_address": "34.76.147.57",
            "region": "europe-west1",
            "replica_configuration": [],
            "root_password": null,
            "self_link": "https://sqladmin.googleapis.com/sql/v1beta4/projects/pmuir-dev/instances/keycloak-database-new",
            "server_ca_cert": [
              {
                "cert": "-----BEGIN CERTIFICATE-----\nMIIDfzCCAmegAwIBAgIBADANBgkqhkiG9w0BAQsFADB3MS0wKwYDVQQuEyQ3Y2Zk\nZDhmNi02YmE5LTRhYzktOGUxMy02Njg4ODFjYTRhNmYxIzAhBgNVBAMTGkdvb2ds\nZSBDbG91ZCBTUUwgU2VydmVyIENBMRQwEgYDVQQKEwtHb29nbGUsIEluYzELMAkG\nA1UEBhMCVVMwHhcNMjAwOTE3MTE1MTQ1WhcNMzAwOTE1MTE1MjQ1WjB3MS0wKwYD\nVQQuEyQ3Y2ZkZDhmNi02YmE5LTRhYzktOGUxMy02Njg4ODFjYTRhNmYxIzAhBgNV\nBAMTGkdvb2dsZSBDbG91ZCBTUUwgU2VydmVyIENBMRQwEgYDVQQKEwtHb29nbGUs\nIEluYzELMAkGA1UEBhMCVVMwggEiMA0GCSqGSIb3DQEBAQUAA4IBDwAwggEKAoIB\nAQCR9w2C3w3xKPdwff3gD/HdNqzKuDK6UptfF4qMWefgJAXY120F2lOtc1Bl1+5v\n4nJBRalF2TDZ7cAc8fIwH/rACeuYqfPLjiqMXCDJ60JduQF+f7ZMZ59N0sBeaxUX\nuEe1RJBkABmdoQ8hEDxJpnuQ9cBQnuakdJzHKkEdGGaWhBKfpzjkO2t+HlRZaJ/F\n0e2UOeVEYLeaz6eIrSolM86UDGJMYkHLR8yCZ2qzI4xLvSsm5vPJWRoJEb6nDnuJ\n1oCdZ7vlAJi5f0NIfEFDo+TriCaRTUBZUa74aoWW+d7j2ymbfVxS14NflS3kwopS\nM+lC/JAmOVsTZbmIQ3ydGDfFAgMBAAGjFjAUMBIGA1UdEwEB/wQIMAYBAf8CAQAw\nDQYJKoZIhvcNAQELBQADggEBABaiGQL+ostXNCLM+iV4iI+UCQ1OgMwxoOADXT+5\nTE04JxVgk0j0WUMin4BHvcPNTbciE9RPzJExFoUPEc0Y8tDISFfGXhaNEFz6Entz\n/ACckVteH23S/uM+OavknMejzy20q3ImnKDiSVwe7SgeKfCmB+6QE3US5RGZIl0N\nvPCRSqPC/Kr9uPQolp5frq8P57Tm2K7vzp3Y6B5PIRXodKzVMQ8xjiimDR14HRgi\nu44A9odCkAqzNOf8wIkKdZ9fEeNZ8aa3OJoPTzClWnGnB8ojzCl/0iiJXeoSjqAc\nRZpQFWknfOZ789T4aWrHPAWEOiOVxY2k6MEH7Fwe7WEmz9k=\n-----END CERTIFICATE-----",
                "common_name": "C=US,O=Google\\, Inc,CN=Google Cloud SQL Server CA,dnQualifier=7cfdd8f6-6ba9-4ac9-8e13-668881ca4a6f",
                "create_time": "2020-09-17T11:51:45.298Z",
                "expiration_time": "2030-09-15T11:52:45.298Z",
                "sha1_fingerprint": "c55b5d0eb6773b9d5f98aded4ba2ddb2eb5a17cd"
              }
            ],
            "service_account_email_address": "p1063004576079-fvn47x@gcp-sa-cloud-sql.iam.gserviceaccount.com",
            "settings": [
              {
                "activation_policy": "ALWAYS",
                "authorized_gae_applications": [],
                "availability_type": "",
                "backup_configuration": [
                  {
                    "binary_log_enabled": false,
                    "enabled": true,
                    "location": "",
                    "point_in_time_recovery_enabled": false,
                    "start_time": "18:00"
                  }
                ],
                "crash_safe_replication": false,
                "database_flags": [],
                "disk_autoresize": true,
                "disk_size": 10,
                "disk_type": "PD_SSD",
                "ip_configuration": [
                  {
                    "authorized_networks": [],
                    "ipv4_enabled": true,
                    "private_network": "",
                    "require_ssl": false
                  }
                ],
                "location_preference": [
                  {
                    "follow_gae_application": "",
                    "zone": "europe-west1-b"
                  }
                ],
                "maintenance_window": [],
                "pricing_plan": "PER_USE",
                "replication_type": "SYNCHRONOUS",
                "tier": "db-f1-micro",
                "user_labels": {},
                "version": 1
              }
            ],
            "timeouts": null
          },
          "private": "eyJlMmJmYjczMC1lY2FhLTExZTYtOGY4OC0zNDM2M2JjN2M0YzAiOnsiY3JlYXRlIjoxMjAwMDAwMDAwMDAwLCJkZWxldGUiOjEyMDAwMDAwMDAwMDAsInVwZGF0ZSI6MTIwMDAwMDAwMDAwMH19",
          "dependencies": [
            "module.cluster.google_container_cluster.primary",
            "module.cluster.google_container_node_pool.primary_preemptible_nodes",
            "module.cluster.google_project_service.container_api",
            "module.secrets.google_service_account.external_secrets",
            "module.secrets.google_service_account_iam_member.external_secrets"
          ]
        }
      ]
    },
    {
      "module": "module.keycloak_database_new",
      "mode": "managed",
      "type": "google_sql_user",
      "name": "user",
      "provider": "provider[\"registry.terraform.io/hashicorp/google\"]",
      "instances": [
        {
          "schema_version": 1,
          "attributes": {
            "host": "",
            "id": "postgres//keycloak-database-new",
            "instance": "keycloak-database-new",
            "name": "postgres",
            "password": "ZCGrQsdoFrHACjzb",
            "project": "pmuir-dev",
            "timeouts": null
          },
          "private": "eyJlMmJmYjczMC1lY2FhLTExZTYtOGY4OC0zNDM2M2JjN2M0YzAiOnsiY3JlYXRlIjo2MDAwMDAwMDAwMDAsImRlbGV0ZSI6NjAwMDAwMDAwMDAwLCJ1cGRhdGUiOjYwMDAwMDAwMDAwMH0sInNjaGVtYV92ZXJzaW9uIjoiMSJ9",
          "dependencies": [
            "module.cluster.google_container_cluster.primary",
            "module.cluster.google_container_node_pool.primary_preemptible_nodes",
            "module.cluster.google_project_service.container_api",
            "module.keycloak_database_new.google_sql_database_instance.database",
            "module.keycloak_database_new.random_password.password",
            "module.secrets.google_service_account.external_secrets",
            "module.secrets.google_service_account_iam_member.external_secrets"
          ]
        }
      ]
    },
    {
      "module": "module.keycloak_database_new",
      "mode": "managed",
      "type": "random_password",
      "name": "password",
      "provider": "provider[\"registry.terraform.io/hashicorp/random\"]",
      "instances": [
        {
          "schema_version": 0,
          "attributes": {
            "id": "none",
            "keepers": null,
            "length": 16,
            "lower": true,
            "min_lower": 0,
            "min_numeric": 0,
            "min_special": 0,
            "min_upper": 0,
            "number": true,
            "override_special": null,
            "result": "ZCGrQsdoFrHACjzb",
            "special": false,
            "upper": true
          },
          "private": "bnVsbA==",
          "dependencies": [
            "module.cluster.google_container_cluster.primary",
            "module.cluster.google_container_node_pool.primary_preemptible_nodes",
            "module.cluster.google_project_service.container_api",
            "module.secrets.google_service_account.external_secrets",
            "module.secrets.google_service_account_iam_member.external_secrets"
          ]
        }
      ]
    },
    {
      "module": "module.networking",
      "mode": "managed",
      "type": "google_compute_address",
      "name": "ip_address",
      "provider": "provider[\"registry.terraform.io/hashicorp/google\"]",
      "instances": [
        {
          "schema_version": 0,
          "attributes": {
            "address": "35.233.17.204",
            "address_type": "EXTERNAL",
            "creation_timestamp": "2020-09-17T01:56:27.640-07:00",
            "description": "",
            "id": "projects/pmuir-dev/regions/europe-west1/addresses/demo-cluster-ip-address",
            "name": "demo-cluster-ip-address",
            "network_tier": "PREMIUM",
            "project": "pmuir-dev",
            "purpose": "",
            "region": "europe-west1",
            "self_link": "https://www.googleapis.com/compute/v1/projects/pmuir-dev/regions/europe-west1/addresses/demo-cluster-ip-address",
            "subnetwork": "",
            "timeouts": null,
            "users": [
              "https://www.googleapis.com/compute/v1/projects/pmuir-dev/regions/europe-west1/forwardingRules/a4c15494d93e24ea29365f38ea97640a"
            ]
          },
          "private": "eyJlMmJmYjczMC1lY2FhLTExZTYtOGY4OC0zNDM2M2JjN2M0YzAiOnsiY3JlYXRlIjoyNDAwMDAwMDAwMDAsImRlbGV0ZSI6MjQwMDAwMDAwMDAwfX0="
        }
      ]
    },
    {
      "module": "module.networking",
      "mode": "managed",
      "type": "google_dns_managed_zone",
      "name": "managed_zone",
      "provider": "provider[\"registry.terraform.io/hashicorp/google\"]",
      "instances": [
        {
          "schema_version": 0,
          "attributes": {
            "description": "CBP Managed DNS Zone",
            "dns_name": "g.bleepbleep.org.uk.",
            "dnssec_config": [],
            "forwarding_config": [],
            "id": "projects/pmuir-dev/managedZones/demo-cluster-managed-zone",
            "labels": {},
            "name": "demo-cluster-managed-zone",
            "name_servers": [
              "ns-cloud-e1.googledomains.com.",
              "ns-cloud-e2.googledomains.com.",
              "ns-cloud-e3.googledomains.com.",
              "ns-cloud-e4.googledomains.com."
            ],
            "peering_config": [],
            "private_visibility_config": [],
            "project": "pmuir-dev",
            "timeouts": null,
            "visibility": "public"
          },
          "private": "eyJlMmJmYjczMC1lY2FhLTExZTYtOGY4OC0zNDM2M2JjN2M0YzAiOnsiY3JlYXRlIjoyNDAwMDAwMDAwMDAsImRlbGV0ZSI6MjQwMDAwMDAwMDAwLCJ1cGRhdGUiOjI0MDAwMDAwMDAwMH19"
        }
      ]
    },
    {
      "module": "module.networking",
      "mode": "managed",
      "type": "google_dns_record_set",
      "name": "caa",
      "provider": "provider[\"registry.terraform.io/hashicorp/google\"]",
      "instances": [
        {
          "schema_version": 0,
          "attributes": {
            "id": "demo-cluster-managed-zone/g.bleepbleep.org.uk./CAA",
            "managed_zone": "demo-cluster-managed-zone",
            "name": "g.bleepbleep.org.uk.",
            "project": "pmuir-dev",
            "rrdatas": [
              "0 issue \"letsencrypt.org\"",
              "0 issue \"pki.goog\""
            ],
            "ttl": 300,
            "type": "CAA"
          },
          "private": "bnVsbA==",
          "dependencies": [
            "module.networking.google_dns_managed_zone.managed_zone"
          ]
        }
      ]
    },
    {
      "module": "module.networking",
      "mode": "managed",
      "type": "google_project_iam_member",
      "name": "cert_manager",
      "provider": "provider[\"registry.terraform.io/hashicorp/google\"]",
      "instances": [
        {
          "schema_version": 0,
          "attributes": {
            "condition": [],
            "etag": "BwWvgQHl7fc=",
            "id": "pmuir-dev/roles/dns.admin/serviceaccount:certmanager@pmuir-dev.iam.gserviceaccount.com",
            "member": "serviceAccount:certmanager@pmuir-dev.iam.gserviceaccount.com",
            "project": "pmuir-dev",
            "role": "roles/dns.admin"
          },
          "private": "bnVsbA==",
          "dependencies": [
            "module.networking.google_service_account.cert_manager"
          ]
        }
      ]
    },
    {
      "module": "module.networking",
      "mode": "managed",
      "type": "google_project_iam_member",
      "name": "external_dns",
      "provider": "provider[\"registry.terraform.io/hashicorp/google\"]",
      "instances": [
        {
          "schema_version": 0,
          "attributes": {
            "condition": [],
            "etag": "BwWvgQHl7fc=",
            "id": "pmuir-dev/roles/dns.admin/serviceaccount:externaldns@pmuir-dev.iam.gserviceaccount.com",
            "member": "serviceAccount:externaldns@pmuir-dev.iam.gserviceaccount.com",
            "project": "pmuir-dev",
            "role": "roles/dns.admin"
          },
          "private": "bnVsbA==",
          "dependencies": [
            "module.networking.google_service_account.external_dns"
          ]
        }
      ]
    },
    {
      "module": "module.networking",
      "mode": "managed",
      "type": "google_project_service",
      "name": "dns",
      "provider": "provider[\"registry.terraform.io/hashicorp/google\"]",
      "instances": [
        {
          "schema_version": 0,
          "attributes": {
            "disable_dependent_services": null,
            "disable_on_destroy": false,
            "id": "pmuir-dev/dns.googleapis.com",
            "project": "pmuir-dev",
            "service": "dns.googleapis.com",
            "timeouts": null
          },
          "private": "eyJlMmJmYjczMC1lY2FhLTExZTYtOGY4OC0zNDM2M2JjN2M0YzAiOnsiY3JlYXRlIjoxMjAwMDAwMDAwMDAwLCJkZWxldGUiOjEyMDAwMDAwMDAwMDAsInJlYWQiOjYwMDAwMDAwMDAwMCwidXBkYXRlIjoxMjAwMDAwMDAwMDAwfX0="
        }
      ]
    },
    {
      "module": "module.networking",
      "mode": "managed",
      "type": "google_project_service",
      "name": "dns_api",
      "provider": "provider[\"registry.terraform.io/hashicorp/google\"]",
      "instances": [
        {
          "schema_version": 0,
          "attributes": {
            "disable_dependent_services": null,
            "disable_on_destroy": false,
            "id": "pmuir-dev/dns.googleapis.com",
            "project": "pmuir-dev",
            "service": "dns.googleapis.com",
            "timeouts": null
          },
          "private": "eyJlMmJmYjczMC1lY2FhLTExZTYtOGY4OC0zNDM2M2JjN2M0YzAiOnsiY3JlYXRlIjoxMjAwMDAwMDAwMDAwLCJkZWxldGUiOjEyMDAwMDAwMDAwMDAsInJlYWQiOjYwMDAwMDAwMDAwMCwidXBkYXRlIjoxMjAwMDAwMDAwMDAwfX0="
        }
      ]
    },
    {
      "module": "module.networking",
      "mode": "managed",
      "type": "google_service_account",
      "name": "cert_manager",
      "provider": "provider[\"registry.terraform.io/hashicorp/google\"]",
      "instances": [
        {
          "schema_version": 0,
          "attributes": {
            "account_id": "certmanager",
            "description": "",
            "display_name": "Cert Manager",
            "email": "certmanager@pmuir-dev.iam.gserviceaccount.com",
            "id": "projects/pmuir-dev/serviceAccounts/certmanager@pmuir-dev.iam.gserviceaccount.com",
            "name": "projects/pmuir-dev/serviceAccounts/certmanager@pmuir-dev.iam.gserviceaccount.com",
            "project": "pmuir-dev",
            "timeouts": null,
            "unique_id": "105760740771144513212"
          },
          "private": "eyJlMmJmYjczMC1lY2FhLTExZTYtOGY4OC0zNDM2M2JjN2M0YzAiOnsiY3JlYXRlIjozMDAwMDAwMDAwMDB9fQ=="
        }
      ]
    },
    {
      "module": "module.networking",
      "mode": "managed",
      "type": "google_service_account",
      "name": "external_dns",
      "provider": "provider[\"registry.terraform.io/hashicorp/google\"]",
      "instances": [
        {
          "schema_version": 0,
          "attributes": {
            "account_id": "externaldns",
            "description": "",
            "display_name": "External DNS",
            "email": "externaldns@pmuir-dev.iam.gserviceaccount.com",
            "id": "projects/pmuir-dev/serviceAccounts/externaldns@pmuir-dev.iam.gserviceaccount.com",
            "name": "projects/pmuir-dev/serviceAccounts/externaldns@pmuir-dev.iam.gserviceaccount.com",
            "project": "pmuir-dev",
            "timeouts": null,
            "unique_id": "105646995409260633046"
          },
          "private": "eyJlMmJmYjczMC1lY2FhLTExZTYtOGY4OC0zNDM2M2JjN2M0YzAiOnsiY3JlYXRlIjozMDAwMDAwMDAwMDB9fQ=="
        }
      ]
    },
    {
      "module": "module.networking",
      "mode": "managed",
      "type": "google_service_account_iam_member",
      "name": "cert_manager",
      "provider": "provider[\"registry.terraform.io/hashicorp/google-beta\"]",
      "instances": [
        {
          "schema_version": 0,
          "attributes": {
            "condition": [],
            "etag": "BwWuZNJOP7k=",
            "id": "projects/pmuir-dev/serviceAccounts/certmanager@pmuir-dev.iam.gserviceaccount.com/roles/iam.workloadIdentityUser/serviceaccount:pmuir-dev.svc.id.goog[cert-manager/cert-manager]",
            "member": "serviceAccount:pmuir-dev.svc.id.goog[cert-manager/cert-manager]",
            "role": "roles/iam.workloadIdentityUser",
            "service_account_id": "projects/pmuir-dev/serviceAccounts/certmanager@pmuir-dev.iam.gserviceaccount.com"
          },
          "private": "bnVsbA==",
          "dependencies": [
            "module.networking.google_service_account.cert_manager"
          ]
        }
      ]
    },
    {
      "module": "module.networking",
      "mode": "managed",
      "type": "google_service_account_iam_member",
      "name": "external_dns",
      "provider": "provider[\"registry.terraform.io/hashicorp/google-beta\"]",
      "instances": [
        {
          "schema_version": 0,
          "attributes": {
            "condition": [],
            "etag": "BwWvfo9LVxw=",
            "id": "projects/pmuir-dev/serviceAccounts/externaldns@pmuir-dev.iam.gserviceaccount.com/roles/iam.workloadIdentityUser/serviceaccount:pmuir-dev.svc.id.goog[external-dns/external-dns]",
            "member": "serviceAccount:pmuir-dev.svc.id.goog[external-dns/external-dns]",
            "role": "roles/iam.workloadIdentityUser",
            "service_account_id": "projects/pmuir-dev/serviceAccounts/externaldns@pmuir-dev.iam.gserviceaccount.com"
          },
          "private": "bnVsbA==",
          "dependencies": [
            "module.networking.google_service_account.external_dns"
          ]
        }
      ]
    },
    {
      "module": "module.secrets",
      "mode": "managed",
      "type": "google_service_account",
      "name": "external_secrets",
      "provider": "provider[\"registry.terraform.io/hashicorp/google\"]",
      "instances": [
        {
          "schema_version": 0,
          "attributes": {
            "account_id": "externalsecrets",
            "description": "",
            "display_name": "External Secrets",
            "email": "externalsecrets@pmuir-dev.iam.gserviceaccount.com",
            "id": "projects/pmuir-dev/serviceAccounts/externalsecrets@pmuir-dev.iam.gserviceaccount.com",
            "name": "projects/pmuir-dev/serviceAccounts/externalsecrets@pmuir-dev.iam.gserviceaccount.com",
            "project": "pmuir-dev",
            "timeouts": null,
            "unique_id": "103957129906304399933"
          },
          "private": "eyJlMmJmYjczMC1lY2FhLTExZTYtOGY4OC0zNDM2M2JjN2M0YzAiOnsiY3JlYXRlIjozMDAwMDAwMDAwMDB9fQ==",
          "dependencies": [
            "module.cluster.google_container_cluster.primary",
            "module.cluster.google_container_node_pool.primary_preemptible_nodes",
            "module.cluster.google_project_service.container_api"
          ]
        }
      ]
    },
    {
      "module": "module.secrets",
      "mode": "managed",
      "type": "google_service_account_iam_member",
      "name": "external_secrets",
      "provider": "provider[\"registry.terraform.io/hashicorp/google-beta\"]",
      "instances": [
        {
          "schema_version": 0,
          "attributes": {
            "condition": [],
            "etag": "BwWuCDw6AoQ=",
            "id": "projects/pmuir-dev/serviceAccounts/externalsecrets@pmuir-dev.iam.gserviceaccount.com/roles/iam.workloadIdentityUser/serviceaccount:pmuir-dev.svc.id.goog[external-secrets/external-secrets]",
            "member": "serviceAccount:pmuir-dev.svc.id.goog[external-secrets/external-secrets]",
            "role": "roles/iam.workloadIdentityUser",
            "service_account_id": "projects/pmuir-dev/serviceAccounts/externalsecrets@pmuir-dev.iam.gserviceaccount.com"
          },
          "private": "bnVsbA==",
          "dependencies": [
            "module.secrets.google_service_account.external_secrets"
          ]
        }
      ]
    },
    {
      "module": "module.shell",
      "mode": "managed",
      "type": "local_file",
      "name": "example_output",
      "provider": "provider[\"registry.terraform.io/hashicorp/local\"]",
      "instances": [
        {
          "schema_version": 0,
          "attributes": {
            "content": "#!/bin/sh\n\ngcloud container clusters get-credentials demo-cluster --zone europe-west1-b --project pmuir-dev",
            "content_base64": null,
            "directory_permission": "0777",
            "file_permission": "755",
            "filename": "../bin/cluster-connect.sh",
            "id": "cfca4e4e4c65f32dc25849a579f1d574e2031d97",
            "sensitive_content": null
          },
          "private": "bnVsbA=="
        }
      ]
    }
  ]
}
